{
  "version": 4,
  "terraform_version": "1.8.4",
  "serial": 855,
  "lineage": "d6d3fa9b-f6e4-7453-ada9-fee042be2a50",
  "outputs": {
    "account_id": {
      "value": "542829982577",
      "type": "string"
    },
    "alb_dns_name": {
      "value": "onedelivery-alb-870475991.ap-southeast-1.elb.amazonaws.com",
      "type": "string"
    },
    "alb_zone_id": {
      "value": "Z1LMS91P8CMLE5",
      "type": "string"
    },
    "api_gateway_id": {
      "value": "q08c0f2i55",
      "type": "string"
    },
    "api_gateway_invoke_url": {
      "value": "https://q08c0f2i55.execute-api.ap-southeast-1.amazonaws.com",
      "type": "string"
    },
    "ecs_cluster_arn": {
      "value": "arn:aws:ecs:ap-southeast-1:542829982577:cluster/onedelivery-cluster",
      "type": "string"
    },
    "ecs_cluster_name": {
      "value": "onedelivery-cluster",
      "type": "string"
    },
    "postgres_address": {
      "value": "onedelivery-postgres.chqkmym8y08l.ap-southeast-1.rds.amazonaws.com",
      "type": "string"
    },
    "postgres_endpoint": {
      "value": "onedelivery-postgres.chqkmym8y08l.ap-southeast-1.rds.amazonaws.com:5432",
      "type": "string",
      "sensitive": true
    },
    "postgres_port": {
      "value": 5432,
      "type": "number"
    },
    "region": {
      "value": "ap-southeast-1",
      "type": "string"
    },
    "routing_note": {
      "value": "API Gateway -\u003e ALB:80 -\u003e path-based to ECS (/order, /logistics, /payment, /audit, /user, /incident, /knowledge, /orchestrator-agent, /guardian-agent, /logistics-agent, /qa-agent). Use api_gateway_invoke_url as the API base URL.",
      "type": "string"
    },
    "vpc_id": {
      "value": "vpc-01f4d46470a373bd0",
      "type": "string"
    },
    "websocket_management_endpoint": {
      "value": "https://18gvmx3hn7.execute-api.ap-southeast-1.amazonaws.com/prod",
      "type": "string"
    },
    "websocket_url": {
      "value": "wss://18gvmx3hn7.execute-api.ap-southeast-1.amazonaws.com/prod",
      "type": "string"
    }
  },
  "resources": [
    {
      "mode": "data",
      "type": "archive_file",
      "name": "lambda",
      "provider": "provider[\"registry.terraform.io/hashicorp/archive\"]",
      "instances": [
        {
          "index_key": "authorizer",
          "schema_version": 0,
          "attributes": {
            "exclude_symlink_directories": null,
            "excludes": null,
            "id": "612e5322d2ec21d1d1554b0d8df720ed4f07d42e",
            "output_base64sha256": "dsCewTd54NQe3zabrHBJ/IrtrmA/KggiJlxyPeuDRFw=",
            "output_base64sha512": "8g8Zw0zqiTirqRgR4ao2WBwSKCxTj0HDdo6nUxzjkCdncYGIyGEGYsg06RFnmve7usSSvoa4ESZW2dxToFLcug==",
            "output_file_mode": null,
            "output_md5": "b44f17036a5f93d8a32e93b55169b2dc",
            "output_path": "./lambda/authorizer.zip",
            "output_sha": "612e5322d2ec21d1d1554b0d8df720ed4f07d42e",
            "output_sha256": "76c09ec13779e0d41edf369bac7049fc8aedae603f2a0822265c723deb83445c",
            "output_sha512": "f20f19c34cea8938aba91811e1aa36581c12282c538f41c3768ea7531ce3902767718188c8610662c834e911679af7bbbac492be86b8112656d9dc53a052dcba",
            "output_size": 161591,
            "source": [],
            "source_content": null,
            "source_content_filename": null,
            "source_dir": "./lambda/authorizer",
            "source_file": null,
            "type": "zip"
          },
          "sensitive_attributes": []
        },
        {
          "index_key": "connect",
          "schema_version": 0,
          "attributes": {
            "exclude_symlink_directories": null,
            "excludes": null,
            "id": "a61118c8f905cca10e10395535fc5c5bb6e7c8fd",
            "output_base64sha256": "RvUDe/ZvD+kgPZx84GiwKz3oHCbjVNcR4U//wfUidWU=",
            "output_base64sha512": "H8sbNr5yD9rar48XG5tQquCrRUnNYphSDr4/W6ZSktL9UmLaNqCVsVy7MQM0xQXEgnCpD1v51fhEKScKfOka9w==",
            "output_file_mode": null,
            "output_md5": "dfdd9c3dc60867a97a4f4c2fd29a02bf",
            "output_path": "./lambda/connect.zip",
            "output_sha": "a61118c8f905cca10e10395535fc5c5bb6e7c8fd",
            "output_sha256": "46f5037bf66f0fe9203d9c7ce068b02b3de81c26e354d711e14fffc1f5227565",
            "output_sha512": "1fcb1b36be720fdadaaf8f171b9b50aae0ab4549cd6298520ebe3f5ba65292d2fd5262da36a095b15cbb310334c505c48270a90f5bf9d5f84429270a7ce91af7",
            "output_size": 160443,
            "source": [],
            "source_content": null,
            "source_content_filename": null,
            "source_dir": "./lambda/connect",
            "source_file": null,
            "type": "zip"
          },
          "sensitive_attributes": []
        },
        {
          "index_key": "disconnect",
          "schema_version": 0,
          "attributes": {
            "exclude_symlink_directories": null,
            "excludes": null,
            "id": "d56d504c419fbe4013fc914d46193d6009547d56",
            "output_base64sha256": "VHUwyKnkLrEyYs5Ilon1IogU/o8tZc76FVl2aCQX+Tk=",
            "output_base64sha512": "Tw/34Fa18lyBuV3X5My06ZJh/DSHaX3pGNY/PFmaOCDTCcP5Xx9TfoEY5aEU25riGWP5JZK4iFzXJVj2ruH0YQ==",
            "output_file_mode": null,
            "output_md5": "cda53f6cdb510c7fcbf33259cf974d64",
            "output_path": "./lambda/disconnect.zip",
            "output_sha": "d56d504c419fbe4013fc914d46193d6009547d56",
            "output_sha256": "547530c8a9e42eb13262ce489689f5228814fe8f2d65cefa155976682417f939",
            "output_sha512": "4f0ff7e056b5f25c81b95dd7e4ccb4e99261fc3487697de918d63f3c599a3820d309c3f95f1f537e8118e5a114db9ae21963f92592b8885cd72558f6aee1f461",
            "output_size": 160231,
            "source": [],
            "source_content": null,
            "source_content_filename": null,
            "source_dir": "./lambda/disconnect",
            "source_file": null,
            "type": "zip"
          },
          "sensitive_attributes": []
        },
        {
          "index_key": "send-message",
          "schema_version": 0,
          "attributes": {
            "exclude_symlink_directories": null,
            "excludes": null,
            "id": "69394ee0ba9b1e2f1a8fa8baa46eb3047558656b",
            "output_base64sha256": "KkN0SV0AkF40yIkMKB1IdyckzEBgF0APTWJjYKKQmtQ=",
            "output_base64sha512": "g3Iw3Rg6glQ/dNJjopQ7NvIeyRwGFXHbl1SNyl72c66weWgVdt5WlFId7MRVhE0XXQ13Q79+RxcUeBJCZEhE3g==",
            "output_file_mode": null,
            "output_md5": "734ef72f85c6bcf9643334e65ac6358e",
            "output_path": "./lambda/send-message.zip",
            "output_sha": "69394ee0ba9b1e2f1a8fa8baa46eb3047558656b",
            "output_sha256": "2a4374495d00905e34c8890c281d48772724cc406017400f4d626360a2909ad4",
            "output_sha512": "837230dd183a82543f74d263a2943b36f21ec91c061571db97548dca5ef673aeb079681576de5694521decc455844d175d0d7743bf7e471714781242644844de",
            "output_size": 162957,
            "source": [],
            "source_content": null,
            "source_content_filename": null,
            "source_dir": "./lambda/send-message",
            "source_file": null,
            "type": "zip"
          },
          "sensitive_attributes": []
        }
      ]
    },
    {
      "mode": "data",
      "type": "aws_availability_zones",
      "name": "available",
      "provider": "provider[\"registry.terraform.io/hashicorp/aws\"]",
      "instances": [
        {
          "schema_version": 0,
          "attributes": {
            "all_availability_zones": null,
            "exclude_names": null,
            "exclude_zone_ids": null,
            "filter": null,
            "group_names": [
              "ap-southeast-1-zg-1"
            ],
            "id": "ap-southeast-1",
            "names": [
              "ap-southeast-1a",
              "ap-southeast-1b",
              "ap-southeast-1c"
            ],
            "state": "available",
            "timeouts": null,
            "zone_ids": [
              "apse1-az2",
              "apse1-az1",
              "apse1-az3"
            ]
          },
          "sensitive_attributes": []
        }
      ]
    },
    {
      "mode": "data",
      "type": "aws_caller_identity",
      "name": "current",
      "provider": "provider[\"registry.terraform.io/hashicorp/aws\"]",
      "instances": [
        {
          "schema_version": 0,
          "attributes": {
            "account_id": "542829982577",
            "arn": "arn:aws:iam::542829982577:user/onedelivery_user",
            "id": "542829982577",
            "user_id": "AIDAX4YZQGNYY2HU3DLYD"
          },
          "sensitive_attributes": []
        }
      ]
    },
    {
      "mode": "data",
      "type": "aws_ecr_repository",
      "name": "services",
      "provider": "provider[\"registry.terraform.io/hashicorp/aws\"]",
      "instances": [
        {
          "index_key": "audit",
          "schema_version": 0,
          "attributes": {
            "arn": "arn:aws:ecr:ap-southeast-1:542829982577:repository/onedelivery-audit",
            "encryption_configuration": [
              {
                "encryption_type": "AES256",
                "kms_key": ""
              }
            ],
            "id": "onedelivery-audit",
            "image_scanning_configuration": [
              {
                "scan_on_push": false
              }
            ],
            "image_tag_mutability": "MUTABLE",
            "most_recent_image_tags": [
              "79f769aeee7cb5ae10a87e42f85bfb226eb72e2e",
              "latest"
            ],
            "name": "onedelivery-audit",
            "registry_id": "542829982577",
            "repository_url": "542829982577.dkr.ecr.ap-southeast-1.amazonaws.com/onedelivery-audit",
            "tags": {}
          },
          "sensitive_attributes": []
        },
        {
          "index_key": "guardian-agent",
          "schema_version": 0,
          "attributes": {
            "arn": "arn:aws:ecr:ap-southeast-1:542829982577:repository/onedelivery-guardian-agent",
            "encryption_configuration": [
              {
                "encryption_type": "AES256",
                "kms_key": ""
              }
            ],
            "id": "onedelivery-guardian-agent",
            "image_scanning_configuration": [
              {
                "scan_on_push": false
              }
            ],
            "image_tag_mutability": "MUTABLE",
            "most_recent_image_tags": [
              "latest",
              "79f769aeee7cb5ae10a87e42f85bfb226eb72e2e"
            ],
            "name": "onedelivery-guardian-agent",
            "registry_id": "542829982577",
            "repository_url": "542829982577.dkr.ecr.ap-southeast-1.amazonaws.com/onedelivery-guardian-agent",
            "tags": {}
          },
          "sensitive_attributes": []
        },
        {
          "index_key": "incident",
          "schema_version": 0,
          "attributes": {
            "arn": "arn:aws:ecr:ap-southeast-1:542829982577:repository/onedelivery-incident",
            "encryption_configuration": [
              {
                "encryption_type": "AES256",
                "kms_key": ""
              }
            ],
            "id": "onedelivery-incident",
            "image_scanning_configuration": [
              {
                "scan_on_push": false
              }
            ],
            "image_tag_mutability": "MUTABLE",
            "most_recent_image_tags": [
              "79f769aeee7cb5ae10a87e42f85bfb226eb72e2e",
              "latest"
            ],
            "name": "onedelivery-incident",
            "registry_id": "542829982577",
            "repository_url": "542829982577.dkr.ecr.ap-southeast-1.amazonaws.com/onedelivery-incident",
            "tags": {}
          },
          "sensitive_attributes": []
        },
        {
          "index_key": "knowledge",
          "schema_version": 0,
          "attributes": {
            "arn": "arn:aws:ecr:ap-southeast-1:542829982577:repository/onedelivery-knowledge",
            "encryption_configuration": [
              {
                "encryption_type": "AES256",
                "kms_key": ""
              }
            ],
            "id": "onedelivery-knowledge",
            "image_scanning_configuration": [
              {
                "scan_on_push": false
              }
            ],
            "image_tag_mutability": "MUTABLE",
            "most_recent_image_tags": [
              "79f769aeee7cb5ae10a87e42f85bfb226eb72e2e",
              "latest"
            ],
            "name": "onedelivery-knowledge",
            "registry_id": "542829982577",
            "repository_url": "542829982577.dkr.ecr.ap-southeast-1.amazonaws.com/onedelivery-knowledge",
            "tags": {}
          },
          "sensitive_attributes": []
        },
        {
          "index_key": "logistics",
          "schema_version": 0,
          "attributes": {
            "arn": "arn:aws:ecr:ap-southeast-1:542829982577:repository/onedelivery-logistics",
            "encryption_configuration": [
              {
                "encryption_type": "AES256",
                "kms_key": ""
              }
            ],
            "id": "onedelivery-logistics",
            "image_scanning_configuration": [
              {
                "scan_on_push": false
              }
            ],
            "image_tag_mutability": "MUTABLE",
            "most_recent_image_tags": [
              "79f769aeee7cb5ae10a87e42f85bfb226eb72e2e",
              "latest"
            ],
            "name": "onedelivery-logistics",
            "registry_id": "542829982577",
            "repository_url": "542829982577.dkr.ecr.ap-southeast-1.amazonaws.com/onedelivery-logistics",
            "tags": {}
          },
          "sensitive_attributes": []
        },
        {
          "index_key": "logistics-agent",
          "schema_version": 0,
          "attributes": {
            "arn": "arn:aws:ecr:ap-southeast-1:542829982577:repository/onedelivery-logistics-agent",
            "encryption_configuration": [
              {
                "encryption_type": "AES256",
                "kms_key": ""
              }
            ],
            "id": "onedelivery-logistics-agent",
            "image_scanning_configuration": [
              {
                "scan_on_push": false
              }
            ],
            "image_tag_mutability": "MUTABLE",
            "most_recent_image_tags": [
              "79f769aeee7cb5ae10a87e42f85bfb226eb72e2e",
              "latest"
            ],
            "name": "onedelivery-logistics-agent",
            "registry_id": "542829982577",
            "repository_url": "542829982577.dkr.ecr.ap-southeast-1.amazonaws.com/onedelivery-logistics-agent",
            "tags": {}
          },
          "sensitive_attributes": []
        },
        {
          "index_key": "orchestrator-agent",
          "schema_version": 0,
          "attributes": {
            "arn": "arn:aws:ecr:ap-southeast-1:542829982577:repository/onedelivery-orchestrator-agent",
            "encryption_configuration": [
              {
                "encryption_type": "AES256",
                "kms_key": ""
              }
            ],
            "id": "onedelivery-orchestrator-agent",
            "image_scanning_configuration": [
              {
                "scan_on_push": false
              }
            ],
            "image_tag_mutability": "MUTABLE",
            "most_recent_image_tags": [
              "79f769aeee7cb5ae10a87e42f85bfb226eb72e2e",
              "latest"
            ],
            "name": "onedelivery-orchestrator-agent",
            "registry_id": "542829982577",
            "repository_url": "542829982577.dkr.ecr.ap-southeast-1.amazonaws.com/onedelivery-orchestrator-agent",
            "tags": {}
          },
          "sensitive_attributes": []
        },
        {
          "index_key": "order",
          "schema_version": 0,
          "attributes": {
            "arn": "arn:aws:ecr:ap-southeast-1:542829982577:repository/onedelivery-order",
            "encryption_configuration": [
              {
                "encryption_type": "AES256",
                "kms_key": ""
              }
            ],
            "id": "onedelivery-order",
            "image_scanning_configuration": [
              {
                "scan_on_push": false
              }
            ],
            "image_tag_mutability": "MUTABLE",
            "most_recent_image_tags": [
              "latest",
              "79f769aeee7cb5ae10a87e42f85bfb226eb72e2e"
            ],
            "name": "onedelivery-order",
            "registry_id": "542829982577",
            "repository_url": "542829982577.dkr.ecr.ap-southeast-1.amazonaws.com/onedelivery-order",
            "tags": {}
          },
          "sensitive_attributes": []
        },
        {
          "index_key": "payment",
          "schema_version": 0,
          "attributes": {
            "arn": "arn:aws:ecr:ap-southeast-1:542829982577:repository/onedelivery-payment",
            "encryption_configuration": [
              {
                "encryption_type": "AES256",
                "kms_key": ""
              }
            ],
            "id": "onedelivery-payment",
            "image_scanning_configuration": [
              {
                "scan_on_push": false
              }
            ],
            "image_tag_mutability": "MUTABLE",
            "most_recent_image_tags": [
              "79f769aeee7cb5ae10a87e42f85bfb226eb72e2e",
              "latest"
            ],
            "name": "onedelivery-payment",
            "registry_id": "542829982577",
            "repository_url": "542829982577.dkr.ecr.ap-southeast-1.amazonaws.com/onedelivery-payment",
            "tags": {}
          },
          "sensitive_attributes": []
        },
        {
          "index_key": "qa-agent",
          "schema_version": 0,
          "attributes": {
            "arn": "arn:aws:ecr:ap-southeast-1:542829982577:repository/onedelivery-qa-agent",
            "encryption_configuration": [
              {
                "encryption_type": "AES256",
                "kms_key": ""
              }
            ],
            "id": "onedelivery-qa-agent",
            "image_scanning_configuration": [
              {
                "scan_on_push": false
              }
            ],
            "image_tag_mutability": "MUTABLE",
            "most_recent_image_tags": [
              "latest",
              "79f769aeee7cb5ae10a87e42f85bfb226eb72e2e"
            ],
            "name": "onedelivery-qa-agent",
            "registry_id": "542829982577",
            "repository_url": "542829982577.dkr.ecr.ap-southeast-1.amazonaws.com/onedelivery-qa-agent",
            "tags": {}
          },
          "sensitive_attributes": []
        },
        {
          "index_key": "resolution-agent",
          "schema_version": 0,
          "attributes": {
            "arn": "arn:aws:ecr:ap-southeast-1:542829982577:repository/onedelivery-resolution-agent",
            "encryption_configuration": [
              {
                "encryption_type": "AES256",
                "kms_key": ""
              }
            ],
            "id": "onedelivery-resolution-agent",
            "image_scanning_configuration": [
              {
                "scan_on_push": false
              }
            ],
            "image_tag_mutability": "MUTABLE",
            "most_recent_image_tags": [
              "latest",
              "79f769aeee7cb5ae10a87e42f85bfb226eb72e2e"
            ],
            "name": "onedelivery-resolution-agent",
            "registry_id": "542829982577",
            "repository_url": "542829982577.dkr.ecr.ap-southeast-1.amazonaws.com/onedelivery-resolution-agent",
            "tags": {}
          },
          "sensitive_attributes": []
        },
        {
          "index_key": "user",
          "schema_version": 0,
          "attributes": {
            "arn": "arn:aws:ecr:ap-southeast-1:542829982577:repository/onedelivery-user",
            "encryption_configuration": [
              {
                "encryption_type": "AES256",
                "kms_key": ""
              }
            ],
            "id": "onedelivery-user",
            "image_scanning_configuration": [
              {
                "scan_on_push": false
              }
            ],
            "image_tag_mutability": "MUTABLE",
            "most_recent_image_tags": [
              "latest",
              "79f769aeee7cb5ae10a87e42f85bfb226eb72e2e"
            ],
            "name": "onedelivery-user",
            "registry_id": "542829982577",
            "repository_url": "542829982577.dkr.ecr.ap-southeast-1.amazonaws.com/onedelivery-user",
            "tags": {}
          },
          "sensitive_attributes": []
        }
      ]
    },
    {
      "mode": "data",
      "type": "aws_vpc",
      "name": "main",
      "provider": "provider[\"registry.terraform.io/hashicorp/aws\"]",
      "instances": [
        {
          "schema_version": 0,
          "attributes": {
            "arn": "arn:aws:ec2:ap-southeast-1:542829982577:vpc/vpc-01f4d46470a373bd0",
            "cidr_block": "10.0.0.0/16",
            "cidr_block_associations": [
              {
                "association_id": "vpc-cidr-assoc-0b4a7dda91b31a353",
                "cidr_block": "10.0.0.0/16",
                "state": "associated"
              }
            ],
            "default": false,
            "dhcp_options_id": "dopt-066f963d7801a5186",
            "enable_dns_hostnames": true,
            "enable_dns_support": true,
            "enable_network_address_usage_metrics": false,
            "filter": null,
            "id": "vpc-01f4d46470a373bd0",
            "instance_tenancy": "default",
            "ipv6_association_id": "",
            "ipv6_cidr_block": "",
            "main_route_table_id": "rtb-0ce00d29620d2a81a",
            "owner_id": "542829982577",
            "state": null,
            "tags": {
              "Environment": "dev",
              "ManagedBy": "terraform",
              "Project": "onedelivery"
            },
            "timeouts": null
          },
          "sensitive_attributes": []
        }
      ]
    },
    {
      "mode": "managed",
      "type": "aws_api_gateway_account",
      "name": "main",
      "provider": "provider[\"registry.terraform.io/hashicorp/aws\"]",
      "instances": [
        {
          "index_key": 0,
          "schema_version": 0,
          "attributes": {
            "api_key_version": "4",
            "cloudwatch_role_arn": "arn:aws:iam::542829982577:role/onedelivery-apigw-cw-role",
            "features": [
              "UsagePlans"
            ],
            "id": "api-gateway-account",
            "reset_on_delete": null,
            "throttle_settings": [
              {
                "burst_limit": 5000,
                "rate_limit": 10000
              }
            ]
          },
          "sensitive_attributes": [],
          "dependencies": [
            "aws_iam_role.apigw_cloudwatch",
            "aws_iam_role_policy_attachment.apigw_cloudwatch"
          ]
        }
      ]
    },
    {
      "mode": "managed",
      "type": "aws_apigatewayv2_api",
      "name": "main",
      "provider": "provider[\"registry.terraform.io/hashicorp/aws\"]",
      "instances": [
        {
          "index_key": 0,
          "schema_version": 0,
          "attributes": {
            "api_endpoint": "https://q08c0f2i55.execute-api.ap-southeast-1.amazonaws.com",
            "api_key_selection_expression": "$request.header.x-api-key",
            "arn": "arn:aws:apigateway:ap-southeast-1::/apis/q08c0f2i55",
            "body": null,
            "cors_configuration": [
              {
                "allow_credentials": true,
                "allow_headers": [
                  "authorization",
                  "content-type",
                  "owner",
                  "token"
                ],
                "allow_methods": [
                  "DELETE",
                  "GET",
                  "OPTIONS",
                  "PATCH",
                  "POST",
                  "PUT"
                ],
                "allow_origins": [
                  "http://localhost:5173",
                  "https://nova136.github.io"
                ],
                "expose_headers": [],
                "max_age": 300
              }
            ],
            "credentials_arn": null,
            "description": "OneDelivery API Gateway -\u003e ALB",
            "disable_execute_api_endpoint": false,
            "execution_arn": "arn:aws:execute-api:ap-southeast-1:542829982577:q08c0f2i55",
            "fail_on_warnings": null,
            "id": "q08c0f2i55",
            "ip_address_type": "ipv4",
            "name": "onedelivery-api",
            "protocol_type": "HTTP",
            "route_key": null,
            "route_selection_expression": "$request.method $request.path",
            "tags": {},
            "tags_all": {
              "Environment": "dev",
              "ManagedBy": "terraform",
              "Project": "onedelivery"
            },
            "target": null,
            "version": ""
          },
          "sensitive_attributes": [],
          "private": "bnVsbA=="
        }
      ]
    },
    {
      "mode": "managed",
      "type": "aws_apigatewayv2_api",
      "name": "websocket",
      "provider": "provider[\"registry.terraform.io/hashicorp/aws\"]",
      "instances": [
        {
          "index_key": 0,
          "schema_version": 0,
          "attributes": {
            "api_endpoint": "wss://18gvmx3hn7.execute-api.ap-southeast-1.amazonaws.com",
            "api_key_selection_expression": "$request.header.x-api-key",
            "arn": "arn:aws:apigateway:ap-southeast-1::/apis/18gvmx3hn7",
            "body": null,
            "cors_configuration": [],
            "credentials_arn": null,
            "description": "",
            "disable_execute_api_endpoint": false,
            "execution_arn": "arn:aws:execute-api:ap-southeast-1:542829982577:18gvmx3hn7",
            "fail_on_warnings": null,
            "id": "18gvmx3hn7",
            "ip_address_type": "ipv4",
            "name": "onedelivery-ws",
            "protocol_type": "WEBSOCKET",
            "route_key": null,
            "route_selection_expression": "$request.body.action",
            "tags": {},
            "tags_all": {
              "Environment": "dev",
              "ManagedBy": "terraform",
              "Project": "onedelivery"
            },
            "target": null,
            "version": ""
          },
          "sensitive_attributes": [],
          "private": "bnVsbA=="
        }
      ]
    },
    {
      "mode": "managed",
      "type": "aws_apigatewayv2_authorizer",
      "name": "ws",
      "provider": "provider[\"registry.terraform.io/hashicorp/aws\"]",
      "instances": [
        {
          "index_key": 0,
          "schema_version": 0,
          "attributes": {
            "api_id": "18gvmx3hn7",
            "authorizer_credentials_arn": "",
            "authorizer_payload_format_version": "",
            "authorizer_result_ttl_in_seconds": 0,
            "authorizer_type": "REQUEST",
            "authorizer_uri": "arn:aws:apigateway:ap-southeast-1:lambda:path/2015-03-31/functions/arn:aws:lambda:ap-southeast-1:542829982577:function:onedelivery-ws-authorizer/invocations",
            "enable_simple_responses": false,
            "id": "ai0aow",
            "identity_sources": [
              "route.request.querystring.token"
            ],
            "jwt_configuration": [],
            "name": "onedelivery-ws-authorizer",
            "timeouts": null
          },
          "sensitive_attributes": [],
          "private": "eyJlMmJmYjczMC1lY2FhLTExZTYtOGY4OC0zNDM2M2JjN2M0YzAiOnsiZGVsZXRlIjoxODAwMDAwMDAwMDAwfX0=",
          "dependencies": [
            "aws_apigatewayv2_api.websocket",
            "aws_db_instance.postgres",
            "aws_db_subnet_group.postgres",
            "aws_iam_role.lambda_ws",
            "aws_lambda_function.ws_authorizer",
            "aws_security_group.alb",
            "aws_security_group.ecs_tasks",
            "aws_security_group.postgres",
            "aws_ssm_parameter.database_url",
            "aws_ssm_parameter.jwt_secret",
            "aws_subnet.private_a",
            "aws_subnet.private_b",
            "aws_subnet.private_c",
            "aws_subnet.public_a",
            "aws_subnet.public_b",
            "aws_subnet.public_c",
            "data.archive_file.lambda",
            "data.aws_availability_zones.available",
            "data.aws_vpc.main",
            "null_resource.lambda_install"
          ]
        }
      ]
    },
    {
      "mode": "managed",
      "type": "aws_apigatewayv2_integration",
      "name": "alb",
      "provider": "provider[\"registry.terraform.io/hashicorp/aws\"]",
      "instances": [
        {
          "index_key": 0,
          "schema_version": 0,
          "attributes": {
            "api_id": "q08c0f2i55",
            "connection_id": "",
            "connection_type": "INTERNET",
            "content_handling_strategy": "",
            "credentials_arn": "",
            "description": "",
            "id": "cqjbu6u",
            "integration_method": "ANY",
            "integration_response_selection_expression": "",
            "integration_subtype": "",
            "integration_type": "HTTP_PROXY",
            "integration_uri": "http://onedelivery-alb-870475991.ap-southeast-1.elb.amazonaws.com",
            "passthrough_behavior": "",
            "payload_format_version": "1.0",
            "request_parameters": {
              "overwrite:path": "$request.path"
            },
            "request_templates": {},
            "response_parameters": [],
            "template_selection_expression": "",
            "timeout_milliseconds": 30000,
            "tls_config": []
          },
          "sensitive_attributes": [],
          "private": "bnVsbA==",
          "dependencies": [
            "aws_apigatewayv2_api.main",
            "aws_lb.main",
            "aws_security_group.alb",
            "aws_subnet.public_a",
            "aws_subnet.public_b",
            "aws_subnet.public_c",
            "data.aws_availability_zones.available",
            "data.aws_vpc.main"
          ]
        }
      ]
    },
    {
      "mode": "managed",
      "type": "aws_apigatewayv2_integration",
      "name": "ws_connect",
      "provider": "provider[\"registry.terraform.io/hashicorp/aws\"]",
      "instances": [
        {
          "index_key": 0,
          "schema_version": 0,
          "attributes": {
            "api_id": "18gvmx3hn7",
            "connection_id": "",
            "connection_type": "INTERNET",
            "content_handling_strategy": "CONVERT_TO_TEXT",
            "credentials_arn": "",
            "description": "",
            "id": "nqhftnl",
            "integration_method": "POST",
            "integration_response_selection_expression": "",
            "integration_subtype": "",
            "integration_type": "AWS_PROXY",
            "integration_uri": "arn:aws:apigateway:ap-southeast-1:lambda:path/2015-03-31/functions/arn:aws:lambda:ap-southeast-1:542829982577:function:onedelivery-ws-connect/invocations",
            "passthrough_behavior": "WHEN_NO_MATCH",
            "payload_format_version": "1.0",
            "request_parameters": {},
            "request_templates": {},
            "response_parameters": [],
            "template_selection_expression": "",
            "timeout_milliseconds": 29000,
            "tls_config": []
          },
          "sensitive_attributes": [],
          "private": "bnVsbA==",
          "dependencies": [
            "aws_apigatewayv2_api.websocket",
            "aws_db_instance.postgres",
            "aws_db_subnet_group.postgres",
            "aws_iam_role.lambda_ws",
            "aws_lambda_function.ws_connect",
            "aws_security_group.alb",
            "aws_security_group.ecs_tasks",
            "aws_security_group.postgres",
            "aws_ssm_parameter.database_url",
            "aws_ssm_parameter.jwt_secret",
            "aws_subnet.private_a",
            "aws_subnet.private_b",
            "aws_subnet.private_c",
            "aws_subnet.public_a",
            "aws_subnet.public_b",
            "aws_subnet.public_c",
            "data.archive_file.lambda",
            "data.aws_availability_zones.available",
            "data.aws_vpc.main",
            "null_resource.lambda_install"
          ]
        }
      ]
    },
    {
      "mode": "managed",
      "type": "aws_apigatewayv2_integration",
      "name": "ws_disconnect",
      "provider": "provider[\"registry.terraform.io/hashicorp/aws\"]",
      "instances": [
        {
          "index_key": 0,
          "schema_version": 0,
          "attributes": {
            "api_id": "18gvmx3hn7",
            "connection_id": "",
            "connection_type": "INTERNET",
            "content_handling_strategy": "CONVERT_TO_TEXT",
            "credentials_arn": "",
            "description": "",
            "id": "zng56t2",
            "integration_method": "POST",
            "integration_response_selection_expression": "",
            "integration_subtype": "",
            "integration_type": "AWS_PROXY",
            "integration_uri": "arn:aws:apigateway:ap-southeast-1:lambda:path/2015-03-31/functions/arn:aws:lambda:ap-southeast-1:542829982577:function:onedelivery-ws-disconnect/invocations",
            "passthrough_behavior": "WHEN_NO_MATCH",
            "payload_format_version": "1.0",
            "request_parameters": {},
            "request_templates": {},
            "response_parameters": [],
            "template_selection_expression": "",
            "timeout_milliseconds": 29000,
            "tls_config": []
          },
          "sensitive_attributes": [],
          "private": "bnVsbA==",
          "dependencies": [
            "aws_apigatewayv2_api.websocket",
            "aws_db_instance.postgres",
            "aws_db_subnet_group.postgres",
            "aws_iam_role.lambda_ws",
            "aws_lambda_function.ws_disconnect",
            "aws_security_group.alb",
            "aws_security_group.ecs_tasks",
            "aws_security_group.postgres",
            "aws_ssm_parameter.database_url",
            "aws_ssm_parameter.jwt_secret",
            "aws_subnet.private_a",
            "aws_subnet.private_b",
            "aws_subnet.private_c",
            "aws_subnet.public_a",
            "aws_subnet.public_b",
            "aws_subnet.public_c",
            "data.archive_file.lambda",
            "data.aws_availability_zones.available",
            "data.aws_vpc.main",
            "null_resource.lambda_install"
          ]
        }
      ]
    },
    {
      "mode": "managed",
      "type": "aws_apigatewayv2_integration",
      "name": "ws_send_message",
      "provider": "provider[\"registry.terraform.io/hashicorp/aws\"]",
      "instances": [
        {
          "index_key": 0,
          "schema_version": 0,
          "attributes": {
            "api_id": "18gvmx3hn7",
            "connection_id": "",
            "connection_type": "INTERNET",
            "content_handling_strategy": "CONVERT_TO_TEXT",
            "credentials_arn": "",
            "description": "",
            "id": "fwh1ydm",
            "integration_method": "POST",
            "integration_response_selection_expression": "",
            "integration_subtype": "",
            "integration_type": "AWS_PROXY",
            "integration_uri": "arn:aws:apigateway:ap-southeast-1:lambda:path/2015-03-31/functions/arn:aws:lambda:ap-southeast-1:542829982577:function:onedelivery-ws-send-message/invocations",
            "passthrough_behavior": "WHEN_NO_MATCH",
            "payload_format_version": "1.0",
            "request_parameters": {},
            "request_templates": {},
            "response_parameters": [],
            "template_selection_expression": "",
            "timeout_milliseconds": 29000,
            "tls_config": []
          },
          "sensitive_attributes": [],
          "private": "bnVsbA==",
          "dependencies": [
            "aws_apigatewayv2_api.websocket",
            "aws_iam_role.lambda_ws",
            "aws_lambda_function.ws_send_message",
            "aws_ssm_parameter.jwt_secret",
            "aws_ssm_parameter.rabbitmq_url",
            "data.archive_file.lambda",
            "null_resource.lambda_install"
          ]
        }
      ]
    },
    {
      "mode": "managed",
      "type": "aws_apigatewayv2_route",
      "name": "proxy",
      "provider": "provider[\"registry.terraform.io/hashicorp/aws\"]",
      "instances": [
        {
          "index_key": "DELETE",
          "schema_version": 0,
          "attributes": {
            "api_id": "q08c0f2i55",
            "api_key_required": false,
            "authorization_scopes": [],
            "authorization_type": "NONE",
            "authorizer_id": "",
            "id": "7lsrpc8",
            "model_selection_expression": "",
            "operation_name": "",
            "request_models": {},
            "request_parameter": [],
            "route_key": "DELETE /{proxy+}",
            "route_response_selection_expression": "",
            "target": "integrations/cqjbu6u"
          },
          "sensitive_attributes": [],
          "private": "bnVsbA==",
          "dependencies": [
            "aws_apigatewayv2_api.main",
            "aws_apigatewayv2_integration.alb",
            "aws_lb.main",
            "aws_security_group.alb",
            "aws_subnet.public_a",
            "aws_subnet.public_b",
            "aws_subnet.public_c",
            "data.aws_availability_zones.available",
            "data.aws_vpc.main"
          ]
        },
        {
          "index_key": "GET",
          "schema_version": 0,
          "attributes": {
            "api_id": "q08c0f2i55",
            "api_key_required": false,
            "authorization_scopes": [],
            "authorization_type": "NONE",
            "authorizer_id": "",
            "id": "jj9j1nr",
            "model_selection_expression": "",
            "operation_name": "",
            "request_models": {},
            "request_parameter": [],
            "route_key": "GET /{proxy+}",
            "route_response_selection_expression": "",
            "target": "integrations/cqjbu6u"
          },
          "sensitive_attributes": [],
          "private": "bnVsbA==",
          "dependencies": [
            "aws_apigatewayv2_api.main",
            "aws_apigatewayv2_integration.alb",
            "aws_lb.main",
            "aws_security_group.alb",
            "aws_subnet.public_a",
            "aws_subnet.public_b",
            "aws_subnet.public_c",
            "data.aws_availability_zones.available",
            "data.aws_vpc.main"
          ]
        },
        {
          "index_key": "HEAD",
          "schema_version": 0,
          "attributes": {
            "api_id": "q08c0f2i55",
            "api_key_required": false,
            "authorization_scopes": [],
            "authorization_type": "NONE",
            "authorizer_id": "",
            "id": "nqp2idl",
            "model_selection_expression": "",
            "operation_name": "",
            "request_models": {},
            "request_parameter": [],
            "route_key": "HEAD /{proxy+}",
            "route_response_selection_expression": "",
            "target": "integrations/cqjbu6u"
          },
          "sensitive_attributes": [],
          "private": "bnVsbA==",
          "dependencies": [
            "aws_apigatewayv2_api.main",
            "aws_apigatewayv2_integration.alb",
            "aws_lb.main",
            "aws_security_group.alb",
            "aws_subnet.public_a",
            "aws_subnet.public_b",
            "aws_subnet.public_c",
            "data.aws_availability_zones.available",
            "data.aws_vpc.main"
          ]
        },
        {
          "index_key": "PATCH",
          "schema_version": 0,
          "attributes": {
            "api_id": "q08c0f2i55",
            "api_key_required": false,
            "authorization_scopes": [],
            "authorization_type": "NONE",
            "authorizer_id": "",
            "id": "l0okj02",
            "model_selection_expression": "",
            "operation_name": "",
            "request_models": {},
            "request_parameter": [],
            "route_key": "PATCH /{proxy+}",
            "route_response_selection_expression": "",
            "target": "integrations/cqjbu6u"
          },
          "sensitive_attributes": [],
          "private": "bnVsbA==",
          "dependencies": [
            "aws_apigatewayv2_api.main",
            "aws_apigatewayv2_integration.alb",
            "aws_lb.main",
            "aws_security_group.alb",
            "aws_subnet.public_a",
            "aws_subnet.public_b",
            "aws_subnet.public_c",
            "data.aws_availability_zones.available",
            "data.aws_vpc.main"
          ]
        },
        {
          "index_key": "POST",
          "schema_version": 0,
          "attributes": {
            "api_id": "q08c0f2i55",
            "api_key_required": false,
            "authorization_scopes": [],
            "authorization_type": "NONE",
            "authorizer_id": "",
            "id": "pp1ufum",
            "model_selection_expression": "",
            "operation_name": "",
            "request_models": {},
            "request_parameter": [],
            "route_key": "POST /{proxy+}",
            "route_response_selection_expression": "",
            "target": "integrations/cqjbu6u"
          },
          "sensitive_attributes": [],
          "private": "bnVsbA==",
          "dependencies": [
            "aws_apigatewayv2_api.main",
            "aws_apigatewayv2_integration.alb",
            "aws_lb.main",
            "aws_security_group.alb",
            "aws_subnet.public_a",
            "aws_subnet.public_b",
            "aws_subnet.public_c",
            "data.aws_availability_zones.available",
            "data.aws_vpc.main"
          ]
        },
        {
          "index_key": "PUT",
          "schema_version": 0,
          "attributes": {
            "api_id": "q08c0f2i55",
            "api_key_required": false,
            "authorization_scopes": [],
            "authorization_type": "NONE",
            "authorizer_id": "",
            "id": "a1whwrn",
            "model_selection_expression": "",
            "operation_name": "",
            "request_models": {},
            "request_parameter": [],
            "route_key": "PUT /{proxy+}",
            "route_response_selection_expression": "",
            "target": "integrations/cqjbu6u"
          },
          "sensitive_attributes": [],
          "private": "bnVsbA==",
          "dependencies": [
            "aws_apigatewayv2_api.main",
            "aws_apigatewayv2_integration.alb",
            "aws_lb.main",
            "aws_security_group.alb",
            "aws_subnet.public_a",
            "aws_subnet.public_b",
            "aws_subnet.public_c",
            "data.aws_availability_zones.available",
            "data.aws_vpc.main"
          ]
        }
      ]
    },
    {
      "mode": "managed",
      "type": "aws_apigatewayv2_route",
      "name": "root",
      "provider": "provider[\"registry.terraform.io/hashicorp/aws\"]",
      "instances": [
        {
          "index_key": "DELETE",
          "schema_version": 0,
          "attributes": {
            "api_id": "q08c0f2i55",
            "api_key_required": false,
            "authorization_scopes": [],
            "authorization_type": "NONE",
            "authorizer_id": "",
            "id": "obsecg3",
            "model_selection_expression": "",
            "operation_name": "",
            "request_models": {},
            "request_parameter": [],
            "route_key": "DELETE /",
            "route_response_selection_expression": "",
            "target": "integrations/cqjbu6u"
          },
          "sensitive_attributes": [],
          "private": "bnVsbA==",
          "dependencies": [
            "aws_apigatewayv2_api.main",
            "aws_apigatewayv2_integration.alb",
            "aws_lb.main",
            "aws_security_group.alb",
            "aws_subnet.public_a",
            "aws_subnet.public_b",
            "aws_subnet.public_c",
            "data.aws_availability_zones.available",
            "data.aws_vpc.main"
          ]
        },
        {
          "index_key": "GET",
          "schema_version": 0,
          "attributes": {
            "api_id": "q08c0f2i55",
            "api_key_required": false,
            "authorization_scopes": [],
            "authorization_type": "NONE",
            "authorizer_id": "",
            "id": "s1566ws",
            "model_selection_expression": "",
            "operation_name": "",
            "request_models": {},
            "request_parameter": [],
            "route_key": "GET /",
            "route_response_selection_expression": "",
            "target": "integrations/cqjbu6u"
          },
          "sensitive_attributes": [],
          "private": "bnVsbA==",
          "dependencies": [
            "aws_apigatewayv2_api.main",
            "aws_apigatewayv2_integration.alb",
            "aws_lb.main",
            "aws_security_group.alb",
            "aws_subnet.public_a",
            "aws_subnet.public_b",
            "aws_subnet.public_c",
            "data.aws_availability_zones.available",
            "data.aws_vpc.main"
          ]
        },
        {
          "index_key": "HEAD",
          "schema_version": 0,
          "attributes": {
            "api_id": "q08c0f2i55",
            "api_key_required": false,
            "authorization_scopes": [],
            "authorization_type": "NONE",
            "authorizer_id": "",
            "id": "gqrh9qq",
            "model_selection_expression": "",
            "operation_name": "",
            "request_models": {},
            "request_parameter": [],
            "route_key": "HEAD /",
            "route_response_selection_expression": "",
            "target": "integrations/cqjbu6u"
          },
          "sensitive_attributes": [],
          "private": "bnVsbA==",
          "dependencies": [
            "aws_apigatewayv2_api.main",
            "aws_apigatewayv2_integration.alb",
            "aws_lb.main",
            "aws_security_group.alb",
            "aws_subnet.public_a",
            "aws_subnet.public_b",
            "aws_subnet.public_c",
            "data.aws_availability_zones.available",
            "data.aws_vpc.main"
          ]
        },
        {
          "index_key": "PATCH",
          "schema_version": 0,
          "attributes": {
            "api_id": "q08c0f2i55",
            "api_key_required": false,
            "authorization_scopes": [],
            "authorization_type": "NONE",
            "authorizer_id": "",
            "id": "ufsdk3h",
            "model_selection_expression": "",
            "operation_name": "",
            "request_models": {},
            "request_parameter": [],
            "route_key": "PATCH /",
            "route_response_selection_expression": "",
            "target": "integrations/cqjbu6u"
          },
          "sensitive_attributes": [],
          "private": "bnVsbA==",
          "dependencies": [
            "aws_apigatewayv2_api.main",
            "aws_apigatewayv2_integration.alb",
            "aws_lb.main",
            "aws_security_group.alb",
            "aws_subnet.public_a",
            "aws_subnet.public_b",
            "aws_subnet.public_c",
            "data.aws_availability_zones.available",
            "data.aws_vpc.main"
          ]
        },
        {
          "index_key": "POST",
          "schema_version": 0,
          "attributes": {
            "api_id": "q08c0f2i55",
            "api_key_required": false,
            "authorization_scopes": [],
            "authorization_type": "NONE",
            "authorizer_id": "",
            "id": "i35z8ws",
            "model_selection_expression": "",
            "operation_name": "",
            "request_models": {},
            "request_parameter": [],
            "route_key": "POST /",
            "route_response_selection_expression": "",
            "target": "integrations/cqjbu6u"
          },
          "sensitive_attributes": [],
          "private": "bnVsbA==",
          "dependencies": [
            "aws_apigatewayv2_api.main",
            "aws_apigatewayv2_integration.alb",
            "aws_lb.main",
            "aws_security_group.alb",
            "aws_subnet.public_a",
            "aws_subnet.public_b",
            "aws_subnet.public_c",
            "data.aws_availability_zones.available",
            "data.aws_vpc.main"
          ]
        },
        {
          "index_key": "PUT",
          "schema_version": 0,
          "attributes": {
            "api_id": "q08c0f2i55",
            "api_key_required": false,
            "authorization_scopes": [],
            "authorization_type": "NONE",
            "authorizer_id": "",
            "id": "ftv1hde",
            "model_selection_expression": "",
            "operation_name": "",
            "request_models": {},
            "request_parameter": [],
            "route_key": "PUT /",
            "route_response_selection_expression": "",
            "target": "integrations/cqjbu6u"
          },
          "sensitive_attributes": [],
          "private": "bnVsbA==",
          "dependencies": [
            "aws_apigatewayv2_api.main",
            "aws_apigatewayv2_integration.alb",
            "aws_lb.main",
            "aws_security_group.alb",
            "aws_subnet.public_a",
            "aws_subnet.public_b",
            "aws_subnet.public_c",
            "data.aws_availability_zones.available",
            "data.aws_vpc.main"
          ]
        }
      ]
    },
    {
      "mode": "managed",
      "type": "aws_apigatewayv2_route",
      "name": "ws_connect",
      "provider": "provider[\"registry.terraform.io/hashicorp/aws\"]",
      "instances": [
        {
          "index_key": 0,
          "schema_version": 0,
          "attributes": {
            "api_id": "18gvmx3hn7",
            "api_key_required": false,
            "authorization_scopes": [],
            "authorization_type": "CUSTOM",
            "authorizer_id": "ai0aow",
            "id": "9ktflp0",
            "model_selection_expression": "",
            "operation_name": "",
            "request_models": {},
            "request_parameter": [],
            "route_key": "$connect",
            "route_response_selection_expression": "",
            "target": "integrations/nqhftnl"
          },
          "sensitive_attributes": [],
          "private": "bnVsbA==",
          "dependencies": [
            "aws_apigatewayv2_api.websocket",
            "aws_apigatewayv2_authorizer.ws",
            "aws_apigatewayv2_integration.ws_connect",
            "aws_db_instance.postgres",
            "aws_db_subnet_group.postgres",
            "aws_iam_role.lambda_ws",
            "aws_lambda_function.ws_authorizer",
            "aws_lambda_function.ws_connect",
            "aws_security_group.alb",
            "aws_security_group.ecs_tasks",
            "aws_security_group.postgres",
            "aws_ssm_parameter.database_url",
            "aws_ssm_parameter.jwt_secret",
            "aws_subnet.private_a",
            "aws_subnet.private_b",
            "aws_subnet.private_c",
            "aws_subnet.public_a",
            "aws_subnet.public_b",
            "aws_subnet.public_c",
            "data.archive_file.lambda",
            "data.aws_availability_zones.available",
            "data.aws_vpc.main",
            "null_resource.lambda_install"
          ]
        }
      ]
    },
    {
      "mode": "managed",
      "type": "aws_apigatewayv2_route",
      "name": "ws_disconnect",
      "provider": "provider[\"registry.terraform.io/hashicorp/aws\"]",
      "instances": [
        {
          "index_key": 0,
          "schema_version": 0,
          "attributes": {
            "api_id": "18gvmx3hn7",
            "api_key_required": false,
            "authorization_scopes": [],
            "authorization_type": "NONE",
            "authorizer_id": "",
            "id": "nozc7vi",
            "model_selection_expression": "",
            "operation_name": "",
            "request_models": {},
            "request_parameter": [],
            "route_key": "$disconnect",
            "route_response_selection_expression": "",
            "target": "integrations/zng56t2"
          },
          "sensitive_attributes": [],
          "private": "bnVsbA==",
          "dependencies": [
            "aws_apigatewayv2_api.websocket",
            "aws_apigatewayv2_integration.ws_disconnect",
            "aws_db_instance.postgres",
            "aws_db_subnet_group.postgres",
            "aws_iam_role.lambda_ws",
            "aws_lambda_function.ws_disconnect",
            "aws_security_group.alb",
            "aws_security_group.ecs_tasks",
            "aws_security_group.postgres",
            "aws_ssm_parameter.database_url",
            "aws_ssm_parameter.jwt_secret",
            "aws_subnet.private_a",
            "aws_subnet.private_b",
            "aws_subnet.private_c",
            "aws_subnet.public_a",
            "aws_subnet.public_b",
            "aws_subnet.public_c",
            "data.archive_file.lambda",
            "data.aws_availability_zones.available",
            "data.aws_vpc.main",
            "null_resource.lambda_install"
          ]
        }
      ]
    },
    {
      "mode": "managed",
      "type": "aws_apigatewayv2_route",
      "name": "ws_send_message",
      "provider": "provider[\"registry.terraform.io/hashicorp/aws\"]",
      "instances": [
        {
          "index_key": 0,
          "schema_version": 0,
          "attributes": {
            "api_id": "18gvmx3hn7",
            "api_key_required": false,
            "authorization_scopes": [],
            "authorization_type": "NONE",
            "authorizer_id": "",
            "id": "dh642wf",
            "model_selection_expression": "",
            "operation_name": "",
            "request_models": {},
            "request_parameter": [],
            "route_key": "sendMessage",
            "route_response_selection_expression": "",
            "target": "integrations/fwh1ydm"
          },
          "sensitive_attributes": [],
          "private": "bnVsbA==",
          "dependencies": [
            "aws_apigatewayv2_api.websocket",
            "aws_apigatewayv2_integration.ws_send_message",
            "aws_iam_role.lambda_ws",
            "aws_lambda_function.ws_send_message",
            "aws_ssm_parameter.jwt_secret",
            "aws_ssm_parameter.rabbitmq_url",
            "data.archive_file.lambda",
            "null_resource.lambda_install"
          ]
        }
      ]
    },
    {
      "mode": "managed",
      "type": "aws_apigatewayv2_stage",
      "name": "default",
      "provider": "provider[\"registry.terraform.io/hashicorp/aws\"]",
      "instances": [
        {
          "index_key": 0,
          "schema_version": 0,
          "attributes": {
            "access_log_settings": [
              {
                "destination_arn": "arn:aws:logs:ap-southeast-1:542829982577:log-group:/aws/apigateway/onedelivery-api",
                "format": "{\"errorMessage\":\"$context.error.message\",\"errorResponseType\":\"$context.error.responseType\",\"httpMethod\":\"$context.httpMethod\",\"integrationError\":\"$context.integration.error\",\"integrationLatency\":\"$context.integration.latency\",\"integrationStatus\":\"$context.integration.status\",\"path\":\"$context.path\",\"requestId\":\"$context.requestId\",\"requestTime\":\"$context.requestTime\",\"responseLength\":\"$context.responseLength\",\"routeKey\":\"$context.routeKey\",\"sourceIp\":\"$context.identity.sourceIp\",\"status\":\"$context.status\",\"userAgent\":\"$context.identity.userAgent\"}"
              }
            ],
            "api_id": "q08c0f2i55",
            "arn": "arn:aws:apigateway:ap-southeast-1::/apis/q08c0f2i55/stages/$default",
            "auto_deploy": true,
            "client_certificate_id": "",
            "default_route_settings": [
              {
                "data_trace_enabled": false,
                "detailed_metrics_enabled": false,
                "logging_level": "",
                "throttling_burst_limit": 0,
                "throttling_rate_limit": 0
              }
            ],
            "deployment_id": "gojmpg",
            "description": "",
            "execution_arn": "arn:aws:execute-api:ap-southeast-1:542829982577:q08c0f2i55/$default",
            "id": "$default",
            "invoke_url": "https://q08c0f2i55.execute-api.ap-southeast-1.amazonaws.com/",
            "name": "$default",
            "route_settings": [],
            "stage_variables": {},
            "tags": {},
            "tags_all": {
              "Environment": "dev",
              "ManagedBy": "terraform",
              "Project": "onedelivery"
            }
          },
          "sensitive_attributes": [],
          "private": "bnVsbA==",
          "dependencies": [
            "aws_api_gateway_account.main",
            "aws_apigatewayv2_api.main",
            "aws_cloudwatch_log_group.apigw",
            "aws_iam_role.apigw_cloudwatch",
            "aws_iam_role_policy_attachment.apigw_cloudwatch"
          ]
        }
      ]
    },
    {
      "mode": "managed",
      "type": "aws_apigatewayv2_stage",
      "name": "ws",
      "provider": "provider[\"registry.terraform.io/hashicorp/aws\"]",
      "instances": [
        {
          "index_key": 0,
          "schema_version": 0,
          "attributes": {
            "access_log_settings": [
              {
                "destination_arn": "arn:aws:logs:ap-southeast-1:542829982577:log-group:/aws/apigateway/onedelivery-ws",
                "format": "{\"authorizerError\":\"$context.authorizer.error\",\"connectionId\":\"$context.connectionId\",\"errorMessage\":\"$context.error.message\",\"errorResponseType\":\"$context.error.responseType\",\"eventType\":\"$context.eventType\",\"integrationError\":\"$context.integrationErrorMessage\",\"integrationStatus\":\"$context.integrationStatus\",\"requestId\":\"$context.requestId\",\"requestTime\":\"$context.requestTime\",\"routeKey\":\"$context.routeKey\",\"sourceIp\":\"$context.identity.sourceIp\",\"status\":\"$context.status\",\"userAgent\":\"$context.identity.userAgent\"}"
              }
            ],
            "api_id": "18gvmx3hn7",
            "arn": "arn:aws:apigateway:ap-southeast-1::/apis/18gvmx3hn7/stages/prod",
            "auto_deploy": true,
            "client_certificate_id": "",
            "default_route_settings": [
              {
                "data_trace_enabled": false,
                "detailed_metrics_enabled": false,
                "logging_level": "OFF",
                "throttling_burst_limit": 0,
                "throttling_rate_limit": 0
              }
            ],
            "deployment_id": "38dknf",
            "description": "",
            "execution_arn": "arn:aws:execute-api:ap-southeast-1:542829982577:18gvmx3hn7/prod",
            "id": "prod",
            "invoke_url": "wss://18gvmx3hn7.execute-api.ap-southeast-1.amazonaws.com/prod",
            "name": "prod",
            "route_settings": [],
            "stage_variables": {},
            "tags": {},
            "tags_all": {
              "Environment": "dev",
              "ManagedBy": "terraform",
              "Project": "onedelivery"
            }
          },
          "sensitive_attributes": [],
          "private": "bnVsbA==",
          "dependencies": [
            "aws_api_gateway_account.main",
            "aws_apigatewayv2_api.websocket",
            "aws_cloudwatch_log_group.apigw_ws",
            "aws_iam_role.apigw_cloudwatch",
            "aws_iam_role_policy_attachment.apigw_cloudwatch"
          ]
        }
      ]
    },
    {
      "mode": "managed",
      "type": "aws_cloudwatch_log_group",
      "name": "apigw",
      "provider": "provider[\"registry.terraform.io/hashicorp/aws\"]",
      "instances": [
        {
          "index_key": 0,
          "schema_version": 0,
          "attributes": {
            "arn": "arn:aws:logs:ap-southeast-1:542829982577:log-group:/aws/apigateway/onedelivery-api",
            "id": "/aws/apigateway/onedelivery-api",
            "kms_key_id": "",
            "log_group_class": "STANDARD",
            "name": "/aws/apigateway/onedelivery-api",
            "name_prefix": "",
            "retention_in_days": 7,
            "skip_destroy": false,
            "tags": {},
            "tags_all": {
              "Environment": "dev",
              "ManagedBy": "terraform",
              "Project": "onedelivery"
            }
          },
          "sensitive_attributes": [],
          "private": "bnVsbA=="
        }
      ]
    },
    {
      "mode": "managed",
      "type": "aws_cloudwatch_log_group",
      "name": "apigw_ws",
      "provider": "provider[\"registry.terraform.io/hashicorp/aws\"]",
      "instances": [
        {
          "index_key": 0,
          "schema_version": 0,
          "attributes": {
            "arn": "arn:aws:logs:ap-southeast-1:542829982577:log-group:/aws/apigateway/onedelivery-ws",
            "id": "/aws/apigateway/onedelivery-ws",
            "kms_key_id": "",
            "log_group_class": "STANDARD",
            "name": "/aws/apigateway/onedelivery-ws",
            "name_prefix": "",
            "retention_in_days": 7,
            "skip_destroy": false,
            "tags": {},
            "tags_all": {
              "Environment": "dev",
              "ManagedBy": "terraform",
              "Project": "onedelivery"
            }
          },
          "sensitive_attributes": [],
          "private": "bnVsbA=="
        }
      ]
    },
    {
      "mode": "managed",
      "type": "aws_cloudwatch_log_group",
      "name": "ecs",
      "provider": "provider[\"registry.terraform.io/hashicorp/aws\"]",
      "instances": [
        {
          "index_key": "audit",
          "schema_version": 0,
          "attributes": {
            "arn": "arn:aws:logs:ap-southeast-1:542829982577:log-group:/ecs/onedelivery-audit",
            "id": "/ecs/onedelivery-audit",
            "kms_key_id": "",
            "log_group_class": "STANDARD",
            "name": "/ecs/onedelivery-audit",
            "name_prefix": "",
            "retention_in_days": 14,
            "skip_destroy": false,
            "tags": {},
            "tags_all": {
              "Environment": "dev",
              "ManagedBy": "terraform",
              "Project": "onedelivery"
            }
          },
          "sensitive_attributes": [],
          "private": "bnVsbA=="
        },
        {
          "index_key": "guardian-agent",
          "schema_version": 0,
          "attributes": {
            "arn": "arn:aws:logs:ap-southeast-1:542829982577:log-group:/ecs/onedelivery-guardian-agent",
            "id": "/ecs/onedelivery-guardian-agent",
            "kms_key_id": "",
            "log_group_class": "STANDARD",
            "name": "/ecs/onedelivery-guardian-agent",
            "name_prefix": "",
            "retention_in_days": 14,
            "skip_destroy": false,
            "tags": {},
            "tags_all": {
              "Environment": "dev",
              "ManagedBy": "terraform",
              "Project": "onedelivery"
            }
          },
          "sensitive_attributes": [],
          "private": "bnVsbA=="
        },
        {
          "index_key": "incident",
          "schema_version": 0,
          "attributes": {
            "arn": "arn:aws:logs:ap-southeast-1:542829982577:log-group:/ecs/onedelivery-incident",
            "id": "/ecs/onedelivery-incident",
            "kms_key_id": "",
            "log_group_class": "STANDARD",
            "name": "/ecs/onedelivery-incident",
            "name_prefix": "",
            "retention_in_days": 14,
            "skip_destroy": false,
            "tags": {},
            "tags_all": {
              "Environment": "dev",
              "ManagedBy": "terraform",
              "Project": "onedelivery"
            }
          },
          "sensitive_attributes": [],
          "private": "bnVsbA=="
        },
        {
          "index_key": "knowledge",
          "schema_version": 0,
          "attributes": {
            "arn": "arn:aws:logs:ap-southeast-1:542829982577:log-group:/ecs/onedelivery-knowledge",
            "id": "/ecs/onedelivery-knowledge",
            "kms_key_id": "",
            "log_group_class": "STANDARD",
            "name": "/ecs/onedelivery-knowledge",
            "name_prefix": "",
            "retention_in_days": 14,
            "skip_destroy": false,
            "tags": {},
            "tags_all": {
              "Environment": "dev",
              "ManagedBy": "terraform",
              "Project": "onedelivery"
            }
          },
          "sensitive_attributes": [],
          "private": "bnVsbA=="
        },
        {
          "index_key": "logistics",
          "schema_version": 0,
          "attributes": {
            "arn": "arn:aws:logs:ap-southeast-1:542829982577:log-group:/ecs/onedelivery-logistics",
            "id": "/ecs/onedelivery-logistics",
            "kms_key_id": "",
            "log_group_class": "STANDARD",
            "name": "/ecs/onedelivery-logistics",
            "name_prefix": "",
            "retention_in_days": 14,
            "skip_destroy": false,
            "tags": {},
            "tags_all": {
              "Environment": "dev",
              "ManagedBy": "terraform",
              "Project": "onedelivery"
            }
          },
          "sensitive_attributes": [],
          "private": "bnVsbA=="
        },
        {
          "index_key": "logistics-agent",
          "schema_version": 0,
          "attributes": {
            "arn": "arn:aws:logs:ap-southeast-1:542829982577:log-group:/ecs/onedelivery-logistics-agent",
            "id": "/ecs/onedelivery-logistics-agent",
            "kms_key_id": "",
            "log_group_class": "STANDARD",
            "name": "/ecs/onedelivery-logistics-agent",
            "name_prefix": "",
            "retention_in_days": 14,
            "skip_destroy": false,
            "tags": {},
            "tags_all": {
              "Environment": "dev",
              "ManagedBy": "terraform",
              "Project": "onedelivery"
            }
          },
          "sensitive_attributes": [],
          "private": "bnVsbA=="
        },
        {
          "index_key": "orchestrator-agent",
          "schema_version": 0,
          "attributes": {
            "arn": "arn:aws:logs:ap-southeast-1:542829982577:log-group:/ecs/onedelivery-orchestrator-agent",
            "id": "/ecs/onedelivery-orchestrator-agent",
            "kms_key_id": "",
            "log_group_class": "STANDARD",
            "name": "/ecs/onedelivery-orchestrator-agent",
            "name_prefix": "",
            "retention_in_days": 14,
            "skip_destroy": false,
            "tags": {},
            "tags_all": {
              "Environment": "dev",
              "ManagedBy": "terraform",
              "Project": "onedelivery"
            }
          },
          "sensitive_attributes": [],
          "private": "bnVsbA=="
        },
        {
          "index_key": "order",
          "schema_version": 0,
          "attributes": {
            "arn": "arn:aws:logs:ap-southeast-1:542829982577:log-group:/ecs/onedelivery-order",
            "id": "/ecs/onedelivery-order",
            "kms_key_id": "",
            "log_group_class": "STANDARD",
            "name": "/ecs/onedelivery-order",
            "name_prefix": "",
            "retention_in_days": 14,
            "skip_destroy": false,
            "tags": {},
            "tags_all": {
              "Environment": "dev",
              "ManagedBy": "terraform",
              "Project": "onedelivery"
            }
          },
          "sensitive_attributes": [],
          "private": "bnVsbA=="
        },
        {
          "index_key": "payment",
          "schema_version": 0,
          "attributes": {
            "arn": "arn:aws:logs:ap-southeast-1:542829982577:log-group:/ecs/onedelivery-payment",
            "id": "/ecs/onedelivery-payment",
            "kms_key_id": "",
            "log_group_class": "STANDARD",
            "name": "/ecs/onedelivery-payment",
            "name_prefix": "",
            "retention_in_days": 14,
            "skip_destroy": false,
            "tags": {},
            "tags_all": {
              "Environment": "dev",
              "ManagedBy": "terraform",
              "Project": "onedelivery"
            }
          },
          "sensitive_attributes": [],
          "private": "bnVsbA=="
        },
        {
          "index_key": "qa-agent",
          "schema_version": 0,
          "attributes": {
            "arn": "arn:aws:logs:ap-southeast-1:542829982577:log-group:/ecs/onedelivery-qa-agent",
            "id": "/ecs/onedelivery-qa-agent",
            "kms_key_id": "",
            "log_group_class": "STANDARD",
            "name": "/ecs/onedelivery-qa-agent",
            "name_prefix": "",
            "retention_in_days": 14,
            "skip_destroy": false,
            "tags": {},
            "tags_all": {
              "Environment": "dev",
              "ManagedBy": "terraform",
              "Project": "onedelivery"
            }
          },
          "sensitive_attributes": [],
          "private": "bnVsbA=="
        },
        {
          "index_key": "resolution-agent",
          "schema_version": 0,
          "attributes": {
            "arn": "arn:aws:logs:ap-southeast-1:542829982577:log-group:/ecs/onedelivery-resolution-agent",
            "id": "/ecs/onedelivery-resolution-agent",
            "kms_key_id": "",
            "log_group_class": "STANDARD",
            "name": "/ecs/onedelivery-resolution-agent",
            "name_prefix": "",
            "retention_in_days": 14,
            "skip_destroy": false,
            "tags": {},
            "tags_all": {
              "Environment": "dev",
              "ManagedBy": "terraform",
              "Project": "onedelivery"
            }
          },
          "sensitive_attributes": [],
          "private": "bnVsbA=="
        },
        {
          "index_key": "user",
          "schema_version": 0,
          "attributes": {
            "arn": "arn:aws:logs:ap-southeast-1:542829982577:log-group:/ecs/onedelivery-user",
            "id": "/ecs/onedelivery-user",
            "kms_key_id": "",
            "log_group_class": "STANDARD",
            "name": "/ecs/onedelivery-user",
            "name_prefix": "",
            "retention_in_days": 14,
            "skip_destroy": false,
            "tags": {},
            "tags_all": {
              "Environment": "dev",
              "ManagedBy": "terraform",
              "Project": "onedelivery"
            }
          },
          "sensitive_attributes": [],
          "private": "bnVsbA=="
        }
      ]
    },
    {
      "mode": "managed",
      "type": "aws_db_instance",
      "name": "postgres",
      "provider": "provider[\"registry.terraform.io/hashicorp/aws\"]",
      "instances": [
        {
          "schema_version": 2,
          "attributes": {
            "address": "onedelivery-postgres.chqkmym8y08l.ap-southeast-1.rds.amazonaws.com",
            "allocated_storage": 20,
            "allow_major_version_upgrade": null,
            "apply_immediately": false,
            "arn": "arn:aws:rds:ap-southeast-1:542829982577:db:onedelivery-postgres",
            "auto_minor_version_upgrade": true,
            "availability_zone": "ap-southeast-1c",
            "backup_retention_period": 7,
            "backup_target": "region",
            "backup_window": "03:00-04:00",
            "blue_green_update": [],
            "ca_cert_identifier": "rds-ca-rsa2048-g1",
            "character_set_name": "",
            "copy_tags_to_snapshot": false,
            "custom_iam_instance_profile": "",
            "customer_owned_ip_enabled": false,
            "database_insights_mode": "standard",
            "db_name": "onedelivery",
            "db_subnet_group_name": "onedelivery-postgres-v2",
            "dedicated_log_volume": false,
            "delete_automated_backups": true,
            "deletion_protection": false,
            "domain": "",
            "domain_auth_secret_arn": "",
            "domain_dns_ips": [],
            "domain_fqdn": "",
            "domain_iam_role_name": "",
            "domain_ou": "",
            "enabled_cloudwatch_logs_exports": [],
            "endpoint": "onedelivery-postgres.chqkmym8y08l.ap-southeast-1.rds.amazonaws.com:5432",
            "engine": "postgres",
            "engine_lifecycle_support": "open-source-rds-extended-support",
            "engine_version": "17.6",
            "engine_version_actual": "17.6",
            "final_snapshot_identifier": null,
            "hosted_zone_id": "Z2G0U3KFCY8NZ5",
            "iam_database_authentication_enabled": false,
            "id": "db-L2XCAT52UTJMRUI42O4D5LMJF4",
            "identifier": "onedelivery-postgres",
            "identifier_prefix": "",
            "instance_class": "db.t3.micro",
            "iops": 3000,
            "kms_key_id": "arn:aws:kms:ap-southeast-1:542829982577:key/2d747949-131f-4252-9de0-51c5e4181867",
            "latest_restorable_time": "2026-04-04T12:54:31Z",
            "license_model": "postgresql-license",
            "listener_endpoint": [],
            "maintenance_window": "mon:04:00-mon:05:00",
            "manage_master_user_password": null,
            "master_user_secret": [],
            "master_user_secret_kms_key_id": null,
            "max_allocated_storage": 20,
            "monitoring_interval": 0,
            "monitoring_role_arn": "",
            "multi_az": false,
            "nchar_character_set_name": "",
            "network_type": "IPV4",
            "option_group_name": "default:postgres-17",
            "parameter_group_name": "default.postgres17",
            "password": "64M4YXh08pe7",
            "password_wo": null,
            "password_wo_version": null,
            "performance_insights_enabled": false,
            "performance_insights_kms_key_id": "",
            "performance_insights_retention_period": 0,
            "port": 5432,
            "publicly_accessible": false,
            "replica_mode": "",
            "replicas": [],
            "replicate_source_db": "",
            "resource_id": "db-L2XCAT52UTJMRUI42O4D5LMJF4",
            "restore_to_point_in_time": [],
            "s3_import": [],
            "skip_final_snapshot": true,
            "snapshot_identifier": null,
            "status": "available",
            "storage_encrypted": true,
            "storage_throughput": 125,
            "storage_type": "gp3",
            "tags": {
              "Name": "onedelivery-postgres"
            },
            "tags_all": {
              "Environment": "dev",
              "ManagedBy": "terraform",
              "Name": "onedelivery-postgres",
              "Project": "onedelivery"
            },
            "timeouts": null,
            "timezone": "",
            "upgrade_storage_config": null,
            "username": "postgres",
            "vpc_security_group_ids": [
              "sg-093c6eebd827fa388"
            ]
          },
          "sensitive_attributes": [
            [
              {
                "type": "get_attr",
                "value": "username"
              }
            ],
            [
              {
                "type": "get_attr",
                "value": "password"
              }
            ],
            [
              {
                "type": "get_attr",
                "value": "password_wo"
              }
            ]
          ],
          "private": "eyJlMmJmYjczMC1lY2FhLTExZTYtOGY4OC0zNDM2M2JjN2M0YzAiOnsiY3JlYXRlIjozMDAwMDAwMDAwMDAwLCJkZWxldGUiOjM2MDAwMDAwMDAwMDAsInVwZGF0ZSI6NDgwMDAwMDAwMDAwMH0sInNjaGVtYV92ZXJzaW9uIjoiMiJ9",
          "dependencies": [
            "aws_db_subnet_group.postgres",
            "aws_security_group.alb",
            "aws_security_group.ecs_tasks",
            "aws_security_group.postgres",
            "aws_subnet.private_a",
            "aws_subnet.private_b",
            "aws_subnet.private_c",
            "data.aws_availability_zones.available",
            "data.aws_vpc.main"
          ]
        }
      ]
    },
    {
      "mode": "managed",
      "type": "aws_db_subnet_group",
      "name": "postgres",
      "provider": "provider[\"registry.terraform.io/hashicorp/aws\"]",
      "instances": [
        {
          "schema_version": 0,
          "attributes": {
            "arn": "arn:aws:rds:ap-southeast-1:542829982577:subgrp:onedelivery-postgres-v2",
            "description": "Managed by Terraform",
            "id": "onedelivery-postgres-v2",
            "name": "onedelivery-postgres-v2",
            "name_prefix": "",
            "subnet_ids": [
              "subnet-02dbf97957db59430",
              "subnet-065bc6a293dd40b8d",
              "subnet-0836a471bed800402"
            ],
            "supported_network_types": [
              "IPV4"
            ],
            "tags": {},
            "tags_all": {
              "Environment": "dev",
              "ManagedBy": "terraform",
              "Project": "onedelivery"
            },
            "vpc_id": "vpc-01f4d46470a373bd0"
          },
          "sensitive_attributes": [],
          "private": "bnVsbA==",
          "dependencies": [
            "aws_subnet.private_a",
            "aws_subnet.private_b",
            "aws_subnet.private_c",
            "data.aws_availability_zones.available",
            "data.aws_vpc.main"
          ],
          "create_before_destroy": true
        }
      ]
    },
    {
      "mode": "managed",
      "type": "aws_ecs_cluster",
      "name": "main",
      "provider": "provider[\"registry.terraform.io/hashicorp/aws\"]",
      "instances": [
        {
          "schema_version": 0,
          "attributes": {
            "arn": "arn:aws:ecs:ap-southeast-1:542829982577:cluster/onedelivery-cluster",
            "configuration": [],
            "id": "arn:aws:ecs:ap-southeast-1:542829982577:cluster/onedelivery-cluster",
            "name": "onedelivery-cluster",
            "service_connect_defaults": [],
            "setting": [
              {
                "name": "containerInsights",
                "value": "disabled"
              }
            ],
            "tags": {},
            "tags_all": {
              "Environment": "dev",
              "ManagedBy": "terraform",
              "Project": "onedelivery"
            }
          },
          "sensitive_attributes": [],
          "private": "bnVsbA=="
        }
      ]
    },
    {
      "mode": "managed",
      "type": "aws_ecs_service",
      "name": "service",
      "provider": "provider[\"registry.terraform.io/hashicorp/aws\"]",
      "instances": [
        {
          "index_key": "audit",
          "schema_version": 1,
          "attributes": {
            "alarms": [],
            "availability_zone_rebalancing": "DISABLED",
            "capacity_provider_strategy": [],
            "cluster": "arn:aws:ecs:ap-southeast-1:542829982577:cluster/onedelivery-cluster",
            "deployment_circuit_breaker": [
              {
                "enable": false,
                "rollback": false
              }
            ],
            "deployment_controller": [
              {
                "type": "ECS"
              }
            ],
            "deployment_maximum_percent": 200,
            "deployment_minimum_healthy_percent": 100,
            "desired_count": 0,
            "enable_ecs_managed_tags": false,
            "enable_execute_command": true,
            "force_delete": null,
            "force_new_deployment": null,
            "health_check_grace_period_seconds": 0,
            "iam_role": "/aws-service-role/ecs.amazonaws.com/AWSServiceRoleForECS",
            "id": "arn:aws:ecs:ap-southeast-1:542829982577:service/onedelivery-cluster/audit",
            "launch_type": "FARGATE",
            "load_balancer": [
              {
                "container_name": "audit",
                "container_port": 9001,
                "elb_name": "",
                "target_group_arn": "arn:aws:elasticloadbalancing:ap-southeast-1:542829982577:targetgroup/onedelivery-audit/b6174ab7b453b4b7"
              }
            ],
            "name": "audit",
            "network_configuration": [
              {
                "assign_public_ip": true,
                "security_groups": [
                  "sg-085cdd7377ff6d907"
                ],
                "subnets": [
                  "subnet-086900f75d158bfe1",
                  "subnet-0bf8209152cea933c",
                  "subnet-0def3a3c74ef848e1"
                ]
              }
            ],
            "ordered_placement_strategy": [],
            "placement_constraints": [],
            "platform_version": "LATEST",
            "propagate_tags": "NONE",
            "scheduling_strategy": "REPLICA",
            "service_connect_configuration": [],
            "service_registries": [],
            "tags": {},
            "tags_all": {
              "Environment": "dev",
              "ManagedBy": "terraform",
              "Project": "onedelivery"
            },
            "task_definition": "arn:aws:ecs:ap-southeast-1:542829982577:task-definition/onedelivery-audit:32",
            "timeouts": null,
            "triggers": {},
            "volume_configuration": [],
            "vpc_lattice_configurations": [],
            "wait_for_steady_state": false
          },
          "sensitive_attributes": [],
          "private": "eyJlMmJmYjczMC1lY2FhLTExZTYtOGY4OC0zNDM2M2JjN2M0YzAiOnsiY3JlYXRlIjoxMjAwMDAwMDAwMDAwLCJkZWxldGUiOjEyMDAwMDAwMDAwMDAsInVwZGF0ZSI6MTIwMDAwMDAwMDAwMH0sInNjaGVtYV92ZXJzaW9uIjoiMSJ9",
          "dependencies": [
            "aws_apigatewayv2_api.websocket",
            "aws_cloudwatch_log_group.ecs",
            "aws_db_instance.postgres",
            "aws_db_subnet_group.postgres",
            "aws_ecs_cluster.main",
            "aws_ecs_task_definition.service",
            "aws_iam_role.ecs_task",
            "aws_iam_role.ecs_task_execution",
            "aws_lb.main",
            "aws_lb_listener.http",
            "aws_lb_target_group.service",
            "aws_security_group.alb",
            "aws_security_group.ecs_tasks",
            "aws_security_group.postgres",
            "aws_ssm_parameter.cors_origin",
            "aws_ssm_parameter.database_url",
            "aws_ssm_parameter.db_password",
            "aws_ssm_parameter.eval_langsmith_api_key",
            "aws_ssm_parameter.gemini_api_key",
            "aws_ssm_parameter.jwt_secret",
            "aws_ssm_parameter.langsmith_api_key",
            "aws_ssm_parameter.langsmith_endpoint",
            "aws_ssm_parameter.langsmith_project",
            "aws_ssm_parameter.langsmith_tracing",
            "aws_ssm_parameter.openai_api_key",
            "aws_ssm_parameter.rabbitmq_url",
            "aws_subnet.private_a",
            "aws_subnet.private_b",
            "aws_subnet.private_c",
            "aws_subnet.public_a",
            "aws_subnet.public_b",
            "aws_subnet.public_c",
            "data.aws_availability_zones.available",
            "data.aws_ecr_repository.services",
            "data.aws_vpc.main"
          ]
        },
        {
          "index_key": "guardian-agent",
          "schema_version": 1,
          "attributes": {
            "alarms": [],
            "availability_zone_rebalancing": "DISABLED",
            "capacity_provider_strategy": [],
            "cluster": "arn:aws:ecs:ap-southeast-1:542829982577:cluster/onedelivery-cluster",
            "deployment_circuit_breaker": [
              {
                "enable": false,
                "rollback": false
              }
            ],
            "deployment_controller": [
              {
                "type": "ECS"
              }
            ],
            "deployment_maximum_percent": 200,
            "deployment_minimum_healthy_percent": 100,
            "desired_count": 0,
            "enable_ecs_managed_tags": false,
            "enable_execute_command": true,
            "force_delete": null,
            "force_new_deployment": null,
            "health_check_grace_period_seconds": 0,
            "iam_role": "/aws-service-role/ecs.amazonaws.com/AWSServiceRoleForECS",
            "id": "arn:aws:ecs:ap-southeast-1:542829982577:service/onedelivery-cluster/guardian-agent",
            "launch_type": "FARGATE",
            "load_balancer": [
              {
                "container_name": "guardian-agent",
                "container_port": 9013,
                "elb_name": "",
                "target_group_arn": "arn:aws:elasticloadbalancing:ap-southeast-1:542829982577:targetgroup/onedelivery-guardian-agent/5b22e5d2af6d6008"
              }
            ],
            "name": "guardian-agent",
            "network_configuration": [
              {
                "assign_public_ip": true,
                "security_groups": [
                  "sg-085cdd7377ff6d907"
                ],
                "subnets": [
                  "subnet-086900f75d158bfe1",
                  "subnet-0bf8209152cea933c",
                  "subnet-0def3a3c74ef848e1"
                ]
              }
            ],
            "ordered_placement_strategy": [],
            "placement_constraints": [],
            "platform_version": "LATEST",
            "propagate_tags": "NONE",
            "scheduling_strategy": "REPLICA",
            "service_connect_configuration": [],
            "service_registries": [],
            "tags": {},
            "tags_all": {
              "Environment": "dev",
              "ManagedBy": "terraform",
              "Project": "onedelivery"
            },
            "task_definition": "arn:aws:ecs:ap-southeast-1:542829982577:task-definition/onedelivery-guardian-agent:23",
            "timeouts": null,
            "triggers": {},
            "volume_configuration": [],
            "vpc_lattice_configurations": [],
            "wait_for_steady_state": false
          },
          "sensitive_attributes": [],
          "private": "eyJlMmJmYjczMC1lY2FhLTExZTYtOGY4OC0zNDM2M2JjN2M0YzAiOnsiY3JlYXRlIjoxMjAwMDAwMDAwMDAwLCJkZWxldGUiOjEyMDAwMDAwMDAwMDAsInVwZGF0ZSI6MTIwMDAwMDAwMDAwMH0sInNjaGVtYV92ZXJzaW9uIjoiMSJ9",
          "dependencies": [
            "aws_apigatewayv2_api.websocket",
            "aws_cloudwatch_log_group.ecs",
            "aws_db_instance.postgres",
            "aws_db_subnet_group.postgres",
            "aws_ecs_cluster.main",
            "aws_ecs_task_definition.service",
            "aws_iam_role.ecs_task",
            "aws_iam_role.ecs_task_execution",
            "aws_lb.main",
            "aws_lb_listener.http",
            "aws_lb_target_group.service",
            "aws_security_group.alb",
            "aws_security_group.ecs_tasks",
            "aws_security_group.postgres",
            "aws_ssm_parameter.cors_origin",
            "aws_ssm_parameter.database_url",
            "aws_ssm_parameter.db_password",
            "aws_ssm_parameter.eval_langsmith_api_key",
            "aws_ssm_parameter.gemini_api_key",
            "aws_ssm_parameter.jwt_secret",
            "aws_ssm_parameter.langsmith_api_key",
            "aws_ssm_parameter.langsmith_endpoint",
            "aws_ssm_parameter.langsmith_project",
            "aws_ssm_parameter.langsmith_tracing",
            "aws_ssm_parameter.openai_api_key",
            "aws_ssm_parameter.rabbitmq_url",
            "aws_subnet.private_a",
            "aws_subnet.private_b",
            "aws_subnet.private_c",
            "aws_subnet.public_a",
            "aws_subnet.public_b",
            "aws_subnet.public_c",
            "data.aws_availability_zones.available",
            "data.aws_ecr_repository.services",
            "data.aws_vpc.main"
          ]
        },
        {
          "index_key": "incident",
          "schema_version": 1,
          "attributes": {
            "alarms": [],
            "availability_zone_rebalancing": "DISABLED",
            "capacity_provider_strategy": [],
            "cluster": "arn:aws:ecs:ap-southeast-1:542829982577:cluster/onedelivery-cluster",
            "deployment_circuit_breaker": [
              {
                "enable": false,
                "rollback": false
              }
            ],
            "deployment_controller": [
              {
                "type": "ECS"
              }
            ],
            "deployment_maximum_percent": 200,
            "deployment_minimum_healthy_percent": 100,
            "desired_count": 0,
            "enable_ecs_managed_tags": false,
            "enable_execute_command": true,
            "force_delete": null,
            "force_new_deployment": null,
            "health_check_grace_period_seconds": 0,
            "iam_role": "/aws-service-role/ecs.amazonaws.com/AWSServiceRoleForECS",
            "id": "arn:aws:ecs:ap-southeast-1:542829982577:service/onedelivery-cluster/incident",
            "launch_type": "FARGATE",
            "load_balancer": [
              {
                "container_name": "incident",
                "container_port": 9006,
                "elb_name": "",
                "target_group_arn": "arn:aws:elasticloadbalancing:ap-southeast-1:542829982577:targetgroup/onedelivery-incident/84ac3700c0da036c"
              }
            ],
            "name": "incident",
            "network_configuration": [
              {
                "assign_public_ip": true,
                "security_groups": [
                  "sg-085cdd7377ff6d907"
                ],
                "subnets": [
                  "subnet-086900f75d158bfe1",
                  "subnet-0bf8209152cea933c",
                  "subnet-0def3a3c74ef848e1"
                ]
              }
            ],
            "ordered_placement_strategy": [],
            "placement_constraints": [],
            "platform_version": "LATEST",
            "propagate_tags": "NONE",
            "scheduling_strategy": "REPLICA",
            "service_connect_configuration": [],
            "service_registries": [],
            "tags": {},
            "tags_all": {
              "Environment": "dev",
              "ManagedBy": "terraform",
              "Project": "onedelivery"
            },
            "task_definition": "arn:aws:ecs:ap-southeast-1:542829982577:task-definition/onedelivery-incident:25",
            "timeouts": null,
            "triggers": {},
            "volume_configuration": [],
            "vpc_lattice_configurations": [],
            "wait_for_steady_state": false
          },
          "sensitive_attributes": [],
          "private": "eyJlMmJmYjczMC1lY2FhLTExZTYtOGY4OC0zNDM2M2JjN2M0YzAiOnsiY3JlYXRlIjoxMjAwMDAwMDAwMDAwLCJkZWxldGUiOjEyMDAwMDAwMDAwMDAsInVwZGF0ZSI6MTIwMDAwMDAwMDAwMH0sInNjaGVtYV92ZXJzaW9uIjoiMSJ9",
          "dependencies": [
            "aws_apigatewayv2_api.websocket",
            "aws_cloudwatch_log_group.ecs",
            "aws_db_instance.postgres",
            "aws_db_subnet_group.postgres",
            "aws_ecs_cluster.main",
            "aws_ecs_task_definition.service",
            "aws_iam_role.ecs_task",
            "aws_iam_role.ecs_task_execution",
            "aws_lb.main",
            "aws_lb_listener.http",
            "aws_lb_target_group.service",
            "aws_security_group.alb",
            "aws_security_group.ecs_tasks",
            "aws_security_group.postgres",
            "aws_ssm_parameter.cors_origin",
            "aws_ssm_parameter.database_url",
            "aws_ssm_parameter.db_password",
            "aws_ssm_parameter.eval_langsmith_api_key",
            "aws_ssm_parameter.gemini_api_key",
            "aws_ssm_parameter.jwt_secret",
            "aws_ssm_parameter.langsmith_api_key",
            "aws_ssm_parameter.langsmith_endpoint",
            "aws_ssm_parameter.langsmith_project",
            "aws_ssm_parameter.langsmith_tracing",
            "aws_ssm_parameter.openai_api_key",
            "aws_ssm_parameter.rabbitmq_url",
            "aws_subnet.private_a",
            "aws_subnet.private_b",
            "aws_subnet.private_c",
            "aws_subnet.public_a",
            "aws_subnet.public_b",
            "aws_subnet.public_c",
            "data.aws_availability_zones.available",
            "data.aws_ecr_repository.services",
            "data.aws_vpc.main"
          ]
        },
        {
          "index_key": "knowledge",
          "schema_version": 1,
          "attributes": {
            "alarms": [],
            "availability_zone_rebalancing": "DISABLED",
            "capacity_provider_strategy": [],
            "cluster": "arn:aws:ecs:ap-southeast-1:542829982577:cluster/onedelivery-cluster",
            "deployment_circuit_breaker": [
              {
                "enable": false,
                "rollback": false
              }
            ],
            "deployment_controller": [
              {
                "type": "ECS"
              }
            ],
            "deployment_maximum_percent": 200,
            "deployment_minimum_healthy_percent": 100,
            "desired_count": 0,
            "enable_ecs_managed_tags": false,
            "enable_execute_command": true,
            "force_delete": null,
            "force_new_deployment": null,
            "health_check_grace_period_seconds": 0,
            "iam_role": "/aws-service-role/ecs.amazonaws.com/AWSServiceRoleForECS",
            "id": "arn:aws:ecs:ap-southeast-1:542829982577:service/onedelivery-cluster/knowledge",
            "launch_type": "FARGATE",
            "load_balancer": [
              {
                "container_name": "knowledge",
                "container_port": 9007,
                "elb_name": "",
                "target_group_arn": "arn:aws:elasticloadbalancing:ap-southeast-1:542829982577:targetgroup/onedelivery-knowledge/79de8967be7c2759"
              }
            ],
            "name": "knowledge",
            "network_configuration": [
              {
                "assign_public_ip": true,
                "security_groups": [
                  "sg-085cdd7377ff6d907"
                ],
                "subnets": [
                  "subnet-086900f75d158bfe1",
                  "subnet-0bf8209152cea933c",
                  "subnet-0def3a3c74ef848e1"
                ]
              }
            ],
            "ordered_placement_strategy": [],
            "placement_constraints": [],
            "platform_version": "LATEST",
            "propagate_tags": "NONE",
            "scheduling_strategy": "REPLICA",
            "service_connect_configuration": [],
            "service_registries": [],
            "tags": {},
            "tags_all": {
              "Environment": "dev",
              "ManagedBy": "terraform",
              "Project": "onedelivery"
            },
            "task_definition": "arn:aws:ecs:ap-southeast-1:542829982577:task-definition/onedelivery-knowledge:22",
            "timeouts": null,
            "triggers": {},
            "volume_configuration": [],
            "vpc_lattice_configurations": [],
            "wait_for_steady_state": false
          },
          "sensitive_attributes": [],
          "private": "eyJlMmJmYjczMC1lY2FhLTExZTYtOGY4OC0zNDM2M2JjN2M0YzAiOnsiY3JlYXRlIjoxMjAwMDAwMDAwMDAwLCJkZWxldGUiOjEyMDAwMDAwMDAwMDAsInVwZGF0ZSI6MTIwMDAwMDAwMDAwMH0sInNjaGVtYV92ZXJzaW9uIjoiMSJ9",
          "dependencies": [
            "aws_apigatewayv2_api.websocket",
            "aws_cloudwatch_log_group.ecs",
            "aws_db_instance.postgres",
            "aws_db_subnet_group.postgres",
            "aws_ecs_cluster.main",
            "aws_ecs_task_definition.service",
            "aws_iam_role.ecs_task",
            "aws_iam_role.ecs_task_execution",
            "aws_lb.main",
            "aws_lb_listener.http",
            "aws_lb_target_group.service",
            "aws_security_group.alb",
            "aws_security_group.ecs_tasks",
            "aws_security_group.postgres",
            "aws_ssm_parameter.cors_origin",
            "aws_ssm_parameter.database_url",
            "aws_ssm_parameter.db_password",
            "aws_ssm_parameter.eval_langsmith_api_key",
            "aws_ssm_parameter.gemini_api_key",
            "aws_ssm_parameter.jwt_secret",
            "aws_ssm_parameter.langsmith_api_key",
            "aws_ssm_parameter.langsmith_endpoint",
            "aws_ssm_parameter.langsmith_project",
            "aws_ssm_parameter.langsmith_tracing",
            "aws_ssm_parameter.openai_api_key",
            "aws_ssm_parameter.rabbitmq_url",
            "aws_subnet.private_a",
            "aws_subnet.private_b",
            "aws_subnet.private_c",
            "aws_subnet.public_a",
            "aws_subnet.public_b",
            "aws_subnet.public_c",
            "data.aws_availability_zones.available",
            "data.aws_ecr_repository.services",
            "data.aws_vpc.main"
          ]
        },
        {
          "index_key": "logistics",
          "schema_version": 1,
          "attributes": {
            "alarms": [],
            "availability_zone_rebalancing": "DISABLED",
            "capacity_provider_strategy": [],
            "cluster": "arn:aws:ecs:ap-southeast-1:542829982577:cluster/onedelivery-cluster",
            "deployment_circuit_breaker": [
              {
                "enable": false,
                "rollback": false
              }
            ],
            "deployment_controller": [
              {
                "type": "ECS"
              }
            ],
            "deployment_maximum_percent": 200,
            "deployment_minimum_healthy_percent": 100,
            "desired_count": 0,
            "enable_ecs_managed_tags": false,
            "enable_execute_command": true,
            "force_delete": null,
            "force_new_deployment": null,
            "health_check_grace_period_seconds": 0,
            "iam_role": "/aws-service-role/ecs.amazonaws.com/AWSServiceRoleForECS",
            "id": "arn:aws:ecs:ap-southeast-1:542829982577:service/onedelivery-cluster/logistics",
            "launch_type": "FARGATE",
            "load_balancer": [
              {
                "container_name": "logistics",
                "container_port": 9002,
                "elb_name": "",
                "target_group_arn": "arn:aws:elasticloadbalancing:ap-southeast-1:542829982577:targetgroup/onedelivery-logistics/5ef02fa854430d23"
              }
            ],
            "name": "logistics",
            "network_configuration": [
              {
                "assign_public_ip": true,
                "security_groups": [
                  "sg-085cdd7377ff6d907"
                ],
                "subnets": [
                  "subnet-086900f75d158bfe1",
                  "subnet-0bf8209152cea933c",
                  "subnet-0def3a3c74ef848e1"
                ]
              }
            ],
            "ordered_placement_strategy": [],
            "placement_constraints": [],
            "platform_version": "LATEST",
            "propagate_tags": "NONE",
            "scheduling_strategy": "REPLICA",
            "service_connect_configuration": [],
            "service_registries": [],
            "tags": {},
            "tags_all": {
              "Environment": "dev",
              "ManagedBy": "terraform",
              "Project": "onedelivery"
            },
            "task_definition": "arn:aws:ecs:ap-southeast-1:542829982577:task-definition/onedelivery-logistics:32",
            "timeouts": null,
            "triggers": {},
            "volume_configuration": [],
            "vpc_lattice_configurations": [],
            "wait_for_steady_state": false
          },
          "sensitive_attributes": [],
          "private": "eyJlMmJmYjczMC1lY2FhLTExZTYtOGY4OC0zNDM2M2JjN2M0YzAiOnsiY3JlYXRlIjoxMjAwMDAwMDAwMDAwLCJkZWxldGUiOjEyMDAwMDAwMDAwMDAsInVwZGF0ZSI6MTIwMDAwMDAwMDAwMH0sInNjaGVtYV92ZXJzaW9uIjoiMSJ9",
          "dependencies": [
            "aws_apigatewayv2_api.websocket",
            "aws_cloudwatch_log_group.ecs",
            "aws_db_instance.postgres",
            "aws_db_subnet_group.postgres",
            "aws_ecs_cluster.main",
            "aws_ecs_task_definition.service",
            "aws_iam_role.ecs_task",
            "aws_iam_role.ecs_task_execution",
            "aws_lb.main",
            "aws_lb_listener.http",
            "aws_lb_target_group.service",
            "aws_security_group.alb",
            "aws_security_group.ecs_tasks",
            "aws_security_group.postgres",
            "aws_ssm_parameter.cors_origin",
            "aws_ssm_parameter.database_url",
            "aws_ssm_parameter.db_password",
            "aws_ssm_parameter.eval_langsmith_api_key",
            "aws_ssm_parameter.gemini_api_key",
            "aws_ssm_parameter.jwt_secret",
            "aws_ssm_parameter.langsmith_api_key",
            "aws_ssm_parameter.langsmith_endpoint",
            "aws_ssm_parameter.langsmith_project",
            "aws_ssm_parameter.langsmith_tracing",
            "aws_ssm_parameter.openai_api_key",
            "aws_ssm_parameter.rabbitmq_url",
            "aws_subnet.private_a",
            "aws_subnet.private_b",
            "aws_subnet.private_c",
            "aws_subnet.public_a",
            "aws_subnet.public_b",
            "aws_subnet.public_c",
            "data.aws_availability_zones.available",
            "data.aws_ecr_repository.services",
            "data.aws_vpc.main"
          ]
        },
        {
          "index_key": "logistics-agent",
          "schema_version": 1,
          "attributes": {
            "alarms": [],
            "availability_zone_rebalancing": "DISABLED",
            "capacity_provider_strategy": [],
            "cluster": "arn:aws:ecs:ap-southeast-1:542829982577:cluster/onedelivery-cluster",
            "deployment_circuit_breaker": [
              {
                "enable": false,
                "rollback": false
              }
            ],
            "deployment_controller": [
              {
                "type": "ECS"
              }
            ],
            "deployment_maximum_percent": 200,
            "deployment_minimum_healthy_percent": 100,
            "desired_count": 0,
            "enable_ecs_managed_tags": false,
            "enable_execute_command": true,
            "force_delete": null,
            "force_new_deployment": null,
            "health_check_grace_period_seconds": 0,
            "iam_role": "/aws-service-role/ecs.amazonaws.com/AWSServiceRoleForECS",
            "id": "arn:aws:ecs:ap-southeast-1:542829982577:service/onedelivery-cluster/logistics-agent",
            "launch_type": "FARGATE",
            "load_balancer": [
              {
                "container_name": "logistics-agent",
                "container_port": 9011,
                "elb_name": "",
                "target_group_arn": "arn:aws:elasticloadbalancing:ap-southeast-1:542829982577:targetgroup/onedelivery-logistics-agent/6096dbcda3b65982"
              }
            ],
            "name": "logistics-agent",
            "network_configuration": [
              {
                "assign_public_ip": true,
                "security_groups": [
                  "sg-085cdd7377ff6d907"
                ],
                "subnets": [
                  "subnet-086900f75d158bfe1",
                  "subnet-0bf8209152cea933c",
                  "subnet-0def3a3c74ef848e1"
                ]
              }
            ],
            "ordered_placement_strategy": [],
            "placement_constraints": [],
            "platform_version": "LATEST",
            "propagate_tags": "NONE",
            "scheduling_strategy": "REPLICA",
            "service_connect_configuration": [],
            "service_registries": [],
            "tags": {},
            "tags_all": {
              "Environment": "dev",
              "ManagedBy": "terraform",
              "Project": "onedelivery"
            },
            "task_definition": "arn:aws:ecs:ap-southeast-1:542829982577:task-definition/onedelivery-logistics-agent:22",
            "timeouts": null,
            "triggers": {},
            "volume_configuration": [],
            "vpc_lattice_configurations": [],
            "wait_for_steady_state": false
          },
          "sensitive_attributes": [],
          "private": "eyJlMmJmYjczMC1lY2FhLTExZTYtOGY4OC0zNDM2M2JjN2M0YzAiOnsiY3JlYXRlIjoxMjAwMDAwMDAwMDAwLCJkZWxldGUiOjEyMDAwMDAwMDAwMDAsInVwZGF0ZSI6MTIwMDAwMDAwMDAwMH0sInNjaGVtYV92ZXJzaW9uIjoiMSJ9",
          "dependencies": [
            "aws_apigatewayv2_api.websocket",
            "aws_cloudwatch_log_group.ecs",
            "aws_db_instance.postgres",
            "aws_db_subnet_group.postgres",
            "aws_ecs_cluster.main",
            "aws_ecs_task_definition.service",
            "aws_iam_role.ecs_task",
            "aws_iam_role.ecs_task_execution",
            "aws_lb.main",
            "aws_lb_listener.http",
            "aws_lb_target_group.service",
            "aws_security_group.alb",
            "aws_security_group.ecs_tasks",
            "aws_security_group.postgres",
            "aws_ssm_parameter.cors_origin",
            "aws_ssm_parameter.database_url",
            "aws_ssm_parameter.db_password",
            "aws_ssm_parameter.eval_langsmith_api_key",
            "aws_ssm_parameter.gemini_api_key",
            "aws_ssm_parameter.jwt_secret",
            "aws_ssm_parameter.langsmith_api_key",
            "aws_ssm_parameter.langsmith_endpoint",
            "aws_ssm_parameter.langsmith_project",
            "aws_ssm_parameter.langsmith_tracing",
            "aws_ssm_parameter.openai_api_key",
            "aws_ssm_parameter.rabbitmq_url",
            "aws_subnet.private_a",
            "aws_subnet.private_b",
            "aws_subnet.private_c",
            "aws_subnet.public_a",
            "aws_subnet.public_b",
            "aws_subnet.public_c",
            "data.aws_availability_zones.available",
            "data.aws_ecr_repository.services",
            "data.aws_vpc.main"
          ]
        },
        {
          "index_key": "orchestrator-agent",
          "schema_version": 1,
          "attributes": {
            "alarms": [],
            "availability_zone_rebalancing": "DISABLED",
            "capacity_provider_strategy": [],
            "cluster": "arn:aws:ecs:ap-southeast-1:542829982577:cluster/onedelivery-cluster",
            "deployment_circuit_breaker": [
              {
                "enable": false,
                "rollback": false
              }
            ],
            "deployment_controller": [
              {
                "type": "ECS"
              }
            ],
            "deployment_maximum_percent": 200,
            "deployment_minimum_healthy_percent": 100,
            "desired_count": 0,
            "enable_ecs_managed_tags": false,
            "enable_execute_command": true,
            "force_delete": null,
            "force_new_deployment": null,
            "health_check_grace_period_seconds": 0,
            "iam_role": "/aws-service-role/ecs.amazonaws.com/AWSServiceRoleForECS",
            "id": "arn:aws:ecs:ap-southeast-1:542829982577:service/onedelivery-cluster/orchestrator-agent",
            "launch_type": "FARGATE",
            "load_balancer": [
              {
                "container_name": "orchestrator-agent",
                "container_port": 9010,
                "elb_name": "",
                "target_group_arn": "arn:aws:elasticloadbalancing:ap-southeast-1:542829982577:targetgroup/onedelivery-orchestrator-agent/c9c8cc688c70932b"
              }
            ],
            "name": "orchestrator-agent",
            "network_configuration": [
              {
                "assign_public_ip": true,
                "security_groups": [
                  "sg-085cdd7377ff6d907"
                ],
                "subnets": [
                  "subnet-086900f75d158bfe1",
                  "subnet-0bf8209152cea933c",
                  "subnet-0def3a3c74ef848e1"
                ]
              }
            ],
            "ordered_placement_strategy": [],
            "placement_constraints": [],
            "platform_version": "LATEST",
            "propagate_tags": "NONE",
            "scheduling_strategy": "REPLICA",
            "service_connect_configuration": [],
            "service_registries": [],
            "tags": {},
            "tags_all": {
              "Environment": "dev",
              "ManagedBy": "terraform",
              "Project": "onedelivery"
            },
            "task_definition": "arn:aws:ecs:ap-southeast-1:542829982577:task-definition/onedelivery-orchestrator-agent:25",
            "timeouts": null,
            "triggers": {},
            "volume_configuration": [],
            "vpc_lattice_configurations": [],
            "wait_for_steady_state": false
          },
          "sensitive_attributes": [],
          "private": "eyJlMmJmYjczMC1lY2FhLTExZTYtOGY4OC0zNDM2M2JjN2M0YzAiOnsiY3JlYXRlIjoxMjAwMDAwMDAwMDAwLCJkZWxldGUiOjEyMDAwMDAwMDAwMDAsInVwZGF0ZSI6MTIwMDAwMDAwMDAwMH0sInNjaGVtYV92ZXJzaW9uIjoiMSJ9",
          "dependencies": [
            "aws_apigatewayv2_api.websocket",
            "aws_cloudwatch_log_group.ecs",
            "aws_db_instance.postgres",
            "aws_db_subnet_group.postgres",
            "aws_ecs_cluster.main",
            "aws_ecs_task_definition.service",
            "aws_iam_role.ecs_task",
            "aws_iam_role.ecs_task_execution",
            "aws_lb.main",
            "aws_lb_listener.http",
            "aws_lb_target_group.service",
            "aws_security_group.alb",
            "aws_security_group.ecs_tasks",
            "aws_security_group.postgres",
            "aws_ssm_parameter.cors_origin",
            "aws_ssm_parameter.database_url",
            "aws_ssm_parameter.db_password",
            "aws_ssm_parameter.eval_langsmith_api_key",
            "aws_ssm_parameter.gemini_api_key",
            "aws_ssm_parameter.jwt_secret",
            "aws_ssm_parameter.langsmith_api_key",
            "aws_ssm_parameter.langsmith_endpoint",
            "aws_ssm_parameter.langsmith_project",
            "aws_ssm_parameter.langsmith_tracing",
            "aws_ssm_parameter.openai_api_key",
            "aws_ssm_parameter.rabbitmq_url",
            "aws_subnet.private_a",
            "aws_subnet.private_b",
            "aws_subnet.private_c",
            "aws_subnet.public_a",
            "aws_subnet.public_b",
            "aws_subnet.public_c",
            "data.aws_availability_zones.available",
            "data.aws_ecr_repository.services",
            "data.aws_vpc.main"
          ]
        },
        {
          "index_key": "order",
          "schema_version": 1,
          "attributes": {
            "alarms": [],
            "availability_zone_rebalancing": "DISABLED",
            "capacity_provider_strategy": [],
            "cluster": "arn:aws:ecs:ap-southeast-1:542829982577:cluster/onedelivery-cluster",
            "deployment_circuit_breaker": [
              {
                "enable": false,
                "rollback": false
              }
            ],
            "deployment_controller": [
              {
                "type": "ECS"
              }
            ],
            "deployment_maximum_percent": 200,
            "deployment_minimum_healthy_percent": 100,
            "desired_count": 0,
            "enable_ecs_managed_tags": false,
            "enable_execute_command": true,
            "force_delete": null,
            "force_new_deployment": null,
            "health_check_grace_period_seconds": 0,
            "iam_role": "/aws-service-role/ecs.amazonaws.com/AWSServiceRoleForECS",
            "id": "arn:aws:ecs:ap-southeast-1:542829982577:service/onedelivery-cluster/order",
            "launch_type": "FARGATE",
            "load_balancer": [
              {
                "container_name": "order",
                "container_port": 9003,
                "elb_name": "",
                "target_group_arn": "arn:aws:elasticloadbalancing:ap-southeast-1:542829982577:targetgroup/onedelivery-order/e510996a3ba7b791"
              }
            ],
            "name": "order",
            "network_configuration": [
              {
                "assign_public_ip": true,
                "security_groups": [
                  "sg-085cdd7377ff6d907"
                ],
                "subnets": [
                  "subnet-086900f75d158bfe1",
                  "subnet-0bf8209152cea933c",
                  "subnet-0def3a3c74ef848e1"
                ]
              }
            ],
            "ordered_placement_strategy": [],
            "placement_constraints": [],
            "platform_version": "LATEST",
            "propagate_tags": "NONE",
            "scheduling_strategy": "REPLICA",
            "service_connect_configuration": [],
            "service_registries": [],
            "tags": {},
            "tags_all": {
              "Environment": "dev",
              "ManagedBy": "terraform",
              "Project": "onedelivery"
            },
            "task_definition": "arn:aws:ecs:ap-southeast-1:542829982577:task-definition/onedelivery-order:32",
            "timeouts": null,
            "triggers": {},
            "volume_configuration": [],
            "vpc_lattice_configurations": [],
            "wait_for_steady_state": false
          },
          "sensitive_attributes": [],
          "private": "eyJlMmJmYjczMC1lY2FhLTExZTYtOGY4OC0zNDM2M2JjN2M0YzAiOnsiY3JlYXRlIjoxMjAwMDAwMDAwMDAwLCJkZWxldGUiOjEyMDAwMDAwMDAwMDAsInVwZGF0ZSI6MTIwMDAwMDAwMDAwMH0sInNjaGVtYV92ZXJzaW9uIjoiMSJ9",
          "dependencies": [
            "aws_apigatewayv2_api.websocket",
            "aws_cloudwatch_log_group.ecs",
            "aws_db_instance.postgres",
            "aws_db_subnet_group.postgres",
            "aws_ecs_cluster.main",
            "aws_ecs_task_definition.service",
            "aws_iam_role.ecs_task",
            "aws_iam_role.ecs_task_execution",
            "aws_lb.main",
            "aws_lb_listener.http",
            "aws_lb_target_group.service",
            "aws_security_group.alb",
            "aws_security_group.ecs_tasks",
            "aws_security_group.postgres",
            "aws_ssm_parameter.cors_origin",
            "aws_ssm_parameter.database_url",
            "aws_ssm_parameter.db_password",
            "aws_ssm_parameter.eval_langsmith_api_key",
            "aws_ssm_parameter.gemini_api_key",
            "aws_ssm_parameter.jwt_secret",
            "aws_ssm_parameter.langsmith_api_key",
            "aws_ssm_parameter.langsmith_endpoint",
            "aws_ssm_parameter.langsmith_project",
            "aws_ssm_parameter.langsmith_tracing",
            "aws_ssm_parameter.openai_api_key",
            "aws_ssm_parameter.rabbitmq_url",
            "aws_subnet.private_a",
            "aws_subnet.private_b",
            "aws_subnet.private_c",
            "aws_subnet.public_a",
            "aws_subnet.public_b",
            "aws_subnet.public_c",
            "data.aws_availability_zones.available",
            "data.aws_ecr_repository.services",
            "data.aws_vpc.main"
          ]
        },
        {
          "index_key": "payment",
          "schema_version": 1,
          "attributes": {
            "alarms": [],
            "availability_zone_rebalancing": "DISABLED",
            "capacity_provider_strategy": [],
            "cluster": "arn:aws:ecs:ap-southeast-1:542829982577:cluster/onedelivery-cluster",
            "deployment_circuit_breaker": [
              {
                "enable": false,
                "rollback": false
              }
            ],
            "deployment_controller": [
              {
                "type": "ECS"
              }
            ],
            "deployment_maximum_percent": 200,
            "deployment_minimum_healthy_percent": 100,
            "desired_count": 0,
            "enable_ecs_managed_tags": false,
            "enable_execute_command": true,
            "force_delete": null,
            "force_new_deployment": null,
            "health_check_grace_period_seconds": 0,
            "iam_role": "/aws-service-role/ecs.amazonaws.com/AWSServiceRoleForECS",
            "id": "arn:aws:ecs:ap-southeast-1:542829982577:service/onedelivery-cluster/payment",
            "launch_type": "FARGATE",
            "load_balancer": [
              {
                "container_name": "payment",
                "container_port": 9004,
                "elb_name": "",
                "target_group_arn": "arn:aws:elasticloadbalancing:ap-southeast-1:542829982577:targetgroup/onedelivery-payment/94f4b550cf8660d6"
              }
            ],
            "name": "payment",
            "network_configuration": [
              {
                "assign_public_ip": true,
                "security_groups": [
                  "sg-085cdd7377ff6d907"
                ],
                "subnets": [
                  "subnet-086900f75d158bfe1",
                  "subnet-0bf8209152cea933c",
                  "subnet-0def3a3c74ef848e1"
                ]
              }
            ],
            "ordered_placement_strategy": [],
            "placement_constraints": [],
            "platform_version": "LATEST",
            "propagate_tags": "NONE",
            "scheduling_strategy": "REPLICA",
            "service_connect_configuration": [],
            "service_registries": [],
            "tags": {},
            "tags_all": {
              "Environment": "dev",
              "ManagedBy": "terraform",
              "Project": "onedelivery"
            },
            "task_definition": "arn:aws:ecs:ap-southeast-1:542829982577:task-definition/onedelivery-payment:32",
            "timeouts": null,
            "triggers": {},
            "volume_configuration": [],
            "vpc_lattice_configurations": [],
            "wait_for_steady_state": false
          },
          "sensitive_attributes": [],
          "private": "eyJlMmJmYjczMC1lY2FhLTExZTYtOGY4OC0zNDM2M2JjN2M0YzAiOnsiY3JlYXRlIjoxMjAwMDAwMDAwMDAwLCJkZWxldGUiOjEyMDAwMDAwMDAwMDAsInVwZGF0ZSI6MTIwMDAwMDAwMDAwMH0sInNjaGVtYV92ZXJzaW9uIjoiMSJ9",
          "dependencies": [
            "aws_apigatewayv2_api.websocket",
            "aws_cloudwatch_log_group.ecs",
            "aws_db_instance.postgres",
            "aws_db_subnet_group.postgres",
            "aws_ecs_cluster.main",
            "aws_ecs_task_definition.service",
            "aws_iam_role.ecs_task",
            "aws_iam_role.ecs_task_execution",
            "aws_lb.main",
            "aws_lb_listener.http",
            "aws_lb_target_group.service",
            "aws_security_group.alb",
            "aws_security_group.ecs_tasks",
            "aws_security_group.postgres",
            "aws_ssm_parameter.cors_origin",
            "aws_ssm_parameter.database_url",
            "aws_ssm_parameter.db_password",
            "aws_ssm_parameter.eval_langsmith_api_key",
            "aws_ssm_parameter.gemini_api_key",
            "aws_ssm_parameter.jwt_secret",
            "aws_ssm_parameter.langsmith_api_key",
            "aws_ssm_parameter.langsmith_endpoint",
            "aws_ssm_parameter.langsmith_project",
            "aws_ssm_parameter.langsmith_tracing",
            "aws_ssm_parameter.openai_api_key",
            "aws_ssm_parameter.rabbitmq_url",
            "aws_subnet.private_a",
            "aws_subnet.private_b",
            "aws_subnet.private_c",
            "aws_subnet.public_a",
            "aws_subnet.public_b",
            "aws_subnet.public_c",
            "data.aws_availability_zones.available",
            "data.aws_ecr_repository.services",
            "data.aws_vpc.main"
          ]
        },
        {
          "index_key": "qa-agent",
          "schema_version": 1,
          "attributes": {
            "alarms": [],
            "availability_zone_rebalancing": "DISABLED",
            "capacity_provider_strategy": [],
            "cluster": "arn:aws:ecs:ap-southeast-1:542829982577:cluster/onedelivery-cluster",
            "deployment_circuit_breaker": [
              {
                "enable": false,
                "rollback": false
              }
            ],
            "deployment_controller": [
              {
                "type": "ECS"
              }
            ],
            "deployment_maximum_percent": 200,
            "deployment_minimum_healthy_percent": 100,
            "desired_count": 0,
            "enable_ecs_managed_tags": false,
            "enable_execute_command": true,
            "force_delete": null,
            "force_new_deployment": null,
            "health_check_grace_period_seconds": 0,
            "iam_role": "/aws-service-role/ecs.amazonaws.com/AWSServiceRoleForECS",
            "id": "arn:aws:ecs:ap-southeast-1:542829982577:service/onedelivery-cluster/qa-agent",
            "launch_type": "FARGATE",
            "load_balancer": [
              {
                "container_name": "qa-agent",
                "container_port": 9014,
                "elb_name": "",
                "target_group_arn": "arn:aws:elasticloadbalancing:ap-southeast-1:542829982577:targetgroup/onedelivery-qa-agent/40ee319148472aed"
              }
            ],
            "name": "qa-agent",
            "network_configuration": [
              {
                "assign_public_ip": true,
                "security_groups": [
                  "sg-085cdd7377ff6d907"
                ],
                "subnets": [
                  "subnet-086900f75d158bfe1",
                  "subnet-0bf8209152cea933c",
                  "subnet-0def3a3c74ef848e1"
                ]
              }
            ],
            "ordered_placement_strategy": [],
            "placement_constraints": [],
            "platform_version": "LATEST",
            "propagate_tags": "NONE",
            "scheduling_strategy": "REPLICA",
            "service_connect_configuration": [],
            "service_registries": [],
            "tags": {},
            "tags_all": {
              "Environment": "dev",
              "ManagedBy": "terraform",
              "Project": "onedelivery"
            },
            "task_definition": "arn:aws:ecs:ap-southeast-1:542829982577:task-definition/onedelivery-qa-agent:23",
            "timeouts": null,
            "triggers": {},
            "volume_configuration": [],
            "vpc_lattice_configurations": [],
            "wait_for_steady_state": false
          },
          "sensitive_attributes": [],
          "private": "eyJlMmJmYjczMC1lY2FhLTExZTYtOGY4OC0zNDM2M2JjN2M0YzAiOnsiY3JlYXRlIjoxMjAwMDAwMDAwMDAwLCJkZWxldGUiOjEyMDAwMDAwMDAwMDAsInVwZGF0ZSI6MTIwMDAwMDAwMDAwMH0sInNjaGVtYV92ZXJzaW9uIjoiMSJ9",
          "dependencies": [
            "aws_apigatewayv2_api.websocket",
            "aws_cloudwatch_log_group.ecs",
            "aws_db_instance.postgres",
            "aws_db_subnet_group.postgres",
            "aws_ecs_cluster.main",
            "aws_ecs_task_definition.service",
            "aws_iam_role.ecs_task",
            "aws_iam_role.ecs_task_execution",
            "aws_lb.main",
            "aws_lb_listener.http",
            "aws_lb_target_group.service",
            "aws_security_group.alb",
            "aws_security_group.ecs_tasks",
            "aws_security_group.postgres",
            "aws_ssm_parameter.cors_origin",
            "aws_ssm_parameter.database_url",
            "aws_ssm_parameter.db_password",
            "aws_ssm_parameter.eval_langsmith_api_key",
            "aws_ssm_parameter.gemini_api_key",
            "aws_ssm_parameter.jwt_secret",
            "aws_ssm_parameter.langsmith_api_key",
            "aws_ssm_parameter.langsmith_endpoint",
            "aws_ssm_parameter.langsmith_project",
            "aws_ssm_parameter.langsmith_tracing",
            "aws_ssm_parameter.openai_api_key",
            "aws_ssm_parameter.rabbitmq_url",
            "aws_subnet.private_a",
            "aws_subnet.private_b",
            "aws_subnet.private_c",
            "aws_subnet.public_a",
            "aws_subnet.public_b",
            "aws_subnet.public_c",
            "data.aws_availability_zones.available",
            "data.aws_ecr_repository.services",
            "data.aws_vpc.main"
          ]
        },
        {
          "index_key": "resolution-agent",
          "schema_version": 1,
          "attributes": {
            "alarms": [],
            "availability_zone_rebalancing": "DISABLED",
            "capacity_provider_strategy": [],
            "cluster": "arn:aws:ecs:ap-southeast-1:542829982577:cluster/onedelivery-cluster",
            "deployment_circuit_breaker": [
              {
                "enable": false,
                "rollback": false
              }
            ],
            "deployment_controller": [
              {
                "type": "ECS"
              }
            ],
            "deployment_maximum_percent": 200,
            "deployment_minimum_healthy_percent": 100,
            "desired_count": 0,
            "enable_ecs_managed_tags": false,
            "enable_execute_command": true,
            "force_delete": null,
            "force_new_deployment": null,
            "health_check_grace_period_seconds": 0,
            "iam_role": "/aws-service-role/ecs.amazonaws.com/AWSServiceRoleForECS",
            "id": "arn:aws:ecs:ap-southeast-1:542829982577:service/onedelivery-cluster/resolution-agent",
            "launch_type": "FARGATE",
            "load_balancer": [],
            "name": "resolution-agent",
            "network_configuration": [
              {
                "assign_public_ip": true,
                "security_groups": [
                  "sg-085cdd7377ff6d907"
                ],
                "subnets": [
                  "subnet-086900f75d158bfe1",
                  "subnet-0bf8209152cea933c",
                  "subnet-0def3a3c74ef848e1"
                ]
              }
            ],
            "ordered_placement_strategy": [],
            "placement_constraints": [],
            "platform_version": "LATEST",
            "propagate_tags": "NONE",
            "scheduling_strategy": "REPLICA",
            "service_connect_configuration": [],
            "service_registries": [],
            "tags": {},
            "tags_all": {
              "Environment": "dev",
              "ManagedBy": "terraform",
              "Project": "onedelivery"
            },
            "task_definition": "arn:aws:ecs:ap-southeast-1:542829982577:task-definition/onedelivery-resolution-agent:23",
            "timeouts": null,
            "triggers": {},
            "volume_configuration": [],
            "vpc_lattice_configurations": [],
            "wait_for_steady_state": false
          },
          "sensitive_attributes": [],
          "private": "eyJlMmJmYjczMC1lY2FhLTExZTYtOGY4OC0zNDM2M2JjN2M0YzAiOnsiY3JlYXRlIjoxMjAwMDAwMDAwMDAwLCJkZWxldGUiOjEyMDAwMDAwMDAwMDAsInVwZGF0ZSI6MTIwMDAwMDAwMDAwMH0sInNjaGVtYV92ZXJzaW9uIjoiMSJ9",
          "dependencies": [
            "aws_apigatewayv2_api.websocket",
            "aws_cloudwatch_log_group.ecs",
            "aws_db_instance.postgres",
            "aws_db_subnet_group.postgres",
            "aws_ecs_cluster.main",
            "aws_ecs_task_definition.service",
            "aws_iam_role.ecs_task",
            "aws_iam_role.ecs_task_execution",
            "aws_lb.main",
            "aws_lb_listener.http",
            "aws_lb_target_group.service",
            "aws_security_group.alb",
            "aws_security_group.ecs_tasks",
            "aws_security_group.postgres",
            "aws_ssm_parameter.cors_origin",
            "aws_ssm_parameter.database_url",
            "aws_ssm_parameter.db_password",
            "aws_ssm_parameter.eval_langsmith_api_key",
            "aws_ssm_parameter.gemini_api_key",
            "aws_ssm_parameter.jwt_secret",
            "aws_ssm_parameter.langsmith_api_key",
            "aws_ssm_parameter.langsmith_endpoint",
            "aws_ssm_parameter.langsmith_project",
            "aws_ssm_parameter.langsmith_tracing",
            "aws_ssm_parameter.openai_api_key",
            "aws_ssm_parameter.rabbitmq_url",
            "aws_subnet.private_a",
            "aws_subnet.private_b",
            "aws_subnet.private_c",
            "aws_subnet.public_a",
            "aws_subnet.public_b",
            "aws_subnet.public_c",
            "data.aws_availability_zones.available",
            "data.aws_ecr_repository.services",
            "data.aws_vpc.main"
          ]
        },
        {
          "index_key": "user",
          "schema_version": 1,
          "attributes": {
            "alarms": [],
            "availability_zone_rebalancing": "DISABLED",
            "capacity_provider_strategy": [],
            "cluster": "arn:aws:ecs:ap-southeast-1:542829982577:cluster/onedelivery-cluster",
            "deployment_circuit_breaker": [
              {
                "enable": false,
                "rollback": false
              }
            ],
            "deployment_controller": [
              {
                "type": "ECS"
              }
            ],
            "deployment_maximum_percent": 200,
            "deployment_minimum_healthy_percent": 100,
            "desired_count": 0,
            "enable_ecs_managed_tags": false,
            "enable_execute_command": true,
            "force_delete": null,
            "force_new_deployment": null,
            "health_check_grace_period_seconds": 0,
            "iam_role": "/aws-service-role/ecs.amazonaws.com/AWSServiceRoleForECS",
            "id": "arn:aws:ecs:ap-southeast-1:542829982577:service/onedelivery-cluster/user",
            "launch_type": "FARGATE",
            "load_balancer": [
              {
                "container_name": "user",
                "container_port": 9005,
                "elb_name": "",
                "target_group_arn": "arn:aws:elasticloadbalancing:ap-southeast-1:542829982577:targetgroup/onedelivery-user/91cc8731d5c85aa8"
              }
            ],
            "name": "user",
            "network_configuration": [
              {
                "assign_public_ip": true,
                "security_groups": [
                  "sg-085cdd7377ff6d907"
                ],
                "subnets": [
                  "subnet-086900f75d158bfe1",
                  "subnet-0bf8209152cea933c",
                  "subnet-0def3a3c74ef848e1"
                ]
              }
            ],
            "ordered_placement_strategy": [],
            "placement_constraints": [],
            "platform_version": "LATEST",
            "propagate_tags": "NONE",
            "scheduling_strategy": "REPLICA",
            "service_connect_configuration": [],
            "service_registries": [],
            "tags": {},
            "tags_all": {
              "Environment": "dev",
              "ManagedBy": "terraform",
              "Project": "onedelivery"
            },
            "task_definition": "arn:aws:ecs:ap-southeast-1:542829982577:task-definition/onedelivery-user:29",
            "timeouts": null,
            "triggers": {},
            "volume_configuration": [],
            "vpc_lattice_configurations": [],
            "wait_for_steady_state": false
          },
          "sensitive_attributes": [],
          "private": "eyJlMmJmYjczMC1lY2FhLTExZTYtOGY4OC0zNDM2M2JjN2M0YzAiOnsiY3JlYXRlIjoxMjAwMDAwMDAwMDAwLCJkZWxldGUiOjEyMDAwMDAwMDAwMDAsInVwZGF0ZSI6MTIwMDAwMDAwMDAwMH0sInNjaGVtYV92ZXJzaW9uIjoiMSJ9",
          "dependencies": [
            "aws_apigatewayv2_api.websocket",
            "aws_cloudwatch_log_group.ecs",
            "aws_db_instance.postgres",
            "aws_db_subnet_group.postgres",
            "aws_ecs_cluster.main",
            "aws_ecs_task_definition.service",
            "aws_iam_role.ecs_task",
            "aws_iam_role.ecs_task_execution",
            "aws_lb.main",
            "aws_lb_listener.http",
            "aws_lb_target_group.service",
            "aws_security_group.alb",
            "aws_security_group.ecs_tasks",
            "aws_security_group.postgres",
            "aws_ssm_parameter.cors_origin",
            "aws_ssm_parameter.database_url",
            "aws_ssm_parameter.db_password",
            "aws_ssm_parameter.eval_langsmith_api_key",
            "aws_ssm_parameter.gemini_api_key",
            "aws_ssm_parameter.jwt_secret",
            "aws_ssm_parameter.langsmith_api_key",
            "aws_ssm_parameter.langsmith_endpoint",
            "aws_ssm_parameter.langsmith_project",
            "aws_ssm_parameter.langsmith_tracing",
            "aws_ssm_parameter.openai_api_key",
            "aws_ssm_parameter.rabbitmq_url",
            "aws_subnet.private_a",
            "aws_subnet.private_b",
            "aws_subnet.private_c",
            "aws_subnet.public_a",
            "aws_subnet.public_b",
            "aws_subnet.public_c",
            "data.aws_availability_zones.available",
            "data.aws_ecr_repository.services",
            "data.aws_vpc.main"
          ]
        }
      ]
    },
    {
      "mode": "managed",
      "type": "aws_ecs_task_definition",
      "name": "service",
      "provider": "provider[\"registry.terraform.io/hashicorp/aws\"]",
      "instances": [
        {
          "index_key": "audit",
          "schema_version": 1,
          "attributes": {
            "arn": "arn:aws:ecs:ap-southeast-1:542829982577:task-definition/onedelivery-audit:32",
            "arn_without_revision": "arn:aws:ecs:ap-southeast-1:542829982577:task-definition/onedelivery-audit",
            "container_definitions": "[{\"environment\":[{\"name\":\"AUDIT_PORT\",\"value\":\"9001\"},{\"name\":\"DB_HOST\",\"value\":\"onedelivery-postgres.chqkmym8y08l.ap-southeast-1.rds.amazonaws.com\"},{\"name\":\"DB_NAME\",\"value\":\"onedelivery\"},{\"name\":\"DB_PORT\",\"value\":\"5432\"},{\"name\":\"DB_USER\",\"value\":\"postgres\"},{\"name\":\"NODE_ENV\",\"value\":\"production\"}],\"essential\":true,\"image\":\"542829982577.dkr.ecr.ap-southeast-1.amazonaws.com/onedelivery-audit:latest\",\"logConfiguration\":{\"logDriver\":\"awslogs\",\"options\":{\"awslogs-group\":\"/ecs/onedelivery-audit\",\"awslogs-region\":\"ap-southeast-1\",\"awslogs-stream-prefix\":\"audit\"}},\"mountPoints\":[],\"name\":\"audit\",\"portMappings\":[{\"containerPort\":9001,\"hostPort\":9001,\"protocol\":\"tcp\"}],\"secrets\":[{\"name\":\"CORS_ORIGIN\",\"valueFrom\":\"arn:aws:ssm:ap-southeast-1:542829982577:parameter/onedelivery/CORS_ORIGIN\"},{\"name\":\"DATABASE_URL\",\"valueFrom\":\"arn:aws:ssm:ap-southeast-1:542829982577:parameter/onedelivery/DATABASE_URL\"},{\"name\":\"DB_PASSWORD\",\"valueFrom\":\"arn:aws:ssm:ap-southeast-1:542829982577:parameter/onedelivery/DB_PASSWORD\"},{\"name\":\"EVAL_LANGSMITH_API_KEY\",\"valueFrom\":\"arn:aws:ssm:ap-southeast-1:542829982577:parameter/onedelivery/EVAL_LANGSMITH_API_KEY\"},{\"name\":\"GEMINI_API_KEY\",\"valueFrom\":\"arn:aws:ssm:ap-southeast-1:542829982577:parameter/onedelivery/GEMINI_API_KEY\"},{\"name\":\"JWT_SECRET\",\"valueFrom\":\"arn:aws:ssm:ap-southeast-1:542829982577:parameter/onedelivery/JWT_SECRET\"},{\"name\":\"LANGCHAIN_API_KEY\",\"valueFrom\":\"arn:aws:ssm:ap-southeast-1:542829982577:parameter/onedelivery/LANGSMITH_API_KEY\"},{\"name\":\"LANGSMITH_API_KEY\",\"valueFrom\":\"arn:aws:ssm:ap-southeast-1:542829982577:parameter/onedelivery/LANGSMITH_API_KEY\"},{\"name\":\"LANGSMITH_ENDPOINT\",\"valueFrom\":\"arn:aws:ssm:ap-southeast-1:542829982577:parameter/onedelivery/LANGSMITH_ENDPOINT\"},{\"name\":\"LANGSMITH_PROJECT\",\"valueFrom\":\"arn:aws:ssm:ap-southeast-1:542829982577:parameter/onedelivery/LANGSMITH_PROJECT\"},{\"name\":\"LANGSMITH_TRACING\",\"valueFrom\":\"arn:aws:ssm:ap-southeast-1:542829982577:parameter/onedelivery/LANGSMITH_TRACING\"},{\"name\":\"OPENAI_API_KEY\",\"valueFrom\":\"arn:aws:ssm:ap-southeast-1:542829982577:parameter/onedelivery/OPENAI_API_KEY\"},{\"name\":\"RABBITMQ_URL\",\"valueFrom\":\"arn:aws:ssm:ap-southeast-1:542829982577:parameter/onedelivery/RABBITMQ_URL\"}],\"systemControls\":[],\"volumesFrom\":[]}]",
            "cpu": "256",
            "enable_fault_injection": false,
            "ephemeral_storage": [],
            "execution_role_arn": "arn:aws:iam::542829982577:role/onedelivery-ecs-exec",
            "family": "onedelivery-audit",
            "id": "onedelivery-audit",
            "inference_accelerator": [],
            "ipc_mode": "",
            "memory": "512",
            "network_mode": "awsvpc",
            "pid_mode": "",
            "placement_constraints": [],
            "proxy_configuration": [],
            "requires_compatibilities": [
              "FARGATE"
            ],
            "revision": 32,
            "runtime_platform": [],
            "skip_destroy": false,
            "tags": {},
            "tags_all": {
              "Environment": "dev",
              "ManagedBy": "terraform",
              "Project": "onedelivery"
            },
            "task_role_arn": "arn:aws:iam::542829982577:role/onedelivery-ecs-task",
            "track_latest": false,
            "volume": []
          },
          "sensitive_attributes": [
            [
              {
                "type": "get_attr",
                "value": "container_definitions"
              }
            ]
          ],
          "private": "eyJzY2hlbWFfdmVyc2lvbiI6IjEifQ==",
          "dependencies": [
            "aws_apigatewayv2_api.websocket",
            "aws_cloudwatch_log_group.ecs",
            "aws_db_instance.postgres",
            "aws_db_subnet_group.postgres",
            "aws_iam_role.ecs_task",
            "aws_iam_role.ecs_task_execution",
            "aws_security_group.alb",
            "aws_security_group.ecs_tasks",
            "aws_security_group.postgres",
            "aws_ssm_parameter.cors_origin",
            "aws_ssm_parameter.database_url",
            "aws_ssm_parameter.db_password",
            "aws_ssm_parameter.eval_langsmith_api_key",
            "aws_ssm_parameter.gemini_api_key",
            "aws_ssm_parameter.jwt_secret",
            "aws_ssm_parameter.langsmith_api_key",
            "aws_ssm_parameter.langsmith_endpoint",
            "aws_ssm_parameter.langsmith_project",
            "aws_ssm_parameter.langsmith_tracing",
            "aws_ssm_parameter.openai_api_key",
            "aws_ssm_parameter.rabbitmq_url",
            "aws_subnet.private_a",
            "aws_subnet.private_b",
            "aws_subnet.private_c",
            "data.aws_availability_zones.available",
            "data.aws_ecr_repository.services",
            "data.aws_vpc.main"
          ]
        },
        {
          "index_key": "guardian-agent",
          "schema_version": 1,
          "attributes": {
            "arn": "arn:aws:ecs:ap-southeast-1:542829982577:task-definition/onedelivery-guardian-agent:23",
            "arn_without_revision": "arn:aws:ecs:ap-southeast-1:542829982577:task-definition/onedelivery-guardian-agent",
            "container_definitions": "[{\"environment\":[{\"name\":\"DB_HOST\",\"value\":\"onedelivery-postgres.chqkmym8y08l.ap-southeast-1.rds.amazonaws.com\"},{\"name\":\"DB_NAME\",\"value\":\"onedelivery\"},{\"name\":\"DB_PORT\",\"value\":\"5432\"},{\"name\":\"DB_USER\",\"value\":\"postgres\"},{\"name\":\"GUARDIAN_AGENT_PORT\",\"value\":\"9013\"},{\"name\":\"NODE_ENV\",\"value\":\"production\"}],\"essential\":true,\"image\":\"542829982577.dkr.ecr.ap-southeast-1.amazonaws.com/onedelivery-guardian-agent:latest\",\"logConfiguration\":{\"logDriver\":\"awslogs\",\"options\":{\"awslogs-group\":\"/ecs/onedelivery-guardian-agent\",\"awslogs-region\":\"ap-southeast-1\",\"awslogs-stream-prefix\":\"guardian-agent\"}},\"mountPoints\":[],\"name\":\"guardian-agent\",\"portMappings\":[{\"containerPort\":9013,\"hostPort\":9013,\"protocol\":\"tcp\"}],\"secrets\":[{\"name\":\"CORS_ORIGIN\",\"valueFrom\":\"arn:aws:ssm:ap-southeast-1:542829982577:parameter/onedelivery/CORS_ORIGIN\"},{\"name\":\"DATABASE_URL\",\"valueFrom\":\"arn:aws:ssm:ap-southeast-1:542829982577:parameter/onedelivery/DATABASE_URL\"},{\"name\":\"DB_PASSWORD\",\"valueFrom\":\"arn:aws:ssm:ap-southeast-1:542829982577:parameter/onedelivery/DB_PASSWORD\"},{\"name\":\"EVAL_LANGSMITH_API_KEY\",\"valueFrom\":\"arn:aws:ssm:ap-southeast-1:542829982577:parameter/onedelivery/EVAL_LANGSMITH_API_KEY\"},{\"name\":\"GEMINI_API_KEY\",\"valueFrom\":\"arn:aws:ssm:ap-southeast-1:542829982577:parameter/onedelivery/GEMINI_API_KEY\"},{\"name\":\"JWT_SECRET\",\"valueFrom\":\"arn:aws:ssm:ap-southeast-1:542829982577:parameter/onedelivery/JWT_SECRET\"},{\"name\":\"LANGCHAIN_API_KEY\",\"valueFrom\":\"arn:aws:ssm:ap-southeast-1:542829982577:parameter/onedelivery/LANGSMITH_API_KEY\"},{\"name\":\"LANGSMITH_API_KEY\",\"valueFrom\":\"arn:aws:ssm:ap-southeast-1:542829982577:parameter/onedelivery/LANGSMITH_API_KEY\"},{\"name\":\"LANGSMITH_ENDPOINT\",\"valueFrom\":\"arn:aws:ssm:ap-southeast-1:542829982577:parameter/onedelivery/LANGSMITH_ENDPOINT\"},{\"name\":\"LANGSMITH_PROJECT\",\"valueFrom\":\"arn:aws:ssm:ap-southeast-1:542829982577:parameter/onedelivery/LANGSMITH_PROJECT\"},{\"name\":\"LANGSMITH_TRACING\",\"valueFrom\":\"arn:aws:ssm:ap-southeast-1:542829982577:parameter/onedelivery/LANGSMITH_TRACING\"},{\"name\":\"OPENAI_API_KEY\",\"valueFrom\":\"arn:aws:ssm:ap-southeast-1:542829982577:parameter/onedelivery/OPENAI_API_KEY\"},{\"name\":\"RABBITMQ_URL\",\"valueFrom\":\"arn:aws:ssm:ap-southeast-1:542829982577:parameter/onedelivery/RABBITMQ_URL\"}],\"systemControls\":[],\"volumesFrom\":[]}]",
            "cpu": "256",
            "enable_fault_injection": false,
            "ephemeral_storage": [],
            "execution_role_arn": "arn:aws:iam::542829982577:role/onedelivery-ecs-exec",
            "family": "onedelivery-guardian-agent",
            "id": "onedelivery-guardian-agent",
            "inference_accelerator": [],
            "ipc_mode": "",
            "memory": "512",
            "network_mode": "awsvpc",
            "pid_mode": "",
            "placement_constraints": [],
            "proxy_configuration": [],
            "requires_compatibilities": [
              "FARGATE"
            ],
            "revision": 23,
            "runtime_platform": [],
            "skip_destroy": false,
            "tags": {},
            "tags_all": {
              "Environment": "dev",
              "ManagedBy": "terraform",
              "Project": "onedelivery"
            },
            "task_role_arn": "arn:aws:iam::542829982577:role/onedelivery-ecs-task",
            "track_latest": false,
            "volume": []
          },
          "sensitive_attributes": [
            [
              {
                "type": "get_attr",
                "value": "container_definitions"
              }
            ]
          ],
          "private": "eyJzY2hlbWFfdmVyc2lvbiI6IjEifQ==",
          "dependencies": [
            "aws_apigatewayv2_api.websocket",
            "aws_cloudwatch_log_group.ecs",
            "aws_db_instance.postgres",
            "aws_db_subnet_group.postgres",
            "aws_iam_role.ecs_task",
            "aws_iam_role.ecs_task_execution",
            "aws_security_group.alb",
            "aws_security_group.ecs_tasks",
            "aws_security_group.postgres",
            "aws_ssm_parameter.cors_origin",
            "aws_ssm_parameter.database_url",
            "aws_ssm_parameter.db_password",
            "aws_ssm_parameter.eval_langsmith_api_key",
            "aws_ssm_parameter.gemini_api_key",
            "aws_ssm_parameter.jwt_secret",
            "aws_ssm_parameter.langsmith_api_key",
            "aws_ssm_parameter.langsmith_endpoint",
            "aws_ssm_parameter.langsmith_project",
            "aws_ssm_parameter.langsmith_tracing",
            "aws_ssm_parameter.openai_api_key",
            "aws_ssm_parameter.rabbitmq_url",
            "aws_subnet.private_a",
            "aws_subnet.private_b",
            "aws_subnet.private_c",
            "data.aws_availability_zones.available",
            "data.aws_ecr_repository.services",
            "data.aws_vpc.main"
          ]
        },
        {
          "index_key": "incident",
          "schema_version": 1,
          "attributes": {
            "arn": "arn:aws:ecs:ap-southeast-1:542829982577:task-definition/onedelivery-incident:25",
            "arn_without_revision": "arn:aws:ecs:ap-southeast-1:542829982577:task-definition/onedelivery-incident",
            "container_definitions": "[{\"environment\":[{\"name\":\"DB_HOST\",\"value\":\"onedelivery-postgres.chqkmym8y08l.ap-southeast-1.rds.amazonaws.com\"},{\"name\":\"DB_NAME\",\"value\":\"onedelivery\"},{\"name\":\"DB_PORT\",\"value\":\"5432\"},{\"name\":\"DB_USER\",\"value\":\"postgres\"},{\"name\":\"INCIDENT_PORT\",\"value\":\"9006\"},{\"name\":\"NODE_ENV\",\"value\":\"production\"}],\"essential\":true,\"image\":\"542829982577.dkr.ecr.ap-southeast-1.amazonaws.com/onedelivery-incident:latest\",\"logConfiguration\":{\"logDriver\":\"awslogs\",\"options\":{\"awslogs-group\":\"/ecs/onedelivery-incident\",\"awslogs-region\":\"ap-southeast-1\",\"awslogs-stream-prefix\":\"incident\"}},\"mountPoints\":[],\"name\":\"incident\",\"portMappings\":[{\"containerPort\":9006,\"hostPort\":9006,\"protocol\":\"tcp\"}],\"secrets\":[{\"name\":\"CORS_ORIGIN\",\"valueFrom\":\"arn:aws:ssm:ap-southeast-1:542829982577:parameter/onedelivery/CORS_ORIGIN\"},{\"name\":\"DATABASE_URL\",\"valueFrom\":\"arn:aws:ssm:ap-southeast-1:542829982577:parameter/onedelivery/DATABASE_URL\"},{\"name\":\"DB_PASSWORD\",\"valueFrom\":\"arn:aws:ssm:ap-southeast-1:542829982577:parameter/onedelivery/DB_PASSWORD\"},{\"name\":\"EVAL_LANGSMITH_API_KEY\",\"valueFrom\":\"arn:aws:ssm:ap-southeast-1:542829982577:parameter/onedelivery/EVAL_LANGSMITH_API_KEY\"},{\"name\":\"GEMINI_API_KEY\",\"valueFrom\":\"arn:aws:ssm:ap-southeast-1:542829982577:parameter/onedelivery/GEMINI_API_KEY\"},{\"name\":\"JWT_SECRET\",\"valueFrom\":\"arn:aws:ssm:ap-southeast-1:542829982577:parameter/onedelivery/JWT_SECRET\"},{\"name\":\"LANGCHAIN_API_KEY\",\"valueFrom\":\"arn:aws:ssm:ap-southeast-1:542829982577:parameter/onedelivery/LANGSMITH_API_KEY\"},{\"name\":\"LANGSMITH_API_KEY\",\"valueFrom\":\"arn:aws:ssm:ap-southeast-1:542829982577:parameter/onedelivery/LANGSMITH_API_KEY\"},{\"name\":\"LANGSMITH_ENDPOINT\",\"valueFrom\":\"arn:aws:ssm:ap-southeast-1:542829982577:parameter/onedelivery/LANGSMITH_ENDPOINT\"},{\"name\":\"LANGSMITH_PROJECT\",\"valueFrom\":\"arn:aws:ssm:ap-southeast-1:542829982577:parameter/onedelivery/LANGSMITH_PROJECT\"},{\"name\":\"LANGSMITH_TRACING\",\"valueFrom\":\"arn:aws:ssm:ap-southeast-1:542829982577:parameter/onedelivery/LANGSMITH_TRACING\"},{\"name\":\"OPENAI_API_KEY\",\"valueFrom\":\"arn:aws:ssm:ap-southeast-1:542829982577:parameter/onedelivery/OPENAI_API_KEY\"},{\"name\":\"RABBITMQ_URL\",\"valueFrom\":\"arn:aws:ssm:ap-southeast-1:542829982577:parameter/onedelivery/RABBITMQ_URL\"}],\"systemControls\":[],\"volumesFrom\":[]}]",
            "cpu": "256",
            "enable_fault_injection": false,
            "ephemeral_storage": [],
            "execution_role_arn": "arn:aws:iam::542829982577:role/onedelivery-ecs-exec",
            "family": "onedelivery-incident",
            "id": "onedelivery-incident",
            "inference_accelerator": [],
            "ipc_mode": "",
            "memory": "512",
            "network_mode": "awsvpc",
            "pid_mode": "",
            "placement_constraints": [],
            "proxy_configuration": [],
            "requires_compatibilities": [
              "FARGATE"
            ],
            "revision": 25,
            "runtime_platform": [],
            "skip_destroy": false,
            "tags": {},
            "tags_all": {
              "Environment": "dev",
              "ManagedBy": "terraform",
              "Project": "onedelivery"
            },
            "task_role_arn": "arn:aws:iam::542829982577:role/onedelivery-ecs-task",
            "track_latest": false,
            "volume": []
          },
          "sensitive_attributes": [
            [
              {
                "type": "get_attr",
                "value": "container_definitions"
              }
            ]
          ],
          "private": "eyJzY2hlbWFfdmVyc2lvbiI6IjEifQ==",
          "dependencies": [
            "aws_apigatewayv2_api.websocket",
            "aws_cloudwatch_log_group.ecs",
            "aws_db_instance.postgres",
            "aws_db_subnet_group.postgres",
            "aws_iam_role.ecs_task",
            "aws_iam_role.ecs_task_execution",
            "aws_security_group.alb",
            "aws_security_group.ecs_tasks",
            "aws_security_group.postgres",
            "aws_ssm_parameter.cors_origin",
            "aws_ssm_parameter.database_url",
            "aws_ssm_parameter.db_password",
            "aws_ssm_parameter.eval_langsmith_api_key",
            "aws_ssm_parameter.gemini_api_key",
            "aws_ssm_parameter.jwt_secret",
            "aws_ssm_parameter.langsmith_api_key",
            "aws_ssm_parameter.langsmith_endpoint",
            "aws_ssm_parameter.langsmith_project",
            "aws_ssm_parameter.langsmith_tracing",
            "aws_ssm_parameter.openai_api_key",
            "aws_ssm_parameter.rabbitmq_url",
            "aws_subnet.private_a",
            "aws_subnet.private_b",
            "aws_subnet.private_c",
            "data.aws_availability_zones.available",
            "data.aws_ecr_repository.services",
            "data.aws_vpc.main"
          ]
        },
        {
          "index_key": "knowledge",
          "schema_version": 1,
          "attributes": {
            "arn": "arn:aws:ecs:ap-southeast-1:542829982577:task-definition/onedelivery-knowledge:22",
            "arn_without_revision": "arn:aws:ecs:ap-southeast-1:542829982577:task-definition/onedelivery-knowledge",
            "container_definitions": "[{\"environment\":[{\"name\":\"DB_HOST\",\"value\":\"onedelivery-postgres.chqkmym8y08l.ap-southeast-1.rds.amazonaws.com\"},{\"name\":\"DB_NAME\",\"value\":\"onedelivery\"},{\"name\":\"DB_PORT\",\"value\":\"5432\"},{\"name\":\"DB_USER\",\"value\":\"postgres\"},{\"name\":\"KNOWLEDGE_PORT\",\"value\":\"9007\"},{\"name\":\"NODE_ENV\",\"value\":\"production\"}],\"essential\":true,\"image\":\"542829982577.dkr.ecr.ap-southeast-1.amazonaws.com/onedelivery-knowledge:latest\",\"logConfiguration\":{\"logDriver\":\"awslogs\",\"options\":{\"awslogs-group\":\"/ecs/onedelivery-knowledge\",\"awslogs-region\":\"ap-southeast-1\",\"awslogs-stream-prefix\":\"knowledge\"}},\"mountPoints\":[],\"name\":\"knowledge\",\"portMappings\":[{\"containerPort\":9007,\"hostPort\":9007,\"protocol\":\"tcp\"}],\"secrets\":[{\"name\":\"CORS_ORIGIN\",\"valueFrom\":\"arn:aws:ssm:ap-southeast-1:542829982577:parameter/onedelivery/CORS_ORIGIN\"},{\"name\":\"DATABASE_URL\",\"valueFrom\":\"arn:aws:ssm:ap-southeast-1:542829982577:parameter/onedelivery/DATABASE_URL\"},{\"name\":\"DB_PASSWORD\",\"valueFrom\":\"arn:aws:ssm:ap-southeast-1:542829982577:parameter/onedelivery/DB_PASSWORD\"},{\"name\":\"EVAL_LANGSMITH_API_KEY\",\"valueFrom\":\"arn:aws:ssm:ap-southeast-1:542829982577:parameter/onedelivery/EVAL_LANGSMITH_API_KEY\"},{\"name\":\"GEMINI_API_KEY\",\"valueFrom\":\"arn:aws:ssm:ap-southeast-1:542829982577:parameter/onedelivery/GEMINI_API_KEY\"},{\"name\":\"JWT_SECRET\",\"valueFrom\":\"arn:aws:ssm:ap-southeast-1:542829982577:parameter/onedelivery/JWT_SECRET\"},{\"name\":\"LANGCHAIN_API_KEY\",\"valueFrom\":\"arn:aws:ssm:ap-southeast-1:542829982577:parameter/onedelivery/LANGSMITH_API_KEY\"},{\"name\":\"LANGSMITH_API_KEY\",\"valueFrom\":\"arn:aws:ssm:ap-southeast-1:542829982577:parameter/onedelivery/LANGSMITH_API_KEY\"},{\"name\":\"LANGSMITH_ENDPOINT\",\"valueFrom\":\"arn:aws:ssm:ap-southeast-1:542829982577:parameter/onedelivery/LANGSMITH_ENDPOINT\"},{\"name\":\"LANGSMITH_PROJECT\",\"valueFrom\":\"arn:aws:ssm:ap-southeast-1:542829982577:parameter/onedelivery/LANGSMITH_PROJECT\"},{\"name\":\"LANGSMITH_TRACING\",\"valueFrom\":\"arn:aws:ssm:ap-southeast-1:542829982577:parameter/onedelivery/LANGSMITH_TRACING\"},{\"name\":\"OPENAI_API_KEY\",\"valueFrom\":\"arn:aws:ssm:ap-southeast-1:542829982577:parameter/onedelivery/OPENAI_API_KEY\"},{\"name\":\"RABBITMQ_URL\",\"valueFrom\":\"arn:aws:ssm:ap-southeast-1:542829982577:parameter/onedelivery/RABBITMQ_URL\"}],\"systemControls\":[],\"volumesFrom\":[]}]",
            "cpu": "256",
            "enable_fault_injection": false,
            "ephemeral_storage": [],
            "execution_role_arn": "arn:aws:iam::542829982577:role/onedelivery-ecs-exec",
            "family": "onedelivery-knowledge",
            "id": "onedelivery-knowledge",
            "inference_accelerator": [],
            "ipc_mode": "",
            "memory": "512",
            "network_mode": "awsvpc",
            "pid_mode": "",
            "placement_constraints": [],
            "proxy_configuration": [],
            "requires_compatibilities": [
              "FARGATE"
            ],
            "revision": 22,
            "runtime_platform": [],
            "skip_destroy": false,
            "tags": {},
            "tags_all": {
              "Environment": "dev",
              "ManagedBy": "terraform",
              "Project": "onedelivery"
            },
            "task_role_arn": "arn:aws:iam::542829982577:role/onedelivery-ecs-task",
            "track_latest": false,
            "volume": []
          },
          "sensitive_attributes": [
            [
              {
                "type": "get_attr",
                "value": "container_definitions"
              }
            ]
          ],
          "private": "eyJzY2hlbWFfdmVyc2lvbiI6IjEifQ==",
          "dependencies": [
            "aws_apigatewayv2_api.websocket",
            "aws_cloudwatch_log_group.ecs",
            "aws_db_instance.postgres",
            "aws_db_subnet_group.postgres",
            "aws_iam_role.ecs_task",
            "aws_iam_role.ecs_task_execution",
            "aws_security_group.alb",
            "aws_security_group.ecs_tasks",
            "aws_security_group.postgres",
            "aws_ssm_parameter.cors_origin",
            "aws_ssm_parameter.database_url",
            "aws_ssm_parameter.db_password",
            "aws_ssm_parameter.eval_langsmith_api_key",
            "aws_ssm_parameter.gemini_api_key",
            "aws_ssm_parameter.jwt_secret",
            "aws_ssm_parameter.langsmith_api_key",
            "aws_ssm_parameter.langsmith_endpoint",
            "aws_ssm_parameter.langsmith_project",
            "aws_ssm_parameter.langsmith_tracing",
            "aws_ssm_parameter.openai_api_key",
            "aws_ssm_parameter.rabbitmq_url",
            "aws_subnet.private_a",
            "aws_subnet.private_b",
            "aws_subnet.private_c",
            "data.aws_availability_zones.available",
            "data.aws_ecr_repository.services",
            "data.aws_vpc.main"
          ]
        },
        {
          "index_key": "logistics",
          "schema_version": 1,
          "attributes": {
            "arn": "arn:aws:ecs:ap-southeast-1:542829982577:task-definition/onedelivery-logistics:32",
            "arn_without_revision": "arn:aws:ecs:ap-southeast-1:542829982577:task-definition/onedelivery-logistics",
            "container_definitions": "[{\"environment\":[{\"name\":\"DB_HOST\",\"value\":\"onedelivery-postgres.chqkmym8y08l.ap-southeast-1.rds.amazonaws.com\"},{\"name\":\"DB_NAME\",\"value\":\"onedelivery\"},{\"name\":\"DB_PORT\",\"value\":\"5432\"},{\"name\":\"DB_USER\",\"value\":\"postgres\"},{\"name\":\"LOGISTICS_PORT\",\"value\":\"9002\"},{\"name\":\"NODE_ENV\",\"value\":\"production\"}],\"essential\":true,\"image\":\"542829982577.dkr.ecr.ap-southeast-1.amazonaws.com/onedelivery-logistics:latest\",\"logConfiguration\":{\"logDriver\":\"awslogs\",\"options\":{\"awslogs-group\":\"/ecs/onedelivery-logistics\",\"awslogs-region\":\"ap-southeast-1\",\"awslogs-stream-prefix\":\"logistics\"}},\"mountPoints\":[],\"name\":\"logistics\",\"portMappings\":[{\"containerPort\":9002,\"hostPort\":9002,\"protocol\":\"tcp\"}],\"secrets\":[{\"name\":\"CORS_ORIGIN\",\"valueFrom\":\"arn:aws:ssm:ap-southeast-1:542829982577:parameter/onedelivery/CORS_ORIGIN\"},{\"name\":\"DATABASE_URL\",\"valueFrom\":\"arn:aws:ssm:ap-southeast-1:542829982577:parameter/onedelivery/DATABASE_URL\"},{\"name\":\"DB_PASSWORD\",\"valueFrom\":\"arn:aws:ssm:ap-southeast-1:542829982577:parameter/onedelivery/DB_PASSWORD\"},{\"name\":\"EVAL_LANGSMITH_API_KEY\",\"valueFrom\":\"arn:aws:ssm:ap-southeast-1:542829982577:parameter/onedelivery/EVAL_LANGSMITH_API_KEY\"},{\"name\":\"GEMINI_API_KEY\",\"valueFrom\":\"arn:aws:ssm:ap-southeast-1:542829982577:parameter/onedelivery/GEMINI_API_KEY\"},{\"name\":\"JWT_SECRET\",\"valueFrom\":\"arn:aws:ssm:ap-southeast-1:542829982577:parameter/onedelivery/JWT_SECRET\"},{\"name\":\"LANGCHAIN_API_KEY\",\"valueFrom\":\"arn:aws:ssm:ap-southeast-1:542829982577:parameter/onedelivery/LANGSMITH_API_KEY\"},{\"name\":\"LANGSMITH_API_KEY\",\"valueFrom\":\"arn:aws:ssm:ap-southeast-1:542829982577:parameter/onedelivery/LANGSMITH_API_KEY\"},{\"name\":\"LANGSMITH_ENDPOINT\",\"valueFrom\":\"arn:aws:ssm:ap-southeast-1:542829982577:parameter/onedelivery/LANGSMITH_ENDPOINT\"},{\"name\":\"LANGSMITH_PROJECT\",\"valueFrom\":\"arn:aws:ssm:ap-southeast-1:542829982577:parameter/onedelivery/LANGSMITH_PROJECT\"},{\"name\":\"LANGSMITH_TRACING\",\"valueFrom\":\"arn:aws:ssm:ap-southeast-1:542829982577:parameter/onedelivery/LANGSMITH_TRACING\"},{\"name\":\"OPENAI_API_KEY\",\"valueFrom\":\"arn:aws:ssm:ap-southeast-1:542829982577:parameter/onedelivery/OPENAI_API_KEY\"},{\"name\":\"RABBITMQ_URL\",\"valueFrom\":\"arn:aws:ssm:ap-southeast-1:542829982577:parameter/onedelivery/RABBITMQ_URL\"}],\"systemControls\":[],\"volumesFrom\":[]}]",
            "cpu": "256",
            "enable_fault_injection": false,
            "ephemeral_storage": [],
            "execution_role_arn": "arn:aws:iam::542829982577:role/onedelivery-ecs-exec",
            "family": "onedelivery-logistics",
            "id": "onedelivery-logistics",
            "inference_accelerator": [],
            "ipc_mode": "",
            "memory": "512",
            "network_mode": "awsvpc",
            "pid_mode": "",
            "placement_constraints": [],
            "proxy_configuration": [],
            "requires_compatibilities": [
              "FARGATE"
            ],
            "revision": 32,
            "runtime_platform": [],
            "skip_destroy": false,
            "tags": {},
            "tags_all": {
              "Environment": "dev",
              "ManagedBy": "terraform",
              "Project": "onedelivery"
            },
            "task_role_arn": "arn:aws:iam::542829982577:role/onedelivery-ecs-task",
            "track_latest": false,
            "volume": []
          },
          "sensitive_attributes": [
            [
              {
                "type": "get_attr",
                "value": "container_definitions"
              }
            ]
          ],
          "private": "eyJzY2hlbWFfdmVyc2lvbiI6IjEifQ==",
          "dependencies": [
            "aws_apigatewayv2_api.websocket",
            "aws_cloudwatch_log_group.ecs",
            "aws_db_instance.postgres",
            "aws_db_subnet_group.postgres",
            "aws_iam_role.ecs_task",
            "aws_iam_role.ecs_task_execution",
            "aws_security_group.alb",
            "aws_security_group.ecs_tasks",
            "aws_security_group.postgres",
            "aws_ssm_parameter.cors_origin",
            "aws_ssm_parameter.database_url",
            "aws_ssm_parameter.db_password",
            "aws_ssm_parameter.eval_langsmith_api_key",
            "aws_ssm_parameter.gemini_api_key",
            "aws_ssm_parameter.jwt_secret",
            "aws_ssm_parameter.langsmith_api_key",
            "aws_ssm_parameter.langsmith_endpoint",
            "aws_ssm_parameter.langsmith_project",
            "aws_ssm_parameter.langsmith_tracing",
            "aws_ssm_parameter.openai_api_key",
            "aws_ssm_parameter.rabbitmq_url",
            "aws_subnet.private_a",
            "aws_subnet.private_b",
            "aws_subnet.private_c",
            "data.aws_availability_zones.available",
            "data.aws_ecr_repository.services",
            "data.aws_vpc.main"
          ]
        },
        {
          "index_key": "logistics-agent",
          "schema_version": 1,
          "attributes": {
            "arn": "arn:aws:ecs:ap-southeast-1:542829982577:task-definition/onedelivery-logistics-agent:22",
            "arn_without_revision": "arn:aws:ecs:ap-southeast-1:542829982577:task-definition/onedelivery-logistics-agent",
            "container_definitions": "[{\"environment\":[{\"name\":\"DB_HOST\",\"value\":\"onedelivery-postgres.chqkmym8y08l.ap-southeast-1.rds.amazonaws.com\"},{\"name\":\"DB_NAME\",\"value\":\"onedelivery\"},{\"name\":\"DB_PORT\",\"value\":\"5432\"},{\"name\":\"DB_USER\",\"value\":\"postgres\"},{\"name\":\"LOGISTICS_AGENT_PORT\",\"value\":\"9011\"},{\"name\":\"NODE_ENV\",\"value\":\"production\"}],\"essential\":true,\"image\":\"542829982577.dkr.ecr.ap-southeast-1.amazonaws.com/onedelivery-logistics-agent:latest\",\"logConfiguration\":{\"logDriver\":\"awslogs\",\"options\":{\"awslogs-group\":\"/ecs/onedelivery-logistics-agent\",\"awslogs-region\":\"ap-southeast-1\",\"awslogs-stream-prefix\":\"logistics-agent\"}},\"mountPoints\":[],\"name\":\"logistics-agent\",\"portMappings\":[{\"containerPort\":9011,\"hostPort\":9011,\"protocol\":\"tcp\"}],\"secrets\":[{\"name\":\"CORS_ORIGIN\",\"valueFrom\":\"arn:aws:ssm:ap-southeast-1:542829982577:parameter/onedelivery/CORS_ORIGIN\"},{\"name\":\"DATABASE_URL\",\"valueFrom\":\"arn:aws:ssm:ap-southeast-1:542829982577:parameter/onedelivery/DATABASE_URL\"},{\"name\":\"DB_PASSWORD\",\"valueFrom\":\"arn:aws:ssm:ap-southeast-1:542829982577:parameter/onedelivery/DB_PASSWORD\"},{\"name\":\"EVAL_LANGSMITH_API_KEY\",\"valueFrom\":\"arn:aws:ssm:ap-southeast-1:542829982577:parameter/onedelivery/EVAL_LANGSMITH_API_KEY\"},{\"name\":\"GEMINI_API_KEY\",\"valueFrom\":\"arn:aws:ssm:ap-southeast-1:542829982577:parameter/onedelivery/GEMINI_API_KEY\"},{\"name\":\"JWT_SECRET\",\"valueFrom\":\"arn:aws:ssm:ap-southeast-1:542829982577:parameter/onedelivery/JWT_SECRET\"},{\"name\":\"LANGCHAIN_API_KEY\",\"valueFrom\":\"arn:aws:ssm:ap-southeast-1:542829982577:parameter/onedelivery/LANGSMITH_API_KEY\"},{\"name\":\"LANGSMITH_API_KEY\",\"valueFrom\":\"arn:aws:ssm:ap-southeast-1:542829982577:parameter/onedelivery/LANGSMITH_API_KEY\"},{\"name\":\"LANGSMITH_ENDPOINT\",\"valueFrom\":\"arn:aws:ssm:ap-southeast-1:542829982577:parameter/onedelivery/LANGSMITH_ENDPOINT\"},{\"name\":\"LANGSMITH_PROJECT\",\"valueFrom\":\"arn:aws:ssm:ap-southeast-1:542829982577:parameter/onedelivery/LANGSMITH_PROJECT\"},{\"name\":\"LANGSMITH_TRACING\",\"valueFrom\":\"arn:aws:ssm:ap-southeast-1:542829982577:parameter/onedelivery/LANGSMITH_TRACING\"},{\"name\":\"OPENAI_API_KEY\",\"valueFrom\":\"arn:aws:ssm:ap-southeast-1:542829982577:parameter/onedelivery/OPENAI_API_KEY\"},{\"name\":\"RABBITMQ_URL\",\"valueFrom\":\"arn:aws:ssm:ap-southeast-1:542829982577:parameter/onedelivery/RABBITMQ_URL\"}],\"systemControls\":[],\"volumesFrom\":[]}]",
            "cpu": "256",
            "enable_fault_injection": false,
            "ephemeral_storage": [],
            "execution_role_arn": "arn:aws:iam::542829982577:role/onedelivery-ecs-exec",
            "family": "onedelivery-logistics-agent",
            "id": "onedelivery-logistics-agent",
            "inference_accelerator": [],
            "ipc_mode": "",
            "memory": "512",
            "network_mode": "awsvpc",
            "pid_mode": "",
            "placement_constraints": [],
            "proxy_configuration": [],
            "requires_compatibilities": [
              "FARGATE"
            ],
            "revision": 22,
            "runtime_platform": [],
            "skip_destroy": false,
            "tags": {},
            "tags_all": {
              "Environment": "dev",
              "ManagedBy": "terraform",
              "Project": "onedelivery"
            },
            "task_role_arn": "arn:aws:iam::542829982577:role/onedelivery-ecs-task",
            "track_latest": false,
            "volume": []
          },
          "sensitive_attributes": [
            [
              {
                "type": "get_attr",
                "value": "container_definitions"
              }
            ]
          ],
          "private": "eyJzY2hlbWFfdmVyc2lvbiI6IjEifQ==",
          "dependencies": [
            "aws_apigatewayv2_api.websocket",
            "aws_cloudwatch_log_group.ecs",
            "aws_db_instance.postgres",
            "aws_db_subnet_group.postgres",
            "aws_iam_role.ecs_task",
            "aws_iam_role.ecs_task_execution",
            "aws_security_group.alb",
            "aws_security_group.ecs_tasks",
            "aws_security_group.postgres",
            "aws_ssm_parameter.cors_origin",
            "aws_ssm_parameter.database_url",
            "aws_ssm_parameter.db_password",
            "aws_ssm_parameter.eval_langsmith_api_key",
            "aws_ssm_parameter.gemini_api_key",
            "aws_ssm_parameter.jwt_secret",
            "aws_ssm_parameter.langsmith_api_key",
            "aws_ssm_parameter.langsmith_endpoint",
            "aws_ssm_parameter.langsmith_project",
            "aws_ssm_parameter.langsmith_tracing",
            "aws_ssm_parameter.openai_api_key",
            "aws_ssm_parameter.rabbitmq_url",
            "aws_subnet.private_a",
            "aws_subnet.private_b",
            "aws_subnet.private_c",
            "data.aws_availability_zones.available",
            "data.aws_ecr_repository.services",
            "data.aws_vpc.main"
          ]
        },
        {
          "index_key": "orchestrator-agent",
          "schema_version": 1,
          "attributes": {
            "arn": "arn:aws:ecs:ap-southeast-1:542829982577:task-definition/onedelivery-orchestrator-agent:25",
            "arn_without_revision": "arn:aws:ecs:ap-southeast-1:542829982577:task-definition/onedelivery-orchestrator-agent",
            "container_definitions": "[{\"environment\":[{\"name\":\"AWS_REGION\",\"value\":\"ap-southeast-1\"},{\"name\":\"DB_HOST\",\"value\":\"onedelivery-postgres.chqkmym8y08l.ap-southeast-1.rds.amazonaws.com\"},{\"name\":\"DB_NAME\",\"value\":\"onedelivery\"},{\"name\":\"DB_PORT\",\"value\":\"5432\"},{\"name\":\"DB_USER\",\"value\":\"postgres\"},{\"name\":\"NODE_ENV\",\"value\":\"production\"},{\"name\":\"ORCHESTRATOR_AGENT_PORT\",\"value\":\"9010\"},{\"name\":\"WEBSOCKET_API_ENDPOINT\",\"value\":\"https://18gvmx3hn7.execute-api.ap-southeast-1.amazonaws.com/prod\"}],\"essential\":true,\"image\":\"542829982577.dkr.ecr.ap-southeast-1.amazonaws.com/onedelivery-orchestrator-agent:latest\",\"logConfiguration\":{\"logDriver\":\"awslogs\",\"options\":{\"awslogs-group\":\"/ecs/onedelivery-orchestrator-agent\",\"awslogs-region\":\"ap-southeast-1\",\"awslogs-stream-prefix\":\"orchestrator-agent\"}},\"mountPoints\":[],\"name\":\"orchestrator-agent\",\"portMappings\":[{\"containerPort\":9010,\"hostPort\":9010,\"protocol\":\"tcp\"}],\"secrets\":[{\"name\":\"CORS_ORIGIN\",\"valueFrom\":\"arn:aws:ssm:ap-southeast-1:542829982577:parameter/onedelivery/CORS_ORIGIN\"},{\"name\":\"DATABASE_URL\",\"valueFrom\":\"arn:aws:ssm:ap-southeast-1:542829982577:parameter/onedelivery/DATABASE_URL\"},{\"name\":\"DB_PASSWORD\",\"valueFrom\":\"arn:aws:ssm:ap-southeast-1:542829982577:parameter/onedelivery/DB_PASSWORD\"},{\"name\":\"EVAL_LANGSMITH_API_KEY\",\"valueFrom\":\"arn:aws:ssm:ap-southeast-1:542829982577:parameter/onedelivery/EVAL_LANGSMITH_API_KEY\"},{\"name\":\"GEMINI_API_KEY\",\"valueFrom\":\"arn:aws:ssm:ap-southeast-1:542829982577:parameter/onedelivery/GEMINI_API_KEY\"},{\"name\":\"JWT_SECRET\",\"valueFrom\":\"arn:aws:ssm:ap-southeast-1:542829982577:parameter/onedelivery/JWT_SECRET\"},{\"name\":\"LANGCHAIN_API_KEY\",\"valueFrom\":\"arn:aws:ssm:ap-southeast-1:542829982577:parameter/onedelivery/LANGSMITH_API_KEY\"},{\"name\":\"LANGSMITH_API_KEY\",\"valueFrom\":\"arn:aws:ssm:ap-southeast-1:542829982577:parameter/onedelivery/LANGSMITH_API_KEY\"},{\"name\":\"LANGSMITH_ENDPOINT\",\"valueFrom\":\"arn:aws:ssm:ap-southeast-1:542829982577:parameter/onedelivery/LANGSMITH_ENDPOINT\"},{\"name\":\"LANGSMITH_PROJECT\",\"valueFrom\":\"arn:aws:ssm:ap-southeast-1:542829982577:parameter/onedelivery/LANGSMITH_PROJECT\"},{\"name\":\"LANGSMITH_TRACING\",\"valueFrom\":\"arn:aws:ssm:ap-southeast-1:542829982577:parameter/onedelivery/LANGSMITH_TRACING\"},{\"name\":\"OPENAI_API_KEY\",\"valueFrom\":\"arn:aws:ssm:ap-southeast-1:542829982577:parameter/onedelivery/OPENAI_API_KEY\"},{\"name\":\"RABBITMQ_URL\",\"valueFrom\":\"arn:aws:ssm:ap-southeast-1:542829982577:parameter/onedelivery/RABBITMQ_URL\"}],\"systemControls\":[],\"volumesFrom\":[]}]",
            "cpu": "256",
            "enable_fault_injection": false,
            "ephemeral_storage": [],
            "execution_role_arn": "arn:aws:iam::542829982577:role/onedelivery-ecs-exec",
            "family": "onedelivery-orchestrator-agent",
            "id": "onedelivery-orchestrator-agent",
            "inference_accelerator": [],
            "ipc_mode": "",
            "memory": "512",
            "network_mode": "awsvpc",
            "pid_mode": "",
            "placement_constraints": [],
            "proxy_configuration": [],
            "requires_compatibilities": [
              "FARGATE"
            ],
            "revision": 25,
            "runtime_platform": [],
            "skip_destroy": false,
            "tags": {},
            "tags_all": {
              "Environment": "dev",
              "ManagedBy": "terraform",
              "Project": "onedelivery"
            },
            "task_role_arn": "arn:aws:iam::542829982577:role/onedelivery-ecs-task",
            "track_latest": false,
            "volume": []
          },
          "sensitive_attributes": [
            [
              {
                "type": "get_attr",
                "value": "container_definitions"
              }
            ]
          ],
          "private": "eyJzY2hlbWFfdmVyc2lvbiI6IjEifQ==",
          "dependencies": [
            "aws_apigatewayv2_api.websocket",
            "aws_cloudwatch_log_group.ecs",
            "aws_db_instance.postgres",
            "aws_db_subnet_group.postgres",
            "aws_iam_role.ecs_task",
            "aws_iam_role.ecs_task_execution",
            "aws_security_group.alb",
            "aws_security_group.ecs_tasks",
            "aws_security_group.postgres",
            "aws_ssm_parameter.cors_origin",
            "aws_ssm_parameter.database_url",
            "aws_ssm_parameter.db_password",
            "aws_ssm_parameter.eval_langsmith_api_key",
            "aws_ssm_parameter.gemini_api_key",
            "aws_ssm_parameter.jwt_secret",
            "aws_ssm_parameter.langsmith_api_key",
            "aws_ssm_parameter.langsmith_endpoint",
            "aws_ssm_parameter.langsmith_project",
            "aws_ssm_parameter.langsmith_tracing",
            "aws_ssm_parameter.openai_api_key",
            "aws_ssm_parameter.rabbitmq_url",
            "aws_subnet.private_a",
            "aws_subnet.private_b",
            "aws_subnet.private_c",
            "data.aws_availability_zones.available",
            "data.aws_ecr_repository.services",
            "data.aws_vpc.main"
          ]
        },
        {
          "index_key": "order",
          "schema_version": 1,
          "attributes": {
            "arn": "arn:aws:ecs:ap-southeast-1:542829982577:task-definition/onedelivery-order:32",
            "arn_without_revision": "arn:aws:ecs:ap-southeast-1:542829982577:task-definition/onedelivery-order",
            "container_definitions": "[{\"environment\":[{\"name\":\"DB_HOST\",\"value\":\"onedelivery-postgres.chqkmym8y08l.ap-southeast-1.rds.amazonaws.com\"},{\"name\":\"DB_NAME\",\"value\":\"onedelivery\"},{\"name\":\"DB_PORT\",\"value\":\"5432\"},{\"name\":\"DB_USER\",\"value\":\"postgres\"},{\"name\":\"NODE_ENV\",\"value\":\"production\"},{\"name\":\"ORDER_PORT\",\"value\":\"9003\"}],\"essential\":true,\"image\":\"542829982577.dkr.ecr.ap-southeast-1.amazonaws.com/onedelivery-order:latest\",\"logConfiguration\":{\"logDriver\":\"awslogs\",\"options\":{\"awslogs-group\":\"/ecs/onedelivery-order\",\"awslogs-region\":\"ap-southeast-1\",\"awslogs-stream-prefix\":\"order\"}},\"mountPoints\":[],\"name\":\"order\",\"portMappings\":[{\"containerPort\":9003,\"hostPort\":9003,\"protocol\":\"tcp\"}],\"secrets\":[{\"name\":\"CORS_ORIGIN\",\"valueFrom\":\"arn:aws:ssm:ap-southeast-1:542829982577:parameter/onedelivery/CORS_ORIGIN\"},{\"name\":\"DATABASE_URL\",\"valueFrom\":\"arn:aws:ssm:ap-southeast-1:542829982577:parameter/onedelivery/DATABASE_URL\"},{\"name\":\"DB_PASSWORD\",\"valueFrom\":\"arn:aws:ssm:ap-southeast-1:542829982577:parameter/onedelivery/DB_PASSWORD\"},{\"name\":\"EVAL_LANGSMITH_API_KEY\",\"valueFrom\":\"arn:aws:ssm:ap-southeast-1:542829982577:parameter/onedelivery/EVAL_LANGSMITH_API_KEY\"},{\"name\":\"GEMINI_API_KEY\",\"valueFrom\":\"arn:aws:ssm:ap-southeast-1:542829982577:parameter/onedelivery/GEMINI_API_KEY\"},{\"name\":\"JWT_SECRET\",\"valueFrom\":\"arn:aws:ssm:ap-southeast-1:542829982577:parameter/onedelivery/JWT_SECRET\"},{\"name\":\"LANGCHAIN_API_KEY\",\"valueFrom\":\"arn:aws:ssm:ap-southeast-1:542829982577:parameter/onedelivery/LANGSMITH_API_KEY\"},{\"name\":\"LANGSMITH_API_KEY\",\"valueFrom\":\"arn:aws:ssm:ap-southeast-1:542829982577:parameter/onedelivery/LANGSMITH_API_KEY\"},{\"name\":\"LANGSMITH_ENDPOINT\",\"valueFrom\":\"arn:aws:ssm:ap-southeast-1:542829982577:parameter/onedelivery/LANGSMITH_ENDPOINT\"},{\"name\":\"LANGSMITH_PROJECT\",\"valueFrom\":\"arn:aws:ssm:ap-southeast-1:542829982577:parameter/onedelivery/LANGSMITH_PROJECT\"},{\"name\":\"LANGSMITH_TRACING\",\"valueFrom\":\"arn:aws:ssm:ap-southeast-1:542829982577:parameter/onedelivery/LANGSMITH_TRACING\"},{\"name\":\"OPENAI_API_KEY\",\"valueFrom\":\"arn:aws:ssm:ap-southeast-1:542829982577:parameter/onedelivery/OPENAI_API_KEY\"},{\"name\":\"RABBITMQ_URL\",\"valueFrom\":\"arn:aws:ssm:ap-southeast-1:542829982577:parameter/onedelivery/RABBITMQ_URL\"}],\"systemControls\":[],\"volumesFrom\":[]}]",
            "cpu": "256",
            "enable_fault_injection": false,
            "ephemeral_storage": [],
            "execution_role_arn": "arn:aws:iam::542829982577:role/onedelivery-ecs-exec",
            "family": "onedelivery-order",
            "id": "onedelivery-order",
            "inference_accelerator": [],
            "ipc_mode": "",
            "memory": "512",
            "network_mode": "awsvpc",
            "pid_mode": "",
            "placement_constraints": [],
            "proxy_configuration": [],
            "requires_compatibilities": [
              "FARGATE"
            ],
            "revision": 32,
            "runtime_platform": [],
            "skip_destroy": false,
            "tags": {},
            "tags_all": {
              "Environment": "dev",
              "ManagedBy": "terraform",
              "Project": "onedelivery"
            },
            "task_role_arn": "arn:aws:iam::542829982577:role/onedelivery-ecs-task",
            "track_latest": false,
            "volume": []
          },
          "sensitive_attributes": [
            [
              {
                "type": "get_attr",
                "value": "container_definitions"
              }
            ]
          ],
          "private": "eyJzY2hlbWFfdmVyc2lvbiI6IjEifQ==",
          "dependencies": [
            "aws_apigatewayv2_api.websocket",
            "aws_cloudwatch_log_group.ecs",
            "aws_db_instance.postgres",
            "aws_db_subnet_group.postgres",
            "aws_iam_role.ecs_task",
            "aws_iam_role.ecs_task_execution",
            "aws_security_group.alb",
            "aws_security_group.ecs_tasks",
            "aws_security_group.postgres",
            "aws_ssm_parameter.cors_origin",
            "aws_ssm_parameter.database_url",
            "aws_ssm_parameter.db_password",
            "aws_ssm_parameter.eval_langsmith_api_key",
            "aws_ssm_parameter.gemini_api_key",
            "aws_ssm_parameter.jwt_secret",
            "aws_ssm_parameter.langsmith_api_key",
            "aws_ssm_parameter.langsmith_endpoint",
            "aws_ssm_parameter.langsmith_project",
            "aws_ssm_parameter.langsmith_tracing",
            "aws_ssm_parameter.openai_api_key",
            "aws_ssm_parameter.rabbitmq_url",
            "aws_subnet.private_a",
            "aws_subnet.private_b",
            "aws_subnet.private_c",
            "data.aws_availability_zones.available",
            "data.aws_ecr_repository.services",
            "data.aws_vpc.main"
          ]
        },
        {
          "index_key": "payment",
          "schema_version": 1,
          "attributes": {
            "arn": "arn:aws:ecs:ap-southeast-1:542829982577:task-definition/onedelivery-payment:32",
            "arn_without_revision": "arn:aws:ecs:ap-southeast-1:542829982577:task-definition/onedelivery-payment",
            "container_definitions": "[{\"environment\":[{\"name\":\"DB_HOST\",\"value\":\"onedelivery-postgres.chqkmym8y08l.ap-southeast-1.rds.amazonaws.com\"},{\"name\":\"DB_NAME\",\"value\":\"onedelivery\"},{\"name\":\"DB_PORT\",\"value\":\"5432\"},{\"name\":\"DB_USER\",\"value\":\"postgres\"},{\"name\":\"NODE_ENV\",\"value\":\"production\"},{\"name\":\"PAYMENT_PORT\",\"value\":\"9004\"}],\"essential\":true,\"image\":\"542829982577.dkr.ecr.ap-southeast-1.amazonaws.com/onedelivery-payment:latest\",\"logConfiguration\":{\"logDriver\":\"awslogs\",\"options\":{\"awslogs-region\":\"ap-southeast-1\",\"awslogs-stream-prefix\":\"payment\",\"awslogs-group\":\"/ecs/onedelivery-payment\"}},\"mountPoints\":[],\"name\":\"payment\",\"portMappings\":[{\"containerPort\":9004,\"hostPort\":9004,\"protocol\":\"tcp\"}],\"secrets\":[{\"name\":\"CORS_ORIGIN\",\"valueFrom\":\"arn:aws:ssm:ap-southeast-1:542829982577:parameter/onedelivery/CORS_ORIGIN\"},{\"name\":\"DATABASE_URL\",\"valueFrom\":\"arn:aws:ssm:ap-southeast-1:542829982577:parameter/onedelivery/DATABASE_URL\"},{\"name\":\"DB_PASSWORD\",\"valueFrom\":\"arn:aws:ssm:ap-southeast-1:542829982577:parameter/onedelivery/DB_PASSWORD\"},{\"name\":\"EVAL_LANGSMITH_API_KEY\",\"valueFrom\":\"arn:aws:ssm:ap-southeast-1:542829982577:parameter/onedelivery/EVAL_LANGSMITH_API_KEY\"},{\"name\":\"GEMINI_API_KEY\",\"valueFrom\":\"arn:aws:ssm:ap-southeast-1:542829982577:parameter/onedelivery/GEMINI_API_KEY\"},{\"name\":\"JWT_SECRET\",\"valueFrom\":\"arn:aws:ssm:ap-southeast-1:542829982577:parameter/onedelivery/JWT_SECRET\"},{\"name\":\"LANGCHAIN_API_KEY\",\"valueFrom\":\"arn:aws:ssm:ap-southeast-1:542829982577:parameter/onedelivery/LANGSMITH_API_KEY\"},{\"name\":\"LANGSMITH_API_KEY\",\"valueFrom\":\"arn:aws:ssm:ap-southeast-1:542829982577:parameter/onedelivery/LANGSMITH_API_KEY\"},{\"name\":\"LANGSMITH_ENDPOINT\",\"valueFrom\":\"arn:aws:ssm:ap-southeast-1:542829982577:parameter/onedelivery/LANGSMITH_ENDPOINT\"},{\"name\":\"LANGSMITH_PROJECT\",\"valueFrom\":\"arn:aws:ssm:ap-southeast-1:542829982577:parameter/onedelivery/LANGSMITH_PROJECT\"},{\"name\":\"LANGSMITH_TRACING\",\"valueFrom\":\"arn:aws:ssm:ap-southeast-1:542829982577:parameter/onedelivery/LANGSMITH_TRACING\"},{\"name\":\"OPENAI_API_KEY\",\"valueFrom\":\"arn:aws:ssm:ap-southeast-1:542829982577:parameter/onedelivery/OPENAI_API_KEY\"},{\"name\":\"RABBITMQ_URL\",\"valueFrom\":\"arn:aws:ssm:ap-southeast-1:542829982577:parameter/onedelivery/RABBITMQ_URL\"}],\"systemControls\":[],\"volumesFrom\":[]}]",
            "cpu": "256",
            "enable_fault_injection": false,
            "ephemeral_storage": [],
            "execution_role_arn": "arn:aws:iam::542829982577:role/onedelivery-ecs-exec",
            "family": "onedelivery-payment",
            "id": "onedelivery-payment",
            "inference_accelerator": [],
            "ipc_mode": "",
            "memory": "512",
            "network_mode": "awsvpc",
            "pid_mode": "",
            "placement_constraints": [],
            "proxy_configuration": [],
            "requires_compatibilities": [
              "FARGATE"
            ],
            "revision": 32,
            "runtime_platform": [],
            "skip_destroy": false,
            "tags": {},
            "tags_all": {
              "Environment": "dev",
              "ManagedBy": "terraform",
              "Project": "onedelivery"
            },
            "task_role_arn": "arn:aws:iam::542829982577:role/onedelivery-ecs-task",
            "track_latest": false,
            "volume": []
          },
          "sensitive_attributes": [
            [
              {
                "type": "get_attr",
                "value": "container_definitions"
              }
            ]
          ],
          "private": "eyJzY2hlbWFfdmVyc2lvbiI6IjEifQ==",
          "dependencies": [
            "aws_apigatewayv2_api.websocket",
            "aws_cloudwatch_log_group.ecs",
            "aws_db_instance.postgres",
            "aws_db_subnet_group.postgres",
            "aws_iam_role.ecs_task",
            "aws_iam_role.ecs_task_execution",
            "aws_security_group.alb",
            "aws_security_group.ecs_tasks",
            "aws_security_group.postgres",
            "aws_ssm_parameter.cors_origin",
            "aws_ssm_parameter.database_url",
            "aws_ssm_parameter.db_password",
            "aws_ssm_parameter.eval_langsmith_api_key",
            "aws_ssm_parameter.gemini_api_key",
            "aws_ssm_parameter.jwt_secret",
            "aws_ssm_parameter.langsmith_api_key",
            "aws_ssm_parameter.langsmith_endpoint",
            "aws_ssm_parameter.langsmith_project",
            "aws_ssm_parameter.langsmith_tracing",
            "aws_ssm_parameter.openai_api_key",
            "aws_ssm_parameter.rabbitmq_url",
            "aws_subnet.private_a",
            "aws_subnet.private_b",
            "aws_subnet.private_c",
            "data.aws_availability_zones.available",
            "data.aws_ecr_repository.services",
            "data.aws_vpc.main"
          ]
        },
        {
          "index_key": "qa-agent",
          "schema_version": 1,
          "attributes": {
            "arn": "arn:aws:ecs:ap-southeast-1:542829982577:task-definition/onedelivery-qa-agent:23",
            "arn_without_revision": "arn:aws:ecs:ap-southeast-1:542829982577:task-definition/onedelivery-qa-agent",
            "container_definitions": "[{\"environment\":[{\"name\":\"DB_HOST\",\"value\":\"onedelivery-postgres.chqkmym8y08l.ap-southeast-1.rds.amazonaws.com\"},{\"name\":\"DB_NAME\",\"value\":\"onedelivery\"},{\"name\":\"DB_PORT\",\"value\":\"5432\"},{\"name\":\"DB_USER\",\"value\":\"postgres\"},{\"name\":\"NODE_ENV\",\"value\":\"production\"},{\"name\":\"QA_AGENT_PORT\",\"value\":\"9014\"}],\"essential\":true,\"image\":\"542829982577.dkr.ecr.ap-southeast-1.amazonaws.com/onedelivery-qa-agent:latest\",\"logConfiguration\":{\"logDriver\":\"awslogs\",\"options\":{\"awslogs-group\":\"/ecs/onedelivery-qa-agent\",\"awslogs-region\":\"ap-southeast-1\",\"awslogs-stream-prefix\":\"qa-agent\"}},\"mountPoints\":[],\"name\":\"qa-agent\",\"portMappings\":[{\"containerPort\":9014,\"hostPort\":9014,\"protocol\":\"tcp\"}],\"secrets\":[{\"name\":\"CORS_ORIGIN\",\"valueFrom\":\"arn:aws:ssm:ap-southeast-1:542829982577:parameter/onedelivery/CORS_ORIGIN\"},{\"name\":\"DATABASE_URL\",\"valueFrom\":\"arn:aws:ssm:ap-southeast-1:542829982577:parameter/onedelivery/DATABASE_URL\"},{\"name\":\"DB_PASSWORD\",\"valueFrom\":\"arn:aws:ssm:ap-southeast-1:542829982577:parameter/onedelivery/DB_PASSWORD\"},{\"name\":\"EVAL_LANGSMITH_API_KEY\",\"valueFrom\":\"arn:aws:ssm:ap-southeast-1:542829982577:parameter/onedelivery/EVAL_LANGSMITH_API_KEY\"},{\"name\":\"GEMINI_API_KEY\",\"valueFrom\":\"arn:aws:ssm:ap-southeast-1:542829982577:parameter/onedelivery/GEMINI_API_KEY\"},{\"name\":\"JWT_SECRET\",\"valueFrom\":\"arn:aws:ssm:ap-southeast-1:542829982577:parameter/onedelivery/JWT_SECRET\"},{\"name\":\"LANGCHAIN_API_KEY\",\"valueFrom\":\"arn:aws:ssm:ap-southeast-1:542829982577:parameter/onedelivery/LANGSMITH_API_KEY\"},{\"name\":\"LANGSMITH_API_KEY\",\"valueFrom\":\"arn:aws:ssm:ap-southeast-1:542829982577:parameter/onedelivery/LANGSMITH_API_KEY\"},{\"name\":\"LANGSMITH_ENDPOINT\",\"valueFrom\":\"arn:aws:ssm:ap-southeast-1:542829982577:parameter/onedelivery/LANGSMITH_ENDPOINT\"},{\"name\":\"LANGSMITH_PROJECT\",\"valueFrom\":\"arn:aws:ssm:ap-southeast-1:542829982577:parameter/onedelivery/LANGSMITH_PROJECT\"},{\"name\":\"LANGSMITH_TRACING\",\"valueFrom\":\"arn:aws:ssm:ap-southeast-1:542829982577:parameter/onedelivery/LANGSMITH_TRACING\"},{\"name\":\"OPENAI_API_KEY\",\"valueFrom\":\"arn:aws:ssm:ap-southeast-1:542829982577:parameter/onedelivery/OPENAI_API_KEY\"},{\"name\":\"RABBITMQ_URL\",\"valueFrom\":\"arn:aws:ssm:ap-southeast-1:542829982577:parameter/onedelivery/RABBITMQ_URL\"}],\"systemControls\":[],\"volumesFrom\":[]}]",
            "cpu": "256",
            "enable_fault_injection": false,
            "ephemeral_storage": [],
            "execution_role_arn": "arn:aws:iam::542829982577:role/onedelivery-ecs-exec",
            "family": "onedelivery-qa-agent",
            "id": "onedelivery-qa-agent",
            "inference_accelerator": [],
            "ipc_mode": "",
            "memory": "512",
            "network_mode": "awsvpc",
            "pid_mode": "",
            "placement_constraints": [],
            "proxy_configuration": [],
            "requires_compatibilities": [
              "FARGATE"
            ],
            "revision": 23,
            "runtime_platform": [],
            "skip_destroy": false,
            "tags": {},
            "tags_all": {
              "Environment": "dev",
              "ManagedBy": "terraform",
              "Project": "onedelivery"
            },
            "task_role_arn": "arn:aws:iam::542829982577:role/onedelivery-ecs-task",
            "track_latest": false,
            "volume": []
          },
          "sensitive_attributes": [
            [
              {
                "type": "get_attr",
                "value": "container_definitions"
              }
            ]
          ],
          "private": "eyJzY2hlbWFfdmVyc2lvbiI6IjEifQ==",
          "dependencies": [
            "aws_apigatewayv2_api.websocket",
            "aws_cloudwatch_log_group.ecs",
            "aws_db_instance.postgres",
            "aws_db_subnet_group.postgres",
            "aws_iam_role.ecs_task",
            "aws_iam_role.ecs_task_execution",
            "aws_security_group.alb",
            "aws_security_group.ecs_tasks",
            "aws_security_group.postgres",
            "aws_ssm_parameter.cors_origin",
            "aws_ssm_parameter.database_url",
            "aws_ssm_parameter.db_password",
            "aws_ssm_parameter.eval_langsmith_api_key",
            "aws_ssm_parameter.gemini_api_key",
            "aws_ssm_parameter.jwt_secret",
            "aws_ssm_parameter.langsmith_api_key",
            "aws_ssm_parameter.langsmith_endpoint",
            "aws_ssm_parameter.langsmith_project",
            "aws_ssm_parameter.langsmith_tracing",
            "aws_ssm_parameter.openai_api_key",
            "aws_ssm_parameter.rabbitmq_url",
            "aws_subnet.private_a",
            "aws_subnet.private_b",
            "aws_subnet.private_c",
            "data.aws_availability_zones.available",
            "data.aws_ecr_repository.services",
            "data.aws_vpc.main"
          ]
        },
        {
          "index_key": "resolution-agent",
          "schema_version": 1,
          "attributes": {
            "arn": "arn:aws:ecs:ap-southeast-1:542829982577:task-definition/onedelivery-resolution-agent:23",
            "arn_without_revision": "arn:aws:ecs:ap-southeast-1:542829982577:task-definition/onedelivery-resolution-agent",
            "container_definitions": "[{\"environment\":[{\"name\":\"DB_HOST\",\"value\":\"onedelivery-postgres.chqkmym8y08l.ap-southeast-1.rds.amazonaws.com\"},{\"name\":\"DB_NAME\",\"value\":\"onedelivery\"},{\"name\":\"DB_PORT\",\"value\":\"5432\"},{\"name\":\"DB_USER\",\"value\":\"postgres\"},{\"name\":\"NODE_ENV\",\"value\":\"production\"},{\"name\":\"RESOLUTION_AGENT_PORT\",\"value\":\"9012\"}],\"essential\":true,\"image\":\"542829982577.dkr.ecr.ap-southeast-1.amazonaws.com/onedelivery-resolution-agent:latest\",\"logConfiguration\":{\"logDriver\":\"awslogs\",\"options\":{\"awslogs-stream-prefix\":\"resolution-agent\",\"awslogs-group\":\"/ecs/onedelivery-resolution-agent\",\"awslogs-region\":\"ap-southeast-1\"}},\"mountPoints\":[],\"name\":\"resolution-agent\",\"portMappings\":[{\"containerPort\":9012,\"hostPort\":9012,\"protocol\":\"tcp\"}],\"secrets\":[{\"name\":\"CORS_ORIGIN\",\"valueFrom\":\"arn:aws:ssm:ap-southeast-1:542829982577:parameter/onedelivery/CORS_ORIGIN\"},{\"name\":\"DATABASE_URL\",\"valueFrom\":\"arn:aws:ssm:ap-southeast-1:542829982577:parameter/onedelivery/DATABASE_URL\"},{\"name\":\"DB_PASSWORD\",\"valueFrom\":\"arn:aws:ssm:ap-southeast-1:542829982577:parameter/onedelivery/DB_PASSWORD\"},{\"name\":\"EVAL_LANGSMITH_API_KEY\",\"valueFrom\":\"arn:aws:ssm:ap-southeast-1:542829982577:parameter/onedelivery/EVAL_LANGSMITH_API_KEY\"},{\"name\":\"GEMINI_API_KEY\",\"valueFrom\":\"arn:aws:ssm:ap-southeast-1:542829982577:parameter/onedelivery/GEMINI_API_KEY\"},{\"name\":\"JWT_SECRET\",\"valueFrom\":\"arn:aws:ssm:ap-southeast-1:542829982577:parameter/onedelivery/JWT_SECRET\"},{\"name\":\"LANGCHAIN_API_KEY\",\"valueFrom\":\"arn:aws:ssm:ap-southeast-1:542829982577:parameter/onedelivery/LANGSMITH_API_KEY\"},{\"name\":\"LANGSMITH_API_KEY\",\"valueFrom\":\"arn:aws:ssm:ap-southeast-1:542829982577:parameter/onedelivery/LANGSMITH_API_KEY\"},{\"name\":\"LANGSMITH_ENDPOINT\",\"valueFrom\":\"arn:aws:ssm:ap-southeast-1:542829982577:parameter/onedelivery/LANGSMITH_ENDPOINT\"},{\"name\":\"LANGSMITH_PROJECT\",\"valueFrom\":\"arn:aws:ssm:ap-southeast-1:542829982577:parameter/onedelivery/LANGSMITH_PROJECT\"},{\"name\":\"LANGSMITH_TRACING\",\"valueFrom\":\"arn:aws:ssm:ap-southeast-1:542829982577:parameter/onedelivery/LANGSMITH_TRACING\"},{\"name\":\"OPENAI_API_KEY\",\"valueFrom\":\"arn:aws:ssm:ap-southeast-1:542829982577:parameter/onedelivery/OPENAI_API_KEY\"},{\"name\":\"RABBITMQ_URL\",\"valueFrom\":\"arn:aws:ssm:ap-southeast-1:542829982577:parameter/onedelivery/RABBITMQ_URL\"}],\"systemControls\":[],\"volumesFrom\":[]}]",
            "cpu": "256",
            "enable_fault_injection": false,
            "ephemeral_storage": [],
            "execution_role_arn": "arn:aws:iam::542829982577:role/onedelivery-ecs-exec",
            "family": "onedelivery-resolution-agent",
            "id": "onedelivery-resolution-agent",
            "inference_accelerator": [],
            "ipc_mode": "",
            "memory": "512",
            "network_mode": "awsvpc",
            "pid_mode": "",
            "placement_constraints": [],
            "proxy_configuration": [],
            "requires_compatibilities": [
              "FARGATE"
            ],
            "revision": 23,
            "runtime_platform": [],
            "skip_destroy": false,
            "tags": {},
            "tags_all": {
              "Environment": "dev",
              "ManagedBy": "terraform",
              "Project": "onedelivery"
            },
            "task_role_arn": "arn:aws:iam::542829982577:role/onedelivery-ecs-task",
            "track_latest": false,
            "volume": []
          },
          "sensitive_attributes": [
            [
              {
                "type": "get_attr",
                "value": "container_definitions"
              }
            ]
          ],
          "private": "eyJzY2hlbWFfdmVyc2lvbiI6IjEifQ==",
          "dependencies": [
            "aws_apigatewayv2_api.websocket",
            "aws_cloudwatch_log_group.ecs",
            "aws_db_instance.postgres",
            "aws_db_subnet_group.postgres",
            "aws_iam_role.ecs_task",
            "aws_iam_role.ecs_task_execution",
            "aws_security_group.alb",
            "aws_security_group.ecs_tasks",
            "aws_security_group.postgres",
            "aws_ssm_parameter.cors_origin",
            "aws_ssm_parameter.database_url",
            "aws_ssm_parameter.db_password",
            "aws_ssm_parameter.eval_langsmith_api_key",
            "aws_ssm_parameter.gemini_api_key",
            "aws_ssm_parameter.jwt_secret",
            "aws_ssm_parameter.langsmith_api_key",
            "aws_ssm_parameter.langsmith_endpoint",
            "aws_ssm_parameter.langsmith_project",
            "aws_ssm_parameter.langsmith_tracing",
            "aws_ssm_parameter.openai_api_key",
            "aws_ssm_parameter.rabbitmq_url",
            "aws_subnet.private_a",
            "aws_subnet.private_b",
            "aws_subnet.private_c",
            "data.aws_availability_zones.available",
            "data.aws_ecr_repository.services",
            "data.aws_vpc.main"
          ]
        },
        {
          "index_key": "user",
          "schema_version": 1,
          "attributes": {
            "arn": "arn:aws:ecs:ap-southeast-1:542829982577:task-definition/onedelivery-user:29",
            "arn_without_revision": "arn:aws:ecs:ap-southeast-1:542829982577:task-definition/onedelivery-user",
            "container_definitions": "[{\"environment\":[{\"name\":\"DB_HOST\",\"value\":\"onedelivery-postgres.chqkmym8y08l.ap-southeast-1.rds.amazonaws.com\"},{\"name\":\"DB_NAME\",\"value\":\"onedelivery\"},{\"name\":\"DB_PORT\",\"value\":\"5432\"},{\"name\":\"DB_USER\",\"value\":\"postgres\"},{\"name\":\"NODE_ENV\",\"value\":\"production\"},{\"name\":\"USER_PORT\",\"value\":\"9005\"}],\"essential\":true,\"image\":\"542829982577.dkr.ecr.ap-southeast-1.amazonaws.com/onedelivery-user:latest\",\"logConfiguration\":{\"logDriver\":\"awslogs\",\"options\":{\"awslogs-group\":\"/ecs/onedelivery-user\",\"awslogs-region\":\"ap-southeast-1\",\"awslogs-stream-prefix\":\"user\"}},\"mountPoints\":[],\"name\":\"user\",\"portMappings\":[{\"containerPort\":9005,\"hostPort\":9005,\"protocol\":\"tcp\"}],\"secrets\":[{\"name\":\"CORS_ORIGIN\",\"valueFrom\":\"arn:aws:ssm:ap-southeast-1:542829982577:parameter/onedelivery/CORS_ORIGIN\"},{\"name\":\"DATABASE_URL\",\"valueFrom\":\"arn:aws:ssm:ap-southeast-1:542829982577:parameter/onedelivery/DATABASE_URL\"},{\"name\":\"DB_PASSWORD\",\"valueFrom\":\"arn:aws:ssm:ap-southeast-1:542829982577:parameter/onedelivery/DB_PASSWORD\"},{\"name\":\"EVAL_LANGSMITH_API_KEY\",\"valueFrom\":\"arn:aws:ssm:ap-southeast-1:542829982577:parameter/onedelivery/EVAL_LANGSMITH_API_KEY\"},{\"name\":\"GEMINI_API_KEY\",\"valueFrom\":\"arn:aws:ssm:ap-southeast-1:542829982577:parameter/onedelivery/GEMINI_API_KEY\"},{\"name\":\"JWT_SECRET\",\"valueFrom\":\"arn:aws:ssm:ap-southeast-1:542829982577:parameter/onedelivery/JWT_SECRET\"},{\"name\":\"LANGCHAIN_API_KEY\",\"valueFrom\":\"arn:aws:ssm:ap-southeast-1:542829982577:parameter/onedelivery/LANGSMITH_API_KEY\"},{\"name\":\"LANGSMITH_API_KEY\",\"valueFrom\":\"arn:aws:ssm:ap-southeast-1:542829982577:parameter/onedelivery/LANGSMITH_API_KEY\"},{\"name\":\"LANGSMITH_ENDPOINT\",\"valueFrom\":\"arn:aws:ssm:ap-southeast-1:542829982577:parameter/onedelivery/LANGSMITH_ENDPOINT\"},{\"name\":\"LANGSMITH_PROJECT\",\"valueFrom\":\"arn:aws:ssm:ap-southeast-1:542829982577:parameter/onedelivery/LANGSMITH_PROJECT\"},{\"name\":\"LANGSMITH_TRACING\",\"valueFrom\":\"arn:aws:ssm:ap-southeast-1:542829982577:parameter/onedelivery/LANGSMITH_TRACING\"},{\"name\":\"OPENAI_API_KEY\",\"valueFrom\":\"arn:aws:ssm:ap-southeast-1:542829982577:parameter/onedelivery/OPENAI_API_KEY\"},{\"name\":\"RABBITMQ_URL\",\"valueFrom\":\"arn:aws:ssm:ap-southeast-1:542829982577:parameter/onedelivery/RABBITMQ_URL\"}],\"systemControls\":[],\"volumesFrom\":[]}]",
            "cpu": "256",
            "enable_fault_injection": false,
            "ephemeral_storage": [],
            "execution_role_arn": "arn:aws:iam::542829982577:role/onedelivery-ecs-exec",
            "family": "onedelivery-user",
            "id": "onedelivery-user",
            "inference_accelerator": [],
            "ipc_mode": "",
            "memory": "512",
            "network_mode": "awsvpc",
            "pid_mode": "",
            "placement_constraints": [],
            "proxy_configuration": [],
            "requires_compatibilities": [
              "FARGATE"
            ],
            "revision": 29,
            "runtime_platform": [],
            "skip_destroy": false,
            "tags": {},
            "tags_all": {
              "Environment": "dev",
              "ManagedBy": "terraform",
              "Project": "onedelivery"
            },
            "task_role_arn": "arn:aws:iam::542829982577:role/onedelivery-ecs-task",
            "track_latest": false,
            "volume": []
          },
          "sensitive_attributes": [
            [
              {
                "type": "get_attr",
                "value": "container_definitions"
              }
            ]
          ],
          "private": "eyJzY2hlbWFfdmVyc2lvbiI6IjEifQ==",
          "dependencies": [
            "aws_apigatewayv2_api.websocket",
            "aws_cloudwatch_log_group.ecs",
            "aws_db_instance.postgres",
            "aws_db_subnet_group.postgres",
            "aws_iam_role.ecs_task",
            "aws_iam_role.ecs_task_execution",
            "aws_security_group.alb",
            "aws_security_group.ecs_tasks",
            "aws_security_group.postgres",
            "aws_ssm_parameter.cors_origin",
            "aws_ssm_parameter.database_url",
            "aws_ssm_parameter.db_password",
            "aws_ssm_parameter.eval_langsmith_api_key",
            "aws_ssm_parameter.gemini_api_key",
            "aws_ssm_parameter.jwt_secret",
            "aws_ssm_parameter.langsmith_api_key",
            "aws_ssm_parameter.langsmith_endpoint",
            "aws_ssm_parameter.langsmith_project",
            "aws_ssm_parameter.langsmith_tracing",
            "aws_ssm_parameter.openai_api_key",
            "aws_ssm_parameter.rabbitmq_url",
            "aws_subnet.private_a",
            "aws_subnet.private_b",
            "aws_subnet.private_c",
            "data.aws_availability_zones.available",
            "data.aws_ecr_repository.services",
            "data.aws_vpc.main"
          ]
        }
      ]
    },
    {
      "mode": "managed",
      "type": "aws_iam_role",
      "name": "apigw_cloudwatch",
      "provider": "provider[\"registry.terraform.io/hashicorp/aws\"]",
      "instances": [
        {
          "index_key": 0,
          "schema_version": 0,
          "attributes": {
            "arn": "arn:aws:iam::542829982577:role/onedelivery-apigw-cw-role",
            "assume_role_policy": "{\"Statement\":[{\"Action\":\"sts:AssumeRole\",\"Effect\":\"Allow\",\"Principal\":{\"Service\":\"apigateway.amazonaws.com\"}}],\"Version\":\"2012-10-17\"}",
            "create_date": "2026-03-31T19:59:42Z",
            "description": "",
            "force_detach_policies": false,
            "id": "onedelivery-apigw-cw-role",
            "inline_policy": [],
            "managed_policy_arns": [
              "arn:aws:iam::aws:policy/service-role/AmazonAPIGatewayPushToCloudWatchLogs"
            ],
            "max_session_duration": 3600,
            "name": "onedelivery-apigw-cw-role",
            "name_prefix": "",
            "path": "/",
            "permissions_boundary": "",
            "tags": {},
            "tags_all": {
              "Environment": "dev",
              "ManagedBy": "terraform",
              "Project": "onedelivery"
            },
            "unique_id": "AROAX4YZQGNYYJDLL36TV"
          },
          "sensitive_attributes": [],
          "private": "bnVsbA=="
        }
      ]
    },
    {
      "mode": "managed",
      "type": "aws_iam_role",
      "name": "ecs_task",
      "provider": "provider[\"registry.terraform.io/hashicorp/aws\"]",
      "instances": [
        {
          "schema_version": 0,
          "attributes": {
            "arn": "arn:aws:iam::542829982577:role/onedelivery-ecs-task",
            "assume_role_policy": "{\"Statement\":[{\"Action\":\"sts:AssumeRole\",\"Effect\":\"Allow\",\"Principal\":{\"Service\":\"ecs-tasks.amazonaws.com\"}}],\"Version\":\"2012-10-17\"}",
            "create_date": "2026-03-01T18:07:24Z",
            "description": "",
            "force_detach_policies": false,
            "id": "onedelivery-ecs-task",
            "inline_policy": [
              {
                "name": "onedelivery-ecs-exec",
                "policy": "{\"Version\":\"2012-10-17\",\"Statement\":[{\"Action\":[\"ssmmessages:CreateControlChannel\",\"ssmmessages:CreateDataChannel\",\"ssmmessages:OpenControlChannel\",\"ssmmessages:OpenDataChannel\"],\"Effect\":\"Allow\",\"Resource\":\"*\"}]}"
              },
              {
                "name": "onedelivery-ecs-task-ws-callback",
                "policy": "{\"Version\":\"2012-10-17\",\"Statement\":[{\"Action\":\"execute-api:ManageConnections\",\"Effect\":\"Allow\",\"Resource\":\"arn:aws:execute-api:ap-southeast-1:542829982577:18gvmx3hn7/prod/POST/@connections/*\"}]}"
              }
            ],
            "managed_policy_arns": [],
            "max_session_duration": 3600,
            "name": "onedelivery-ecs-task",
            "name_prefix": "",
            "path": "/",
            "permissions_boundary": "",
            "tags": {},
            "tags_all": {
              "Environment": "dev",
              "ManagedBy": "terraform",
              "Project": "onedelivery"
            },
            "unique_id": "AROAX4YZQGNYQR7KNFEJK"
          },
          "sensitive_attributes": [],
          "private": "bnVsbA=="
        }
      ]
    },
    {
      "mode": "managed",
      "type": "aws_iam_role",
      "name": "ecs_task_execution",
      "provider": "provider[\"registry.terraform.io/hashicorp/aws\"]",
      "instances": [
        {
          "schema_version": 0,
          "attributes": {
            "arn": "arn:aws:iam::542829982577:role/onedelivery-ecs-exec",
            "assume_role_policy": "{\"Statement\":[{\"Action\":\"sts:AssumeRole\",\"Effect\":\"Allow\",\"Principal\":{\"Service\":\"ecs-tasks.amazonaws.com\"}}],\"Version\":\"2012-10-17\"}",
            "create_date": "2026-03-01T18:07:24Z",
            "description": "",
            "force_detach_policies": false,
            "id": "onedelivery-ecs-exec",
            "inline_policy": [
              {
                "name": "onedelivery-ecs-exec-ssm-secrets",
                "policy": "{\"Version\":\"2012-10-17\",\"Statement\":[{\"Action\":[\"ssm:GetParameters\",\"ssm:GetParameter\"],\"Effect\":\"Allow\",\"Resource\":[\"arn:aws:ssm:ap-southeast-1:542829982577:parameter/onedelivery/OPENAI_API_KEY\",\"arn:aws:ssm:ap-southeast-1:542829982577:parameter/onedelivery/LANGSMITH_TRACING\",\"arn:aws:ssm:ap-southeast-1:542829982577:parameter/onedelivery/LANGSMITH_ENDPOINT\",\"arn:aws:ssm:ap-southeast-1:542829982577:parameter/onedelivery/LANGSMITH_API_KEY\",\"arn:aws:ssm:ap-southeast-1:542829982577:parameter/onedelivery/LANGSMITH_PROJECT\",\"arn:aws:ssm:ap-southeast-1:542829982577:parameter/onedelivery/EVAL_LANGSMITH_API_KEY\",\"arn:aws:ssm:ap-southeast-1:542829982577:parameter/onedelivery/GEMINI_API_KEY\",\"arn:aws:ssm:ap-southeast-1:542829982577:parameter/onedelivery/DATABASE_URL\",\"arn:aws:ssm:ap-southeast-1:542829982577:parameter/onedelivery/DB_PASSWORD\",\"arn:aws:ssm:ap-southeast-1:542829982577:parameter/onedelivery/JWT_SECRET\",\"arn:aws:ssm:ap-southeast-1:542829982577:parameter/onedelivery/RABBITMQ_URL\",\"arn:aws:ssm:ap-southeast-1:542829982577:parameter/onedelivery/CORS_ORIGIN\"],\"Sid\":\"SSMGetSecrets\"},{\"Action\":[\"kms:Decrypt\"],\"Effect\":\"Allow\",\"Resource\":\"arn:aws:kms:ap-southeast-1:542829982577:alias/aws/ssm\",\"Sid\":\"KMSDecryptSecureString\"}]}"
              }
            ],
            "managed_policy_arns": [
              "arn:aws:iam::aws:policy/service-role/AmazonECSTaskExecutionRolePolicy"
            ],
            "max_session_duration": 3600,
            "name": "onedelivery-ecs-exec",
            "name_prefix": "",
            "path": "/",
            "permissions_boundary": "",
            "tags": {},
            "tags_all": {
              "Environment": "dev",
              "ManagedBy": "terraform",
              "Project": "onedelivery"
            },
            "unique_id": "AROAX4YZQGNYSPNNAJMOP"
          },
          "sensitive_attributes": [],
          "private": "bnVsbA=="
        }
      ]
    },
    {
      "mode": "managed",
      "type": "aws_iam_role",
      "name": "lambda_ws",
      "provider": "provider[\"registry.terraform.io/hashicorp/aws\"]",
      "instances": [
        {
          "index_key": 0,
          "schema_version": 0,
          "attributes": {
            "arn": "arn:aws:iam::542829982577:role/onedelivery-lambda-ws",
            "assume_role_policy": "{\"Statement\":[{\"Action\":\"sts:AssumeRole\",\"Effect\":\"Allow\",\"Principal\":{\"Service\":\"lambda.amazonaws.com\"}}],\"Version\":\"2012-10-17\"}",
            "create_date": "2026-03-31T07:20:24Z",
            "description": "",
            "force_detach_policies": false,
            "id": "onedelivery-lambda-ws",
            "inline_policy": [
              {
                "name": "onedelivery-lambda-ws-ssm",
                "policy": "{\"Version\":\"2012-10-17\",\"Statement\":[{\"Action\":[\"ssm:GetParameter\",\"ssm:GetParameters\"],\"Effect\":\"Allow\",\"Resource\":[\"arn:aws:ssm:ap-southeast-1:542829982577:parameter/onedelivery/DATABASE_URL\",\"arn:aws:ssm:ap-southeast-1:542829982577:parameter/onedelivery/JWT_SECRET\",\"arn:aws:ssm:ap-southeast-1:542829982577:parameter/onedelivery/RABBITMQ_URL\"],\"Sid\":\"SSMGetSecrets\"},{\"Action\":[\"kms:Decrypt\"],\"Effect\":\"Allow\",\"Resource\":\"arn:aws:kms:ap-southeast-1:542829982577:alias/aws/ssm\",\"Sid\":\"KMSDecryptSecureString\"}]}"
              }
            ],
            "managed_policy_arns": [
              "arn:aws:iam::aws:policy/service-role/AWSLambdaBasicExecutionRole",
              "arn:aws:iam::aws:policy/service-role/AWSLambdaVPCAccessExecutionRole"
            ],
            "max_session_duration": 3600,
            "name": "onedelivery-lambda-ws",
            "name_prefix": "",
            "path": "/",
            "permissions_boundary": "",
            "tags": {},
            "tags_all": {
              "Environment": "dev",
              "ManagedBy": "terraform",
              "Project": "onedelivery"
            },
            "unique_id": "AROAX4YZQGNY2NCFAG3VU"
          },
          "sensitive_attributes": [],
          "private": "bnVsbA=="
        }
      ]
    },
    {
      "mode": "managed",
      "type": "aws_iam_role_policy",
      "name": "ecs_task_exec_ssm",
      "provider": "provider[\"registry.terraform.io/hashicorp/aws\"]",
      "instances": [
        {
          "schema_version": 0,
          "attributes": {
            "id": "onedelivery-ecs-task:onedelivery-ecs-exec",
            "name": "onedelivery-ecs-exec",
            "name_prefix": "",
            "policy": "{\"Version\":\"2012-10-17\",\"Statement\":[{\"Action\":[\"ssmmessages:CreateControlChannel\",\"ssmmessages:CreateDataChannel\",\"ssmmessages:OpenControlChannel\",\"ssmmessages:OpenDataChannel\"],\"Effect\":\"Allow\",\"Resource\":\"*\"}]}",
            "role": "onedelivery-ecs-task"
          },
          "sensitive_attributes": [],
          "private": "bnVsbA==",
          "dependencies": [
            "aws_iam_role.ecs_task"
          ]
        }
      ]
    },
    {
      "mode": "managed",
      "type": "aws_iam_role_policy",
      "name": "ecs_task_execution_ssm",
      "provider": "provider[\"registry.terraform.io/hashicorp/aws\"]",
      "instances": [
        {
          "schema_version": 0,
          "attributes": {
            "id": "onedelivery-ecs-exec:onedelivery-ecs-exec-ssm-secrets",
            "name": "onedelivery-ecs-exec-ssm-secrets",
            "name_prefix": "",
            "policy": "{\"Version\":\"2012-10-17\",\"Statement\":[{\"Action\":[\"ssm:GetParameters\",\"ssm:GetParameter\"],\"Effect\":\"Allow\",\"Resource\":[\"arn:aws:ssm:ap-southeast-1:542829982577:parameter/onedelivery/OPENAI_API_KEY\",\"arn:aws:ssm:ap-southeast-1:542829982577:parameter/onedelivery/LANGSMITH_TRACING\",\"arn:aws:ssm:ap-southeast-1:542829982577:parameter/onedelivery/LANGSMITH_ENDPOINT\",\"arn:aws:ssm:ap-southeast-1:542829982577:parameter/onedelivery/LANGSMITH_API_KEY\",\"arn:aws:ssm:ap-southeast-1:542829982577:parameter/onedelivery/LANGSMITH_PROJECT\",\"arn:aws:ssm:ap-southeast-1:542829982577:parameter/onedelivery/EVAL_LANGSMITH_API_KEY\",\"arn:aws:ssm:ap-southeast-1:542829982577:parameter/onedelivery/GEMINI_API_KEY\",\"arn:aws:ssm:ap-southeast-1:542829982577:parameter/onedelivery/DATABASE_URL\",\"arn:aws:ssm:ap-southeast-1:542829982577:parameter/onedelivery/DB_PASSWORD\",\"arn:aws:ssm:ap-southeast-1:542829982577:parameter/onedelivery/JWT_SECRET\",\"arn:aws:ssm:ap-southeast-1:542829982577:parameter/onedelivery/RABBITMQ_URL\",\"arn:aws:ssm:ap-southeast-1:542829982577:parameter/onedelivery/CORS_ORIGIN\"],\"Sid\":\"SSMGetSecrets\"},{\"Action\":[\"kms:Decrypt\"],\"Effect\":\"Allow\",\"Resource\":\"arn:aws:kms:ap-southeast-1:542829982577:alias/aws/ssm\",\"Sid\":\"KMSDecryptSecureString\"}]}",
            "role": "onedelivery-ecs-exec"
          },
          "sensitive_attributes": [],
          "private": "bnVsbA==",
          "dependencies": [
            "aws_db_instance.postgres",
            "aws_db_subnet_group.postgres",
            "aws_iam_role.ecs_task_execution",
            "aws_security_group.alb",
            "aws_security_group.ecs_tasks",
            "aws_security_group.postgres",
            "aws_ssm_parameter.cors_origin",
            "aws_ssm_parameter.database_url",
            "aws_ssm_parameter.db_password",
            "aws_ssm_parameter.eval_langsmith_api_key",
            "aws_ssm_parameter.gemini_api_key",
            "aws_ssm_parameter.jwt_secret",
            "aws_ssm_parameter.langsmith_api_key",
            "aws_ssm_parameter.langsmith_endpoint",
            "aws_ssm_parameter.langsmith_project",
            "aws_ssm_parameter.langsmith_tracing",
            "aws_ssm_parameter.openai_api_key",
            "aws_ssm_parameter.rabbitmq_url",
            "aws_subnet.private_a",
            "aws_subnet.private_b",
            "aws_subnet.private_c",
            "data.aws_availability_zones.available",
            "data.aws_vpc.main"
          ]
        }
      ]
    },
    {
      "mode": "managed",
      "type": "aws_iam_role_policy",
      "name": "ecs_task_ws_callback",
      "provider": "provider[\"registry.terraform.io/hashicorp/aws\"]",
      "instances": [
        {
          "index_key": 0,
          "schema_version": 0,
          "attributes": {
            "id": "onedelivery-ecs-task:onedelivery-ecs-task-ws-callback",
            "name": "onedelivery-ecs-task-ws-callback",
            "name_prefix": "",
            "policy": "{\"Version\":\"2012-10-17\",\"Statement\":[{\"Action\":\"execute-api:ManageConnections\",\"Effect\":\"Allow\",\"Resource\":\"arn:aws:execute-api:ap-southeast-1:542829982577:18gvmx3hn7/prod/POST/@connections/*\"}]}",
            "role": "onedelivery-ecs-task"
          },
          "sensitive_attributes": [],
          "private": "bnVsbA==",
          "dependencies": [
            "aws_apigatewayv2_api.websocket",
            "aws_iam_role.ecs_task",
            "data.aws_caller_identity.current"
          ]
        }
      ]
    },
    {
      "mode": "managed",
      "type": "aws_iam_role_policy",
      "name": "lambda_ws_ssm",
      "provider": "provider[\"registry.terraform.io/hashicorp/aws\"]",
      "instances": [
        {
          "index_key": 0,
          "schema_version": 0,
          "attributes": {
            "id": "onedelivery-lambda-ws:onedelivery-lambda-ws-ssm",
            "name": "onedelivery-lambda-ws-ssm",
            "name_prefix": "",
            "policy": "{\"Version\":\"2012-10-17\",\"Statement\":[{\"Action\":[\"ssm:GetParameter\",\"ssm:GetParameters\"],\"Effect\":\"Allow\",\"Resource\":[\"arn:aws:ssm:ap-southeast-1:542829982577:parameter/onedelivery/DATABASE_URL\",\"arn:aws:ssm:ap-southeast-1:542829982577:parameter/onedelivery/JWT_SECRET\",\"arn:aws:ssm:ap-southeast-1:542829982577:parameter/onedelivery/RABBITMQ_URL\"],\"Sid\":\"SSMGetSecrets\"},{\"Action\":[\"kms:Decrypt\"],\"Effect\":\"Allow\",\"Resource\":\"arn:aws:kms:ap-southeast-1:542829982577:alias/aws/ssm\",\"Sid\":\"KMSDecryptSecureString\"}]}",
            "role": "onedelivery-lambda-ws"
          },
          "sensitive_attributes": [],
          "private": "bnVsbA==",
          "dependencies": [
            "aws_db_instance.postgres",
            "aws_db_subnet_group.postgres",
            "aws_iam_role.lambda_ws",
            "aws_security_group.alb",
            "aws_security_group.ecs_tasks",
            "aws_security_group.postgres",
            "aws_ssm_parameter.database_url",
            "aws_ssm_parameter.jwt_secret",
            "aws_ssm_parameter.rabbitmq_url",
            "aws_subnet.private_a",
            "aws_subnet.private_b",
            "aws_subnet.private_c",
            "data.aws_availability_zones.available",
            "data.aws_vpc.main"
          ]
        }
      ]
    },
    {
      "mode": "managed",
      "type": "aws_iam_role_policy_attachment",
      "name": "apigw_cloudwatch",
      "provider": "provider[\"registry.terraform.io/hashicorp/aws\"]",
      "instances": [
        {
          "index_key": 0,
          "schema_version": 0,
          "attributes": {
            "id": "onedelivery-apigw-cw-role-20260331195944295600000001",
            "policy_arn": "arn:aws:iam::aws:policy/service-role/AmazonAPIGatewayPushToCloudWatchLogs",
            "role": "onedelivery-apigw-cw-role"
          },
          "sensitive_attributes": [],
          "private": "bnVsbA==",
          "dependencies": [
            "aws_iam_role.apigw_cloudwatch"
          ]
        }
      ]
    },
    {
      "mode": "managed",
      "type": "aws_iam_role_policy_attachment",
      "name": "ecs_task_execution",
      "provider": "provider[\"registry.terraform.io/hashicorp/aws\"]",
      "instances": [
        {
          "schema_version": 0,
          "attributes": {
            "id": "onedelivery-ecs-exec-20260301180725271800000001",
            "policy_arn": "arn:aws:iam::aws:policy/service-role/AmazonECSTaskExecutionRolePolicy",
            "role": "onedelivery-ecs-exec"
          },
          "sensitive_attributes": [],
          "private": "bnVsbA==",
          "dependencies": [
            "aws_iam_role.ecs_task_execution"
          ]
        }
      ]
    },
    {
      "mode": "managed",
      "type": "aws_iam_role_policy_attachment",
      "name": "lambda_ws_logs",
      "provider": "provider[\"registry.terraform.io/hashicorp/aws\"]",
      "instances": [
        {
          "index_key": 0,
          "schema_version": 0,
          "attributes": {
            "id": "onedelivery-lambda-ws-20260331072026391100000003",
            "policy_arn": "arn:aws:iam::aws:policy/service-role/AWSLambdaBasicExecutionRole",
            "role": "onedelivery-lambda-ws"
          },
          "sensitive_attributes": [],
          "private": "bnVsbA==",
          "dependencies": [
            "aws_iam_role.lambda_ws"
          ]
        }
      ]
    },
    {
      "mode": "managed",
      "type": "aws_iam_role_policy_attachment",
      "name": "lambda_ws_vpc",
      "provider": "provider[\"registry.terraform.io/hashicorp/aws\"]",
      "instances": [
        {
          "index_key": 0,
          "schema_version": 0,
          "attributes": {
            "id": "onedelivery-lambda-ws-20260331072026065200000002",
            "policy_arn": "arn:aws:iam::aws:policy/service-role/AWSLambdaVPCAccessExecutionRole",
            "role": "onedelivery-lambda-ws"
          },
          "sensitive_attributes": [],
          "private": "bnVsbA==",
          "dependencies": [
            "aws_iam_role.lambda_ws"
          ]
        }
      ]
    },
    {
      "mode": "managed",
      "type": "aws_internet_gateway",
      "name": "main",
      "provider": "provider[\"registry.terraform.io/hashicorp/aws\"]",
      "instances": [
        {
          "schema_version": 0,
          "attributes": {
            "arn": "arn:aws:ec2:ap-southeast-1:542829982577:internet-gateway/igw-0a0515cd57fcd23cf",
            "id": "igw-0a0515cd57fcd23cf",
            "owner_id": "542829982577",
            "tags": {
              "Name": "onedelivery-igw"
            },
            "tags_all": {
              "Environment": "dev",
              "ManagedBy": "terraform",
              "Name": "onedelivery-igw",
              "Project": "onedelivery"
            },
            "timeouts": null,
            "vpc_id": "vpc-01f4d46470a373bd0"
          },
          "sensitive_attributes": [],
          "private": "eyJlMmJmYjczMC1lY2FhLTExZTYtOGY4OC0zNDM2M2JjN2M0YzAiOnsiY3JlYXRlIjoxMjAwMDAwMDAwMDAwLCJkZWxldGUiOjEyMDAwMDAwMDAwMDAsInVwZGF0ZSI6MTIwMDAwMDAwMDAwMH19",
          "dependencies": [
            "data.aws_vpc.main"
          ]
        }
      ]
    },
    {
      "mode": "managed",
      "type": "aws_lambda_function",
      "name": "ws_authorizer",
      "provider": "provider[\"registry.terraform.io/hashicorp/aws\"]",
      "instances": [
        {
          "index_key": 0,
          "schema_version": 0,
          "attributes": {
            "architectures": [
              "x86_64"
            ],
            "arn": "arn:aws:lambda:ap-southeast-1:542829982577:function:onedelivery-ws-authorizer",
            "code_sha256": "dsCewTd54NQe3zabrHBJ/IrtrmA/KggiJlxyPeuDRFw=",
            "code_signing_config_arn": "",
            "dead_letter_config": [],
            "description": "",
            "environment": [
              {
                "variables": {
                  "ALLOWED_ROLES": "User,Admin",
                  "DATABASE_URL": "postgresql://postgres:64M4YXh08pe7@onedelivery-postgres.chqkmym8y08l.ap-southeast-1.rds.amazonaws.com:5432/onedelivery",
                  "JWT_SECRET": "ffa32c3d40342bec6c1bcfba7b4f8197",
                  "ORCHESTRATOR_QUEUE": "orchestrator_agent_queue",
                  "RATE_LIMIT_PER_MINUTE": "20"
                }
              }
            ],
            "ephemeral_storage": [
              {
                "size": 512
              }
            ],
            "file_system_config": [],
            "filename": "./lambda/authorizer.zip",
            "function_name": "onedelivery-ws-authorizer",
            "handler": "index.handler",
            "id": "onedelivery-ws-authorizer",
            "image_config": [],
            "image_uri": "",
            "invoke_arn": "arn:aws:apigateway:ap-southeast-1:lambda:path/2015-03-31/functions/arn:aws:lambda:ap-southeast-1:542829982577:function:onedelivery-ws-authorizer/invocations",
            "kms_key_arn": "",
            "last_modified": "2026-04-04T12:22:08.000+0000",
            "layers": [],
            "logging_config": [
              {
                "application_log_level": "",
                "log_format": "Text",
                "log_group": "/aws/lambda/onedelivery-ws-authorizer",
                "system_log_level": ""
              }
            ],
            "memory_size": 128,
            "package_type": "Zip",
            "publish": false,
            "qualified_arn": "arn:aws:lambda:ap-southeast-1:542829982577:function:onedelivery-ws-authorizer:$LATEST",
            "qualified_invoke_arn": "arn:aws:apigateway:ap-southeast-1:lambda:path/2015-03-31/functions/arn:aws:lambda:ap-southeast-1:542829982577:function:onedelivery-ws-authorizer:$LATEST/invocations",
            "replace_security_groups_on_destroy": null,
            "replacement_security_group_ids": null,
            "reserved_concurrent_executions": -1,
            "role": "arn:aws:iam::542829982577:role/onedelivery-lambda-ws",
            "runtime": "nodejs22.x",
            "s3_bucket": null,
            "s3_key": null,
            "s3_object_version": null,
            "signing_job_arn": "",
            "signing_profile_version_arn": "",
            "skip_destroy": false,
            "snap_start": [],
            "source_code_hash": "dsCewTd54NQe3zabrHBJ/IrtrmA/KggiJlxyPeuDRFw=",
            "source_code_size": 161591,
            "tags": {},
            "tags_all": {
              "Environment": "dev",
              "ManagedBy": "terraform",
              "Project": "onedelivery"
            },
            "timeout": 10,
            "timeouts": null,
            "tracing_config": [
              {
                "mode": "PassThrough"
              }
            ],
            "version": "$LATEST",
            "vpc_config": [
              {
                "ipv6_allowed_for_dual_stack": false,
                "security_group_ids": [
                  "sg-085cdd7377ff6d907"
                ],
                "subnet_ids": [
                  "subnet-086900f75d158bfe1",
                  "subnet-0bf8209152cea933c",
                  "subnet-0def3a3c74ef848e1"
                ],
                "vpc_id": "vpc-01f4d46470a373bd0"
              }
            ]
          },
          "sensitive_attributes": [
            [
              {
                "type": "get_attr",
                "value": "environment"
              },
              {
                "type": "index",
                "value": {
                  "value": 0,
                  "type": "number"
                }
              },
              {
                "type": "get_attr",
                "value": "variables"
              },
              {
                "type": "index",
                "value": {
                  "value": "DATABASE_URL",
                  "type": "string"
                }
              }
            ],
            [
              {
                "type": "get_attr",
                "value": "environment"
              },
              {
                "type": "index",
                "value": {
                  "value": 0,
                  "type": "number"
                }
              },
              {
                "type": "get_attr",
                "value": "variables"
              },
              {
                "type": "index",
                "value": {
                  "value": "JWT_SECRET",
                  "type": "string"
                }
              }
            ]
          ],
          "private": "eyJlMmJmYjczMC1lY2FhLTExZTYtOGY4OC0zNDM2M2JjN2M0YzAiOnsiY3JlYXRlIjo2MDAwMDAwMDAwMDAsImRlbGV0ZSI6NjAwMDAwMDAwMDAwLCJ1cGRhdGUiOjYwMDAwMDAwMDAwMH19",
          "dependencies": [
            "aws_db_instance.postgres",
            "aws_db_subnet_group.postgres",
            "aws_iam_role.lambda_ws",
            "aws_security_group.alb",
            "aws_security_group.ecs_tasks",
            "aws_security_group.postgres",
            "aws_ssm_parameter.database_url",
            "aws_ssm_parameter.jwt_secret",
            "aws_subnet.private_a",
            "aws_subnet.private_b",
            "aws_subnet.private_c",
            "aws_subnet.public_a",
            "aws_subnet.public_b",
            "aws_subnet.public_c",
            "data.archive_file.lambda",
            "data.aws_availability_zones.available",
            "data.aws_vpc.main",
            "null_resource.lambda_install"
          ]
        }
      ]
    },
    {
      "mode": "managed",
      "type": "aws_lambda_function",
      "name": "ws_connect",
      "provider": "provider[\"registry.terraform.io/hashicorp/aws\"]",
      "instances": [
        {
          "index_key": 0,
          "schema_version": 0,
          "attributes": {
            "architectures": [
              "x86_64"
            ],
            "arn": "arn:aws:lambda:ap-southeast-1:542829982577:function:onedelivery-ws-connect",
            "code_sha256": "RvUDe/ZvD+kgPZx84GiwKz3oHCbjVNcR4U//wfUidWU=",
            "code_signing_config_arn": "",
            "dead_letter_config": [],
            "description": "",
            "environment": [
              {
                "variables": {
                  "ALLOWED_ROLES": "User,Admin",
                  "DATABASE_URL": "postgresql://postgres:64M4YXh08pe7@onedelivery-postgres.chqkmym8y08l.ap-southeast-1.rds.amazonaws.com:5432/onedelivery",
                  "JWT_SECRET": "ffa32c3d40342bec6c1bcfba7b4f8197",
                  "ORCHESTRATOR_QUEUE": "orchestrator_agent_queue",
                  "RATE_LIMIT_PER_MINUTE": "20"
                }
              }
            ],
            "ephemeral_storage": [
              {
                "size": 512
              }
            ],
            "file_system_config": [],
            "filename": "./lambda/connect.zip",
            "function_name": "onedelivery-ws-connect",
            "handler": "index.handler",
            "id": "onedelivery-ws-connect",
            "image_config": [],
            "image_uri": "",
            "invoke_arn": "arn:aws:apigateway:ap-southeast-1:lambda:path/2015-03-31/functions/arn:aws:lambda:ap-southeast-1:542829982577:function:onedelivery-ws-connect/invocations",
            "kms_key_arn": "",
            "last_modified": "2026-04-04T12:22:13.000+0000",
            "layers": [],
            "logging_config": [
              {
                "application_log_level": "",
                "log_format": "Text",
                "log_group": "/aws/lambda/onedelivery-ws-connect",
                "system_log_level": ""
              }
            ],
            "memory_size": 128,
            "package_type": "Zip",
            "publish": false,
            "qualified_arn": "arn:aws:lambda:ap-southeast-1:542829982577:function:onedelivery-ws-connect:$LATEST",
            "qualified_invoke_arn": "arn:aws:apigateway:ap-southeast-1:lambda:path/2015-03-31/functions/arn:aws:lambda:ap-southeast-1:542829982577:function:onedelivery-ws-connect:$LATEST/invocations",
            "replace_security_groups_on_destroy": null,
            "replacement_security_group_ids": null,
            "reserved_concurrent_executions": -1,
            "role": "arn:aws:iam::542829982577:role/onedelivery-lambda-ws",
            "runtime": "nodejs22.x",
            "s3_bucket": null,
            "s3_key": null,
            "s3_object_version": null,
            "signing_job_arn": "",
            "signing_profile_version_arn": "",
            "skip_destroy": false,
            "snap_start": [],
            "source_code_hash": "RvUDe/ZvD+kgPZx84GiwKz3oHCbjVNcR4U//wfUidWU=",
            "source_code_size": 160443,
            "tags": {},
            "tags_all": {
              "Environment": "dev",
              "ManagedBy": "terraform",
              "Project": "onedelivery"
            },
            "timeout": 10,
            "timeouts": null,
            "tracing_config": [
              {
                "mode": "PassThrough"
              }
            ],
            "version": "$LATEST",
            "vpc_config": [
              {
                "ipv6_allowed_for_dual_stack": false,
                "security_group_ids": [
                  "sg-085cdd7377ff6d907"
                ],
                "subnet_ids": [
                  "subnet-086900f75d158bfe1",
                  "subnet-0bf8209152cea933c",
                  "subnet-0def3a3c74ef848e1"
                ],
                "vpc_id": "vpc-01f4d46470a373bd0"
              }
            ]
          },
          "sensitive_attributes": [
            [
              {
                "type": "get_attr",
                "value": "environment"
              },
              {
                "type": "index",
                "value": {
                  "value": 0,
                  "type": "number"
                }
              },
              {
                "type": "get_attr",
                "value": "variables"
              },
              {
                "type": "index",
                "value": {
                  "value": "DATABASE_URL",
                  "type": "string"
                }
              }
            ],
            [
              {
                "type": "get_attr",
                "value": "environment"
              },
              {
                "type": "index",
                "value": {
                  "value": 0,
                  "type": "number"
                }
              },
              {
                "type": "get_attr",
                "value": "variables"
              },
              {
                "type": "index",
                "value": {
                  "value": "JWT_SECRET",
                  "type": "string"
                }
              }
            ]
          ],
          "private": "eyJlMmJmYjczMC1lY2FhLTExZTYtOGY4OC0zNDM2M2JjN2M0YzAiOnsiY3JlYXRlIjo2MDAwMDAwMDAwMDAsImRlbGV0ZSI6NjAwMDAwMDAwMDAwLCJ1cGRhdGUiOjYwMDAwMDAwMDAwMH19",
          "dependencies": [
            "aws_db_instance.postgres",
            "aws_db_subnet_group.postgres",
            "aws_iam_role.lambda_ws",
            "aws_security_group.alb",
            "aws_security_group.ecs_tasks",
            "aws_security_group.postgres",
            "aws_ssm_parameter.database_url",
            "aws_ssm_parameter.jwt_secret",
            "aws_subnet.private_a",
            "aws_subnet.private_b",
            "aws_subnet.private_c",
            "aws_subnet.public_a",
            "aws_subnet.public_b",
            "aws_subnet.public_c",
            "data.archive_file.lambda",
            "data.aws_availability_zones.available",
            "data.aws_vpc.main",
            "null_resource.lambda_install"
          ]
        }
      ]
    },
    {
      "mode": "managed",
      "type": "aws_lambda_function",
      "name": "ws_disconnect",
      "provider": "provider[\"registry.terraform.io/hashicorp/aws\"]",
      "instances": [
        {
          "index_key": 0,
          "schema_version": 0,
          "attributes": {
            "architectures": [
              "x86_64"
            ],
            "arn": "arn:aws:lambda:ap-southeast-1:542829982577:function:onedelivery-ws-disconnect",
            "code_sha256": "VHUwyKnkLrEyYs5Ilon1IogU/o8tZc76FVl2aCQX+Tk=",
            "code_signing_config_arn": "",
            "dead_letter_config": [],
            "description": "",
            "environment": [
              {
                "variables": {
                  "ALLOWED_ROLES": "User,Admin",
                  "DATABASE_URL": "postgresql://postgres:64M4YXh08pe7@onedelivery-postgres.chqkmym8y08l.ap-southeast-1.rds.amazonaws.com:5432/onedelivery",
                  "JWT_SECRET": "ffa32c3d40342bec6c1bcfba7b4f8197",
                  "ORCHESTRATOR_QUEUE": "orchestrator_agent_queue",
                  "RATE_LIMIT_PER_MINUTE": "20"
                }
              }
            ],
            "ephemeral_storage": [
              {
                "size": 512
              }
            ],
            "file_system_config": [],
            "filename": "./lambda/disconnect.zip",
            "function_name": "onedelivery-ws-disconnect",
            "handler": "index.handler",
            "id": "onedelivery-ws-disconnect",
            "image_config": [],
            "image_uri": "",
            "invoke_arn": "arn:aws:apigateway:ap-southeast-1:lambda:path/2015-03-31/functions/arn:aws:lambda:ap-southeast-1:542829982577:function:onedelivery-ws-disconnect/invocations",
            "kms_key_arn": "",
            "last_modified": "2026-04-04T12:22:02.000+0000",
            "layers": [],
            "logging_config": [
              {
                "application_log_level": "",
                "log_format": "Text",
                "log_group": "/aws/lambda/onedelivery-ws-disconnect",
                "system_log_level": ""
              }
            ],
            "memory_size": 128,
            "package_type": "Zip",
            "publish": false,
            "qualified_arn": "arn:aws:lambda:ap-southeast-1:542829982577:function:onedelivery-ws-disconnect:$LATEST",
            "qualified_invoke_arn": "arn:aws:apigateway:ap-southeast-1:lambda:path/2015-03-31/functions/arn:aws:lambda:ap-southeast-1:542829982577:function:onedelivery-ws-disconnect:$LATEST/invocations",
            "replace_security_groups_on_destroy": null,
            "replacement_security_group_ids": null,
            "reserved_concurrent_executions": -1,
            "role": "arn:aws:iam::542829982577:role/onedelivery-lambda-ws",
            "runtime": "nodejs22.x",
            "s3_bucket": null,
            "s3_key": null,
            "s3_object_version": null,
            "signing_job_arn": "",
            "signing_profile_version_arn": "",
            "skip_destroy": false,
            "snap_start": [],
            "source_code_hash": "VHUwyKnkLrEyYs5Ilon1IogU/o8tZc76FVl2aCQX+Tk=",
            "source_code_size": 160231,
            "tags": {},
            "tags_all": {
              "Environment": "dev",
              "ManagedBy": "terraform",
              "Project": "onedelivery"
            },
            "timeout": 10,
            "timeouts": null,
            "tracing_config": [
              {
                "mode": "PassThrough"
              }
            ],
            "version": "$LATEST",
            "vpc_config": [
              {
                "ipv6_allowed_for_dual_stack": false,
                "security_group_ids": [
                  "sg-085cdd7377ff6d907"
                ],
                "subnet_ids": [
                  "subnet-086900f75d158bfe1",
                  "subnet-0bf8209152cea933c",
                  "subnet-0def3a3c74ef848e1"
                ],
                "vpc_id": "vpc-01f4d46470a373bd0"
              }
            ]
          },
          "sensitive_attributes": [
            [
              {
                "type": "get_attr",
                "value": "environment"
              },
              {
                "type": "index",
                "value": {
                  "value": 0,
                  "type": "number"
                }
              },
              {
                "type": "get_attr",
                "value": "variables"
              },
              {
                "type": "index",
                "value": {
                  "value": "DATABASE_URL",
                  "type": "string"
                }
              }
            ],
            [
              {
                "type": "get_attr",
                "value": "environment"
              },
              {
                "type": "index",
                "value": {
                  "value": 0,
                  "type": "number"
                }
              },
              {
                "type": "get_attr",
                "value": "variables"
              },
              {
                "type": "index",
                "value": {
                  "value": "JWT_SECRET",
                  "type": "string"
                }
              }
            ]
          ],
          "private": "eyJlMmJmYjczMC1lY2FhLTExZTYtOGY4OC0zNDM2M2JjN2M0YzAiOnsiY3JlYXRlIjo2MDAwMDAwMDAwMDAsImRlbGV0ZSI6NjAwMDAwMDAwMDAwLCJ1cGRhdGUiOjYwMDAwMDAwMDAwMH19",
          "dependencies": [
            "aws_db_instance.postgres",
            "aws_db_subnet_group.postgres",
            "aws_iam_role.lambda_ws",
            "aws_security_group.alb",
            "aws_security_group.ecs_tasks",
            "aws_security_group.postgres",
            "aws_ssm_parameter.database_url",
            "aws_ssm_parameter.jwt_secret",
            "aws_subnet.private_a",
            "aws_subnet.private_b",
            "aws_subnet.private_c",
            "aws_subnet.public_a",
            "aws_subnet.public_b",
            "aws_subnet.public_c",
            "data.archive_file.lambda",
            "data.aws_availability_zones.available",
            "data.aws_vpc.main",
            "null_resource.lambda_install"
          ]
        }
      ]
    },
    {
      "mode": "managed",
      "type": "aws_lambda_function",
      "name": "ws_send_message",
      "provider": "provider[\"registry.terraform.io/hashicorp/aws\"]",
      "instances": [
        {
          "index_key": 0,
          "schema_version": 0,
          "attributes": {
            "architectures": [
              "x86_64"
            ],
            "arn": "arn:aws:lambda:ap-southeast-1:542829982577:function:onedelivery-ws-send-message",
            "code_sha256": "KkN0SV0AkF40yIkMKB1IdyckzEBgF0APTWJjYKKQmtQ=",
            "code_signing_config_arn": "",
            "dead_letter_config": [],
            "description": "",
            "environment": [
              {
                "variables": {
                  "ORCHESTRATOR_QUEUE": "orchestrator_agent_queue",
                  "SSM_JWT_SECRET": "/onedelivery/JWT_SECRET",
                  "SSM_RABBITMQ_URL": "/onedelivery/RABBITMQ_URL"
                }
              }
            ],
            "ephemeral_storage": [
              {
                "size": 512
              }
            ],
            "file_system_config": [],
            "filename": "./lambda/send-message.zip",
            "function_name": "onedelivery-ws-send-message",
            "handler": "index.handler",
            "id": "onedelivery-ws-send-message",
            "image_config": [],
            "image_uri": "",
            "invoke_arn": "arn:aws:apigateway:ap-southeast-1:lambda:path/2015-03-31/functions/arn:aws:lambda:ap-southeast-1:542829982577:function:onedelivery-ws-send-message/invocations",
            "kms_key_arn": "",
            "last_modified": "2026-04-04T12:59:36.000+0000",
            "layers": [],
            "logging_config": [
              {
                "application_log_level": "",
                "log_format": "Text",
                "log_group": "/aws/lambda/onedelivery-ws-send-message",
                "system_log_level": ""
              }
            ],
            "memory_size": 128,
            "package_type": "Zip",
            "publish": false,
            "qualified_arn": "arn:aws:lambda:ap-southeast-1:542829982577:function:onedelivery-ws-send-message:$LATEST",
            "qualified_invoke_arn": "arn:aws:apigateway:ap-southeast-1:lambda:path/2015-03-31/functions/arn:aws:lambda:ap-southeast-1:542829982577:function:onedelivery-ws-send-message:$LATEST/invocations",
            "replace_security_groups_on_destroy": null,
            "replacement_security_group_ids": null,
            "reserved_concurrent_executions": -1,
            "role": "arn:aws:iam::542829982577:role/onedelivery-lambda-ws",
            "runtime": "nodejs22.x",
            "s3_bucket": null,
            "s3_key": null,
            "s3_object_version": null,
            "signing_job_arn": "",
            "signing_profile_version_arn": "",
            "skip_destroy": false,
            "snap_start": [],
            "source_code_hash": "KkN0SV0AkF40yIkMKB1IdyckzEBgF0APTWJjYKKQmtQ=",
            "source_code_size": 162957,
            "tags": {},
            "tags_all": {
              "Environment": "dev",
              "ManagedBy": "terraform",
              "Project": "onedelivery"
            },
            "timeout": 15,
            "timeouts": null,
            "tracing_config": [
              {
                "mode": "PassThrough"
              }
            ],
            "version": "$LATEST",
            "vpc_config": []
          },
          "sensitive_attributes": [],
          "private": "eyJlMmJmYjczMC1lY2FhLTExZTYtOGY4OC0zNDM2M2JjN2M0YzAiOnsiY3JlYXRlIjo2MDAwMDAwMDAwMDAsImRlbGV0ZSI6NjAwMDAwMDAwMDAwLCJ1cGRhdGUiOjYwMDAwMDAwMDAwMH19",
          "dependencies": [
            "aws_iam_role.lambda_ws",
            "aws_ssm_parameter.jwt_secret",
            "aws_ssm_parameter.rabbitmq_url",
            "data.archive_file.lambda",
            "null_resource.lambda_install"
          ]
        }
      ]
    },
    {
      "mode": "managed",
      "type": "aws_lambda_permission",
      "name": "ws_authorizer",
      "provider": "provider[\"registry.terraform.io/hashicorp/aws\"]",
      "instances": [
        {
          "index_key": 0,
          "schema_version": 0,
          "attributes": {
            "action": "lambda:InvokeFunction",
            "event_source_token": null,
            "function_name": "onedelivery-ws-authorizer",
            "function_url_auth_type": null,
            "id": "AllowWebSocketAuthorizer",
            "principal": "apigateway.amazonaws.com",
            "principal_org_id": null,
            "qualifier": "",
            "source_account": null,
            "source_arn": "arn:aws:execute-api:ap-southeast-1:542829982577:18gvmx3hn7/*",
            "statement_id": "AllowWebSocketAuthorizer",
            "statement_id_prefix": ""
          },
          "sensitive_attributes": [],
          "private": "bnVsbA==",
          "dependencies": [
            "aws_apigatewayv2_api.websocket",
            "aws_db_instance.postgres",
            "aws_db_subnet_group.postgres",
            "aws_iam_role.lambda_ws",
            "aws_lambda_function.ws_authorizer",
            "aws_security_group.alb",
            "aws_security_group.ecs_tasks",
            "aws_security_group.postgres",
            "aws_ssm_parameter.database_url",
            "aws_ssm_parameter.jwt_secret",
            "aws_subnet.private_a",
            "aws_subnet.private_b",
            "aws_subnet.private_c",
            "aws_subnet.public_a",
            "aws_subnet.public_b",
            "aws_subnet.public_c",
            "data.archive_file.lambda",
            "data.aws_availability_zones.available",
            "data.aws_vpc.main",
            "null_resource.lambda_install"
          ]
        }
      ]
    },
    {
      "mode": "managed",
      "type": "aws_lambda_permission",
      "name": "ws_connect",
      "provider": "provider[\"registry.terraform.io/hashicorp/aws\"]",
      "instances": [
        {
          "index_key": 0,
          "schema_version": 0,
          "attributes": {
            "action": "lambda:InvokeFunction",
            "event_source_token": null,
            "function_name": "onedelivery-ws-connect",
            "function_url_auth_type": null,
            "id": "AllowWebSocketConnect",
            "principal": "apigateway.amazonaws.com",
            "principal_org_id": null,
            "qualifier": "",
            "source_account": null,
            "source_arn": "arn:aws:execute-api:ap-southeast-1:542829982577:18gvmx3hn7/*",
            "statement_id": "AllowWebSocketConnect",
            "statement_id_prefix": ""
          },
          "sensitive_attributes": [],
          "private": "bnVsbA==",
          "dependencies": [
            "aws_apigatewayv2_api.websocket",
            "aws_db_instance.postgres",
            "aws_db_subnet_group.postgres",
            "aws_iam_role.lambda_ws",
            "aws_lambda_function.ws_connect",
            "aws_security_group.alb",
            "aws_security_group.ecs_tasks",
            "aws_security_group.postgres",
            "aws_ssm_parameter.database_url",
            "aws_ssm_parameter.jwt_secret",
            "aws_subnet.private_a",
            "aws_subnet.private_b",
            "aws_subnet.private_c",
            "aws_subnet.public_a",
            "aws_subnet.public_b",
            "aws_subnet.public_c",
            "data.archive_file.lambda",
            "data.aws_availability_zones.available",
            "data.aws_vpc.main",
            "null_resource.lambda_install"
          ]
        }
      ]
    },
    {
      "mode": "managed",
      "type": "aws_lambda_permission",
      "name": "ws_disconnect",
      "provider": "provider[\"registry.terraform.io/hashicorp/aws\"]",
      "instances": [
        {
          "index_key": 0,
          "schema_version": 0,
          "attributes": {
            "action": "lambda:InvokeFunction",
            "event_source_token": null,
            "function_name": "onedelivery-ws-disconnect",
            "function_url_auth_type": null,
            "id": "AllowWebSocketDisconnect",
            "principal": "apigateway.amazonaws.com",
            "principal_org_id": null,
            "qualifier": "",
            "source_account": null,
            "source_arn": "arn:aws:execute-api:ap-southeast-1:542829982577:18gvmx3hn7/*",
            "statement_id": "AllowWebSocketDisconnect",
            "statement_id_prefix": ""
          },
          "sensitive_attributes": [],
          "private": "bnVsbA==",
          "dependencies": [
            "aws_apigatewayv2_api.websocket",
            "aws_db_instance.postgres",
            "aws_db_subnet_group.postgres",
            "aws_iam_role.lambda_ws",
            "aws_lambda_function.ws_disconnect",
            "aws_security_group.alb",
            "aws_security_group.ecs_tasks",
            "aws_security_group.postgres",
            "aws_ssm_parameter.database_url",
            "aws_ssm_parameter.jwt_secret",
            "aws_subnet.private_a",
            "aws_subnet.private_b",
            "aws_subnet.private_c",
            "aws_subnet.public_a",
            "aws_subnet.public_b",
            "aws_subnet.public_c",
            "data.archive_file.lambda",
            "data.aws_availability_zones.available",
            "data.aws_vpc.main",
            "null_resource.lambda_install"
          ]
        }
      ]
    },
    {
      "mode": "managed",
      "type": "aws_lambda_permission",
      "name": "ws_send_message",
      "provider": "provider[\"registry.terraform.io/hashicorp/aws\"]",
      "instances": [
        {
          "index_key": 0,
          "schema_version": 0,
          "attributes": {
            "action": "lambda:InvokeFunction",
            "event_source_token": null,
            "function_name": "onedelivery-ws-send-message",
            "function_url_auth_type": null,
            "id": "AllowWebSocketSendMessage",
            "principal": "apigateway.amazonaws.com",
            "principal_org_id": null,
            "qualifier": "",
            "source_account": null,
            "source_arn": "arn:aws:execute-api:ap-southeast-1:542829982577:18gvmx3hn7/*",
            "statement_id": "AllowWebSocketSendMessage",
            "statement_id_prefix": ""
          },
          "sensitive_attributes": [],
          "private": "bnVsbA==",
          "dependencies": [
            "aws_apigatewayv2_api.websocket",
            "aws_iam_role.lambda_ws",
            "aws_lambda_function.ws_send_message",
            "aws_ssm_parameter.jwt_secret",
            "aws_ssm_parameter.rabbitmq_url",
            "data.archive_file.lambda",
            "null_resource.lambda_install"
          ]
        }
      ]
    },
    {
      "mode": "managed",
      "type": "aws_lb",
      "name": "main",
      "provider": "provider[\"registry.terraform.io/hashicorp/aws\"]",
      "instances": [
        {
          "index_key": 0,
          "schema_version": 0,
          "attributes": {
            "access_logs": [
              {
                "bucket": "",
                "enabled": false,
                "prefix": ""
              }
            ],
            "arn": "arn:aws:elasticloadbalancing:ap-southeast-1:542829982577:loadbalancer/app/onedelivery-alb/f7a5f07158f11d54",
            "arn_suffix": "app/onedelivery-alb/f7a5f07158f11d54",
            "client_keep_alive": 3600,
            "connection_logs": [
              {
                "bucket": "",
                "enabled": false,
                "prefix": ""
              }
            ],
            "customer_owned_ipv4_pool": "",
            "desync_mitigation_mode": "defensive",
            "dns_name": "onedelivery-alb-870475991.ap-southeast-1.elb.amazonaws.com",
            "dns_record_client_routing_policy": null,
            "drop_invalid_header_fields": false,
            "enable_cross_zone_load_balancing": true,
            "enable_deletion_protection": false,
            "enable_http2": true,
            "enable_tls_version_and_cipher_suite_headers": false,
            "enable_waf_fail_open": false,
            "enable_xff_client_port": false,
            "enable_zonal_shift": false,
            "enforce_security_group_inbound_rules_on_private_link_traffic": "",
            "id": "arn:aws:elasticloadbalancing:ap-southeast-1:542829982577:loadbalancer/app/onedelivery-alb/f7a5f07158f11d54",
            "idle_timeout": 60,
            "internal": false,
            "ip_address_type": "ipv4",
            "ipam_pools": [],
            "load_balancer_type": "application",
            "minimum_load_balancer_capacity": [],
            "name": "onedelivery-alb",
            "name_prefix": "",
            "preserve_host_header": false,
            "security_groups": [
              "sg-00dce56cabff4d51e"
            ],
            "subnet_mapping": [
              {
                "allocation_id": "",
                "ipv6_address": "",
                "outpost_id": "",
                "private_ipv4_address": "",
                "subnet_id": "subnet-086900f75d158bfe1"
              },
              {
                "allocation_id": "",
                "ipv6_address": "",
                "outpost_id": "",
                "private_ipv4_address": "",
                "subnet_id": "subnet-0bf8209152cea933c"
              },
              {
                "allocation_id": "",
                "ipv6_address": "",
                "outpost_id": "",
                "private_ipv4_address": "",
                "subnet_id": "subnet-0def3a3c74ef848e1"
              }
            ],
            "subnets": [
              "subnet-086900f75d158bfe1",
              "subnet-0bf8209152cea933c",
              "subnet-0def3a3c74ef848e1"
            ],
            "tags": {},
            "tags_all": {
              "Environment": "dev",
              "ManagedBy": "terraform",
              "Project": "onedelivery"
            },
            "timeouts": null,
            "vpc_id": "vpc-01f4d46470a373bd0",
            "xff_header_processing_mode": "append",
            "zone_id": "Z1LMS91P8CMLE5"
          },
          "sensitive_attributes": [],
          "private": "eyJlMmJmYjczMC1lY2FhLTExZTYtOGY4OC0zNDM2M2JjN2M0YzAiOnsiY3JlYXRlIjo2MDAwMDAwMDAwMDAsImRlbGV0ZSI6NjAwMDAwMDAwMDAwLCJ1cGRhdGUiOjYwMDAwMDAwMDAwMH19",
          "dependencies": [
            "aws_security_group.alb",
            "aws_subnet.public_a",
            "aws_subnet.public_b",
            "aws_subnet.public_c",
            "data.aws_availability_zones.available",
            "data.aws_vpc.main"
          ]
        }
      ]
    },
    {
      "mode": "managed",
      "type": "aws_lb_listener",
      "name": "http",
      "provider": "provider[\"registry.terraform.io/hashicorp/aws\"]",
      "instances": [
        {
          "index_key": 0,
          "schema_version": 0,
          "attributes": {
            "alpn_policy": null,
            "arn": "arn:aws:elasticloadbalancing:ap-southeast-1:542829982577:listener/app/onedelivery-alb/f7a5f07158f11d54/f5a5405ddfd1cf14",
            "certificate_arn": null,
            "default_action": [
              {
                "authenticate_cognito": [],
                "authenticate_oidc": [],
                "fixed_response": [
                  {
                    "content_type": "text/plain",
                    "message_body": "Not Found",
                    "status_code": "404"
                  }
                ],
                "forward": [],
                "order": 1,
                "redirect": [],
                "target_group_arn": "",
                "type": "fixed-response"
              }
            ],
            "id": "arn:aws:elasticloadbalancing:ap-southeast-1:542829982577:listener/app/onedelivery-alb/f7a5f07158f11d54/f5a5405ddfd1cf14",
            "load_balancer_arn": "arn:aws:elasticloadbalancing:ap-southeast-1:542829982577:loadbalancer/app/onedelivery-alb/f7a5f07158f11d54",
            "mutual_authentication": [],
            "port": 80,
            "protocol": "HTTP",
            "routing_http_request_x_amzn_mtls_clientcert_header_name": null,
            "routing_http_request_x_amzn_mtls_clientcert_issuer_header_name": null,
            "routing_http_request_x_amzn_mtls_clientcert_leaf_header_name": null,
            "routing_http_request_x_amzn_mtls_clientcert_serial_number_header_name": null,
            "routing_http_request_x_amzn_mtls_clientcert_subject_header_name": null,
            "routing_http_request_x_amzn_mtls_clientcert_validity_header_name": null,
            "routing_http_request_x_amzn_tls_cipher_suite_header_name": null,
            "routing_http_request_x_amzn_tls_version_header_name": null,
            "routing_http_response_access_control_allow_credentials_header_value": "",
            "routing_http_response_access_control_allow_headers_header_value": "",
            "routing_http_response_access_control_allow_methods_header_value": "",
            "routing_http_response_access_control_allow_origin_header_value": "",
            "routing_http_response_access_control_expose_headers_header_value": "",
            "routing_http_response_access_control_max_age_header_value": "",
            "routing_http_response_content_security_policy_header_value": "",
            "routing_http_response_server_enabled": true,
            "routing_http_response_strict_transport_security_header_value": "",
            "routing_http_response_x_content_type_options_header_value": "",
            "routing_http_response_x_frame_options_header_value": "",
            "ssl_policy": "",
            "tags": {},
            "tags_all": {
              "Environment": "dev",
              "ManagedBy": "terraform",
              "Project": "onedelivery"
            },
            "tcp_idle_timeout_seconds": null,
            "timeouts": null
          },
          "sensitive_attributes": [],
          "private": "eyJlMmJmYjczMC1lY2FhLTExZTYtOGY4OC0zNDM2M2JjN2M0YzAiOnsiY3JlYXRlIjozMDAwMDAwMDAwMDAsInVwZGF0ZSI6MzAwMDAwMDAwMDAwfX0=",
          "dependencies": [
            "aws_lb.main",
            "aws_security_group.alb",
            "aws_subnet.public_a",
            "aws_subnet.public_b",
            "aws_subnet.public_c",
            "data.aws_availability_zones.available",
            "data.aws_vpc.main"
          ]
        }
      ]
    },
    {
      "mode": "managed",
      "type": "aws_lb_listener_rule",
      "name": "audit",
      "provider": "provider[\"registry.terraform.io/hashicorp/aws\"]",
      "instances": [
        {
          "index_key": 0,
          "schema_version": 0,
          "attributes": {
            "action": [
              {
                "authenticate_cognito": [],
                "authenticate_oidc": [],
                "fixed_response": [],
                "forward": [],
                "order": 1,
                "redirect": [],
                "target_group_arn": "arn:aws:elasticloadbalancing:ap-southeast-1:542829982577:targetgroup/onedelivery-audit/b6174ab7b453b4b7",
                "type": "forward"
              }
            ],
            "arn": "arn:aws:elasticloadbalancing:ap-southeast-1:542829982577:listener-rule/app/onedelivery-alb/f7a5f07158f11d54/f5a5405ddfd1cf14/3525fa233aa98b3d",
            "condition": [
              {
                "host_header": [],
                "http_header": [],
                "http_request_method": [],
                "path_pattern": [
                  {
                    "values": [
                      "/audit",
                      "/audit/*"
                    ]
                  }
                ],
                "query_string": [],
                "source_ip": []
              }
            ],
            "id": "arn:aws:elasticloadbalancing:ap-southeast-1:542829982577:listener-rule/app/onedelivery-alb/f7a5f07158f11d54/f5a5405ddfd1cf14/3525fa233aa98b3d",
            "listener_arn": "arn:aws:elasticloadbalancing:ap-southeast-1:542829982577:listener/app/onedelivery-alb/f7a5f07158f11d54/f5a5405ddfd1cf14",
            "priority": 130,
            "tags": {},
            "tags_all": {
              "Environment": "dev",
              "ManagedBy": "terraform",
              "Project": "onedelivery"
            }
          },
          "sensitive_attributes": [],
          "private": "bnVsbA==",
          "dependencies": [
            "aws_lb.main",
            "aws_lb_listener.http",
            "aws_lb_target_group.service",
            "aws_security_group.alb",
            "aws_subnet.public_a",
            "aws_subnet.public_b",
            "aws_subnet.public_c",
            "data.aws_availability_zones.available",
            "data.aws_vpc.main"
          ]
        }
      ]
    },
    {
      "mode": "managed",
      "type": "aws_lb_listener_rule",
      "name": "guardian_agent",
      "provider": "provider[\"registry.terraform.io/hashicorp/aws\"]",
      "instances": [
        {
          "index_key": 0,
          "schema_version": 0,
          "attributes": {
            "action": [
              {
                "authenticate_cognito": [],
                "authenticate_oidc": [],
                "fixed_response": [],
                "forward": [],
                "order": 1,
                "redirect": [],
                "target_group_arn": "arn:aws:elasticloadbalancing:ap-southeast-1:542829982577:targetgroup/onedelivery-guardian-agent/5b22e5d2af6d6008",
                "type": "forward"
              }
            ],
            "arn": "arn:aws:elasticloadbalancing:ap-southeast-1:542829982577:listener-rule/app/onedelivery-alb/f7a5f07158f11d54/f5a5405ddfd1cf14/52632316519d08ef",
            "condition": [
              {
                "host_header": [],
                "http_header": [],
                "http_request_method": [],
                "path_pattern": [
                  {
                    "values": [
                      "/guardian-agent",
                      "/guardian-agent/*"
                    ]
                  }
                ],
                "query_string": [],
                "source_ip": []
              }
            ],
            "id": "arn:aws:elasticloadbalancing:ap-southeast-1:542829982577:listener-rule/app/onedelivery-alb/f7a5f07158f11d54/f5a5405ddfd1cf14/52632316519d08ef",
            "listener_arn": "arn:aws:elasticloadbalancing:ap-southeast-1:542829982577:listener/app/onedelivery-alb/f7a5f07158f11d54/f5a5405ddfd1cf14",
            "priority": 170,
            "tags": {},
            "tags_all": {
              "Environment": "dev",
              "ManagedBy": "terraform",
              "Project": "onedelivery"
            }
          },
          "sensitive_attributes": [],
          "private": "bnVsbA==",
          "dependencies": [
            "aws_lb.main",
            "aws_lb_listener.http",
            "aws_lb_target_group.service",
            "aws_security_group.alb",
            "aws_subnet.public_a",
            "aws_subnet.public_b",
            "aws_subnet.public_c",
            "data.aws_availability_zones.available",
            "data.aws_vpc.main"
          ]
        }
      ]
    },
    {
      "mode": "managed",
      "type": "aws_lb_listener_rule",
      "name": "incident",
      "provider": "provider[\"registry.terraform.io/hashicorp/aws\"]",
      "instances": [
        {
          "index_key": 0,
          "schema_version": 0,
          "attributes": {
            "action": [
              {
                "authenticate_cognito": [],
                "authenticate_oidc": [],
                "fixed_response": [],
                "forward": [],
                "order": 1,
                "redirect": [],
                "target_group_arn": "arn:aws:elasticloadbalancing:ap-southeast-1:542829982577:targetgroup/onedelivery-incident/84ac3700c0da036c",
                "type": "forward"
              }
            ],
            "arn": "arn:aws:elasticloadbalancing:ap-southeast-1:542829982577:listener-rule/app/onedelivery-alb/f7a5f07158f11d54/f5a5405ddfd1cf14/062311761b9b740f",
            "condition": [
              {
                "host_header": [],
                "http_header": [],
                "http_request_method": [],
                "path_pattern": [
                  {
                    "values": [
                      "/incident",
                      "/incident/*"
                    ]
                  }
                ],
                "query_string": [],
                "source_ip": []
              }
            ],
            "id": "arn:aws:elasticloadbalancing:ap-southeast-1:542829982577:listener-rule/app/onedelivery-alb/f7a5f07158f11d54/f5a5405ddfd1cf14/062311761b9b740f",
            "listener_arn": "arn:aws:elasticloadbalancing:ap-southeast-1:542829982577:listener/app/onedelivery-alb/f7a5f07158f11d54/f5a5405ddfd1cf14",
            "priority": 150,
            "tags": {},
            "tags_all": {
              "Environment": "dev",
              "ManagedBy": "terraform",
              "Project": "onedelivery"
            }
          },
          "sensitive_attributes": [],
          "private": "bnVsbA==",
          "dependencies": [
            "aws_lb.main",
            "aws_lb_listener.http",
            "aws_lb_target_group.service",
            "aws_security_group.alb",
            "aws_subnet.public_a",
            "aws_subnet.public_b",
            "aws_subnet.public_c",
            "data.aws_availability_zones.available",
            "data.aws_vpc.main"
          ]
        }
      ]
    },
    {
      "mode": "managed",
      "type": "aws_lb_listener_rule",
      "name": "knowledge",
      "provider": "provider[\"registry.terraform.io/hashicorp/aws\"]",
      "instances": [
        {
          "index_key": 0,
          "schema_version": 0,
          "attributes": {
            "action": [
              {
                "authenticate_cognito": [],
                "authenticate_oidc": [],
                "fixed_response": [],
                "forward": [],
                "order": 1,
                "redirect": [],
                "target_group_arn": "arn:aws:elasticloadbalancing:ap-southeast-1:542829982577:targetgroup/onedelivery-knowledge/79de8967be7c2759",
                "type": "forward"
              }
            ],
            "arn": "arn:aws:elasticloadbalancing:ap-southeast-1:542829982577:listener-rule/app/onedelivery-alb/f7a5f07158f11d54/f5a5405ddfd1cf14/6220f4f39319975b",
            "condition": [
              {
                "host_header": [],
                "http_header": [],
                "http_request_method": [],
                "path_pattern": [
                  {
                    "values": [
                      "/knowledge",
                      "/knowledge/*"
                    ]
                  }
                ],
                "query_string": [],
                "source_ip": []
              }
            ],
            "id": "arn:aws:elasticloadbalancing:ap-southeast-1:542829982577:listener-rule/app/onedelivery-alb/f7a5f07158f11d54/f5a5405ddfd1cf14/6220f4f39319975b",
            "listener_arn": "arn:aws:elasticloadbalancing:ap-southeast-1:542829982577:listener/app/onedelivery-alb/f7a5f07158f11d54/f5a5405ddfd1cf14",
            "priority": 155,
            "tags": {},
            "tags_all": {
              "Environment": "dev",
              "ManagedBy": "terraform",
              "Project": "onedelivery"
            }
          },
          "sensitive_attributes": [],
          "private": "bnVsbA==",
          "dependencies": [
            "aws_lb.main",
            "aws_lb_listener.http",
            "aws_lb_target_group.service",
            "aws_security_group.alb",
            "aws_subnet.public_a",
            "aws_subnet.public_b",
            "aws_subnet.public_c",
            "data.aws_availability_zones.available",
            "data.aws_vpc.main"
          ]
        }
      ]
    },
    {
      "mode": "managed",
      "type": "aws_lb_listener_rule",
      "name": "logistic_agent",
      "provider": "provider[\"registry.terraform.io/hashicorp/aws\"]",
      "instances": [
        {
          "index_key": 0,
          "schema_version": 0,
          "attributes": {
            "action": [
              {
                "authenticate_cognito": [],
                "authenticate_oidc": [],
                "fixed_response": [],
                "forward": [],
                "order": 1,
                "redirect": [],
                "target_group_arn": "arn:aws:elasticloadbalancing:ap-southeast-1:542829982577:targetgroup/onedelivery-logistics-agent/6096dbcda3b65982",
                "type": "forward"
              }
            ],
            "arn": "arn:aws:elasticloadbalancing:ap-southeast-1:542829982577:listener-rule/app/onedelivery-alb/f7a5f07158f11d54/f5a5405ddfd1cf14/6d511f80ae71c6d2",
            "condition": [
              {
                "host_header": [],
                "http_header": [],
                "http_request_method": [],
                "path_pattern": [
                  {
                    "values": [
                      "/logistics-agent",
                      "/logistics-agent/*"
                    ]
                  }
                ],
                "query_string": [],
                "source_ip": []
              }
            ],
            "id": "arn:aws:elasticloadbalancing:ap-southeast-1:542829982577:listener-rule/app/onedelivery-alb/f7a5f07158f11d54/f5a5405ddfd1cf14/6d511f80ae71c6d2",
            "listener_arn": "arn:aws:elasticloadbalancing:ap-southeast-1:542829982577:listener/app/onedelivery-alb/f7a5f07158f11d54/f5a5405ddfd1cf14",
            "priority": 180,
            "tags": {},
            "tags_all": {
              "Environment": "dev",
              "ManagedBy": "terraform",
              "Project": "onedelivery"
            }
          },
          "sensitive_attributes": [],
          "private": "bnVsbA==",
          "dependencies": [
            "aws_lb.main",
            "aws_lb_listener.http",
            "aws_lb_target_group.service",
            "aws_security_group.alb",
            "aws_subnet.public_a",
            "aws_subnet.public_b",
            "aws_subnet.public_c",
            "data.aws_availability_zones.available",
            "data.aws_vpc.main"
          ]
        }
      ]
    },
    {
      "mode": "managed",
      "type": "aws_lb_listener_rule",
      "name": "logistics",
      "provider": "provider[\"registry.terraform.io/hashicorp/aws\"]",
      "instances": [
        {
          "index_key": 0,
          "schema_version": 0,
          "attributes": {
            "action": [
              {
                "authenticate_cognito": [],
                "authenticate_oidc": [],
                "fixed_response": [],
                "forward": [],
                "order": 1,
                "redirect": [],
                "target_group_arn": "arn:aws:elasticloadbalancing:ap-southeast-1:542829982577:targetgroup/onedelivery-logistics/5ef02fa854430d23",
                "type": "forward"
              }
            ],
            "arn": "arn:aws:elasticloadbalancing:ap-southeast-1:542829982577:listener-rule/app/onedelivery-alb/f7a5f07158f11d54/f5a5405ddfd1cf14/8230deffe454029d",
            "condition": [
              {
                "host_header": [],
                "http_header": [],
                "http_request_method": [],
                "path_pattern": [
                  {
                    "values": [
                      "/logistics",
                      "/logistics/*"
                    ]
                  }
                ],
                "query_string": [],
                "source_ip": []
              }
            ],
            "id": "arn:aws:elasticloadbalancing:ap-southeast-1:542829982577:listener-rule/app/onedelivery-alb/f7a5f07158f11d54/f5a5405ddfd1cf14/8230deffe454029d",
            "listener_arn": "arn:aws:elasticloadbalancing:ap-southeast-1:542829982577:listener/app/onedelivery-alb/f7a5f07158f11d54/f5a5405ddfd1cf14",
            "priority": 110,
            "tags": {},
            "tags_all": {
              "Environment": "dev",
              "ManagedBy": "terraform",
              "Project": "onedelivery"
            }
          },
          "sensitive_attributes": [],
          "private": "bnVsbA==",
          "dependencies": [
            "aws_lb.main",
            "aws_lb_listener.http",
            "aws_lb_target_group.service",
            "aws_security_group.alb",
            "aws_subnet.public_a",
            "aws_subnet.public_b",
            "aws_subnet.public_c",
            "data.aws_availability_zones.available",
            "data.aws_vpc.main"
          ]
        }
      ]
    },
    {
      "mode": "managed",
      "type": "aws_lb_listener_rule",
      "name": "orchestrator_agent",
      "provider": "provider[\"registry.terraform.io/hashicorp/aws\"]",
      "instances": [
        {
          "index_key": 0,
          "schema_version": 0,
          "attributes": {
            "action": [
              {
                "authenticate_cognito": [],
                "authenticate_oidc": [],
                "fixed_response": [],
                "forward": [],
                "order": 1,
                "redirect": [],
                "target_group_arn": "arn:aws:elasticloadbalancing:ap-southeast-1:542829982577:targetgroup/onedelivery-orchestrator-agent/c9c8cc688c70932b",
                "type": "forward"
              }
            ],
            "arn": "arn:aws:elasticloadbalancing:ap-southeast-1:542829982577:listener-rule/app/onedelivery-alb/f7a5f07158f11d54/f5a5405ddfd1cf14/4ff1e75690031eb9",
            "condition": [
              {
                "host_header": [],
                "http_header": [],
                "http_request_method": [],
                "path_pattern": [
                  {
                    "values": [
                      "/orchestrator-agent",
                      "/orchestrator-agent/*"
                    ]
                  }
                ],
                "query_string": [],
                "source_ip": []
              }
            ],
            "id": "arn:aws:elasticloadbalancing:ap-southeast-1:542829982577:listener-rule/app/onedelivery-alb/f7a5f07158f11d54/f5a5405ddfd1cf14/4ff1e75690031eb9",
            "listener_arn": "arn:aws:elasticloadbalancing:ap-southeast-1:542829982577:listener/app/onedelivery-alb/f7a5f07158f11d54/f5a5405ddfd1cf14",
            "priority": 160,
            "tags": {},
            "tags_all": {
              "Environment": "dev",
              "ManagedBy": "terraform",
              "Project": "onedelivery"
            }
          },
          "sensitive_attributes": [],
          "private": "bnVsbA==",
          "dependencies": [
            "aws_lb.main",
            "aws_lb_listener.http",
            "aws_lb_target_group.service",
            "aws_security_group.alb",
            "aws_subnet.public_a",
            "aws_subnet.public_b",
            "aws_subnet.public_c",
            "data.aws_availability_zones.available",
            "data.aws_vpc.main"
          ]
        }
      ]
    },
    {
      "mode": "managed",
      "type": "aws_lb_listener_rule",
      "name": "order",
      "provider": "provider[\"registry.terraform.io/hashicorp/aws\"]",
      "instances": [
        {
          "index_key": 0,
          "schema_version": 0,
          "attributes": {
            "action": [
              {
                "authenticate_cognito": [],
                "authenticate_oidc": [],
                "fixed_response": [],
                "forward": [],
                "order": 1,
                "redirect": [],
                "target_group_arn": "arn:aws:elasticloadbalancing:ap-southeast-1:542829982577:targetgroup/onedelivery-order/e510996a3ba7b791",
                "type": "forward"
              }
            ],
            "arn": "arn:aws:elasticloadbalancing:ap-southeast-1:542829982577:listener-rule/app/onedelivery-alb/f7a5f07158f11d54/f5a5405ddfd1cf14/8aa4b41bedc0afc3",
            "condition": [
              {
                "host_header": [],
                "http_header": [],
                "http_request_method": [],
                "path_pattern": [
                  {
                    "values": [
                      "/order",
                      "/order/*"
                    ]
                  }
                ],
                "query_string": [],
                "source_ip": []
              }
            ],
            "id": "arn:aws:elasticloadbalancing:ap-southeast-1:542829982577:listener-rule/app/onedelivery-alb/f7a5f07158f11d54/f5a5405ddfd1cf14/8aa4b41bedc0afc3",
            "listener_arn": "arn:aws:elasticloadbalancing:ap-southeast-1:542829982577:listener/app/onedelivery-alb/f7a5f07158f11d54/f5a5405ddfd1cf14",
            "priority": 100,
            "tags": {},
            "tags_all": {
              "Environment": "dev",
              "ManagedBy": "terraform",
              "Project": "onedelivery"
            }
          },
          "sensitive_attributes": [],
          "private": "bnVsbA==",
          "dependencies": [
            "aws_lb.main",
            "aws_lb_listener.http",
            "aws_lb_target_group.service",
            "aws_security_group.alb",
            "aws_subnet.public_a",
            "aws_subnet.public_b",
            "aws_subnet.public_c",
            "data.aws_availability_zones.available",
            "data.aws_vpc.main"
          ]
        }
      ]
    },
    {
      "mode": "managed",
      "type": "aws_lb_listener_rule",
      "name": "payment",
      "provider": "provider[\"registry.terraform.io/hashicorp/aws\"]",
      "instances": [
        {
          "index_key": 0,
          "schema_version": 0,
          "attributes": {
            "action": [
              {
                "authenticate_cognito": [],
                "authenticate_oidc": [],
                "fixed_response": [],
                "forward": [],
                "order": 1,
                "redirect": [],
                "target_group_arn": "arn:aws:elasticloadbalancing:ap-southeast-1:542829982577:targetgroup/onedelivery-payment/94f4b550cf8660d6",
                "type": "forward"
              }
            ],
            "arn": "arn:aws:elasticloadbalancing:ap-southeast-1:542829982577:listener-rule/app/onedelivery-alb/f7a5f07158f11d54/f5a5405ddfd1cf14/b9516e79cb3326e9",
            "condition": [
              {
                "host_header": [],
                "http_header": [],
                "http_request_method": [],
                "path_pattern": [
                  {
                    "values": [
                      "/payment",
                      "/payment/*"
                    ]
                  }
                ],
                "query_string": [],
                "source_ip": []
              }
            ],
            "id": "arn:aws:elasticloadbalancing:ap-southeast-1:542829982577:listener-rule/app/onedelivery-alb/f7a5f07158f11d54/f5a5405ddfd1cf14/b9516e79cb3326e9",
            "listener_arn": "arn:aws:elasticloadbalancing:ap-southeast-1:542829982577:listener/app/onedelivery-alb/f7a5f07158f11d54/f5a5405ddfd1cf14",
            "priority": 120,
            "tags": {},
            "tags_all": {
              "Environment": "dev",
              "ManagedBy": "terraform",
              "Project": "onedelivery"
            }
          },
          "sensitive_attributes": [],
          "private": "bnVsbA==",
          "dependencies": [
            "aws_lb.main",
            "aws_lb_listener.http",
            "aws_lb_target_group.service",
            "aws_security_group.alb",
            "aws_subnet.public_a",
            "aws_subnet.public_b",
            "aws_subnet.public_c",
            "data.aws_availability_zones.available",
            "data.aws_vpc.main"
          ]
        }
      ]
    },
    {
      "mode": "managed",
      "type": "aws_lb_listener_rule",
      "name": "qa_agent",
      "provider": "provider[\"registry.terraform.io/hashicorp/aws\"]",
      "instances": [
        {
          "index_key": 0,
          "schema_version": 0,
          "attributes": {
            "action": [
              {
                "authenticate_cognito": [],
                "authenticate_oidc": [],
                "fixed_response": [],
                "forward": [],
                "order": 1,
                "redirect": [],
                "target_group_arn": "arn:aws:elasticloadbalancing:ap-southeast-1:542829982577:targetgroup/onedelivery-qa-agent/40ee319148472aed",
                "type": "forward"
              }
            ],
            "arn": "arn:aws:elasticloadbalancing:ap-southeast-1:542829982577:listener-rule/app/onedelivery-alb/f7a5f07158f11d54/f5a5405ddfd1cf14/53c0fa34357f505c",
            "condition": [
              {
                "host_header": [],
                "http_header": [],
                "http_request_method": [],
                "path_pattern": [
                  {
                    "values": [
                      "/qa-agent",
                      "/qa-agent/*"
                    ]
                  }
                ],
                "query_string": [],
                "source_ip": []
              }
            ],
            "id": "arn:aws:elasticloadbalancing:ap-southeast-1:542829982577:listener-rule/app/onedelivery-alb/f7a5f07158f11d54/f5a5405ddfd1cf14/53c0fa34357f505c",
            "listener_arn": "arn:aws:elasticloadbalancing:ap-southeast-1:542829982577:listener/app/onedelivery-alb/f7a5f07158f11d54/f5a5405ddfd1cf14",
            "priority": 200,
            "tags": {},
            "tags_all": {
              "Environment": "dev",
              "ManagedBy": "terraform",
              "Project": "onedelivery"
            }
          },
          "sensitive_attributes": [],
          "private": "bnVsbA==",
          "dependencies": [
            "aws_lb.main",
            "aws_lb_listener.http",
            "aws_lb_target_group.service",
            "aws_security_group.alb",
            "aws_subnet.public_a",
            "aws_subnet.public_b",
            "aws_subnet.public_c",
            "data.aws_availability_zones.available",
            "data.aws_vpc.main"
          ]
        }
      ]
    },
    {
      "mode": "managed",
      "type": "aws_lb_listener_rule",
      "name": "user",
      "provider": "provider[\"registry.terraform.io/hashicorp/aws\"]",
      "instances": [
        {
          "index_key": 0,
          "schema_version": 0,
          "attributes": {
            "action": [
              {
                "authenticate_cognito": [],
                "authenticate_oidc": [],
                "fixed_response": [],
                "forward": [],
                "order": 1,
                "redirect": [],
                "target_group_arn": "arn:aws:elasticloadbalancing:ap-southeast-1:542829982577:targetgroup/onedelivery-user/91cc8731d5c85aa8",
                "type": "forward"
              }
            ],
            "arn": "arn:aws:elasticloadbalancing:ap-southeast-1:542829982577:listener-rule/app/onedelivery-alb/f7a5f07158f11d54/f5a5405ddfd1cf14/47814a83ce68db50",
            "condition": [
              {
                "host_header": [],
                "http_header": [],
                "http_request_method": [],
                "path_pattern": [
                  {
                    "values": [
                      "/user",
                      "/user/*"
                    ]
                  }
                ],
                "query_string": [],
                "source_ip": []
              }
            ],
            "id": "arn:aws:elasticloadbalancing:ap-southeast-1:542829982577:listener-rule/app/onedelivery-alb/f7a5f07158f11d54/f5a5405ddfd1cf14/47814a83ce68db50",
            "listener_arn": "arn:aws:elasticloadbalancing:ap-southeast-1:542829982577:listener/app/onedelivery-alb/f7a5f07158f11d54/f5a5405ddfd1cf14",
            "priority": 140,
            "tags": {},
            "tags_all": {
              "Environment": "dev",
              "ManagedBy": "terraform",
              "Project": "onedelivery"
            }
          },
          "sensitive_attributes": [],
          "private": "bnVsbA==",
          "dependencies": [
            "aws_lb.main",
            "aws_lb_listener.http",
            "aws_lb_target_group.service",
            "aws_security_group.alb",
            "aws_subnet.public_a",
            "aws_subnet.public_b",
            "aws_subnet.public_c",
            "data.aws_availability_zones.available",
            "data.aws_vpc.main"
          ]
        }
      ]
    },
    {
      "mode": "managed",
      "type": "aws_lb_target_group",
      "name": "service",
      "provider": "provider[\"registry.terraform.io/hashicorp/aws\"]",
      "instances": [
        {
          "index_key": "audit",
          "schema_version": 0,
          "attributes": {
            "arn": "arn:aws:elasticloadbalancing:ap-southeast-1:542829982577:targetgroup/onedelivery-audit/b6174ab7b453b4b7",
            "arn_suffix": "targetgroup/onedelivery-audit/b6174ab7b453b4b7",
            "connection_termination": null,
            "deregistration_delay": "300",
            "health_check": [
              {
                "enabled": true,
                "healthy_threshold": 2,
                "interval": 30,
                "matcher": "200",
                "path": "/health",
                "port": "traffic-port",
                "protocol": "HTTP",
                "timeout": 5,
                "unhealthy_threshold": 3
              }
            ],
            "id": "arn:aws:elasticloadbalancing:ap-southeast-1:542829982577:targetgroup/onedelivery-audit/b6174ab7b453b4b7",
            "ip_address_type": "ipv4",
            "lambda_multi_value_headers_enabled": false,
            "load_balancer_arns": [
              "arn:aws:elasticloadbalancing:ap-southeast-1:542829982577:loadbalancer/app/onedelivery-alb/f7a5f07158f11d54"
            ],
            "load_balancing_algorithm_type": "round_robin",
            "load_balancing_anomaly_mitigation": "off",
            "load_balancing_cross_zone_enabled": "use_load_balancer_configuration",
            "name": "onedelivery-audit",
            "name_prefix": "",
            "port": 9001,
            "preserve_client_ip": null,
            "protocol": "HTTP",
            "protocol_version": "HTTP1",
            "proxy_protocol_v2": false,
            "slow_start": 0,
            "stickiness": [
              {
                "cookie_duration": 86400,
                "cookie_name": "",
                "enabled": false,
                "type": "lb_cookie"
              }
            ],
            "tags": {},
            "tags_all": {
              "Environment": "dev",
              "ManagedBy": "terraform",
              "Project": "onedelivery"
            },
            "target_failover": [
              {
                "on_deregistration": null,
                "on_unhealthy": null
              }
            ],
            "target_group_health": [
              {
                "dns_failover": [
                  {
                    "minimum_healthy_targets_count": "1",
                    "minimum_healthy_targets_percentage": "off"
                  }
                ],
                "unhealthy_state_routing": [
                  {
                    "minimum_healthy_targets_count": 1,
                    "minimum_healthy_targets_percentage": "off"
                  }
                ]
              }
            ],
            "target_health_state": [
              {
                "enable_unhealthy_connection_termination": null,
                "unhealthy_draining_interval": null
              }
            ],
            "target_type": "ip",
            "vpc_id": "vpc-01f4d46470a373bd0"
          },
          "sensitive_attributes": [],
          "private": "bnVsbA==",
          "dependencies": [
            "data.aws_vpc.main"
          ]
        },
        {
          "index_key": "guardian-agent",
          "schema_version": 0,
          "attributes": {
            "arn": "arn:aws:elasticloadbalancing:ap-southeast-1:542829982577:targetgroup/onedelivery-guardian-agent/5b22e5d2af6d6008",
            "arn_suffix": "targetgroup/onedelivery-guardian-agent/5b22e5d2af6d6008",
            "connection_termination": null,
            "deregistration_delay": "300",
            "health_check": [
              {
                "enabled": true,
                "healthy_threshold": 2,
                "interval": 30,
                "matcher": "200",
                "path": "/health",
                "port": "traffic-port",
                "protocol": "HTTP",
                "timeout": 5,
                "unhealthy_threshold": 3
              }
            ],
            "id": "arn:aws:elasticloadbalancing:ap-southeast-1:542829982577:targetgroup/onedelivery-guardian-agent/5b22e5d2af6d6008",
            "ip_address_type": "ipv4",
            "lambda_multi_value_headers_enabled": false,
            "load_balancer_arns": [
              "arn:aws:elasticloadbalancing:ap-southeast-1:542829982577:loadbalancer/app/onedelivery-alb/f7a5f07158f11d54"
            ],
            "load_balancing_algorithm_type": "round_robin",
            "load_balancing_anomaly_mitigation": "off",
            "load_balancing_cross_zone_enabled": "use_load_balancer_configuration",
            "name": "onedelivery-guardian-agent",
            "name_prefix": "",
            "port": 9013,
            "preserve_client_ip": null,
            "protocol": "HTTP",
            "protocol_version": "HTTP1",
            "proxy_protocol_v2": false,
            "slow_start": 0,
            "stickiness": [
              {
                "cookie_duration": 86400,
                "cookie_name": "",
                "enabled": false,
                "type": "lb_cookie"
              }
            ],
            "tags": {},
            "tags_all": {
              "Environment": "dev",
              "ManagedBy": "terraform",
              "Project": "onedelivery"
            },
            "target_failover": [
              {
                "on_deregistration": null,
                "on_unhealthy": null
              }
            ],
            "target_group_health": [
              {
                "dns_failover": [
                  {
                    "minimum_healthy_targets_count": "1",
                    "minimum_healthy_targets_percentage": "off"
                  }
                ],
                "unhealthy_state_routing": [
                  {
                    "minimum_healthy_targets_count": 1,
                    "minimum_healthy_targets_percentage": "off"
                  }
                ]
              }
            ],
            "target_health_state": [
              {
                "enable_unhealthy_connection_termination": null,
                "unhealthy_draining_interval": null
              }
            ],
            "target_type": "ip",
            "vpc_id": "vpc-01f4d46470a373bd0"
          },
          "sensitive_attributes": [],
          "private": "bnVsbA==",
          "dependencies": [
            "data.aws_vpc.main"
          ]
        },
        {
          "index_key": "incident",
          "schema_version": 0,
          "attributes": {
            "arn": "arn:aws:elasticloadbalancing:ap-southeast-1:542829982577:targetgroup/onedelivery-incident/84ac3700c0da036c",
            "arn_suffix": "targetgroup/onedelivery-incident/84ac3700c0da036c",
            "connection_termination": null,
            "deregistration_delay": "300",
            "health_check": [
              {
                "enabled": true,
                "healthy_threshold": 2,
                "interval": 30,
                "matcher": "200",
                "path": "/health",
                "port": "traffic-port",
                "protocol": "HTTP",
                "timeout": 5,
                "unhealthy_threshold": 3
              }
            ],
            "id": "arn:aws:elasticloadbalancing:ap-southeast-1:542829982577:targetgroup/onedelivery-incident/84ac3700c0da036c",
            "ip_address_type": "ipv4",
            "lambda_multi_value_headers_enabled": false,
            "load_balancer_arns": [
              "arn:aws:elasticloadbalancing:ap-southeast-1:542829982577:loadbalancer/app/onedelivery-alb/f7a5f07158f11d54"
            ],
            "load_balancing_algorithm_type": "round_robin",
            "load_balancing_anomaly_mitigation": "off",
            "load_balancing_cross_zone_enabled": "use_load_balancer_configuration",
            "name": "onedelivery-incident",
            "name_prefix": "",
            "port": 9006,
            "preserve_client_ip": null,
            "protocol": "HTTP",
            "protocol_version": "HTTP1",
            "proxy_protocol_v2": false,
            "slow_start": 0,
            "stickiness": [
              {
                "cookie_duration": 86400,
                "cookie_name": "",
                "enabled": false,
                "type": "lb_cookie"
              }
            ],
            "tags": {},
            "tags_all": {
              "Environment": "dev",
              "ManagedBy": "terraform",
              "Project": "onedelivery"
            },
            "target_failover": [
              {
                "on_deregistration": null,
                "on_unhealthy": null
              }
            ],
            "target_group_health": [
              {
                "dns_failover": [
                  {
                    "minimum_healthy_targets_count": "1",
                    "minimum_healthy_targets_percentage": "off"
                  }
                ],
                "unhealthy_state_routing": [
                  {
                    "minimum_healthy_targets_count": 1,
                    "minimum_healthy_targets_percentage": "off"
                  }
                ]
              }
            ],
            "target_health_state": [
              {
                "enable_unhealthy_connection_termination": null,
                "unhealthy_draining_interval": null
              }
            ],
            "target_type": "ip",
            "vpc_id": "vpc-01f4d46470a373bd0"
          },
          "sensitive_attributes": [],
          "private": "bnVsbA==",
          "dependencies": [
            "data.aws_vpc.main"
          ]
        },
        {
          "index_key": "knowledge",
          "schema_version": 0,
          "attributes": {
            "arn": "arn:aws:elasticloadbalancing:ap-southeast-1:542829982577:targetgroup/onedelivery-knowledge/79de8967be7c2759",
            "arn_suffix": "targetgroup/onedelivery-knowledge/79de8967be7c2759",
            "connection_termination": null,
            "deregistration_delay": "300",
            "health_check": [
              {
                "enabled": true,
                "healthy_threshold": 2,
                "interval": 30,
                "matcher": "200",
                "path": "/health",
                "port": "traffic-port",
                "protocol": "HTTP",
                "timeout": 5,
                "unhealthy_threshold": 3
              }
            ],
            "id": "arn:aws:elasticloadbalancing:ap-southeast-1:542829982577:targetgroup/onedelivery-knowledge/79de8967be7c2759",
            "ip_address_type": "ipv4",
            "lambda_multi_value_headers_enabled": false,
            "load_balancer_arns": [
              "arn:aws:elasticloadbalancing:ap-southeast-1:542829982577:loadbalancer/app/onedelivery-alb/f7a5f07158f11d54"
            ],
            "load_balancing_algorithm_type": "round_robin",
            "load_balancing_anomaly_mitigation": "off",
            "load_balancing_cross_zone_enabled": "use_load_balancer_configuration",
            "name": "onedelivery-knowledge",
            "name_prefix": "",
            "port": 9007,
            "preserve_client_ip": null,
            "protocol": "HTTP",
            "protocol_version": "HTTP1",
            "proxy_protocol_v2": false,
            "slow_start": 0,
            "stickiness": [
              {
                "cookie_duration": 86400,
                "cookie_name": "",
                "enabled": false,
                "type": "lb_cookie"
              }
            ],
            "tags": {},
            "tags_all": {
              "Environment": "dev",
              "ManagedBy": "terraform",
              "Project": "onedelivery"
            },
            "target_failover": [
              {
                "on_deregistration": null,
                "on_unhealthy": null
              }
            ],
            "target_group_health": [
              {
                "dns_failover": [
                  {
                    "minimum_healthy_targets_count": "1",
                    "minimum_healthy_targets_percentage": "off"
                  }
                ],
                "unhealthy_state_routing": [
                  {
                    "minimum_healthy_targets_count": 1,
                    "minimum_healthy_targets_percentage": "off"
                  }
                ]
              }
            ],
            "target_health_state": [
              {
                "enable_unhealthy_connection_termination": null,
                "unhealthy_draining_interval": null
              }
            ],
            "target_type": "ip",
            "vpc_id": "vpc-01f4d46470a373bd0"
          },
          "sensitive_attributes": [],
          "private": "bnVsbA==",
          "dependencies": [
            "data.aws_vpc.main"
          ]
        },
        {
          "index_key": "logistics",
          "schema_version": 0,
          "attributes": {
            "arn": "arn:aws:elasticloadbalancing:ap-southeast-1:542829982577:targetgroup/onedelivery-logistics/5ef02fa854430d23",
            "arn_suffix": "targetgroup/onedelivery-logistics/5ef02fa854430d23",
            "connection_termination": null,
            "deregistration_delay": "300",
            "health_check": [
              {
                "enabled": true,
                "healthy_threshold": 2,
                "interval": 30,
                "matcher": "200",
                "path": "/health",
                "port": "traffic-port",
                "protocol": "HTTP",
                "timeout": 5,
                "unhealthy_threshold": 3
              }
            ],
            "id": "arn:aws:elasticloadbalancing:ap-southeast-1:542829982577:targetgroup/onedelivery-logistics/5ef02fa854430d23",
            "ip_address_type": "ipv4",
            "lambda_multi_value_headers_enabled": false,
            "load_balancer_arns": [
              "arn:aws:elasticloadbalancing:ap-southeast-1:542829982577:loadbalancer/app/onedelivery-alb/f7a5f07158f11d54"
            ],
            "load_balancing_algorithm_type": "round_robin",
            "load_balancing_anomaly_mitigation": "off",
            "load_balancing_cross_zone_enabled": "use_load_balancer_configuration",
            "name": "onedelivery-logistics",
            "name_prefix": "",
            "port": 9002,
            "preserve_client_ip": null,
            "protocol": "HTTP",
            "protocol_version": "HTTP1",
            "proxy_protocol_v2": false,
            "slow_start": 0,
            "stickiness": [
              {
                "cookie_duration": 86400,
                "cookie_name": "",
                "enabled": false,
                "type": "lb_cookie"
              }
            ],
            "tags": {},
            "tags_all": {
              "Environment": "dev",
              "ManagedBy": "terraform",
              "Project": "onedelivery"
            },
            "target_failover": [
              {
                "on_deregistration": null,
                "on_unhealthy": null
              }
            ],
            "target_group_health": [
              {
                "dns_failover": [
                  {
                    "minimum_healthy_targets_count": "1",
                    "minimum_healthy_targets_percentage": "off"
                  }
                ],
                "unhealthy_state_routing": [
                  {
                    "minimum_healthy_targets_count": 1,
                    "minimum_healthy_targets_percentage": "off"
                  }
                ]
              }
            ],
            "target_health_state": [
              {
                "enable_unhealthy_connection_termination": null,
                "unhealthy_draining_interval": null
              }
            ],
            "target_type": "ip",
            "vpc_id": "vpc-01f4d46470a373bd0"
          },
          "sensitive_attributes": [],
          "private": "bnVsbA==",
          "dependencies": [
            "data.aws_vpc.main"
          ]
        },
        {
          "index_key": "logistics-agent",
          "schema_version": 0,
          "attributes": {
            "arn": "arn:aws:elasticloadbalancing:ap-southeast-1:542829982577:targetgroup/onedelivery-logistics-agent/6096dbcda3b65982",
            "arn_suffix": "targetgroup/onedelivery-logistics-agent/6096dbcda3b65982",
            "connection_termination": null,
            "deregistration_delay": "300",
            "health_check": [
              {
                "enabled": true,
                "healthy_threshold": 2,
                "interval": 30,
                "matcher": "200",
                "path": "/health",
                "port": "traffic-port",
                "protocol": "HTTP",
                "timeout": 5,
                "unhealthy_threshold": 3
              }
            ],
            "id": "arn:aws:elasticloadbalancing:ap-southeast-1:542829982577:targetgroup/onedelivery-logistics-agent/6096dbcda3b65982",
            "ip_address_type": "ipv4",
            "lambda_multi_value_headers_enabled": false,
            "load_balancer_arns": [
              "arn:aws:elasticloadbalancing:ap-southeast-1:542829982577:loadbalancer/app/onedelivery-alb/f7a5f07158f11d54"
            ],
            "load_balancing_algorithm_type": "round_robin",
            "load_balancing_anomaly_mitigation": "off",
            "load_balancing_cross_zone_enabled": "use_load_balancer_configuration",
            "name": "onedelivery-logistics-agent",
            "name_prefix": "",
            "port": 9011,
            "preserve_client_ip": null,
            "protocol": "HTTP",
            "protocol_version": "HTTP1",
            "proxy_protocol_v2": false,
            "slow_start": 0,
            "stickiness": [
              {
                "cookie_duration": 86400,
                "cookie_name": "",
                "enabled": false,
                "type": "lb_cookie"
              }
            ],
            "tags": {},
            "tags_all": {
              "Environment": "dev",
              "ManagedBy": "terraform",
              "Project": "onedelivery"
            },
            "target_failover": [
              {
                "on_deregistration": null,
                "on_unhealthy": null
              }
            ],
            "target_group_health": [
              {
                "dns_failover": [
                  {
                    "minimum_healthy_targets_count": "1",
                    "minimum_healthy_targets_percentage": "off"
                  }
                ],
                "unhealthy_state_routing": [
                  {
                    "minimum_healthy_targets_count": 1,
                    "minimum_healthy_targets_percentage": "off"
                  }
                ]
              }
            ],
            "target_health_state": [
              {
                "enable_unhealthy_connection_termination": null,
                "unhealthy_draining_interval": null
              }
            ],
            "target_type": "ip",
            "vpc_id": "vpc-01f4d46470a373bd0"
          },
          "sensitive_attributes": [],
          "private": "bnVsbA==",
          "dependencies": [
            "data.aws_vpc.main"
          ]
        },
        {
          "index_key": "orchestrator-agent",
          "schema_version": 0,
          "attributes": {
            "arn": "arn:aws:elasticloadbalancing:ap-southeast-1:542829982577:targetgroup/onedelivery-orchestrator-agent/c9c8cc688c70932b",
            "arn_suffix": "targetgroup/onedelivery-orchestrator-agent/c9c8cc688c70932b",
            "connection_termination": null,
            "deregistration_delay": "300",
            "health_check": [
              {
                "enabled": true,
                "healthy_threshold": 2,
                "interval": 30,
                "matcher": "200",
                "path": "/health",
                "port": "traffic-port",
                "protocol": "HTTP",
                "timeout": 5,
                "unhealthy_threshold": 3
              }
            ],
            "id": "arn:aws:elasticloadbalancing:ap-southeast-1:542829982577:targetgroup/onedelivery-orchestrator-agent/c9c8cc688c70932b",
            "ip_address_type": "ipv4",
            "lambda_multi_value_headers_enabled": false,
            "load_balancer_arns": [
              "arn:aws:elasticloadbalancing:ap-southeast-1:542829982577:loadbalancer/app/onedelivery-alb/f7a5f07158f11d54"
            ],
            "load_balancing_algorithm_type": "round_robin",
            "load_balancing_anomaly_mitigation": "off",
            "load_balancing_cross_zone_enabled": "use_load_balancer_configuration",
            "name": "onedelivery-orchestrator-agent",
            "name_prefix": "",
            "port": 9010,
            "preserve_client_ip": null,
            "protocol": "HTTP",
            "protocol_version": "HTTP1",
            "proxy_protocol_v2": false,
            "slow_start": 0,
            "stickiness": [
              {
                "cookie_duration": 86400,
                "cookie_name": "",
                "enabled": false,
                "type": "lb_cookie"
              }
            ],
            "tags": {},
            "tags_all": {
              "Environment": "dev",
              "ManagedBy": "terraform",
              "Project": "onedelivery"
            },
            "target_failover": [
              {
                "on_deregistration": null,
                "on_unhealthy": null
              }
            ],
            "target_group_health": [
              {
                "dns_failover": [
                  {
                    "minimum_healthy_targets_count": "1",
                    "minimum_healthy_targets_percentage": "off"
                  }
                ],
                "unhealthy_state_routing": [
                  {
                    "minimum_healthy_targets_count": 1,
                    "minimum_healthy_targets_percentage": "off"
                  }
                ]
              }
            ],
            "target_health_state": [
              {
                "enable_unhealthy_connection_termination": null,
                "unhealthy_draining_interval": null
              }
            ],
            "target_type": "ip",
            "vpc_id": "vpc-01f4d46470a373bd0"
          },
          "sensitive_attributes": [],
          "private": "bnVsbA==",
          "dependencies": [
            "data.aws_vpc.main"
          ]
        },
        {
          "index_key": "order",
          "schema_version": 0,
          "attributes": {
            "arn": "arn:aws:elasticloadbalancing:ap-southeast-1:542829982577:targetgroup/onedelivery-order/e510996a3ba7b791",
            "arn_suffix": "targetgroup/onedelivery-order/e510996a3ba7b791",
            "connection_termination": null,
            "deregistration_delay": "300",
            "health_check": [
              {
                "enabled": true,
                "healthy_threshold": 2,
                "interval": 30,
                "matcher": "200",
                "path": "/health",
                "port": "traffic-port",
                "protocol": "HTTP",
                "timeout": 5,
                "unhealthy_threshold": 3
              }
            ],
            "id": "arn:aws:elasticloadbalancing:ap-southeast-1:542829982577:targetgroup/onedelivery-order/e510996a3ba7b791",
            "ip_address_type": "ipv4",
            "lambda_multi_value_headers_enabled": false,
            "load_balancer_arns": [
              "arn:aws:elasticloadbalancing:ap-southeast-1:542829982577:loadbalancer/app/onedelivery-alb/f7a5f07158f11d54"
            ],
            "load_balancing_algorithm_type": "round_robin",
            "load_balancing_anomaly_mitigation": "off",
            "load_balancing_cross_zone_enabled": "use_load_balancer_configuration",
            "name": "onedelivery-order",
            "name_prefix": "",
            "port": 9003,
            "preserve_client_ip": null,
            "protocol": "HTTP",
            "protocol_version": "HTTP1",
            "proxy_protocol_v2": false,
            "slow_start": 0,
            "stickiness": [
              {
                "cookie_duration": 86400,
                "cookie_name": "",
                "enabled": false,
                "type": "lb_cookie"
              }
            ],
            "tags": {},
            "tags_all": {
              "Environment": "dev",
              "ManagedBy": "terraform",
              "Project": "onedelivery"
            },
            "target_failover": [
              {
                "on_deregistration": null,
                "on_unhealthy": null
              }
            ],
            "target_group_health": [
              {
                "dns_failover": [
                  {
                    "minimum_healthy_targets_count": "1",
                    "minimum_healthy_targets_percentage": "off"
                  }
                ],
                "unhealthy_state_routing": [
                  {
                    "minimum_healthy_targets_count": 1,
                    "minimum_healthy_targets_percentage": "off"
                  }
                ]
              }
            ],
            "target_health_state": [
              {
                "enable_unhealthy_connection_termination": null,
                "unhealthy_draining_interval": null
              }
            ],
            "target_type": "ip",
            "vpc_id": "vpc-01f4d46470a373bd0"
          },
          "sensitive_attributes": [],
          "private": "bnVsbA==",
          "dependencies": [
            "data.aws_vpc.main"
          ]
        },
        {
          "index_key": "payment",
          "schema_version": 0,
          "attributes": {
            "arn": "arn:aws:elasticloadbalancing:ap-southeast-1:542829982577:targetgroup/onedelivery-payment/94f4b550cf8660d6",
            "arn_suffix": "targetgroup/onedelivery-payment/94f4b550cf8660d6",
            "connection_termination": null,
            "deregistration_delay": "300",
            "health_check": [
              {
                "enabled": true,
                "healthy_threshold": 2,
                "interval": 30,
                "matcher": "200",
                "path": "/health",
                "port": "traffic-port",
                "protocol": "HTTP",
                "timeout": 5,
                "unhealthy_threshold": 3
              }
            ],
            "id": "arn:aws:elasticloadbalancing:ap-southeast-1:542829982577:targetgroup/onedelivery-payment/94f4b550cf8660d6",
            "ip_address_type": "ipv4",
            "lambda_multi_value_headers_enabled": false,
            "load_balancer_arns": [
              "arn:aws:elasticloadbalancing:ap-southeast-1:542829982577:loadbalancer/app/onedelivery-alb/f7a5f07158f11d54"
            ],
            "load_balancing_algorithm_type": "round_robin",
            "load_balancing_anomaly_mitigation": "off",
            "load_balancing_cross_zone_enabled": "use_load_balancer_configuration",
            "name": "onedelivery-payment",
            "name_prefix": "",
            "port": 9004,
            "preserve_client_ip": null,
            "protocol": "HTTP",
            "protocol_version": "HTTP1",
            "proxy_protocol_v2": false,
            "slow_start": 0,
            "stickiness": [
              {
                "cookie_duration": 86400,
                "cookie_name": "",
                "enabled": false,
                "type": "lb_cookie"
              }
            ],
            "tags": {},
            "tags_all": {
              "Environment": "dev",
              "ManagedBy": "terraform",
              "Project": "onedelivery"
            },
            "target_failover": [
              {
                "on_deregistration": null,
                "on_unhealthy": null
              }
            ],
            "target_group_health": [
              {
                "dns_failover": [
                  {
                    "minimum_healthy_targets_count": "1",
                    "minimum_healthy_targets_percentage": "off"
                  }
                ],
                "unhealthy_state_routing": [
                  {
                    "minimum_healthy_targets_count": 1,
                    "minimum_healthy_targets_percentage": "off"
                  }
                ]
              }
            ],
            "target_health_state": [
              {
                "enable_unhealthy_connection_termination": null,
                "unhealthy_draining_interval": null
              }
            ],
            "target_type": "ip",
            "vpc_id": "vpc-01f4d46470a373bd0"
          },
          "sensitive_attributes": [],
          "private": "bnVsbA==",
          "dependencies": [
            "data.aws_vpc.main"
          ]
        },
        {
          "index_key": "qa-agent",
          "schema_version": 0,
          "attributes": {
            "arn": "arn:aws:elasticloadbalancing:ap-southeast-1:542829982577:targetgroup/onedelivery-qa-agent/40ee319148472aed",
            "arn_suffix": "targetgroup/onedelivery-qa-agent/40ee319148472aed",
            "connection_termination": null,
            "deregistration_delay": "300",
            "health_check": [
              {
                "enabled": true,
                "healthy_threshold": 2,
                "interval": 30,
                "matcher": "200",
                "path": "/health",
                "port": "traffic-port",
                "protocol": "HTTP",
                "timeout": 5,
                "unhealthy_threshold": 3
              }
            ],
            "id": "arn:aws:elasticloadbalancing:ap-southeast-1:542829982577:targetgroup/onedelivery-qa-agent/40ee319148472aed",
            "ip_address_type": "ipv4",
            "lambda_multi_value_headers_enabled": false,
            "load_balancer_arns": [
              "arn:aws:elasticloadbalancing:ap-southeast-1:542829982577:loadbalancer/app/onedelivery-alb/f7a5f07158f11d54"
            ],
            "load_balancing_algorithm_type": "round_robin",
            "load_balancing_anomaly_mitigation": "off",
            "load_balancing_cross_zone_enabled": "use_load_balancer_configuration",
            "name": "onedelivery-qa-agent",
            "name_prefix": "",
            "port": 9014,
            "preserve_client_ip": null,
            "protocol": "HTTP",
            "protocol_version": "HTTP1",
            "proxy_protocol_v2": false,
            "slow_start": 0,
            "stickiness": [
              {
                "cookie_duration": 86400,
                "cookie_name": "",
                "enabled": false,
                "type": "lb_cookie"
              }
            ],
            "tags": {},
            "tags_all": {
              "Environment": "dev",
              "ManagedBy": "terraform",
              "Project": "onedelivery"
            },
            "target_failover": [
              {
                "on_deregistration": null,
                "on_unhealthy": null
              }
            ],
            "target_group_health": [
              {
                "dns_failover": [
                  {
                    "minimum_healthy_targets_count": "1",
                    "minimum_healthy_targets_percentage": "off"
                  }
                ],
                "unhealthy_state_routing": [
                  {
                    "minimum_healthy_targets_count": 1,
                    "minimum_healthy_targets_percentage": "off"
                  }
                ]
              }
            ],
            "target_health_state": [
              {
                "enable_unhealthy_connection_termination": null,
                "unhealthy_draining_interval": null
              }
            ],
            "target_type": "ip",
            "vpc_id": "vpc-01f4d46470a373bd0"
          },
          "sensitive_attributes": [],
          "private": "bnVsbA==",
          "dependencies": [
            "data.aws_vpc.main"
          ]
        },
        {
          "index_key": "user",
          "schema_version": 0,
          "attributes": {
            "arn": "arn:aws:elasticloadbalancing:ap-southeast-1:542829982577:targetgroup/onedelivery-user/91cc8731d5c85aa8",
            "arn_suffix": "targetgroup/onedelivery-user/91cc8731d5c85aa8",
            "connection_termination": null,
            "deregistration_delay": "300",
            "health_check": [
              {
                "enabled": true,
                "healthy_threshold": 2,
                "interval": 30,
                "matcher": "200",
                "path": "/health",
                "port": "traffic-port",
                "protocol": "HTTP",
                "timeout": 5,
                "unhealthy_threshold": 3
              }
            ],
            "id": "arn:aws:elasticloadbalancing:ap-southeast-1:542829982577:targetgroup/onedelivery-user/91cc8731d5c85aa8",
            "ip_address_type": "ipv4",
            "lambda_multi_value_headers_enabled": false,
            "load_balancer_arns": [
              "arn:aws:elasticloadbalancing:ap-southeast-1:542829982577:loadbalancer/app/onedelivery-alb/f7a5f07158f11d54"
            ],
            "load_balancing_algorithm_type": "round_robin",
            "load_balancing_anomaly_mitigation": "off",
            "load_balancing_cross_zone_enabled": "use_load_balancer_configuration",
            "name": "onedelivery-user",
            "name_prefix": "",
            "port": 9005,
            "preserve_client_ip": null,
            "protocol": "HTTP",
            "protocol_version": "HTTP1",
            "proxy_protocol_v2": false,
            "slow_start": 0,
            "stickiness": [
              {
                "cookie_duration": 86400,
                "cookie_name": "",
                "enabled": false,
                "type": "lb_cookie"
              }
            ],
            "tags": {},
            "tags_all": {
              "Environment": "dev",
              "ManagedBy": "terraform",
              "Project": "onedelivery"
            },
            "target_failover": [
              {
                "on_deregistration": null,
                "on_unhealthy": null
              }
            ],
            "target_group_health": [
              {
                "dns_failover": [
                  {
                    "minimum_healthy_targets_count": "1",
                    "minimum_healthy_targets_percentage": "off"
                  }
                ],
                "unhealthy_state_routing": [
                  {
                    "minimum_healthy_targets_count": 1,
                    "minimum_healthy_targets_percentage": "off"
                  }
                ]
              }
            ],
            "target_health_state": [
              {
                "enable_unhealthy_connection_termination": null,
                "unhealthy_draining_interval": null
              }
            ],
            "target_type": "ip",
            "vpc_id": "vpc-01f4d46470a373bd0"
          },
          "sensitive_attributes": [],
          "private": "bnVsbA==",
          "dependencies": [
            "data.aws_vpc.main"
          ]
        }
      ]
    },
    {
      "mode": "managed",
      "type": "aws_route_table",
      "name": "public",
      "provider": "provider[\"registry.terraform.io/hashicorp/aws\"]",
      "instances": [
        {
          "schema_version": 0,
          "attributes": {
            "arn": "arn:aws:ec2:ap-southeast-1:542829982577:route-table/rtb-0402b81a861e67e72",
            "id": "rtb-0402b81a861e67e72",
            "owner_id": "542829982577",
            "propagating_vgws": [],
            "route": [
              {
                "carrier_gateway_id": "",
                "cidr_block": "0.0.0.0/0",
                "core_network_arn": "",
                "destination_prefix_list_id": "",
                "egress_only_gateway_id": "",
                "gateway_id": "igw-0a0515cd57fcd23cf",
                "ipv6_cidr_block": "",
                "local_gateway_id": "",
                "nat_gateway_id": "",
                "network_interface_id": "",
                "transit_gateway_id": "",
                "vpc_endpoint_id": "",
                "vpc_peering_connection_id": ""
              }
            ],
            "tags": {
              "Name": "onedelivery-public-rt"
            },
            "tags_all": {
              "Environment": "dev",
              "ManagedBy": "terraform",
              "Name": "onedelivery-public-rt",
              "Project": "onedelivery"
            },
            "timeouts": null,
            "vpc_id": "vpc-01f4d46470a373bd0"
          },
          "sensitive_attributes": [],
          "private": "eyJlMmJmYjczMC1lY2FhLTExZTYtOGY4OC0zNDM2M2JjN2M0YzAiOnsiY3JlYXRlIjozMDAwMDAwMDAwMDAsImRlbGV0ZSI6MzAwMDAwMDAwMDAwLCJ1cGRhdGUiOjEyMDAwMDAwMDAwMH19",
          "dependencies": [
            "aws_internet_gateway.main",
            "data.aws_vpc.main"
          ]
        }
      ]
    },
    {
      "mode": "managed",
      "type": "aws_route_table_association",
      "name": "public_a",
      "provider": "provider[\"registry.terraform.io/hashicorp/aws\"]",
      "instances": [
        {
          "schema_version": 0,
          "attributes": {
            "gateway_id": "",
            "id": "rtbassoc-092d656180564563c",
            "route_table_id": "rtb-0402b81a861e67e72",
            "subnet_id": "subnet-086900f75d158bfe1",
            "timeouts": null
          },
          "sensitive_attributes": [],
          "private": "eyJlMmJmYjczMC1lY2FhLTExZTYtOGY4OC0zNDM2M2JjN2M0YzAiOnsiY3JlYXRlIjozMDAwMDAwMDAwMDAsImRlbGV0ZSI6MzAwMDAwMDAwMDAwLCJ1cGRhdGUiOjEyMDAwMDAwMDAwMH19",
          "dependencies": [
            "aws_internet_gateway.main",
            "aws_route_table.public",
            "aws_subnet.public_a",
            "data.aws_availability_zones.available",
            "data.aws_vpc.main"
          ]
        }
      ]
    },
    {
      "mode": "managed",
      "type": "aws_route_table_association",
      "name": "public_b",
      "provider": "provider[\"registry.terraform.io/hashicorp/aws\"]",
      "instances": [
        {
          "schema_version": 0,
          "attributes": {
            "gateway_id": "",
            "id": "rtbassoc-0022b29eb1c1313c4",
            "route_table_id": "rtb-0402b81a861e67e72",
            "subnet_id": "subnet-0def3a3c74ef848e1",
            "timeouts": null
          },
          "sensitive_attributes": [],
          "private": "eyJlMmJmYjczMC1lY2FhLTExZTYtOGY4OC0zNDM2M2JjN2M0YzAiOnsiY3JlYXRlIjozMDAwMDAwMDAwMDAsImRlbGV0ZSI6MzAwMDAwMDAwMDAwLCJ1cGRhdGUiOjEyMDAwMDAwMDAwMH19",
          "dependencies": [
            "aws_internet_gateway.main",
            "aws_route_table.public",
            "aws_subnet.public_b",
            "data.aws_availability_zones.available",
            "data.aws_vpc.main"
          ]
        }
      ]
    },
    {
      "mode": "managed",
      "type": "aws_route_table_association",
      "name": "public_c",
      "provider": "provider[\"registry.terraform.io/hashicorp/aws\"]",
      "instances": [
        {
          "schema_version": 0,
          "attributes": {
            "gateway_id": "",
            "id": "rtbassoc-0fa4ff2e7057383ab",
            "route_table_id": "rtb-0402b81a861e67e72",
            "subnet_id": "subnet-0bf8209152cea933c",
            "timeouts": null
          },
          "sensitive_attributes": [],
          "private": "eyJlMmJmYjczMC1lY2FhLTExZTYtOGY4OC0zNDM2M2JjN2M0YzAiOnsiY3JlYXRlIjozMDAwMDAwMDAwMDAsImRlbGV0ZSI6MzAwMDAwMDAwMDAwLCJ1cGRhdGUiOjEyMDAwMDAwMDAwMH19",
          "dependencies": [
            "aws_internet_gateway.main",
            "aws_route_table.public",
            "aws_subnet.public_c",
            "data.aws_availability_zones.available",
            "data.aws_vpc.main"
          ]
        }
      ]
    },
    {
      "mode": "managed",
      "type": "aws_security_group",
      "name": "alb",
      "provider": "provider[\"registry.terraform.io/hashicorp/aws\"]",
      "instances": [
        {
          "index_key": 0,
          "schema_version": 1,
          "attributes": {
            "arn": "arn:aws:ec2:ap-southeast-1:542829982577:security-group/sg-00dce56cabff4d51e",
            "description": "Managed by Terraform",
            "egress": [
              {
                "cidr_blocks": [
                  "0.0.0.0/0"
                ],
                "description": "",
                "from_port": 0,
                "ipv6_cidr_blocks": [],
                "prefix_list_ids": [],
                "protocol": "-1",
                "security_groups": [],
                "self": false,
                "to_port": 0
              }
            ],
            "id": "sg-00dce56cabff4d51e",
            "ingress": [
              {
                "cidr_blocks": [
                  "0.0.0.0/0"
                ],
                "description": "HTTP",
                "from_port": 80,
                "ipv6_cidr_blocks": [],
                "prefix_list_ids": [],
                "protocol": "tcp",
                "security_groups": [],
                "self": false,
                "to_port": 80
              },
              {
                "cidr_blocks": [
                  "0.0.0.0/0"
                ],
                "description": "HTTPS",
                "from_port": 443,
                "ipv6_cidr_blocks": [],
                "prefix_list_ids": [],
                "protocol": "tcp",
                "security_groups": [],
                "self": false,
                "to_port": 443
              }
            ],
            "name": "onedelivery-alb-20260331072024838400000001",
            "name_prefix": "onedelivery-alb-",
            "owner_id": "542829982577",
            "revoke_rules_on_delete": false,
            "tags": {},
            "tags_all": {
              "Environment": "dev",
              "ManagedBy": "terraform",
              "Project": "onedelivery"
            },
            "timeouts": null,
            "vpc_id": "vpc-01f4d46470a373bd0"
          },
          "sensitive_attributes": [],
          "private": "eyJlMmJmYjczMC1lY2FhLTExZTYtOGY4OC0zNDM2M2JjN2M0YzAiOnsiY3JlYXRlIjo2MDAwMDAwMDAwMDAsImRlbGV0ZSI6OTAwMDAwMDAwMDAwfSwic2NoZW1hX3ZlcnNpb24iOiIxIn0=",
          "dependencies": [
            "data.aws_vpc.main"
          ]
        }
      ]
    },
    {
      "mode": "managed",
      "type": "aws_security_group",
      "name": "ecs_tasks",
      "provider": "provider[\"registry.terraform.io/hashicorp/aws\"]",
      "instances": [
        {
          "schema_version": 1,
          "attributes": {
            "arn": "arn:aws:ec2:ap-southeast-1:542829982577:security-group/sg-085cdd7377ff6d907",
            "description": "Managed by Terraform",
            "egress": [
              {
                "cidr_blocks": [
                  "0.0.0.0/0"
                ],
                "description": "",
                "from_port": 0,
                "ipv6_cidr_blocks": [],
                "prefix_list_ids": [],
                "protocol": "-1",
                "security_groups": [],
                "self": false,
                "to_port": 0
              }
            ],
            "id": "sg-085cdd7377ff6d907",
            "ingress": [
              {
                "cidr_blocks": [],
                "description": "ALB",
                "from_port": 0,
                "ipv6_cidr_blocks": [],
                "prefix_list_ids": [],
                "protocol": "tcp",
                "security_groups": [
                  "sg-00dce56cabff4d51e"
                ],
                "self": false,
                "to_port": 65535
              }
            ],
            "name": "onedelivery-ecs-20260301180734459200000004",
            "name_prefix": "onedelivery-ecs-",
            "owner_id": "542829982577",
            "revoke_rules_on_delete": false,
            "tags": {},
            "tags_all": {
              "Environment": "dev",
              "ManagedBy": "terraform",
              "Project": "onedelivery"
            },
            "timeouts": null,
            "vpc_id": "vpc-01f4d46470a373bd0"
          },
          "sensitive_attributes": [],
          "private": "eyJlMmJmYjczMC1lY2FhLTExZTYtOGY4OC0zNDM2M2JjN2M0YzAiOnsiY3JlYXRlIjo2MDAwMDAwMDAwMDAsImRlbGV0ZSI6OTAwMDAwMDAwMDAwfSwic2NoZW1hX3ZlcnNpb24iOiIxIn0=",
          "dependencies": [
            "aws_security_group.alb",
            "data.aws_vpc.main"
          ]
        }
      ]
    },
    {
      "mode": "managed",
      "type": "aws_security_group",
      "name": "postgres",
      "provider": "provider[\"registry.terraform.io/hashicorp/aws\"]",
      "instances": [
        {
          "schema_version": 1,
          "attributes": {
            "arn": "arn:aws:ec2:ap-southeast-1:542829982577:security-group/sg-093c6eebd827fa388",
            "description": "Managed by Terraform",
            "egress": [
              {
                "cidr_blocks": [
                  "0.0.0.0/0"
                ],
                "description": "",
                "from_port": 0,
                "ipv6_cidr_blocks": [],
                "prefix_list_ids": [],
                "protocol": "-1",
                "security_groups": [],
                "self": false,
                "to_port": 0
              }
            ],
            "id": "sg-093c6eebd827fa388",
            "ingress": [
              {
                "cidr_blocks": [],
                "description": "ECS tasks",
                "from_port": 5432,
                "ipv6_cidr_blocks": [],
                "prefix_list_ids": [],
                "protocol": "tcp",
                "security_groups": [
                  "sg-085cdd7377ff6d907"
                ],
                "self": false,
                "to_port": 5432
              }
            ],
            "name": "onedelivery-postgres-20260301180736238800000006",
            "name_prefix": "onedelivery-postgres-",
            "owner_id": "542829982577",
            "revoke_rules_on_delete": false,
            "tags": {},
            "tags_all": {
              "Environment": "dev",
              "ManagedBy": "terraform",
              "Project": "onedelivery"
            },
            "timeouts": null,
            "vpc_id": "vpc-01f4d46470a373bd0"
          },
          "sensitive_attributes": [],
          "private": "eyJlMmJmYjczMC1lY2FhLTExZTYtOGY4OC0zNDM2M2JjN2M0YzAiOnsiY3JlYXRlIjo2MDAwMDAwMDAwMDAsImRlbGV0ZSI6OTAwMDAwMDAwMDAwfSwic2NoZW1hX3ZlcnNpb24iOiIxIn0=",
          "dependencies": [
            "aws_security_group.alb",
            "aws_security_group.ecs_tasks",
            "data.aws_vpc.main"
          ]
        }
      ]
    },
    {
      "mode": "managed",
      "type": "aws_security_group",
      "name": "vpc_endpoints",
      "provider": "provider[\"registry.terraform.io/hashicorp/aws\"]",
      "instances": [
        {
          "schema_version": 1,
          "attributes": {
            "arn": "arn:aws:ec2:ap-southeast-1:542829982577:security-group/sg-0f53614ee2c55343e",
            "description": "VPC endpoint SG for onedelivery",
            "egress": [
              {
                "cidr_blocks": [
                  "0.0.0.0/0"
                ],
                "description": "",
                "from_port": 0,
                "ipv6_cidr_blocks": [],
                "prefix_list_ids": [],
                "protocol": "-1",
                "security_groups": [],
                "self": false,
                "to_port": 0
              }
            ],
            "id": "sg-0f53614ee2c55343e",
            "ingress": [
              {
                "cidr_blocks": [
                  "10.0.0.0/16"
                ],
                "description": "",
                "from_port": 443,
                "ipv6_cidr_blocks": [],
                "prefix_list_ids": [],
                "protocol": "tcp",
                "security_groups": [],
                "self": false,
                "to_port": 443
              }
            ],
            "name": "onedelivery-vpc-ep-20260304173157471700000001",
            "name_prefix": "onedelivery-vpc-ep-",
            "owner_id": "542829982577",
            "revoke_rules_on_delete": false,
            "tags": {},
            "tags_all": {
              "Environment": "dev",
              "ManagedBy": "terraform",
              "Project": "onedelivery"
            },
            "timeouts": null,
            "vpc_id": "vpc-01f4d46470a373bd0"
          },
          "sensitive_attributes": [],
          "private": "eyJlMmJmYjczMC1lY2FhLTExZTYtOGY4OC0zNDM2M2JjN2M0YzAiOnsiY3JlYXRlIjo2MDAwMDAwMDAwMDAsImRlbGV0ZSI6OTAwMDAwMDAwMDAwfSwic2NoZW1hX3ZlcnNpb24iOiIxIn0=",
          "dependencies": [
            "data.aws_vpc.main"
          ]
        }
      ]
    },
    {
      "mode": "managed",
      "type": "aws_ssm_parameter",
      "name": "cors_origin",
      "provider": "provider[\"registry.terraform.io/hashicorp/aws\"]",
      "instances": [
        {
          "schema_version": 0,
          "attributes": {
            "allowed_pattern": "",
            "arn": "arn:aws:ssm:ap-southeast-1:542829982577:parameter/onedelivery/CORS_ORIGIN",
            "data_type": "text",
            "description": "Comma-separated list of allowed CORS origins",
            "has_value_wo": null,
            "id": "/onedelivery/CORS_ORIGIN",
            "insecure_value": null,
            "key_id": "alias/aws/ssm",
            "name": "/onedelivery/CORS_ORIGIN",
            "overwrite": null,
            "tags": {},
            "tags_all": {
              "Environment": "dev",
              "ManagedBy": "terraform",
              "Project": "onedelivery"
            },
            "tier": "Standard",
            "type": "SecureString",
            "value": "http://localhost:5173,https://nova136.github.io",
            "value_wo": null,
            "value_wo_version": null,
            "version": 1
          },
          "sensitive_attributes": [
            [
              {
                "type": "get_attr",
                "value": "value"
              }
            ],
            [
              {
                "type": "get_attr",
                "value": "value_wo"
              }
            ]
          ],
          "private": "bnVsbA=="
        }
      ]
    },
    {
      "mode": "managed",
      "type": "aws_ssm_parameter",
      "name": "database_url",
      "provider": "provider[\"registry.terraform.io/hashicorp/aws\"]",
      "instances": [
        {
          "schema_version": 0,
          "attributes": {
            "allowed_pattern": "",
            "arn": "arn:aws:ssm:ap-southeast-1:542829982577:parameter/onedelivery/DATABASE_URL",
            "data_type": "text",
            "description": "Full PostgreSQL connection string (includes credentials)",
            "has_value_wo": null,
            "id": "/onedelivery/DATABASE_URL",
            "insecure_value": null,
            "key_id": "alias/aws/ssm",
            "name": "/onedelivery/DATABASE_URL",
            "overwrite": null,
            "tags": {},
            "tags_all": {
              "Environment": "dev",
              "ManagedBy": "terraform",
              "Project": "onedelivery"
            },
            "tier": "Standard",
            "type": "SecureString",
            "value": "postgresql://postgres:64M4YXh08pe7@onedelivery-postgres.chqkmym8y08l.ap-southeast-1.rds.amazonaws.com:5432/onedelivery",
            "value_wo": null,
            "value_wo_version": null,
            "version": 2
          },
          "sensitive_attributes": [
            [
              {
                "type": "get_attr",
                "value": "value_wo"
              }
            ],
            [
              {
                "type": "get_attr",
                "value": "value"
              }
            ]
          ],
          "private": "bnVsbA==",
          "dependencies": [
            "aws_db_instance.postgres",
            "aws_db_subnet_group.postgres",
            "aws_security_group.alb",
            "aws_security_group.ecs_tasks",
            "aws_security_group.postgres",
            "aws_subnet.private_a",
            "aws_subnet.private_b",
            "aws_subnet.private_c",
            "data.aws_availability_zones.available",
            "data.aws_vpc.main"
          ]
        }
      ]
    },
    {
      "mode": "managed",
      "type": "aws_ssm_parameter",
      "name": "db_password",
      "provider": "provider[\"registry.terraform.io/hashicorp/aws\"]",
      "instances": [
        {
          "schema_version": 0,
          "attributes": {
            "allowed_pattern": "",
            "arn": "arn:aws:ssm:ap-southeast-1:542829982577:parameter/onedelivery/DB_PASSWORD",
            "data_type": "text",
            "description": "RDS master password",
            "has_value_wo": null,
            "id": "/onedelivery/DB_PASSWORD",
            "insecure_value": null,
            "key_id": "alias/aws/ssm",
            "name": "/onedelivery/DB_PASSWORD",
            "overwrite": null,
            "tags": {},
            "tags_all": {
              "Environment": "dev",
              "ManagedBy": "terraform",
              "Project": "onedelivery"
            },
            "tier": "Standard",
            "type": "SecureString",
            "value": "64M4YXh08pe7",
            "value_wo": null,
            "value_wo_version": null,
            "version": 1
          },
          "sensitive_attributes": [
            [
              {
                "type": "get_attr",
                "value": "value_wo"
              }
            ],
            [
              {
                "type": "get_attr",
                "value": "value"
              }
            ]
          ],
          "private": "bnVsbA=="
        }
      ]
    },
    {
      "mode": "managed",
      "type": "aws_ssm_parameter",
      "name": "eval_langsmith_api_key",
      "provider": "provider[\"registry.terraform.io/hashicorp/aws\"]",
      "instances": [
        {
          "schema_version": 0,
          "attributes": {
            "allowed_pattern": "",
            "arn": "arn:aws:ssm:ap-southeast-1:542829982577:parameter/onedelivery/EVAL_LANGSMITH_API_KEY",
            "data_type": "text",
            "description": "LangSmith API key used by eval / CI scripts",
            "has_value_wo": null,
            "id": "/onedelivery/EVAL_LANGSMITH_API_KEY",
            "insecure_value": null,
            "key_id": "alias/aws/ssm",
            "name": "/onedelivery/EVAL_LANGSMITH_API_KEY",
            "overwrite": null,
            "tags": {},
            "tags_all": {
              "Environment": "dev",
              "ManagedBy": "terraform",
              "Project": "onedelivery"
            },
            "tier": "Standard",
            "type": "SecureString",
            "value": "lsv2_pt_bae66a2ba73a44cb8dbdc763d17e493b_11c249b",
            "value_wo": null,
            "value_wo_version": null,
            "version": 1
          },
          "sensitive_attributes": [
            [
              {
                "type": "get_attr",
                "value": "value_wo"
              }
            ],
            [
              {
                "type": "get_attr",
                "value": "value"
              }
            ]
          ],
          "private": "bnVsbA=="
        }
      ]
    },
    {
      "mode": "managed",
      "type": "aws_ssm_parameter",
      "name": "gemini_api_key",
      "provider": "provider[\"registry.terraform.io/hashicorp/aws\"]",
      "instances": [
        {
          "schema_version": 0,
          "attributes": {
            "allowed_pattern": "",
            "arn": "arn:aws:ssm:ap-southeast-1:542829982577:parameter/onedelivery/GEMINI_API_KEY",
            "data_type": "text",
            "description": "Google Gemini API key",
            "has_value_wo": null,
            "id": "/onedelivery/GEMINI_API_KEY",
            "insecure_value": null,
            "key_id": "alias/aws/ssm",
            "name": "/onedelivery/GEMINI_API_KEY",
            "overwrite": null,
            "tags": {},
            "tags_all": {
              "Environment": "dev",
              "ManagedBy": "terraform",
              "Project": "onedelivery"
            },
            "tier": "Standard",
            "type": "SecureString",
            "value": "AIzaSyD2Nk2BGTjRk0SKDicJX2n2px8Z2O6yrQQ",
            "value_wo": null,
            "value_wo_version": null,
            "version": 2
          },
          "sensitive_attributes": [
            [
              {
                "type": "get_attr",
                "value": "value_wo"
              }
            ],
            [
              {
                "type": "get_attr",
                "value": "value"
              }
            ]
          ],
          "private": "bnVsbA=="
        }
      ]
    },
    {
      "mode": "managed",
      "type": "aws_ssm_parameter",
      "name": "jwt_secret",
      "provider": "provider[\"registry.terraform.io/hashicorp/aws\"]",
      "instances": [
        {
          "schema_version": 0,
          "attributes": {
            "allowed_pattern": "",
            "arn": "arn:aws:ssm:ap-southeast-1:542829982577:parameter/onedelivery/JWT_SECRET",
            "data_type": "text",
            "description": "JWT signing secret shared across all services",
            "has_value_wo": null,
            "id": "/onedelivery/JWT_SECRET",
            "insecure_value": null,
            "key_id": "alias/aws/ssm",
            "name": "/onedelivery/JWT_SECRET",
            "overwrite": null,
            "tags": {},
            "tags_all": {
              "Environment": "dev",
              "ManagedBy": "terraform",
              "Project": "onedelivery"
            },
            "tier": "Standard",
            "type": "SecureString",
            "value": "ffa32c3d40342bec6c1bcfba7b4f8197",
            "value_wo": null,
            "value_wo_version": null,
            "version": 1
          },
          "sensitive_attributes": [
            [
              {
                "type": "get_attr",
                "value": "value"
              }
            ],
            [
              {
                "type": "get_attr",
                "value": "value_wo"
              }
            ]
          ],
          "private": "bnVsbA=="
        }
      ]
    },
    {
      "mode": "managed",
      "type": "aws_ssm_parameter",
      "name": "langsmith_api_key",
      "provider": "provider[\"registry.terraform.io/hashicorp/aws\"]",
      "instances": [
        {
          "schema_version": 0,
          "attributes": {
            "allowed_pattern": "",
            "arn": "arn:aws:ssm:ap-southeast-1:542829982577:parameter/onedelivery/LANGSMITH_API_KEY",
            "data_type": "text",
            "description": "LangSmith API key (also used as LANGCHAIN_API_KEY)",
            "has_value_wo": null,
            "id": "/onedelivery/LANGSMITH_API_KEY",
            "insecure_value": null,
            "key_id": "alias/aws/ssm",
            "name": "/onedelivery/LANGSMITH_API_KEY",
            "overwrite": null,
            "tags": {},
            "tags_all": {
              "Environment": "dev",
              "ManagedBy": "terraform",
              "Project": "onedelivery"
            },
            "tier": "Standard",
            "type": "SecureString",
            "value": "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",
            "value_wo": null,
            "value_wo_version": null,
            "version": 1
          },
          "sensitive_attributes": [
            [
              {
                "type": "get_attr",
                "value": "value"
              }
            ],
            [
              {
                "type": "get_attr",
                "value": "value_wo"
              }
            ]
          ],
          "private": "bnVsbA=="
        }
      ]
    },
    {
      "mode": "managed",
      "type": "aws_ssm_parameter",
      "name": "langsmith_endpoint",
      "provider": "provider[\"registry.terraform.io/hashicorp/aws\"]",
      "instances": [
        {
          "schema_version": 0,
          "attributes": {
            "allowed_pattern": "",
            "arn": "arn:aws:ssm:ap-southeast-1:542829982577:parameter/onedelivery/LANGSMITH_ENDPOINT",
            "data_type": "text",
            "description": "LangSmith / LangChain API endpoint",
            "has_value_wo": null,
            "id": "/onedelivery/LANGSMITH_ENDPOINT",
            "insecure_value": null,
            "key_id": "alias/aws/ssm",
            "name": "/onedelivery/LANGSMITH_ENDPOINT",
            "overwrite": null,
            "tags": {},
            "tags_all": {
              "Environment": "dev",
              "ManagedBy": "terraform",
              "Project": "onedelivery"
            },
            "tier": "Standard",
            "type": "SecureString",
            "value": "https://api.smith.langchain.com",
            "value_wo": null,
            "value_wo_version": null,
            "version": 1
          },
          "sensitive_attributes": [
            [
              {
                "type": "get_attr",
                "value": "value_wo"
              }
            ],
            [
              {
                "type": "get_attr",
                "value": "value"
              }
            ]
          ],
          "private": "bnVsbA=="
        }
      ]
    },
    {
      "mode": "managed",
      "type": "aws_ssm_parameter",
      "name": "langsmith_project",
      "provider": "provider[\"registry.terraform.io/hashicorp/aws\"]",
      "instances": [
        {
          "schema_version": 0,
          "attributes": {
            "allowed_pattern": "",
            "arn": "arn:aws:ssm:ap-southeast-1:542829982577:parameter/onedelivery/LANGSMITH_PROJECT",
            "data_type": "text",
            "description": "LangSmith project name for tracing grouping",
            "has_value_wo": null,
            "id": "/onedelivery/LANGSMITH_PROJECT",
            "insecure_value": null,
            "key_id": "alias/aws/ssm",
            "name": "/onedelivery/LANGSMITH_PROJECT",
            "overwrite": null,
            "tags": {},
            "tags_all": {
              "Environment": "dev",
              "ManagedBy": "terraform",
              "Project": "onedelivery"
            },
            "tier": "Standard",
            "type": "SecureString",
            "value": "OneDelivery",
            "value_wo": null,
            "value_wo_version": null,
            "version": 1
          },
          "sensitive_attributes": [
            [
              {
                "type": "get_attr",
                "value": "value"
              }
            ],
            [
              {
                "type": "get_attr",
                "value": "value_wo"
              }
            ]
          ],
          "private": "bnVsbA=="
        }
      ]
    },
    {
      "mode": "managed",
      "type": "aws_ssm_parameter",
      "name": "langsmith_tracing",
      "provider": "provider[\"registry.terraform.io/hashicorp/aws\"]",
      "instances": [
        {
          "schema_version": 0,
          "attributes": {
            "allowed_pattern": "",
            "arn": "arn:aws:ssm:ap-southeast-1:542829982577:parameter/onedelivery/LANGSMITH_TRACING",
            "data_type": "text",
            "description": "Enable LangSmith tracing (true/false)",
            "has_value_wo": null,
            "id": "/onedelivery/LANGSMITH_TRACING",
            "insecure_value": null,
            "key_id": "alias/aws/ssm",
            "name": "/onedelivery/LANGSMITH_TRACING",
            "overwrite": null,
            "tags": {},
            "tags_all": {
              "Environment": "dev",
              "ManagedBy": "terraform",
              "Project": "onedelivery"
            },
            "tier": "Standard",
            "type": "SecureString",
            "value": "true",
            "value_wo": null,
            "value_wo_version": null,
            "version": 1
          },
          "sensitive_attributes": [
            [
              {
                "type": "get_attr",
                "value": "value_wo"
              }
            ],
            [
              {
                "type": "get_attr",
                "value": "value"
              }
            ]
          ],
          "private": "bnVsbA=="
        }
      ]
    },
    {
      "mode": "managed",
      "type": "aws_ssm_parameter",
      "name": "openai_api_key",
      "provider": "provider[\"registry.terraform.io/hashicorp/aws\"]",
      "instances": [
        {
          "schema_version": 0,
          "attributes": {
            "allowed_pattern": "",
            "arn": "arn:aws:ssm:ap-southeast-1:542829982577:parameter/onedelivery/OPENAI_API_KEY",
            "data_type": "text",
            "description": "OpenAI API key used by all AI agent services",
            "has_value_wo": null,
            "id": "/onedelivery/OPENAI_API_KEY",
            "insecure_value": null,
            "key_id": "alias/aws/ssm",
            "name": "/onedelivery/OPENAI_API_KEY",
            "overwrite": null,
            "tags": {},
            "tags_all": {
              "Environment": "dev",
              "ManagedBy": "terraform",
              "Project": "onedelivery"
            },
            "tier": "Standard",
            "type": "SecureString",
            "value": "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",
            "value_wo": null,
            "value_wo_version": null,
            "version": 2
          },
          "sensitive_attributes": [
            [
              {
                "type": "get_attr",
                "value": "value_wo"
              }
            ],
            [
              {
                "type": "get_attr",
                "value": "value"
              }
            ]
          ],
          "private": "bnVsbA=="
        }
      ]
    },
    {
      "mode": "managed",
      "type": "aws_ssm_parameter",
      "name": "rabbitmq_url",
      "provider": "provider[\"registry.terraform.io/hashicorp/aws\"]",
      "instances": [
        {
          "schema_version": 0,
          "attributes": {
            "allowed_pattern": "",
            "arn": "arn:aws:ssm:ap-southeast-1:542829982577:parameter/onedelivery/RABBITMQ_URL",
            "data_type": "text",
            "description": "LavinMQ (CloudAMQP) AMQPS connection URL",
            "has_value_wo": null,
            "id": "/onedelivery/RABBITMQ_URL",
            "insecure_value": null,
            "key_id": "alias/aws/ssm",
            "name": "/onedelivery/RABBITMQ_URL",
            "overwrite": null,
            "tags": {},
            "tags_all": {
              "Environment": "dev",
              "ManagedBy": "terraform",
              "Project": "onedelivery"
            },
            "tier": "Standard",
            "type": "SecureString",
            "value": "amqps://prigraqy:RotEGUGQXBnhaPT6FvVoJ19Cp3rGdTm8@capybara.lmq.cloudamqp.com:5671/prigraqy",
            "value_wo": null,
            "value_wo_version": null,
            "version": 3
          },
          "sensitive_attributes": [
            [
              {
                "type": "get_attr",
                "value": "value_wo"
              }
            ],
            [
              {
                "type": "get_attr",
                "value": "value"
              }
            ]
          ],
          "private": "bnVsbA=="
        }
      ]
    },
    {
      "mode": "managed",
      "type": "aws_subnet",
      "name": "private_a",
      "provider": "provider[\"registry.terraform.io/hashicorp/aws\"]",
      "instances": [
        {
          "schema_version": 1,
          "attributes": {
            "arn": "arn:aws:ec2:ap-southeast-1:542829982577:subnet/subnet-02dbf97957db59430",
            "assign_ipv6_address_on_creation": false,
            "availability_zone": "ap-southeast-1a",
            "availability_zone_id": "apse1-az2",
            "cidr_block": "10.0.64.0/20",
            "customer_owned_ipv4_pool": "",
            "enable_dns64": false,
            "enable_lni_at_device_index": 0,
            "enable_resource_name_dns_a_record_on_launch": false,
            "enable_resource_name_dns_aaaa_record_on_launch": false,
            "id": "subnet-02dbf97957db59430",
            "ipv6_cidr_block": "",
            "ipv6_cidr_block_association_id": "",
            "ipv6_native": false,
            "map_customer_owned_ip_on_launch": false,
            "map_public_ip_on_launch": false,
            "outpost_arn": "",
            "owner_id": "542829982577",
            "private_dns_hostname_type_on_launch": "ip-name",
            "tags": {
              "Name": "onedelivery-private-a"
            },
            "tags_all": {
              "Environment": "dev",
              "ManagedBy": "terraform",
              "Name": "onedelivery-private-a",
              "Project": "onedelivery"
            },
            "timeouts": null,
            "vpc_id": "vpc-01f4d46470a373bd0"
          },
          "sensitive_attributes": [],
          "private": "eyJlMmJmYjczMC1lY2FhLTExZTYtOGY4OC0zNDM2M2JjN2M0YzAiOnsiY3JlYXRlIjo2MDAwMDAwMDAwMDAsImRlbGV0ZSI6MTIwMDAwMDAwMDAwMH0sInNjaGVtYV92ZXJzaW9uIjoiMSJ9",
          "dependencies": [
            "data.aws_availability_zones.available",
            "data.aws_vpc.main"
          ],
          "create_before_destroy": true
        }
      ]
    },
    {
      "mode": "managed",
      "type": "aws_subnet",
      "name": "private_b",
      "provider": "provider[\"registry.terraform.io/hashicorp/aws\"]",
      "instances": [
        {
          "schema_version": 1,
          "attributes": {
            "arn": "arn:aws:ec2:ap-southeast-1:542829982577:subnet/subnet-0836a471bed800402",
            "assign_ipv6_address_on_creation": false,
            "availability_zone": "ap-southeast-1b",
            "availability_zone_id": "apse1-az1",
            "cidr_block": "10.0.80.0/20",
            "customer_owned_ipv4_pool": "",
            "enable_dns64": false,
            "enable_lni_at_device_index": 0,
            "enable_resource_name_dns_a_record_on_launch": false,
            "enable_resource_name_dns_aaaa_record_on_launch": false,
            "id": "subnet-0836a471bed800402",
            "ipv6_cidr_block": "",
            "ipv6_cidr_block_association_id": "",
            "ipv6_native": false,
            "map_customer_owned_ip_on_launch": false,
            "map_public_ip_on_launch": false,
            "outpost_arn": "",
            "owner_id": "542829982577",
            "private_dns_hostname_type_on_launch": "ip-name",
            "tags": {
              "Name": "onedelivery-private-b"
            },
            "tags_all": {
              "Environment": "dev",
              "ManagedBy": "terraform",
              "Name": "onedelivery-private-b",
              "Project": "onedelivery"
            },
            "timeouts": null,
            "vpc_id": "vpc-01f4d46470a373bd0"
          },
          "sensitive_attributes": [],
          "private": "eyJlMmJmYjczMC1lY2FhLTExZTYtOGY4OC0zNDM2M2JjN2M0YzAiOnsiY3JlYXRlIjo2MDAwMDAwMDAwMDAsImRlbGV0ZSI6MTIwMDAwMDAwMDAwMH0sInNjaGVtYV92ZXJzaW9uIjoiMSJ9",
          "dependencies": [
            "data.aws_availability_zones.available",
            "data.aws_vpc.main"
          ],
          "create_before_destroy": true
        }
      ]
    },
    {
      "mode": "managed",
      "type": "aws_subnet",
      "name": "private_c",
      "provider": "provider[\"registry.terraform.io/hashicorp/aws\"]",
      "instances": [
        {
          "schema_version": 1,
          "attributes": {
            "arn": "arn:aws:ec2:ap-southeast-1:542829982577:subnet/subnet-065bc6a293dd40b8d",
            "assign_ipv6_address_on_creation": false,
            "availability_zone": "ap-southeast-1c",
            "availability_zone_id": "apse1-az3",
            "cidr_block": "10.0.96.0/20",
            "customer_owned_ipv4_pool": "",
            "enable_dns64": false,
            "enable_lni_at_device_index": 0,
            "enable_resource_name_dns_a_record_on_launch": false,
            "enable_resource_name_dns_aaaa_record_on_launch": false,
            "id": "subnet-065bc6a293dd40b8d",
            "ipv6_cidr_block": "",
            "ipv6_cidr_block_association_id": "",
            "ipv6_native": false,
            "map_customer_owned_ip_on_launch": false,
            "map_public_ip_on_launch": false,
            "outpost_arn": "",
            "owner_id": "542829982577",
            "private_dns_hostname_type_on_launch": "ip-name",
            "tags": {
              "Name": "onedelivery-private-c"
            },
            "tags_all": {
              "Environment": "dev",
              "ManagedBy": "terraform",
              "Name": "onedelivery-private-c",
              "Project": "onedelivery"
            },
            "timeouts": null,
            "vpc_id": "vpc-01f4d46470a373bd0"
          },
          "sensitive_attributes": [],
          "private": "eyJlMmJmYjczMC1lY2FhLTExZTYtOGY4OC0zNDM2M2JjN2M0YzAiOnsiY3JlYXRlIjo2MDAwMDAwMDAwMDAsImRlbGV0ZSI6MTIwMDAwMDAwMDAwMH0sInNjaGVtYV92ZXJzaW9uIjoiMSJ9",
          "dependencies": [
            "data.aws_availability_zones.available",
            "data.aws_vpc.main"
          ],
          "create_before_destroy": true
        }
      ]
    },
    {
      "mode": "managed",
      "type": "aws_subnet",
      "name": "public_a",
      "provider": "provider[\"registry.terraform.io/hashicorp/aws\"]",
      "instances": [
        {
          "schema_version": 1,
          "attributes": {
            "arn": "arn:aws:ec2:ap-southeast-1:542829982577:subnet/subnet-086900f75d158bfe1",
            "assign_ipv6_address_on_creation": false,
            "availability_zone": "ap-southeast-1a",
            "availability_zone_id": "apse1-az2",
            "cidr_block": "10.0.0.0/20",
            "customer_owned_ipv4_pool": "",
            "enable_dns64": false,
            "enable_lni_at_device_index": 0,
            "enable_resource_name_dns_a_record_on_launch": false,
            "enable_resource_name_dns_aaaa_record_on_launch": false,
            "id": "subnet-086900f75d158bfe1",
            "ipv6_cidr_block": "",
            "ipv6_cidr_block_association_id": "",
            "ipv6_native": false,
            "map_customer_owned_ip_on_launch": false,
            "map_public_ip_on_launch": true,
            "outpost_arn": "",
            "owner_id": "542829982577",
            "private_dns_hostname_type_on_launch": "ip-name",
            "tags": {
              "Name": "onedelivery-public-a"
            },
            "tags_all": {
              "Environment": "dev",
              "ManagedBy": "terraform",
              "Name": "onedelivery-public-a",
              "Project": "onedelivery"
            },
            "timeouts": null,
            "vpc_id": "vpc-01f4d46470a373bd0"
          },
          "sensitive_attributes": [],
          "private": "eyJlMmJmYjczMC1lY2FhLTExZTYtOGY4OC0zNDM2M2JjN2M0YzAiOnsiY3JlYXRlIjo2MDAwMDAwMDAwMDAsImRlbGV0ZSI6MTIwMDAwMDAwMDAwMH0sInNjaGVtYV92ZXJzaW9uIjoiMSJ9",
          "dependencies": [
            "data.aws_availability_zones.available",
            "data.aws_vpc.main"
          ]
        }
      ]
    },
    {
      "mode": "managed",
      "type": "aws_subnet",
      "name": "public_b",
      "provider": "provider[\"registry.terraform.io/hashicorp/aws\"]",
      "instances": [
        {
          "schema_version": 1,
          "attributes": {
            "arn": "arn:aws:ec2:ap-southeast-1:542829982577:subnet/subnet-0def3a3c74ef848e1",
            "assign_ipv6_address_on_creation": false,
            "availability_zone": "ap-southeast-1b",
            "availability_zone_id": "apse1-az1",
            "cidr_block": "10.0.16.0/20",
            "customer_owned_ipv4_pool": "",
            "enable_dns64": false,
            "enable_lni_at_device_index": 0,
            "enable_resource_name_dns_a_record_on_launch": false,
            "enable_resource_name_dns_aaaa_record_on_launch": false,
            "id": "subnet-0def3a3c74ef848e1",
            "ipv6_cidr_block": "",
            "ipv6_cidr_block_association_id": "",
            "ipv6_native": false,
            "map_customer_owned_ip_on_launch": false,
            "map_public_ip_on_launch": true,
            "outpost_arn": "",
            "owner_id": "542829982577",
            "private_dns_hostname_type_on_launch": "ip-name",
            "tags": {
              "Name": "onedelivery-public-b"
            },
            "tags_all": {
              "Environment": "dev",
              "ManagedBy": "terraform",
              "Name": "onedelivery-public-b",
              "Project": "onedelivery"
            },
            "timeouts": null,
            "vpc_id": "vpc-01f4d46470a373bd0"
          },
          "sensitive_attributes": [],
          "private": "eyJlMmJmYjczMC1lY2FhLTExZTYtOGY4OC0zNDM2M2JjN2M0YzAiOnsiY3JlYXRlIjo2MDAwMDAwMDAwMDAsImRlbGV0ZSI6MTIwMDAwMDAwMDAwMH0sInNjaGVtYV92ZXJzaW9uIjoiMSJ9",
          "dependencies": [
            "data.aws_availability_zones.available",
            "data.aws_vpc.main"
          ]
        }
      ]
    },
    {
      "mode": "managed",
      "type": "aws_subnet",
      "name": "public_c",
      "provider": "provider[\"registry.terraform.io/hashicorp/aws\"]",
      "instances": [
        {
          "schema_version": 1,
          "attributes": {
            "arn": "arn:aws:ec2:ap-southeast-1:542829982577:subnet/subnet-0bf8209152cea933c",
            "assign_ipv6_address_on_creation": false,
            "availability_zone": "ap-southeast-1c",
            "availability_zone_id": "apse1-az3",
            "cidr_block": "10.0.32.0/20",
            "customer_owned_ipv4_pool": "",
            "enable_dns64": false,
            "enable_lni_at_device_index": 0,
            "enable_resource_name_dns_a_record_on_launch": false,
            "enable_resource_name_dns_aaaa_record_on_launch": false,
            "id": "subnet-0bf8209152cea933c",
            "ipv6_cidr_block": "",
            "ipv6_cidr_block_association_id": "",
            "ipv6_native": false,
            "map_customer_owned_ip_on_launch": false,
            "map_public_ip_on_launch": true,
            "outpost_arn": "",
            "owner_id": "542829982577",
            "private_dns_hostname_type_on_launch": "ip-name",
            "tags": {
              "Name": "onedelivery-public-c"
            },
            "tags_all": {
              "Environment": "dev",
              "ManagedBy": "terraform",
              "Name": "onedelivery-public-c",
              "Project": "onedelivery"
            },
            "timeouts": null,
            "vpc_id": "vpc-01f4d46470a373bd0"
          },
          "sensitive_attributes": [],
          "private": "eyJlMmJmYjczMC1lY2FhLTExZTYtOGY4OC0zNDM2M2JjN2M0YzAiOnsiY3JlYXRlIjo2MDAwMDAwMDAwMDAsImRlbGV0ZSI6MTIwMDAwMDAwMDAwMH0sInNjaGVtYV92ZXJzaW9uIjoiMSJ9",
          "dependencies": [
            "data.aws_availability_zones.available",
            "data.aws_vpc.main"
          ]
        }
      ]
    },
    {
      "mode": "managed",
      "type": "null_resource",
      "name": "lambda_install",
      "provider": "provider[\"registry.terraform.io/hashicorp/null\"]",
      "instances": [
        {
          "index_key": "authorizer",
          "schema_version": 0,
          "attributes": {
            "id": "8501608477318951543",
            "triggers": {
              "index_mjs": "dc148b43eb5b347337db47bc31da53d8",
              "package_json": "7ec32d02af81a2a212862c2d959c6867"
            }
          },
          "sensitive_attributes": []
        },
        {
          "index_key": "connect",
          "schema_version": 0,
          "attributes": {
            "id": "3314128437636406648",
            "triggers": {
              "index_mjs": "777a1095171ac4ac05615b542e960f9a",
              "package_json": "577740757700afe977114e6b4df2972b"
            }
          },
          "sensitive_attributes": []
        },
        {
          "index_key": "disconnect",
          "schema_version": 0,
          "attributes": {
            "id": "5512376701477184735",
            "triggers": {
              "index_mjs": "18b2af9f4e861ac728403f492399533a",
              "package_json": "c63b8acbd2d0668cfb3bdad61087176d"
            }
          },
          "sensitive_attributes": []
        },
        {
          "index_key": "send-message",
          "schema_version": 0,
          "attributes": {
            "id": "8745160176051627471",
            "triggers": {
              "index_mjs": "32c2d58f8182526575911bd13c98b358",
              "package_json": "855157d5a2a78a86da59abc94210d655"
            }
          },
          "sensitive_attributes": []
        }
      ]
    }
  ],
  "check_results": null
}
