{
  "version": 4,
  "terraform_version": "1.8.4",
  "serial": 234,
  "lineage": "d6d3fa9b-f6e4-7453-ada9-fee042be2a50",
  "outputs": {
    "account_id": {
      "value": "542829982577",
      "type": "string"
    },
    "ecs_cluster_arn": {
      "value": "arn:aws:ecs:ap-southeast-1:542829982577:cluster/onedelivery-cluster",
      "type": "string"
    },
    "ecs_cluster_name": {
      "value": "onedelivery-cluster",
      "type": "string"
    },
    "postgres_address": {
      "value": "onedelivery-postgres.chqkmym8y08l.ap-southeast-1.rds.amazonaws.com",
      "type": "string"
    },
    "postgres_endpoint": {
      "value": "onedelivery-postgres.chqkmym8y08l.ap-southeast-1.rds.amazonaws.com:5432",
      "type": "string",
      "sensitive": true
    },
    "postgres_port": {
      "value": 5432,
      "type": "number"
    },
    "region": {
      "value": "ap-southeast-1",
      "type": "string"
    },
    "routing_note": {
      "value": "ALB and API Gateway disabled (enable_alb = false). No external HTTP entry to ECS.",
      "type": "string"
    },
    "vpc_id": {
      "value": "vpc-01f4d46470a373bd0",
      "type": "string"
    }
  },
  "resources": [
    {
      "mode": "data",
      "type": "aws_availability_zones",
      "name": "available",
      "provider": "provider[\"registry.terraform.io/hashicorp/aws\"]",
      "instances": [
        {
          "schema_version": 0,
          "attributes": {
            "all_availability_zones": null,
            "exclude_names": null,
            "exclude_zone_ids": null,
            "filter": null,
            "group_names": [
              "ap-southeast-1-zg-1"
            ],
            "id": "ap-southeast-1",
            "names": [
              "ap-southeast-1a",
              "ap-southeast-1b",
              "ap-southeast-1c"
            ],
            "state": "available",
            "timeouts": null,
            "zone_ids": [
              "apse1-az2",
              "apse1-az1",
              "apse1-az3"
            ]
          },
          "sensitive_attributes": []
        }
      ]
    },
    {
      "mode": "data",
      "type": "aws_caller_identity",
      "name": "current",
      "provider": "provider[\"registry.terraform.io/hashicorp/aws\"]",
      "instances": [
        {
          "schema_version": 0,
          "attributes": {
            "account_id": "542829982577",
            "arn": "arn:aws:iam::542829982577:user/onedelivery_user",
            "id": "542829982577",
            "user_id": "AIDAX4YZQGNYY2HU3DLYD"
          },
          "sensitive_attributes": []
        }
      ]
    },
    {
      "mode": "data",
      "type": "aws_ecr_repository",
      "name": "services",
      "provider": "provider[\"registry.terraform.io/hashicorp/aws\"]",
      "instances": [
        {
          "index_key": "audit",
          "schema_version": 0,
          "attributes": {
            "arn": "arn:aws:ecr:ap-southeast-1:542829982577:repository/onedelivery-audit",
            "encryption_configuration": [
              {
                "encryption_type": "AES256",
                "kms_key": ""
              }
            ],
            "id": "onedelivery-audit",
            "image_scanning_configuration": [
              {
                "scan_on_push": false
              }
            ],
            "image_tag_mutability": "MUTABLE",
            "most_recent_image_tags": [
              "de86c51151308725962015d626f7b4a0c499cc4a",
              "latest"
            ],
            "name": "onedelivery-audit",
            "registry_id": "542829982577",
            "repository_url": "542829982577.dkr.ecr.ap-southeast-1.amazonaws.com/onedelivery-audit",
            "tags": {}
          },
          "sensitive_attributes": []
        },
        {
          "index_key": "guardian-agent",
          "schema_version": 0,
          "attributes": {
            "arn": "arn:aws:ecr:ap-southeast-1:542829982577:repository/onedelivery-guardian-agent",
            "encryption_configuration": [
              {
                "encryption_type": "AES256",
                "kms_key": ""
              }
            ],
            "id": "onedelivery-guardian-agent",
            "image_scanning_configuration": [
              {
                "scan_on_push": false
              }
            ],
            "image_tag_mutability": "MUTABLE",
            "most_recent_image_tags": [
              "latest",
              "de86c51151308725962015d626f7b4a0c499cc4a"
            ],
            "name": "onedelivery-guardian-agent",
            "registry_id": "542829982577",
            "repository_url": "542829982577.dkr.ecr.ap-southeast-1.amazonaws.com/onedelivery-guardian-agent",
            "tags": {}
          },
          "sensitive_attributes": []
        },
        {
          "index_key": "incident",
          "schema_version": 0,
          "attributes": {
            "arn": "arn:aws:ecr:ap-southeast-1:542829982577:repository/onedelivery-incident",
            "encryption_configuration": [
              {
                "encryption_type": "AES256",
                "kms_key": ""
              }
            ],
            "id": "onedelivery-incident",
            "image_scanning_configuration": [
              {
                "scan_on_push": false
              }
            ],
            "image_tag_mutability": "MUTABLE",
            "most_recent_image_tags": [
              "latest",
              "de86c51151308725962015d626f7b4a0c499cc4a"
            ],
            "name": "onedelivery-incident",
            "registry_id": "542829982577",
            "repository_url": "542829982577.dkr.ecr.ap-southeast-1.amazonaws.com/onedelivery-incident",
            "tags": {}
          },
          "sensitive_attributes": []
        },
        {
          "index_key": "knowledge",
          "schema_version": 0,
          "attributes": {
            "arn": "arn:aws:ecr:ap-southeast-1:542829982577:repository/onedelivery-knowledge",
            "encryption_configuration": [
              {
                "encryption_type": "AES256",
                "kms_key": ""
              }
            ],
            "id": "onedelivery-knowledge",
            "image_scanning_configuration": [
              {
                "scan_on_push": false
              }
            ],
            "image_tag_mutability": "MUTABLE",
            "most_recent_image_tags": [
              "de86c51151308725962015d626f7b4a0c499cc4a",
              "latest"
            ],
            "name": "onedelivery-knowledge",
            "registry_id": "542829982577",
            "repository_url": "542829982577.dkr.ecr.ap-southeast-1.amazonaws.com/onedelivery-knowledge",
            "tags": {}
          },
          "sensitive_attributes": []
        },
        {
          "index_key": "logistics",
          "schema_version": 0,
          "attributes": {
            "arn": "arn:aws:ecr:ap-southeast-1:542829982577:repository/onedelivery-logistics",
            "encryption_configuration": [
              {
                "encryption_type": "AES256",
                "kms_key": ""
              }
            ],
            "id": "onedelivery-logistics",
            "image_scanning_configuration": [
              {
                "scan_on_push": false
              }
            ],
            "image_tag_mutability": "MUTABLE",
            "most_recent_image_tags": [
              "de86c51151308725962015d626f7b4a0c499cc4a",
              "latest"
            ],
            "name": "onedelivery-logistics",
            "registry_id": "542829982577",
            "repository_url": "542829982577.dkr.ecr.ap-southeast-1.amazonaws.com/onedelivery-logistics",
            "tags": {}
          },
          "sensitive_attributes": []
        },
        {
          "index_key": "logistics-agent",
          "schema_version": 0,
          "attributes": {
            "arn": "arn:aws:ecr:ap-southeast-1:542829982577:repository/onedelivery-logistics-agent",
            "encryption_configuration": [
              {
                "encryption_type": "AES256",
                "kms_key": ""
              }
            ],
            "id": "onedelivery-logistics-agent",
            "image_scanning_configuration": [
              {
                "scan_on_push": false
              }
            ],
            "image_tag_mutability": "MUTABLE",
            "most_recent_image_tags": [
              "de86c51151308725962015d626f7b4a0c499cc4a",
              "latest"
            ],
            "name": "onedelivery-logistics-agent",
            "registry_id": "542829982577",
            "repository_url": "542829982577.dkr.ecr.ap-southeast-1.amazonaws.com/onedelivery-logistics-agent",
            "tags": {}
          },
          "sensitive_attributes": []
        },
        {
          "index_key": "orchestrator-agent",
          "schema_version": 0,
          "attributes": {
            "arn": "arn:aws:ecr:ap-southeast-1:542829982577:repository/onedelivery-orchestrator-agent",
            "encryption_configuration": [
              {
                "encryption_type": "AES256",
                "kms_key": ""
              }
            ],
            "id": "onedelivery-orchestrator-agent",
            "image_scanning_configuration": [
              {
                "scan_on_push": false
              }
            ],
            "image_tag_mutability": "MUTABLE",
            "most_recent_image_tags": [
              "latest",
              "de86c51151308725962015d626f7b4a0c499cc4a"
            ],
            "name": "onedelivery-orchestrator-agent",
            "registry_id": "542829982577",
            "repository_url": "542829982577.dkr.ecr.ap-southeast-1.amazonaws.com/onedelivery-orchestrator-agent",
            "tags": {}
          },
          "sensitive_attributes": []
        },
        {
          "index_key": "order",
          "schema_version": 0,
          "attributes": {
            "arn": "arn:aws:ecr:ap-southeast-1:542829982577:repository/onedelivery-order",
            "encryption_configuration": [
              {
                "encryption_type": "AES256",
                "kms_key": ""
              }
            ],
            "id": "onedelivery-order",
            "image_scanning_configuration": [
              {
                "scan_on_push": false
              }
            ],
            "image_tag_mutability": "MUTABLE",
            "most_recent_image_tags": [
              "latest",
              "de86c51151308725962015d626f7b4a0c499cc4a"
            ],
            "name": "onedelivery-order",
            "registry_id": "542829982577",
            "repository_url": "542829982577.dkr.ecr.ap-southeast-1.amazonaws.com/onedelivery-order",
            "tags": {}
          },
          "sensitive_attributes": []
        },
        {
          "index_key": "payment",
          "schema_version": 0,
          "attributes": {
            "arn": "arn:aws:ecr:ap-southeast-1:542829982577:repository/onedelivery-payment",
            "encryption_configuration": [
              {
                "encryption_type": "AES256",
                "kms_key": ""
              }
            ],
            "id": "onedelivery-payment",
            "image_scanning_configuration": [
              {
                "scan_on_push": false
              }
            ],
            "image_tag_mutability": "MUTABLE",
            "most_recent_image_tags": [
              "de86c51151308725962015d626f7b4a0c499cc4a",
              "latest"
            ],
            "name": "onedelivery-payment",
            "registry_id": "542829982577",
            "repository_url": "542829982577.dkr.ecr.ap-southeast-1.amazonaws.com/onedelivery-payment",
            "tags": {}
          },
          "sensitive_attributes": []
        },
        {
          "index_key": "qa-agent",
          "schema_version": 0,
          "attributes": {
            "arn": "arn:aws:ecr:ap-southeast-1:542829982577:repository/onedelivery-qa-agent",
            "encryption_configuration": [
              {
                "encryption_type": "AES256",
                "kms_key": ""
              }
            ],
            "id": "onedelivery-qa-agent",
            "image_scanning_configuration": [
              {
                "scan_on_push": false
              }
            ],
            "image_tag_mutability": "MUTABLE",
            "most_recent_image_tags": [
              "latest",
              "de86c51151308725962015d626f7b4a0c499cc4a"
            ],
            "name": "onedelivery-qa-agent",
            "registry_id": "542829982577",
            "repository_url": "542829982577.dkr.ecr.ap-southeast-1.amazonaws.com/onedelivery-qa-agent",
            "tags": {}
          },
          "sensitive_attributes": []
        },
        {
          "index_key": "resolution-agent",
          "schema_version": 0,
          "attributes": {
            "arn": "arn:aws:ecr:ap-southeast-1:542829982577:repository/onedelivery-resolution-agent",
            "encryption_configuration": [
              {
                "encryption_type": "AES256",
                "kms_key": ""
              }
            ],
            "id": "onedelivery-resolution-agent",
            "image_scanning_configuration": [
              {
                "scan_on_push": false
              }
            ],
            "image_tag_mutability": "MUTABLE",
            "most_recent_image_tags": [
              "latest",
              "de86c51151308725962015d626f7b4a0c499cc4a"
            ],
            "name": "onedelivery-resolution-agent",
            "registry_id": "542829982577",
            "repository_url": "542829982577.dkr.ecr.ap-southeast-1.amazonaws.com/onedelivery-resolution-agent",
            "tags": {}
          },
          "sensitive_attributes": []
        },
        {
          "index_key": "user",
          "schema_version": 0,
          "attributes": {
            "arn": "arn:aws:ecr:ap-southeast-1:542829982577:repository/onedelivery-user",
            "encryption_configuration": [
              {
                "encryption_type": "AES256",
                "kms_key": ""
              }
            ],
            "id": "onedelivery-user",
            "image_scanning_configuration": [
              {
                "scan_on_push": false
              }
            ],
            "image_tag_mutability": "MUTABLE",
            "most_recent_image_tags": [
              "bd161667eb8268e3456a1340792a916b7a83fcc3",
              "latest"
            ],
            "name": "onedelivery-user",
            "registry_id": "542829982577",
            "repository_url": "542829982577.dkr.ecr.ap-southeast-1.amazonaws.com/onedelivery-user",
            "tags": {}
          },
          "sensitive_attributes": []
        }
      ]
    },
    {
      "mode": "data",
      "type": "aws_vpc",
      "name": "main",
      "provider": "provider[\"registry.terraform.io/hashicorp/aws\"]",
      "instances": [
        {
          "schema_version": 0,
          "attributes": {
            "arn": "arn:aws:ec2:ap-southeast-1:542829982577:vpc/vpc-01f4d46470a373bd0",
            "cidr_block": "10.0.0.0/16",
            "cidr_block_associations": [
              {
                "association_id": "vpc-cidr-assoc-0b4a7dda91b31a353",
                "cidr_block": "10.0.0.0/16",
                "state": "associated"
              }
            ],
            "default": false,
            "dhcp_options_id": "dopt-066f963d7801a5186",
            "enable_dns_hostnames": true,
            "enable_dns_support": true,
            "enable_network_address_usage_metrics": false,
            "filter": null,
            "id": "vpc-01f4d46470a373bd0",
            "instance_tenancy": "default",
            "ipv6_association_id": "",
            "ipv6_cidr_block": "",
            "main_route_table_id": "rtb-0ce00d29620d2a81a",
            "owner_id": "542829982577",
            "state": null,
            "tags": {
              "Environment": "dev",
              "ManagedBy": "terraform",
              "Project": "onedelivery"
            },
            "timeouts": null
          },
          "sensitive_attributes": []
        }
      ]
    },
    {
      "mode": "managed",
      "type": "aws_cloudwatch_log_group",
      "name": "ecs",
      "provider": "provider[\"registry.terraform.io/hashicorp/aws\"]",
      "instances": [
        {
          "index_key": "audit",
          "schema_version": 0,
          "attributes": {
            "arn": "arn:aws:logs:ap-southeast-1:542829982577:log-group:/ecs/onedelivery-audit",
            "id": "/ecs/onedelivery-audit",
            "kms_key_id": "",
            "log_group_class": "STANDARD",
            "name": "/ecs/onedelivery-audit",
            "name_prefix": "",
            "retention_in_days": 14,
            "skip_destroy": false,
            "tags": {},
            "tags_all": {
              "Environment": "dev",
              "ManagedBy": "terraform",
              "Project": "onedelivery"
            }
          },
          "sensitive_attributes": [],
          "private": "bnVsbA=="
        },
        {
          "index_key": "guardian-agent",
          "schema_version": 0,
          "attributes": {
            "arn": "arn:aws:logs:ap-southeast-1:542829982577:log-group:/ecs/onedelivery-guardian-agent",
            "id": "/ecs/onedelivery-guardian-agent",
            "kms_key_id": "",
            "log_group_class": "STANDARD",
            "name": "/ecs/onedelivery-guardian-agent",
            "name_prefix": "",
            "retention_in_days": 14,
            "skip_destroy": false,
            "tags": {},
            "tags_all": {
              "Environment": "dev",
              "ManagedBy": "terraform",
              "Project": "onedelivery"
            }
          },
          "sensitive_attributes": [],
          "private": "bnVsbA=="
        },
        {
          "index_key": "incident",
          "schema_version": 0,
          "attributes": {
            "arn": "arn:aws:logs:ap-southeast-1:542829982577:log-group:/ecs/onedelivery-incident",
            "id": "/ecs/onedelivery-incident",
            "kms_key_id": "",
            "log_group_class": "STANDARD",
            "name": "/ecs/onedelivery-incident",
            "name_prefix": "",
            "retention_in_days": 14,
            "skip_destroy": false,
            "tags": {},
            "tags_all": {
              "Environment": "dev",
              "ManagedBy": "terraform",
              "Project": "onedelivery"
            }
          },
          "sensitive_attributes": [],
          "private": "bnVsbA=="
        },
        {
          "index_key": "knowledge",
          "schema_version": 0,
          "attributes": {
            "arn": "arn:aws:logs:ap-southeast-1:542829982577:log-group:/ecs/onedelivery-knowledge",
            "id": "/ecs/onedelivery-knowledge",
            "kms_key_id": "",
            "log_group_class": "STANDARD",
            "name": "/ecs/onedelivery-knowledge",
            "name_prefix": "",
            "retention_in_days": 14,
            "skip_destroy": false,
            "tags": null,
            "tags_all": {
              "Environment": "dev",
              "ManagedBy": "terraform",
              "Project": "onedelivery"
            }
          },
          "sensitive_attributes": [],
          "private": "bnVsbA=="
        },
        {
          "index_key": "logistics",
          "schema_version": 0,
          "attributes": {
            "arn": "arn:aws:logs:ap-southeast-1:542829982577:log-group:/ecs/onedelivery-logistics",
            "id": "/ecs/onedelivery-logistics",
            "kms_key_id": "",
            "log_group_class": "STANDARD",
            "name": "/ecs/onedelivery-logistics",
            "name_prefix": "",
            "retention_in_days": 14,
            "skip_destroy": false,
            "tags": {},
            "tags_all": {
              "Environment": "dev",
              "ManagedBy": "terraform",
              "Project": "onedelivery"
            }
          },
          "sensitive_attributes": [],
          "private": "bnVsbA=="
        },
        {
          "index_key": "logistics-agent",
          "schema_version": 0,
          "attributes": {
            "arn": "arn:aws:logs:ap-southeast-1:542829982577:log-group:/ecs/onedelivery-logistics-agent",
            "id": "/ecs/onedelivery-logistics-agent",
            "kms_key_id": "",
            "log_group_class": "STANDARD",
            "name": "/ecs/onedelivery-logistics-agent",
            "name_prefix": "",
            "retention_in_days": 14,
            "skip_destroy": false,
            "tags": null,
            "tags_all": {
              "Environment": "dev",
              "ManagedBy": "terraform",
              "Project": "onedelivery"
            }
          },
          "sensitive_attributes": [],
          "private": "bnVsbA=="
        },
        {
          "index_key": "orchestrator-agent",
          "schema_version": 0,
          "attributes": {
            "arn": "arn:aws:logs:ap-southeast-1:542829982577:log-group:/ecs/onedelivery-orchestrator-agent",
            "id": "/ecs/onedelivery-orchestrator-agent",
            "kms_key_id": "",
            "log_group_class": "STANDARD",
            "name": "/ecs/onedelivery-orchestrator-agent",
            "name_prefix": "",
            "retention_in_days": 14,
            "skip_destroy": false,
            "tags": {},
            "tags_all": {
              "Environment": "dev",
              "ManagedBy": "terraform",
              "Project": "onedelivery"
            }
          },
          "sensitive_attributes": [],
          "private": "bnVsbA=="
        },
        {
          "index_key": "order",
          "schema_version": 0,
          "attributes": {
            "arn": "arn:aws:logs:ap-southeast-1:542829982577:log-group:/ecs/onedelivery-order",
            "id": "/ecs/onedelivery-order",
            "kms_key_id": "",
            "log_group_class": "STANDARD",
            "name": "/ecs/onedelivery-order",
            "name_prefix": "",
            "retention_in_days": 14,
            "skip_destroy": false,
            "tags": {},
            "tags_all": {
              "Environment": "dev",
              "ManagedBy": "terraform",
              "Project": "onedelivery"
            }
          },
          "sensitive_attributes": [],
          "private": "bnVsbA=="
        },
        {
          "index_key": "payment",
          "schema_version": 0,
          "attributes": {
            "arn": "arn:aws:logs:ap-southeast-1:542829982577:log-group:/ecs/onedelivery-payment",
            "id": "/ecs/onedelivery-payment",
            "kms_key_id": "",
            "log_group_class": "STANDARD",
            "name": "/ecs/onedelivery-payment",
            "name_prefix": "",
            "retention_in_days": 14,
            "skip_destroy": false,
            "tags": {},
            "tags_all": {
              "Environment": "dev",
              "ManagedBy": "terraform",
              "Project": "onedelivery"
            }
          },
          "sensitive_attributes": [],
          "private": "bnVsbA=="
        },
        {
          "index_key": "qa-agent",
          "schema_version": 0,
          "attributes": {
            "arn": "arn:aws:logs:ap-southeast-1:542829982577:log-group:/ecs/onedelivery-qa-agent",
            "id": "/ecs/onedelivery-qa-agent",
            "kms_key_id": "",
            "log_group_class": "STANDARD",
            "name": "/ecs/onedelivery-qa-agent",
            "name_prefix": "",
            "retention_in_days": 14,
            "skip_destroy": false,
            "tags": {},
            "tags_all": {
              "Environment": "dev",
              "ManagedBy": "terraform",
              "Project": "onedelivery"
            }
          },
          "sensitive_attributes": [],
          "private": "bnVsbA=="
        },
        {
          "index_key": "resolution-agent",
          "schema_version": 0,
          "attributes": {
            "arn": "arn:aws:logs:ap-southeast-1:542829982577:log-group:/ecs/onedelivery-resolution-agent",
            "id": "/ecs/onedelivery-resolution-agent",
            "kms_key_id": "",
            "log_group_class": "STANDARD",
            "name": "/ecs/onedelivery-resolution-agent",
            "name_prefix": "",
            "retention_in_days": 14,
            "skip_destroy": false,
            "tags": {},
            "tags_all": {
              "Environment": "dev",
              "ManagedBy": "terraform",
              "Project": "onedelivery"
            }
          },
          "sensitive_attributes": [],
          "private": "bnVsbA=="
        },
        {
          "index_key": "user",
          "schema_version": 0,
          "attributes": {
            "arn": "arn:aws:logs:ap-southeast-1:542829982577:log-group:/ecs/onedelivery-user",
            "id": "/ecs/onedelivery-user",
            "kms_key_id": "",
            "log_group_class": "STANDARD",
            "name": "/ecs/onedelivery-user",
            "name_prefix": "",
            "retention_in_days": 14,
            "skip_destroy": false,
            "tags": {},
            "tags_all": {
              "Environment": "dev",
              "ManagedBy": "terraform",
              "Project": "onedelivery"
            }
          },
          "sensitive_attributes": [],
          "private": "bnVsbA=="
        }
      ]
    },
    {
      "mode": "managed",
      "type": "aws_db_instance",
      "name": "postgres",
      "provider": "provider[\"registry.terraform.io/hashicorp/aws\"]",
      "instances": [
        {
          "schema_version": 2,
          "attributes": {
            "address": "onedelivery-postgres.chqkmym8y08l.ap-southeast-1.rds.amazonaws.com",
            "allocated_storage": 20,
            "allow_major_version_upgrade": null,
            "apply_immediately": false,
            "arn": "arn:aws:rds:ap-southeast-1:542829982577:db:onedelivery-postgres",
            "auto_minor_version_upgrade": true,
            "availability_zone": "ap-southeast-1c",
            "backup_retention_period": 7,
            "backup_target": "region",
            "backup_window": "03:00-04:00",
            "blue_green_update": [],
            "ca_cert_identifier": "rds-ca-rsa2048-g1",
            "character_set_name": "",
            "copy_tags_to_snapshot": false,
            "custom_iam_instance_profile": "",
            "customer_owned_ip_enabled": false,
            "database_insights_mode": "standard",
            "db_name": "onedelivery",
            "db_subnet_group_name": "onedelivery-postgres-v2",
            "dedicated_log_volume": false,
            "delete_automated_backups": true,
            "deletion_protection": false,
            "domain": "",
            "domain_auth_secret_arn": "",
            "domain_dns_ips": [],
            "domain_fqdn": "",
            "domain_iam_role_name": "",
            "domain_ou": "",
            "enabled_cloudwatch_logs_exports": [],
            "endpoint": "onedelivery-postgres.chqkmym8y08l.ap-southeast-1.rds.amazonaws.com:5432",
            "engine": "postgres",
            "engine_lifecycle_support": "open-source-rds-extended-support",
            "engine_version": "17.6",
            "engine_version_actual": "17.6",
            "final_snapshot_identifier": null,
            "hosted_zone_id": "Z2G0U3KFCY8NZ5",
            "iam_database_authentication_enabled": false,
            "id": "db-L2XCAT52UTJMRUI42O4D5LMJF4",
            "identifier": "onedelivery-postgres",
            "identifier_prefix": "",
            "instance_class": "db.t3.micro",
            "iops": 3000,
            "kms_key_id": "arn:aws:kms:ap-southeast-1:542829982577:key/2d747949-131f-4252-9de0-51c5e4181867",
            "latest_restorable_time": "2026-03-15T18:54:30Z",
            "license_model": "postgresql-license",
            "listener_endpoint": [],
            "maintenance_window": "mon:04:00-mon:05:00",
            "manage_master_user_password": null,
            "master_user_secret": [],
            "master_user_secret_kms_key_id": null,
            "max_allocated_storage": 20,
            "monitoring_interval": 0,
            "monitoring_role_arn": "",
            "multi_az": false,
            "nchar_character_set_name": "",
            "network_type": "IPV4",
            "option_group_name": "default:postgres-17",
            "parameter_group_name": "default.postgres17",
            "password": "64M4YXh08pe7",
            "password_wo": null,
            "password_wo_version": null,
            "performance_insights_enabled": false,
            "performance_insights_kms_key_id": "",
            "performance_insights_retention_period": 0,
            "port": 5432,
            "publicly_accessible": false,
            "replica_mode": "",
            "replicas": [],
            "replicate_source_db": "",
            "resource_id": "db-L2XCAT52UTJMRUI42O4D5LMJF4",
            "restore_to_point_in_time": [],
            "s3_import": [],
            "skip_final_snapshot": true,
            "snapshot_identifier": null,
            "status": "stopped",
            "storage_encrypted": true,
            "storage_throughput": 125,
            "storage_type": "gp3",
            "tags": {
              "Name": "onedelivery-postgres"
            },
            "tags_all": {
              "Environment": "dev",
              "ManagedBy": "terraform",
              "Name": "onedelivery-postgres",
              "Project": "onedelivery"
            },
            "timeouts": null,
            "timezone": "",
            "upgrade_storage_config": null,
            "username": "postgres",
            "vpc_security_group_ids": [
              "sg-093c6eebd827fa388"
            ]
          },
          "sensitive_attributes": [
            [
              {
                "type": "get_attr",
                "value": "username"
              }
            ],
            [
              {
                "type": "get_attr",
                "value": "password_wo"
              }
            ],
            [
              {
                "type": "get_attr",
                "value": "password"
              }
            ]
          ],
          "private": "eyJlMmJmYjczMC1lY2FhLTExZTYtOGY4OC0zNDM2M2JjN2M0YzAiOnsiY3JlYXRlIjozMDAwMDAwMDAwMDAwLCJkZWxldGUiOjM2MDAwMDAwMDAwMDAsInVwZGF0ZSI6NDgwMDAwMDAwMDAwMH0sInNjaGVtYV92ZXJzaW9uIjoiMiJ9",
          "dependencies": [
            "aws_db_subnet_group.postgres",
            "aws_security_group.alb",
            "aws_security_group.ecs_tasks",
            "aws_security_group.postgres",
            "aws_subnet.private_a",
            "aws_subnet.private_b",
            "aws_subnet.private_c",
            "data.aws_availability_zones.available",
            "data.aws_vpc.main"
          ]
        }
      ]
    },
    {
      "mode": "managed",
      "type": "aws_db_subnet_group",
      "name": "postgres",
      "provider": "provider[\"registry.terraform.io/hashicorp/aws\"]",
      "instances": [
        {
          "schema_version": 0,
          "attributes": {
            "arn": "arn:aws:rds:ap-southeast-1:542829982577:subgrp:onedelivery-postgres-v2",
            "description": "Managed by Terraform",
            "id": "onedelivery-postgres-v2",
            "name": "onedelivery-postgres-v2",
            "name_prefix": "",
            "subnet_ids": [
              "subnet-02dbf97957db59430",
              "subnet-065bc6a293dd40b8d",
              "subnet-0836a471bed800402"
            ],
            "supported_network_types": [
              "IPV4"
            ],
            "tags": {},
            "tags_all": {
              "Environment": "dev",
              "ManagedBy": "terraform",
              "Project": "onedelivery"
            },
            "vpc_id": "vpc-01f4d46470a373bd0"
          },
          "sensitive_attributes": [],
          "private": "bnVsbA==",
          "dependencies": [
            "aws_subnet.private_a",
            "aws_subnet.private_b",
            "aws_subnet.private_c",
            "data.aws_availability_zones.available",
            "data.aws_vpc.main"
          ],
          "create_before_destroy": true
        }
      ]
    },
    {
      "mode": "managed",
      "type": "aws_ecs_cluster",
      "name": "main",
      "provider": "provider[\"registry.terraform.io/hashicorp/aws\"]",
      "instances": [
        {
          "schema_version": 0,
          "attributes": {
            "arn": "arn:aws:ecs:ap-southeast-1:542829982577:cluster/onedelivery-cluster",
            "configuration": [],
            "id": "arn:aws:ecs:ap-southeast-1:542829982577:cluster/onedelivery-cluster",
            "name": "onedelivery-cluster",
            "service_connect_defaults": [],
            "setting": [
              {
                "name": "containerInsights",
                "value": "disabled"
              }
            ],
            "tags": {},
            "tags_all": {
              "Environment": "dev",
              "ManagedBy": "terraform",
              "Project": "onedelivery"
            }
          },
          "sensitive_attributes": [],
          "private": "bnVsbA=="
        }
      ]
    },
    {
      "mode": "managed",
      "type": "aws_ecs_service",
      "name": "service",
      "provider": "provider[\"registry.terraform.io/hashicorp/aws\"]",
      "instances": [
        {
          "index_key": "audit",
          "schema_version": 1,
          "attributes": {
            "alarms": [],
            "availability_zone_rebalancing": "DISABLED",
            "capacity_provider_strategy": [],
            "cluster": "arn:aws:ecs:ap-southeast-1:542829982577:cluster/onedelivery-cluster",
            "deployment_circuit_breaker": [
              {
                "enable": false,
                "rollback": false
              }
            ],
            "deployment_controller": [
              {
                "type": "ECS"
              }
            ],
            "deployment_maximum_percent": 200,
            "deployment_minimum_healthy_percent": 100,
            "desired_count": 0,
            "enable_ecs_managed_tags": false,
            "enable_execute_command": false,
            "force_delete": null,
            "force_new_deployment": null,
            "health_check_grace_period_seconds": 0,
            "iam_role": "/aws-service-role/ecs.amazonaws.com/AWSServiceRoleForECS",
            "id": "arn:aws:ecs:ap-southeast-1:542829982577:service/onedelivery-cluster/audit",
            "launch_type": "FARGATE",
            "load_balancer": [],
            "name": "audit",
            "network_configuration": [
              {
                "assign_public_ip": true,
                "security_groups": [
                  "sg-085cdd7377ff6d907"
                ],
                "subnets": [
                  "subnet-086900f75d158bfe1",
                  "subnet-0bf8209152cea933c",
                  "subnet-0def3a3c74ef848e1"
                ]
              }
            ],
            "ordered_placement_strategy": [],
            "placement_constraints": [],
            "platform_version": "LATEST",
            "propagate_tags": "NONE",
            "scheduling_strategy": "REPLICA",
            "service_connect_configuration": [],
            "service_registries": [],
            "tags": {},
            "tags_all": {
              "Environment": "dev",
              "ManagedBy": "terraform",
              "Project": "onedelivery"
            },
            "task_definition": "arn:aws:ecs:ap-southeast-1:542829982577:task-definition/onedelivery-audit:11",
            "timeouts": null,
            "triggers": {},
            "volume_configuration": [],
            "vpc_lattice_configurations": [],
            "wait_for_steady_state": false
          },
          "sensitive_attributes": [],
          "private": "eyJlMmJmYjczMC1lY2FhLTExZTYtOGY4OC0zNDM2M2JjN2M0YzAiOnsiY3JlYXRlIjoxMjAwMDAwMDAwMDAwLCJkZWxldGUiOjEyMDAwMDAwMDAwMDAsInVwZGF0ZSI6MTIwMDAwMDAwMDAwMH0sInNjaGVtYV92ZXJzaW9uIjoiMSJ9",
          "dependencies": [
            "aws_cloudwatch_log_group.ecs",
            "aws_db_instance.postgres",
            "aws_db_subnet_group.postgres",
            "aws_ecs_cluster.main",
            "aws_ecs_task_definition.service",
            "aws_iam_role.ecs_task",
            "aws_iam_role.ecs_task_execution",
            "aws_lb_target_group.service",
            "aws_security_group.alb",
            "aws_security_group.ecs_tasks",
            "aws_security_group.postgres",
            "aws_subnet.private_a",
            "aws_subnet.private_b",
            "aws_subnet.private_c",
            "aws_subnet.public_a",
            "aws_subnet.public_b",
            "aws_subnet.public_c",
            "data.aws_availability_zones.available",
            "data.aws_ecr_repository.services",
            "data.aws_vpc.main"
          ]
        },
        {
          "index_key": "guardian-agent",
          "schema_version": 1,
          "attributes": {
            "alarms": [],
            "availability_zone_rebalancing": "DISABLED",
            "capacity_provider_strategy": [],
            "cluster": "arn:aws:ecs:ap-southeast-1:542829982577:cluster/onedelivery-cluster",
            "deployment_circuit_breaker": [
              {
                "enable": false,
                "rollback": false
              }
            ],
            "deployment_controller": [
              {
                "type": "ECS"
              }
            ],
            "deployment_maximum_percent": 200,
            "deployment_minimum_healthy_percent": 100,
            "desired_count": 0,
            "enable_ecs_managed_tags": false,
            "enable_execute_command": false,
            "force_delete": null,
            "force_new_deployment": null,
            "health_check_grace_period_seconds": 0,
            "iam_role": "/aws-service-role/ecs.amazonaws.com/AWSServiceRoleForECS",
            "id": "arn:aws:ecs:ap-southeast-1:542829982577:service/onedelivery-cluster/guardian-agent",
            "launch_type": "FARGATE",
            "load_balancer": [],
            "name": "guardian-agent",
            "network_configuration": [
              {
                "assign_public_ip": true,
                "security_groups": [
                  "sg-085cdd7377ff6d907"
                ],
                "subnets": [
                  "subnet-086900f75d158bfe1",
                  "subnet-0bf8209152cea933c",
                  "subnet-0def3a3c74ef848e1"
                ]
              }
            ],
            "ordered_placement_strategy": [],
            "placement_constraints": [],
            "platform_version": "LATEST",
            "propagate_tags": "NONE",
            "scheduling_strategy": "REPLICA",
            "service_connect_configuration": [],
            "service_registries": [],
            "tags": {},
            "tags_all": {
              "Environment": "dev",
              "ManagedBy": "terraform",
              "Project": "onedelivery"
            },
            "task_definition": "arn:aws:ecs:ap-southeast-1:542829982577:task-definition/onedelivery-guardian-agent:2",
            "timeouts": null,
            "triggers": {},
            "volume_configuration": [],
            "vpc_lattice_configurations": [],
            "wait_for_steady_state": false
          },
          "sensitive_attributes": [],
          "private": "eyJlMmJmYjczMC1lY2FhLTExZTYtOGY4OC0zNDM2M2JjN2M0YzAiOnsiY3JlYXRlIjoxMjAwMDAwMDAwMDAwLCJkZWxldGUiOjEyMDAwMDAwMDAwMDAsInVwZGF0ZSI6MTIwMDAwMDAwMDAwMH0sInNjaGVtYV92ZXJzaW9uIjoiMSJ9",
          "dependencies": [
            "aws_cloudwatch_log_group.ecs",
            "aws_db_instance.postgres",
            "aws_db_subnet_group.postgres",
            "aws_ecs_cluster.main",
            "aws_ecs_task_definition.service",
            "aws_iam_role.ecs_task",
            "aws_iam_role.ecs_task_execution",
            "aws_lb_target_group.service",
            "aws_security_group.alb",
            "aws_security_group.ecs_tasks",
            "aws_security_group.postgres",
            "aws_subnet.private_a",
            "aws_subnet.private_b",
            "aws_subnet.private_c",
            "aws_subnet.public_a",
            "aws_subnet.public_b",
            "aws_subnet.public_c",
            "data.aws_availability_zones.available",
            "data.aws_ecr_repository.services",
            "data.aws_vpc.main"
          ]
        },
        {
          "index_key": "incident",
          "schema_version": 1,
          "attributes": {
            "alarms": [],
            "availability_zone_rebalancing": "DISABLED",
            "capacity_provider_strategy": [],
            "cluster": "arn:aws:ecs:ap-southeast-1:542829982577:cluster/onedelivery-cluster",
            "deployment_circuit_breaker": [
              {
                "enable": false,
                "rollback": false
              }
            ],
            "deployment_controller": [
              {
                "type": "ECS"
              }
            ],
            "deployment_maximum_percent": 200,
            "deployment_minimum_healthy_percent": 100,
            "desired_count": 0,
            "enable_ecs_managed_tags": false,
            "enable_execute_command": false,
            "force_delete": null,
            "force_new_deployment": null,
            "health_check_grace_period_seconds": 0,
            "iam_role": "/aws-service-role/ecs.amazonaws.com/AWSServiceRoleForECS",
            "id": "arn:aws:ecs:ap-southeast-1:542829982577:service/onedelivery-cluster/incident",
            "launch_type": "FARGATE",
            "load_balancer": [],
            "name": "incident",
            "network_configuration": [
              {
                "assign_public_ip": true,
                "security_groups": [
                  "sg-085cdd7377ff6d907"
                ],
                "subnets": [
                  "subnet-086900f75d158bfe1",
                  "subnet-0bf8209152cea933c",
                  "subnet-0def3a3c74ef848e1"
                ]
              }
            ],
            "ordered_placement_strategy": [],
            "placement_constraints": [],
            "platform_version": "LATEST",
            "propagate_tags": "NONE",
            "scheduling_strategy": "REPLICA",
            "service_connect_configuration": [],
            "service_registries": [],
            "tags": {},
            "tags_all": {
              "Environment": "dev",
              "ManagedBy": "terraform",
              "Project": "onedelivery"
            },
            "task_definition": "arn:aws:ecs:ap-southeast-1:542829982577:task-definition/onedelivery-incident:4",
            "timeouts": null,
            "triggers": {},
            "volume_configuration": [],
            "vpc_lattice_configurations": [],
            "wait_for_steady_state": false
          },
          "sensitive_attributes": [],
          "private": "eyJlMmJmYjczMC1lY2FhLTExZTYtOGY4OC0zNDM2M2JjN2M0YzAiOnsiY3JlYXRlIjoxMjAwMDAwMDAwMDAwLCJkZWxldGUiOjEyMDAwMDAwMDAwMDAsInVwZGF0ZSI6MTIwMDAwMDAwMDAwMH0sInNjaGVtYV92ZXJzaW9uIjoiMSJ9",
          "dependencies": [
            "aws_cloudwatch_log_group.ecs",
            "aws_db_instance.postgres",
            "aws_db_subnet_group.postgres",
            "aws_ecs_cluster.main",
            "aws_ecs_task_definition.service",
            "aws_iam_role.ecs_task",
            "aws_iam_role.ecs_task_execution",
            "aws_lb_target_group.service",
            "aws_security_group.alb",
            "aws_security_group.ecs_tasks",
            "aws_security_group.postgres",
            "aws_subnet.private_a",
            "aws_subnet.private_b",
            "aws_subnet.private_c",
            "aws_subnet.public_a",
            "aws_subnet.public_b",
            "aws_subnet.public_c",
            "data.aws_availability_zones.available",
            "data.aws_ecr_repository.services",
            "data.aws_vpc.main"
          ]
        },
        {
          "index_key": "knowledge",
          "schema_version": 1,
          "attributes": {
            "alarms": [],
            "availability_zone_rebalancing": "DISABLED",
            "capacity_provider_strategy": [],
            "cluster": "arn:aws:ecs:ap-southeast-1:542829982577:cluster/onedelivery-cluster",
            "deployment_circuit_breaker": [
              {
                "enable": false,
                "rollback": false
              }
            ],
            "deployment_controller": [
              {
                "type": "ECS"
              }
            ],
            "deployment_maximum_percent": 200,
            "deployment_minimum_healthy_percent": 100,
            "desired_count": 0,
            "enable_ecs_managed_tags": false,
            "enable_execute_command": false,
            "force_delete": null,
            "force_new_deployment": null,
            "health_check_grace_period_seconds": 0,
            "iam_role": "/aws-service-role/ecs.amazonaws.com/AWSServiceRoleForECS",
            "id": "arn:aws:ecs:ap-southeast-1:542829982577:service/onedelivery-cluster/knowledge",
            "launch_type": "FARGATE",
            "load_balancer": [],
            "name": "knowledge",
            "network_configuration": [
              {
                "assign_public_ip": true,
                "security_groups": [
                  "sg-085cdd7377ff6d907"
                ],
                "subnets": [
                  "subnet-086900f75d158bfe1",
                  "subnet-0bf8209152cea933c",
                  "subnet-0def3a3c74ef848e1"
                ]
              }
            ],
            "ordered_placement_strategy": [],
            "placement_constraints": [],
            "platform_version": "LATEST",
            "propagate_tags": "NONE",
            "scheduling_strategy": "REPLICA",
            "service_connect_configuration": [],
            "service_registries": [],
            "tags": null,
            "tags_all": {
              "Environment": "dev",
              "ManagedBy": "terraform",
              "Project": "onedelivery"
            },
            "task_definition": "arn:aws:ecs:ap-southeast-1:542829982577:task-definition/onedelivery-knowledge:2",
            "timeouts": null,
            "triggers": {},
            "volume_configuration": [],
            "vpc_lattice_configurations": [],
            "wait_for_steady_state": false
          },
          "sensitive_attributes": [],
          "private": "eyJlMmJmYjczMC1lY2FhLTExZTYtOGY4OC0zNDM2M2JjN2M0YzAiOnsiY3JlYXRlIjoxMjAwMDAwMDAwMDAwLCJkZWxldGUiOjEyMDAwMDAwMDAwMDAsInVwZGF0ZSI6MTIwMDAwMDAwMDAwMH0sInNjaGVtYV92ZXJzaW9uIjoiMSJ9",
          "dependencies": [
            "aws_cloudwatch_log_group.ecs",
            "aws_db_instance.postgres",
            "aws_db_subnet_group.postgres",
            "aws_ecs_cluster.main",
            "aws_ecs_task_definition.service",
            "aws_iam_role.ecs_task",
            "aws_iam_role.ecs_task_execution",
            "aws_lb_target_group.service",
            "aws_security_group.alb",
            "aws_security_group.ecs_tasks",
            "aws_security_group.postgres",
            "aws_subnet.private_a",
            "aws_subnet.private_b",
            "aws_subnet.private_c",
            "aws_subnet.public_a",
            "aws_subnet.public_b",
            "aws_subnet.public_c",
            "data.aws_availability_zones.available",
            "data.aws_ecr_repository.services",
            "data.aws_vpc.main"
          ]
        },
        {
          "index_key": "logistics",
          "schema_version": 1,
          "attributes": {
            "alarms": [],
            "availability_zone_rebalancing": "DISABLED",
            "capacity_provider_strategy": [],
            "cluster": "arn:aws:ecs:ap-southeast-1:542829982577:cluster/onedelivery-cluster",
            "deployment_circuit_breaker": [
              {
                "enable": false,
                "rollback": false
              }
            ],
            "deployment_controller": [
              {
                "type": "ECS"
              }
            ],
            "deployment_maximum_percent": 200,
            "deployment_minimum_healthy_percent": 100,
            "desired_count": 0,
            "enable_ecs_managed_tags": false,
            "enable_execute_command": false,
            "force_delete": null,
            "force_new_deployment": null,
            "health_check_grace_period_seconds": 0,
            "iam_role": "/aws-service-role/ecs.amazonaws.com/AWSServiceRoleForECS",
            "id": "arn:aws:ecs:ap-southeast-1:542829982577:service/onedelivery-cluster/logistics",
            "launch_type": "FARGATE",
            "load_balancer": [],
            "name": "logistics",
            "network_configuration": [
              {
                "assign_public_ip": true,
                "security_groups": [
                  "sg-085cdd7377ff6d907"
                ],
                "subnets": [
                  "subnet-086900f75d158bfe1",
                  "subnet-0bf8209152cea933c",
                  "subnet-0def3a3c74ef848e1"
                ]
              }
            ],
            "ordered_placement_strategy": [],
            "placement_constraints": [],
            "platform_version": "LATEST",
            "propagate_tags": "NONE",
            "scheduling_strategy": "REPLICA",
            "service_connect_configuration": [],
            "service_registries": [],
            "tags": {},
            "tags_all": {
              "Environment": "dev",
              "ManagedBy": "terraform",
              "Project": "onedelivery"
            },
            "task_definition": "arn:aws:ecs:ap-southeast-1:542829982577:task-definition/onedelivery-logistics:11",
            "timeouts": null,
            "triggers": {},
            "volume_configuration": [],
            "vpc_lattice_configurations": [],
            "wait_for_steady_state": false
          },
          "sensitive_attributes": [],
          "private": "eyJlMmJmYjczMC1lY2FhLTExZTYtOGY4OC0zNDM2M2JjN2M0YzAiOnsiY3JlYXRlIjoxMjAwMDAwMDAwMDAwLCJkZWxldGUiOjEyMDAwMDAwMDAwMDAsInVwZGF0ZSI6MTIwMDAwMDAwMDAwMH0sInNjaGVtYV92ZXJzaW9uIjoiMSJ9",
          "dependencies": [
            "aws_cloudwatch_log_group.ecs",
            "aws_db_instance.postgres",
            "aws_db_subnet_group.postgres",
            "aws_ecs_cluster.main",
            "aws_ecs_task_definition.service",
            "aws_iam_role.ecs_task",
            "aws_iam_role.ecs_task_execution",
            "aws_lb_target_group.service",
            "aws_security_group.alb",
            "aws_security_group.ecs_tasks",
            "aws_security_group.postgres",
            "aws_subnet.private_a",
            "aws_subnet.private_b",
            "aws_subnet.private_c",
            "aws_subnet.public_a",
            "aws_subnet.public_b",
            "aws_subnet.public_c",
            "data.aws_availability_zones.available",
            "data.aws_ecr_repository.services",
            "data.aws_vpc.main"
          ]
        },
        {
          "index_key": "logistics-agent",
          "schema_version": 1,
          "attributes": {
            "alarms": [],
            "availability_zone_rebalancing": "DISABLED",
            "capacity_provider_strategy": [],
            "cluster": "arn:aws:ecs:ap-southeast-1:542829982577:cluster/onedelivery-cluster",
            "deployment_circuit_breaker": [
              {
                "enable": false,
                "rollback": false
              }
            ],
            "deployment_controller": [
              {
                "type": "ECS"
              }
            ],
            "deployment_maximum_percent": 200,
            "deployment_minimum_healthy_percent": 100,
            "desired_count": 0,
            "enable_ecs_managed_tags": false,
            "enable_execute_command": false,
            "force_delete": null,
            "force_new_deployment": null,
            "health_check_grace_period_seconds": 0,
            "iam_role": "/aws-service-role/ecs.amazonaws.com/AWSServiceRoleForECS",
            "id": "arn:aws:ecs:ap-southeast-1:542829982577:service/onedelivery-cluster/logistics-agent",
            "launch_type": "FARGATE",
            "load_balancer": [],
            "name": "logistics-agent",
            "network_configuration": [
              {
                "assign_public_ip": true,
                "security_groups": [
                  "sg-085cdd7377ff6d907"
                ],
                "subnets": [
                  "subnet-086900f75d158bfe1",
                  "subnet-0bf8209152cea933c",
                  "subnet-0def3a3c74ef848e1"
                ]
              }
            ],
            "ordered_placement_strategy": [],
            "placement_constraints": [],
            "platform_version": "LATEST",
            "propagate_tags": "NONE",
            "scheduling_strategy": "REPLICA",
            "service_connect_configuration": [],
            "service_registries": [],
            "tags": null,
            "tags_all": {
              "Environment": "dev",
              "ManagedBy": "terraform",
              "Project": "onedelivery"
            },
            "task_definition": "arn:aws:ecs:ap-southeast-1:542829982577:task-definition/onedelivery-logistics-agent:2",
            "timeouts": null,
            "triggers": {},
            "volume_configuration": [],
            "vpc_lattice_configurations": [],
            "wait_for_steady_state": false
          },
          "sensitive_attributes": [],
          "private": "eyJlMmJmYjczMC1lY2FhLTExZTYtOGY4OC0zNDM2M2JjN2M0YzAiOnsiY3JlYXRlIjoxMjAwMDAwMDAwMDAwLCJkZWxldGUiOjEyMDAwMDAwMDAwMDAsInVwZGF0ZSI6MTIwMDAwMDAwMDAwMH0sInNjaGVtYV92ZXJzaW9uIjoiMSJ9",
          "dependencies": [
            "aws_cloudwatch_log_group.ecs",
            "aws_db_instance.postgres",
            "aws_db_subnet_group.postgres",
            "aws_ecs_cluster.main",
            "aws_ecs_task_definition.service",
            "aws_iam_role.ecs_task",
            "aws_iam_role.ecs_task_execution",
            "aws_lb_target_group.service",
            "aws_security_group.alb",
            "aws_security_group.ecs_tasks",
            "aws_security_group.postgres",
            "aws_subnet.private_a",
            "aws_subnet.private_b",
            "aws_subnet.private_c",
            "aws_subnet.public_a",
            "aws_subnet.public_b",
            "aws_subnet.public_c",
            "data.aws_availability_zones.available",
            "data.aws_ecr_repository.services",
            "data.aws_vpc.main"
          ]
        },
        {
          "index_key": "orchestrator-agent",
          "schema_version": 1,
          "attributes": {
            "alarms": [],
            "availability_zone_rebalancing": "DISABLED",
            "capacity_provider_strategy": [],
            "cluster": "arn:aws:ecs:ap-southeast-1:542829982577:cluster/onedelivery-cluster",
            "deployment_circuit_breaker": [
              {
                "enable": false,
                "rollback": false
              }
            ],
            "deployment_controller": [
              {
                "type": "ECS"
              }
            ],
            "deployment_maximum_percent": 200,
            "deployment_minimum_healthy_percent": 100,
            "desired_count": 0,
            "enable_ecs_managed_tags": false,
            "enable_execute_command": false,
            "force_delete": null,
            "force_new_deployment": null,
            "health_check_grace_period_seconds": 0,
            "iam_role": "/aws-service-role/ecs.amazonaws.com/AWSServiceRoleForECS",
            "id": "arn:aws:ecs:ap-southeast-1:542829982577:service/onedelivery-cluster/orchestrator-agent",
            "launch_type": "FARGATE",
            "load_balancer": [],
            "name": "orchestrator-agent",
            "network_configuration": [
              {
                "assign_public_ip": true,
                "security_groups": [
                  "sg-085cdd7377ff6d907"
                ],
                "subnets": [
                  "subnet-086900f75d158bfe1",
                  "subnet-0bf8209152cea933c",
                  "subnet-0def3a3c74ef848e1"
                ]
              }
            ],
            "ordered_placement_strategy": [],
            "placement_constraints": [],
            "platform_version": "LATEST",
            "propagate_tags": "NONE",
            "scheduling_strategy": "REPLICA",
            "service_connect_configuration": [],
            "service_registries": [],
            "tags": {},
            "tags_all": {
              "Environment": "dev",
              "ManagedBy": "terraform",
              "Project": "onedelivery"
            },
            "task_definition": "arn:aws:ecs:ap-southeast-1:542829982577:task-definition/onedelivery-orchestrator-agent:2",
            "timeouts": null,
            "triggers": {},
            "volume_configuration": [],
            "vpc_lattice_configurations": [],
            "wait_for_steady_state": false
          },
          "sensitive_attributes": [],
          "private": "eyJlMmJmYjczMC1lY2FhLTExZTYtOGY4OC0zNDM2M2JjN2M0YzAiOnsiY3JlYXRlIjoxMjAwMDAwMDAwMDAwLCJkZWxldGUiOjEyMDAwMDAwMDAwMDAsInVwZGF0ZSI6MTIwMDAwMDAwMDAwMH0sInNjaGVtYV92ZXJzaW9uIjoiMSJ9",
          "dependencies": [
            "aws_cloudwatch_log_group.ecs",
            "aws_db_instance.postgres",
            "aws_db_subnet_group.postgres",
            "aws_ecs_cluster.main",
            "aws_ecs_task_definition.service",
            "aws_iam_role.ecs_task",
            "aws_iam_role.ecs_task_execution",
            "aws_lb_target_group.service",
            "aws_security_group.alb",
            "aws_security_group.ecs_tasks",
            "aws_security_group.postgres",
            "aws_subnet.private_a",
            "aws_subnet.private_b",
            "aws_subnet.private_c",
            "aws_subnet.public_a",
            "aws_subnet.public_b",
            "aws_subnet.public_c",
            "data.aws_availability_zones.available",
            "data.aws_ecr_repository.services",
            "data.aws_vpc.main"
          ]
        },
        {
          "index_key": "order",
          "schema_version": 1,
          "attributes": {
            "alarms": [],
            "availability_zone_rebalancing": "DISABLED",
            "capacity_provider_strategy": [],
            "cluster": "arn:aws:ecs:ap-southeast-1:542829982577:cluster/onedelivery-cluster",
            "deployment_circuit_breaker": [
              {
                "enable": false,
                "rollback": false
              }
            ],
            "deployment_controller": [
              {
                "type": "ECS"
              }
            ],
            "deployment_maximum_percent": 200,
            "deployment_minimum_healthy_percent": 100,
            "desired_count": 0,
            "enable_ecs_managed_tags": false,
            "enable_execute_command": false,
            "force_delete": null,
            "force_new_deployment": null,
            "health_check_grace_period_seconds": 0,
            "iam_role": "/aws-service-role/ecs.amazonaws.com/AWSServiceRoleForECS",
            "id": "arn:aws:ecs:ap-southeast-1:542829982577:service/onedelivery-cluster/order",
            "launch_type": "FARGATE",
            "load_balancer": [],
            "name": "order",
            "network_configuration": [
              {
                "assign_public_ip": true,
                "security_groups": [
                  "sg-085cdd7377ff6d907"
                ],
                "subnets": [
                  "subnet-086900f75d158bfe1",
                  "subnet-0bf8209152cea933c",
                  "subnet-0def3a3c74ef848e1"
                ]
              }
            ],
            "ordered_placement_strategy": [],
            "placement_constraints": [],
            "platform_version": "LATEST",
            "propagate_tags": "NONE",
            "scheduling_strategy": "REPLICA",
            "service_connect_configuration": [],
            "service_registries": [],
            "tags": {},
            "tags_all": {
              "Environment": "dev",
              "ManagedBy": "terraform",
              "Project": "onedelivery"
            },
            "task_definition": "arn:aws:ecs:ap-southeast-1:542829982577:task-definition/onedelivery-order:11",
            "timeouts": null,
            "triggers": {},
            "volume_configuration": [],
            "vpc_lattice_configurations": [],
            "wait_for_steady_state": false
          },
          "sensitive_attributes": [],
          "private": "eyJlMmJmYjczMC1lY2FhLTExZTYtOGY4OC0zNDM2M2JjN2M0YzAiOnsiY3JlYXRlIjoxMjAwMDAwMDAwMDAwLCJkZWxldGUiOjEyMDAwMDAwMDAwMDAsInVwZGF0ZSI6MTIwMDAwMDAwMDAwMH0sInNjaGVtYV92ZXJzaW9uIjoiMSJ9",
          "dependencies": [
            "aws_cloudwatch_log_group.ecs",
            "aws_db_instance.postgres",
            "aws_db_subnet_group.postgres",
            "aws_ecs_cluster.main",
            "aws_ecs_task_definition.service",
            "aws_iam_role.ecs_task",
            "aws_iam_role.ecs_task_execution",
            "aws_lb_target_group.service",
            "aws_security_group.alb",
            "aws_security_group.ecs_tasks",
            "aws_security_group.postgres",
            "aws_subnet.private_a",
            "aws_subnet.private_b",
            "aws_subnet.private_c",
            "aws_subnet.public_a",
            "aws_subnet.public_b",
            "aws_subnet.public_c",
            "data.aws_availability_zones.available",
            "data.aws_ecr_repository.services",
            "data.aws_vpc.main"
          ]
        },
        {
          "index_key": "payment",
          "schema_version": 1,
          "attributes": {
            "alarms": [],
            "availability_zone_rebalancing": "DISABLED",
            "capacity_provider_strategy": [],
            "cluster": "arn:aws:ecs:ap-southeast-1:542829982577:cluster/onedelivery-cluster",
            "deployment_circuit_breaker": [
              {
                "enable": false,
                "rollback": false
              }
            ],
            "deployment_controller": [
              {
                "type": "ECS"
              }
            ],
            "deployment_maximum_percent": 200,
            "deployment_minimum_healthy_percent": 100,
            "desired_count": 0,
            "enable_ecs_managed_tags": false,
            "enable_execute_command": false,
            "force_delete": null,
            "force_new_deployment": null,
            "health_check_grace_period_seconds": 0,
            "iam_role": "/aws-service-role/ecs.amazonaws.com/AWSServiceRoleForECS",
            "id": "arn:aws:ecs:ap-southeast-1:542829982577:service/onedelivery-cluster/payment",
            "launch_type": "FARGATE",
            "load_balancer": [],
            "name": "payment",
            "network_configuration": [
              {
                "assign_public_ip": true,
                "security_groups": [
                  "sg-085cdd7377ff6d907"
                ],
                "subnets": [
                  "subnet-086900f75d158bfe1",
                  "subnet-0bf8209152cea933c",
                  "subnet-0def3a3c74ef848e1"
                ]
              }
            ],
            "ordered_placement_strategy": [],
            "placement_constraints": [],
            "platform_version": "LATEST",
            "propagate_tags": "NONE",
            "scheduling_strategy": "REPLICA",
            "service_connect_configuration": [],
            "service_registries": [],
            "tags": {},
            "tags_all": {
              "Environment": "dev",
              "ManagedBy": "terraform",
              "Project": "onedelivery"
            },
            "task_definition": "arn:aws:ecs:ap-southeast-1:542829982577:task-definition/onedelivery-payment:11",
            "timeouts": null,
            "triggers": {},
            "volume_configuration": [],
            "vpc_lattice_configurations": [],
            "wait_for_steady_state": false
          },
          "sensitive_attributes": [],
          "private": "eyJlMmJmYjczMC1lY2FhLTExZTYtOGY4OC0zNDM2M2JjN2M0YzAiOnsiY3JlYXRlIjoxMjAwMDAwMDAwMDAwLCJkZWxldGUiOjEyMDAwMDAwMDAwMDAsInVwZGF0ZSI6MTIwMDAwMDAwMDAwMH0sInNjaGVtYV92ZXJzaW9uIjoiMSJ9",
          "dependencies": [
            "aws_cloudwatch_log_group.ecs",
            "aws_db_instance.postgres",
            "aws_db_subnet_group.postgres",
            "aws_ecs_cluster.main",
            "aws_ecs_task_definition.service",
            "aws_iam_role.ecs_task",
            "aws_iam_role.ecs_task_execution",
            "aws_lb_target_group.service",
            "aws_security_group.alb",
            "aws_security_group.ecs_tasks",
            "aws_security_group.postgres",
            "aws_subnet.private_a",
            "aws_subnet.private_b",
            "aws_subnet.private_c",
            "aws_subnet.public_a",
            "aws_subnet.public_b",
            "aws_subnet.public_c",
            "data.aws_availability_zones.available",
            "data.aws_ecr_repository.services",
            "data.aws_vpc.main"
          ]
        },
        {
          "index_key": "qa-agent",
          "schema_version": 1,
          "attributes": {
            "alarms": [],
            "availability_zone_rebalancing": "DISABLED",
            "capacity_provider_strategy": [],
            "cluster": "arn:aws:ecs:ap-southeast-1:542829982577:cluster/onedelivery-cluster",
            "deployment_circuit_breaker": [
              {
                "enable": false,
                "rollback": false
              }
            ],
            "deployment_controller": [
              {
                "type": "ECS"
              }
            ],
            "deployment_maximum_percent": 200,
            "deployment_minimum_healthy_percent": 100,
            "desired_count": 0,
            "enable_ecs_managed_tags": false,
            "enable_execute_command": false,
            "force_delete": null,
            "force_new_deployment": null,
            "health_check_grace_period_seconds": 0,
            "iam_role": "/aws-service-role/ecs.amazonaws.com/AWSServiceRoleForECS",
            "id": "arn:aws:ecs:ap-southeast-1:542829982577:service/onedelivery-cluster/qa-agent",
            "launch_type": "FARGATE",
            "load_balancer": [],
            "name": "qa-agent",
            "network_configuration": [
              {
                "assign_public_ip": true,
                "security_groups": [
                  "sg-085cdd7377ff6d907"
                ],
                "subnets": [
                  "subnet-086900f75d158bfe1",
                  "subnet-0bf8209152cea933c",
                  "subnet-0def3a3c74ef848e1"
                ]
              }
            ],
            "ordered_placement_strategy": [],
            "placement_constraints": [],
            "platform_version": "LATEST",
            "propagate_tags": "NONE",
            "scheduling_strategy": "REPLICA",
            "service_connect_configuration": [],
            "service_registries": [],
            "tags": {},
            "tags_all": {
              "Environment": "dev",
              "ManagedBy": "terraform",
              "Project": "onedelivery"
            },
            "task_definition": "arn:aws:ecs:ap-southeast-1:542829982577:task-definition/onedelivery-qa-agent:2",
            "timeouts": null,
            "triggers": {},
            "volume_configuration": [],
            "vpc_lattice_configurations": [],
            "wait_for_steady_state": false
          },
          "sensitive_attributes": [],
          "private": "eyJlMmJmYjczMC1lY2FhLTExZTYtOGY4OC0zNDM2M2JjN2M0YzAiOnsiY3JlYXRlIjoxMjAwMDAwMDAwMDAwLCJkZWxldGUiOjEyMDAwMDAwMDAwMDAsInVwZGF0ZSI6MTIwMDAwMDAwMDAwMH0sInNjaGVtYV92ZXJzaW9uIjoiMSJ9",
          "dependencies": [
            "aws_cloudwatch_log_group.ecs",
            "aws_db_instance.postgres",
            "aws_db_subnet_group.postgres",
            "aws_ecs_cluster.main",
            "aws_ecs_task_definition.service",
            "aws_iam_role.ecs_task",
            "aws_iam_role.ecs_task_execution",
            "aws_lb_target_group.service",
            "aws_security_group.alb",
            "aws_security_group.ecs_tasks",
            "aws_security_group.postgres",
            "aws_subnet.private_a",
            "aws_subnet.private_b",
            "aws_subnet.private_c",
            "aws_subnet.public_a",
            "aws_subnet.public_b",
            "aws_subnet.public_c",
            "data.aws_availability_zones.available",
            "data.aws_ecr_repository.services",
            "data.aws_vpc.main"
          ]
        },
        {
          "index_key": "resolution-agent",
          "schema_version": 1,
          "attributes": {
            "alarms": [],
            "availability_zone_rebalancing": "DISABLED",
            "capacity_provider_strategy": [],
            "cluster": "arn:aws:ecs:ap-southeast-1:542829982577:cluster/onedelivery-cluster",
            "deployment_circuit_breaker": [
              {
                "enable": false,
                "rollback": false
              }
            ],
            "deployment_controller": [
              {
                "type": "ECS"
              }
            ],
            "deployment_maximum_percent": 200,
            "deployment_minimum_healthy_percent": 100,
            "desired_count": 0,
            "enable_ecs_managed_tags": false,
            "enable_execute_command": false,
            "force_delete": null,
            "force_new_deployment": null,
            "health_check_grace_period_seconds": 0,
            "iam_role": "/aws-service-role/ecs.amazonaws.com/AWSServiceRoleForECS",
            "id": "arn:aws:ecs:ap-southeast-1:542829982577:service/onedelivery-cluster/resolution-agent",
            "launch_type": "FARGATE",
            "load_balancer": [],
            "name": "resolution-agent",
            "network_configuration": [
              {
                "assign_public_ip": true,
                "security_groups": [
                  "sg-085cdd7377ff6d907"
                ],
                "subnets": [
                  "subnet-086900f75d158bfe1",
                  "subnet-0bf8209152cea933c",
                  "subnet-0def3a3c74ef848e1"
                ]
              }
            ],
            "ordered_placement_strategy": [],
            "placement_constraints": [],
            "platform_version": "LATEST",
            "propagate_tags": "NONE",
            "scheduling_strategy": "REPLICA",
            "service_connect_configuration": [],
            "service_registries": [],
            "tags": {},
            "tags_all": {
              "Environment": "dev",
              "ManagedBy": "terraform",
              "Project": "onedelivery"
            },
            "task_definition": "arn:aws:ecs:ap-southeast-1:542829982577:task-definition/onedelivery-resolution-agent:2",
            "timeouts": null,
            "triggers": {},
            "volume_configuration": [],
            "vpc_lattice_configurations": [],
            "wait_for_steady_state": false
          },
          "sensitive_attributes": [],
          "private": "eyJlMmJmYjczMC1lY2FhLTExZTYtOGY4OC0zNDM2M2JjN2M0YzAiOnsiY3JlYXRlIjoxMjAwMDAwMDAwMDAwLCJkZWxldGUiOjEyMDAwMDAwMDAwMDAsInVwZGF0ZSI6MTIwMDAwMDAwMDAwMH0sInNjaGVtYV92ZXJzaW9uIjoiMSJ9",
          "dependencies": [
            "aws_cloudwatch_log_group.ecs",
            "aws_db_instance.postgres",
            "aws_db_subnet_group.postgres",
            "aws_ecs_cluster.main",
            "aws_ecs_task_definition.service",
            "aws_iam_role.ecs_task",
            "aws_iam_role.ecs_task_execution",
            "aws_lb_target_group.service",
            "aws_security_group.alb",
            "aws_security_group.ecs_tasks",
            "aws_security_group.postgres",
            "aws_subnet.private_a",
            "aws_subnet.private_b",
            "aws_subnet.private_c",
            "aws_subnet.public_a",
            "aws_subnet.public_b",
            "aws_subnet.public_c",
            "data.aws_availability_zones.available",
            "data.aws_ecr_repository.services",
            "data.aws_vpc.main"
          ]
        },
        {
          "index_key": "user",
          "schema_version": 1,
          "attributes": {
            "alarms": [],
            "availability_zone_rebalancing": "DISABLED",
            "capacity_provider_strategy": [],
            "cluster": "arn:aws:ecs:ap-southeast-1:542829982577:cluster/onedelivery-cluster",
            "deployment_circuit_breaker": [
              {
                "enable": false,
                "rollback": false
              }
            ],
            "deployment_controller": [
              {
                "type": "ECS"
              }
            ],
            "deployment_maximum_percent": 200,
            "deployment_minimum_healthy_percent": 100,
            "desired_count": 0,
            "enable_ecs_managed_tags": false,
            "enable_execute_command": false,
            "force_delete": null,
            "force_new_deployment": null,
            "health_check_grace_period_seconds": 0,
            "iam_role": "/aws-service-role/ecs.amazonaws.com/AWSServiceRoleForECS",
            "id": "arn:aws:ecs:ap-southeast-1:542829982577:service/onedelivery-cluster/user",
            "launch_type": "FARGATE",
            "load_balancer": [],
            "name": "user",
            "network_configuration": [
              {
                "assign_public_ip": true,
                "security_groups": [
                  "sg-085cdd7377ff6d907"
                ],
                "subnets": [
                  "subnet-086900f75d158bfe1",
                  "subnet-0bf8209152cea933c",
                  "subnet-0def3a3c74ef848e1"
                ]
              }
            ],
            "ordered_placement_strategy": [],
            "placement_constraints": [],
            "platform_version": "LATEST",
            "propagate_tags": "NONE",
            "scheduling_strategy": "REPLICA",
            "service_connect_configuration": [],
            "service_registries": [],
            "tags": {},
            "tags_all": {
              "Environment": "dev",
              "ManagedBy": "terraform",
              "Project": "onedelivery"
            },
            "task_definition": "arn:aws:ecs:ap-southeast-1:542829982577:task-definition/onedelivery-user:8",
            "timeouts": null,
            "triggers": {},
            "volume_configuration": [],
            "vpc_lattice_configurations": [],
            "wait_for_steady_state": false
          },
          "sensitive_attributes": [],
          "private": "eyJlMmJmYjczMC1lY2FhLTExZTYtOGY4OC0zNDM2M2JjN2M0YzAiOnsiY3JlYXRlIjoxMjAwMDAwMDAwMDAwLCJkZWxldGUiOjEyMDAwMDAwMDAwMDAsInVwZGF0ZSI6MTIwMDAwMDAwMDAwMH0sInNjaGVtYV92ZXJzaW9uIjoiMSJ9",
          "dependencies": [
            "aws_cloudwatch_log_group.ecs",
            "aws_db_instance.postgres",
            "aws_db_subnet_group.postgres",
            "aws_ecs_cluster.main",
            "aws_ecs_task_definition.service",
            "aws_iam_role.ecs_task",
            "aws_iam_role.ecs_task_execution",
            "aws_lb_target_group.service",
            "aws_security_group.alb",
            "aws_security_group.ecs_tasks",
            "aws_security_group.postgres",
            "aws_subnet.private_a",
            "aws_subnet.private_b",
            "aws_subnet.private_c",
            "aws_subnet.public_a",
            "aws_subnet.public_b",
            "aws_subnet.public_c",
            "data.aws_availability_zones.available",
            "data.aws_ecr_repository.services",
            "data.aws_vpc.main"
          ]
        }
      ]
    },
    {
      "mode": "managed",
      "type": "aws_ecs_task_definition",
      "name": "service",
      "provider": "provider[\"registry.terraform.io/hashicorp/aws\"]",
      "instances": [
        {
          "index_key": "audit",
          "schema_version": 1,
          "attributes": {
            "arn": "arn:aws:ecs:ap-southeast-1:542829982577:task-definition/onedelivery-audit:11",
            "arn_without_revision": "arn:aws:ecs:ap-southeast-1:542829982577:task-definition/onedelivery-audit",
            "container_definitions": "[{\"environment\":[{\"name\":\"CORS_ORIGIN\",\"value\":\"*\"},{\"name\":\"DATABASE_URL\",\"value\":\"postgresql://postgres:64M4YXh08pe7@onedelivery-postgres.chqkmym8y08l.ap-southeast-1.rds.amazonaws.com:5432/onedelivery\"},{\"name\":\"DB_HOST\",\"value\":\"postgres\"},{\"name\":\"DB_NAME\",\"value\":\"onedelivery\"},{\"name\":\"DB_PASSWORD\",\"value\":\"postgres\"},{\"name\":\"DB_PORT\",\"value\":\"5432\"},{\"name\":\"DB_USER\",\"value\":\"postgres\"},{\"name\":\"JWT_SECRET\",\"value\":\"ffa32c3d40342bec6c1bcfba7b4f8197\"},{\"name\":\"NODE_ENV\",\"value\":\"production\"},{\"name\":\"RABBITMQ_URL\",\"value\":\"amqps://grdulrnl:FLkurItpuAPeOM-VfalX5iGxQkRxuYVi@armadillo.rmq.cloudamqp.com:5671/grdulrnl\"}],\"essential\":true,\"image\":\"542829982577.dkr.ecr.ap-southeast-1.amazonaws.com/onedelivery-audit:latest\",\"logConfiguration\":{\"logDriver\":\"awslogs\",\"options\":{\"awslogs-group\":\"/ecs/onedelivery-audit\",\"awslogs-region\":\"ap-southeast-1\",\"awslogs-stream-prefix\":\"audit\"}},\"mountPoints\":[],\"name\":\"audit\",\"portMappings\":[{\"containerPort\":80,\"hostPort\":80,\"protocol\":\"tcp\"}],\"systemControls\":[],\"volumesFrom\":[]}]",
            "cpu": "256",
            "enable_fault_injection": false,
            "ephemeral_storage": [],
            "execution_role_arn": "arn:aws:iam::542829982577:role/onedelivery-ecs-exec",
            "family": "onedelivery-audit",
            "id": "onedelivery-audit",
            "inference_accelerator": [],
            "ipc_mode": "",
            "memory": "512",
            "network_mode": "awsvpc",
            "pid_mode": "",
            "placement_constraints": [],
            "proxy_configuration": [],
            "requires_compatibilities": [
              "FARGATE"
            ],
            "revision": 11,
            "runtime_platform": [],
            "skip_destroy": false,
            "tags": {},
            "tags_all": {
              "Environment": "dev",
              "ManagedBy": "terraform",
              "Project": "onedelivery"
            },
            "task_role_arn": "arn:aws:iam::542829982577:role/onedelivery-ecs-task",
            "track_latest": false,
            "volume": []
          },
          "sensitive_attributes": [
            [
              {
                "type": "get_attr",
                "value": "container_definitions"
              }
            ]
          ],
          "private": "eyJzY2hlbWFfdmVyc2lvbiI6IjEifQ==",
          "dependencies": [
            "aws_cloudwatch_log_group.ecs",
            "aws_db_instance.postgres",
            "aws_db_subnet_group.postgres",
            "aws_iam_role.ecs_task",
            "aws_iam_role.ecs_task_execution",
            "aws_security_group.alb",
            "aws_security_group.ecs_tasks",
            "aws_security_group.postgres",
            "aws_subnet.private_a",
            "aws_subnet.private_b",
            "aws_subnet.private_c",
            "data.aws_availability_zones.available",
            "data.aws_ecr_repository.services",
            "data.aws_vpc.main"
          ]
        },
        {
          "index_key": "guardian-agent",
          "schema_version": 1,
          "attributes": {
            "arn": "arn:aws:ecs:ap-southeast-1:542829982577:task-definition/onedelivery-guardian-agent:2",
            "arn_without_revision": "arn:aws:ecs:ap-southeast-1:542829982577:task-definition/onedelivery-guardian-agent",
            "container_definitions": "[{\"environment\":[{\"name\":\"CORS_ORIGIN\",\"value\":\"*\"},{\"name\":\"DATABASE_URL\",\"value\":\"postgresql://postgres:64M4YXh08pe7@onedelivery-postgres.chqkmym8y08l.ap-southeast-1.rds.amazonaws.com:5432/onedelivery\"},{\"name\":\"DB_HOST\",\"value\":\"postgres\"},{\"name\":\"DB_NAME\",\"value\":\"onedelivery\"},{\"name\":\"DB_PASSWORD\",\"value\":\"postgres\"},{\"name\":\"DB_PORT\",\"value\":\"5432\"},{\"name\":\"DB_USER\",\"value\":\"postgres\"},{\"name\":\"JWT_SECRET\",\"value\":\"ffa32c3d40342bec6c1bcfba7b4f8197\"},{\"name\":\"NODE_ENV\",\"value\":\"production\"},{\"name\":\"RABBITMQ_URL\",\"value\":\"amqps://grdulrnl:FLkurItpuAPeOM-VfalX5iGxQkRxuYVi@armadillo.rmq.cloudamqp.com:5671/grdulrnl\"}],\"essential\":true,\"image\":\"542829982577.dkr.ecr.ap-southeast-1.amazonaws.com/onedelivery-guardian-agent:latest\",\"logConfiguration\":{\"logDriver\":\"awslogs\",\"options\":{\"awslogs-group\":\"/ecs/onedelivery-guardian-agent\",\"awslogs-region\":\"ap-southeast-1\",\"awslogs-stream-prefix\":\"guardian-agent\"}},\"mountPoints\":[],\"name\":\"guardian-agent\",\"portMappings\":[{\"containerPort\":80,\"hostPort\":80,\"protocol\":\"tcp\"}],\"systemControls\":[],\"volumesFrom\":[]}]",
            "cpu": "256",
            "enable_fault_injection": false,
            "ephemeral_storage": [],
            "execution_role_arn": "arn:aws:iam::542829982577:role/onedelivery-ecs-exec",
            "family": "onedelivery-guardian-agent",
            "id": "onedelivery-guardian-agent",
            "inference_accelerator": [],
            "ipc_mode": "",
            "memory": "512",
            "network_mode": "awsvpc",
            "pid_mode": "",
            "placement_constraints": [],
            "proxy_configuration": [],
            "requires_compatibilities": [
              "FARGATE"
            ],
            "revision": 2,
            "runtime_platform": [],
            "skip_destroy": false,
            "tags": {},
            "tags_all": {
              "Environment": "dev",
              "ManagedBy": "terraform",
              "Project": "onedelivery"
            },
            "task_role_arn": "arn:aws:iam::542829982577:role/onedelivery-ecs-task",
            "track_latest": false,
            "volume": []
          },
          "sensitive_attributes": [
            [
              {
                "type": "get_attr",
                "value": "container_definitions"
              }
            ]
          ],
          "private": "eyJzY2hlbWFfdmVyc2lvbiI6IjEifQ==",
          "dependencies": [
            "aws_cloudwatch_log_group.ecs",
            "aws_db_instance.postgres",
            "aws_db_subnet_group.postgres",
            "aws_iam_role.ecs_task",
            "aws_iam_role.ecs_task_execution",
            "aws_security_group.alb",
            "aws_security_group.ecs_tasks",
            "aws_security_group.postgres",
            "aws_subnet.private_a",
            "aws_subnet.private_b",
            "aws_subnet.private_c",
            "data.aws_availability_zones.available",
            "data.aws_ecr_repository.services",
            "data.aws_vpc.main"
          ]
        },
        {
          "index_key": "incident",
          "schema_version": 1,
          "attributes": {
            "arn": "arn:aws:ecs:ap-southeast-1:542829982577:task-definition/onedelivery-incident:4",
            "arn_without_revision": "arn:aws:ecs:ap-southeast-1:542829982577:task-definition/onedelivery-incident",
            "container_definitions": "[{\"environment\":[{\"name\":\"CORS_ORIGIN\",\"value\":\"*\"},{\"name\":\"DATABASE_URL\",\"value\":\"postgresql://postgres:64M4YXh08pe7@onedelivery-postgres.chqkmym8y08l.ap-southeast-1.rds.amazonaws.com:5432/onedelivery\"},{\"name\":\"DB_HOST\",\"value\":\"postgres\"},{\"name\":\"DB_NAME\",\"value\":\"onedelivery\"},{\"name\":\"DB_PASSWORD\",\"value\":\"postgres\"},{\"name\":\"DB_PORT\",\"value\":\"5432\"},{\"name\":\"DB_USER\",\"value\":\"postgres\"},{\"name\":\"JWT_SECRET\",\"value\":\"ffa32c3d40342bec6c1bcfba7b4f8197\"},{\"name\":\"NODE_ENV\",\"value\":\"production\"},{\"name\":\"RABBITMQ_URL\",\"value\":\"amqps://grdulrnl:FLkurItpuAPeOM-VfalX5iGxQkRxuYVi@armadillo.rmq.cloudamqp.com:5671/grdulrnl\"}],\"essential\":true,\"image\":\"542829982577.dkr.ecr.ap-southeast-1.amazonaws.com/onedelivery-incident:latest\",\"logConfiguration\":{\"logDriver\":\"awslogs\",\"options\":{\"awslogs-group\":\"/ecs/onedelivery-incident\",\"awslogs-region\":\"ap-southeast-1\",\"awslogs-stream-prefix\":\"incident\"}},\"mountPoints\":[],\"name\":\"incident\",\"portMappings\":[{\"containerPort\":80,\"hostPort\":80,\"protocol\":\"tcp\"}],\"systemControls\":[],\"volumesFrom\":[]}]",
            "cpu": "256",
            "enable_fault_injection": false,
            "ephemeral_storage": [],
            "execution_role_arn": "arn:aws:iam::542829982577:role/onedelivery-ecs-exec",
            "family": "onedelivery-incident",
            "id": "onedelivery-incident",
            "inference_accelerator": [],
            "ipc_mode": "",
            "memory": "512",
            "network_mode": "awsvpc",
            "pid_mode": "",
            "placement_constraints": [],
            "proxy_configuration": [],
            "requires_compatibilities": [
              "FARGATE"
            ],
            "revision": 4,
            "runtime_platform": [],
            "skip_destroy": false,
            "tags": {},
            "tags_all": {
              "Environment": "dev",
              "ManagedBy": "terraform",
              "Project": "onedelivery"
            },
            "task_role_arn": "arn:aws:iam::542829982577:role/onedelivery-ecs-task",
            "track_latest": false,
            "volume": []
          },
          "sensitive_attributes": [
            [
              {
                "type": "get_attr",
                "value": "container_definitions"
              }
            ]
          ],
          "private": "eyJzY2hlbWFfdmVyc2lvbiI6IjEifQ==",
          "dependencies": [
            "aws_cloudwatch_log_group.ecs",
            "aws_db_instance.postgres",
            "aws_db_subnet_group.postgres",
            "aws_iam_role.ecs_task",
            "aws_iam_role.ecs_task_execution",
            "aws_security_group.alb",
            "aws_security_group.ecs_tasks",
            "aws_security_group.postgres",
            "aws_subnet.private_a",
            "aws_subnet.private_b",
            "aws_subnet.private_c",
            "data.aws_availability_zones.available",
            "data.aws_ecr_repository.services",
            "data.aws_vpc.main"
          ]
        },
        {
          "index_key": "knowledge",
          "schema_version": 1,
          "attributes": {
            "arn": "arn:aws:ecs:ap-southeast-1:542829982577:task-definition/onedelivery-knowledge:2",
            "arn_without_revision": "arn:aws:ecs:ap-southeast-1:542829982577:task-definition/onedelivery-knowledge",
            "container_definitions": "[{\"environment\":[{\"name\":\"CORS_ORIGIN\",\"value\":\"*\"},{\"name\":\"DATABASE_URL\",\"value\":\"postgresql://postgres:64M4YXh08pe7@onedelivery-postgres.chqkmym8y08l.ap-southeast-1.rds.amazonaws.com:5432/onedelivery\"},{\"name\":\"DB_HOST\",\"value\":\"postgres\"},{\"name\":\"DB_NAME\",\"value\":\"onedelivery\"},{\"name\":\"DB_PASSWORD\",\"value\":\"postgres\"},{\"name\":\"DB_PORT\",\"value\":\"5432\"},{\"name\":\"DB_USER\",\"value\":\"postgres\"},{\"name\":\"JWT_SECRET\",\"value\":\"ffa32c3d40342bec6c1bcfba7b4f8197\"},{\"name\":\"NODE_ENV\",\"value\":\"production\"},{\"name\":\"RABBITMQ_URL\",\"value\":\"amqps://grdulrnl:FLkurItpuAPeOM-VfalX5iGxQkRxuYVi@armadillo.rmq.cloudamqp.com:5671/grdulrnl\"}],\"essential\":true,\"image\":\"542829982577.dkr.ecr.ap-southeast-1.amazonaws.com/onedelivery-knowledge:latest\",\"logConfiguration\":{\"logDriver\":\"awslogs\",\"options\":{\"awslogs-group\":\"/ecs/onedelivery-knowledge\",\"awslogs-region\":\"ap-southeast-1\",\"awslogs-stream-prefix\":\"knowledge\"}},\"mountPoints\":[],\"name\":\"knowledge\",\"portMappings\":[{\"containerPort\":80,\"hostPort\":80,\"protocol\":\"tcp\"}],\"systemControls\":[],\"volumesFrom\":[]}]",
            "cpu": "256",
            "enable_fault_injection": false,
            "ephemeral_storage": [],
            "execution_role_arn": "arn:aws:iam::542829982577:role/onedelivery-ecs-exec",
            "family": "onedelivery-knowledge",
            "id": "onedelivery-knowledge",
            "inference_accelerator": [],
            "ipc_mode": "",
            "memory": "512",
            "network_mode": "awsvpc",
            "pid_mode": "",
            "placement_constraints": [],
            "proxy_configuration": [],
            "requires_compatibilities": [
              "FARGATE"
            ],
            "revision": 2,
            "runtime_platform": [],
            "skip_destroy": false,
            "tags": null,
            "tags_all": {
              "Environment": "dev",
              "ManagedBy": "terraform",
              "Project": "onedelivery"
            },
            "task_role_arn": "arn:aws:iam::542829982577:role/onedelivery-ecs-task",
            "track_latest": false,
            "volume": []
          },
          "sensitive_attributes": [
            [
              {
                "type": "get_attr",
                "value": "container_definitions"
              }
            ]
          ],
          "private": "eyJzY2hlbWFfdmVyc2lvbiI6IjEifQ==",
          "dependencies": [
            "aws_cloudwatch_log_group.ecs",
            "aws_db_instance.postgres",
            "aws_db_subnet_group.postgres",
            "aws_iam_role.ecs_task",
            "aws_iam_role.ecs_task_execution",
            "aws_security_group.alb",
            "aws_security_group.ecs_tasks",
            "aws_security_group.postgres",
            "aws_subnet.private_a",
            "aws_subnet.private_b",
            "aws_subnet.private_c",
            "data.aws_availability_zones.available",
            "data.aws_ecr_repository.services",
            "data.aws_vpc.main"
          ]
        },
        {
          "index_key": "logistics",
          "schema_version": 1,
          "attributes": {
            "arn": "arn:aws:ecs:ap-southeast-1:542829982577:task-definition/onedelivery-logistics:11",
            "arn_without_revision": "arn:aws:ecs:ap-southeast-1:542829982577:task-definition/onedelivery-logistics",
            "container_definitions": "[{\"environment\":[{\"name\":\"CORS_ORIGIN\",\"value\":\"*\"},{\"name\":\"DATABASE_URL\",\"value\":\"postgresql://postgres:64M4YXh08pe7@onedelivery-postgres.chqkmym8y08l.ap-southeast-1.rds.amazonaws.com:5432/onedelivery\"},{\"name\":\"DB_HOST\",\"value\":\"postgres\"},{\"name\":\"DB_NAME\",\"value\":\"onedelivery\"},{\"name\":\"DB_PASSWORD\",\"value\":\"postgres\"},{\"name\":\"DB_PORT\",\"value\":\"5432\"},{\"name\":\"DB_USER\",\"value\":\"postgres\"},{\"name\":\"JWT_SECRET\",\"value\":\"ffa32c3d40342bec6c1bcfba7b4f8197\"},{\"name\":\"NODE_ENV\",\"value\":\"production\"},{\"name\":\"RABBITMQ_URL\",\"value\":\"amqps://grdulrnl:FLkurItpuAPeOM-VfalX5iGxQkRxuYVi@armadillo.rmq.cloudamqp.com:5671/grdulrnl\"}],\"essential\":true,\"image\":\"542829982577.dkr.ecr.ap-southeast-1.amazonaws.com/onedelivery-logistics:latest\",\"logConfiguration\":{\"logDriver\":\"awslogs\",\"options\":{\"awslogs-group\":\"/ecs/onedelivery-logistics\",\"awslogs-region\":\"ap-southeast-1\",\"awslogs-stream-prefix\":\"logistics\"}},\"mountPoints\":[],\"name\":\"logistics\",\"portMappings\":[{\"containerPort\":80,\"hostPort\":80,\"protocol\":\"tcp\"}],\"systemControls\":[],\"volumesFrom\":[]}]",
            "cpu": "256",
            "enable_fault_injection": false,
            "ephemeral_storage": [],
            "execution_role_arn": "arn:aws:iam::542829982577:role/onedelivery-ecs-exec",
            "family": "onedelivery-logistics",
            "id": "onedelivery-logistics",
            "inference_accelerator": [],
            "ipc_mode": "",
            "memory": "512",
            "network_mode": "awsvpc",
            "pid_mode": "",
            "placement_constraints": [],
            "proxy_configuration": [],
            "requires_compatibilities": [
              "FARGATE"
            ],
            "revision": 11,
            "runtime_platform": [],
            "skip_destroy": false,
            "tags": {},
            "tags_all": {
              "Environment": "dev",
              "ManagedBy": "terraform",
              "Project": "onedelivery"
            },
            "task_role_arn": "arn:aws:iam::542829982577:role/onedelivery-ecs-task",
            "track_latest": false,
            "volume": []
          },
          "sensitive_attributes": [
            [
              {
                "type": "get_attr",
                "value": "container_definitions"
              }
            ]
          ],
          "private": "eyJzY2hlbWFfdmVyc2lvbiI6IjEifQ==",
          "dependencies": [
            "aws_cloudwatch_log_group.ecs",
            "aws_db_instance.postgres",
            "aws_db_subnet_group.postgres",
            "aws_iam_role.ecs_task",
            "aws_iam_role.ecs_task_execution",
            "aws_security_group.alb",
            "aws_security_group.ecs_tasks",
            "aws_security_group.postgres",
            "aws_subnet.private_a",
            "aws_subnet.private_b",
            "aws_subnet.private_c",
            "data.aws_availability_zones.available",
            "data.aws_ecr_repository.services",
            "data.aws_vpc.main"
          ]
        },
        {
          "index_key": "logistics-agent",
          "schema_version": 1,
          "attributes": {
            "arn": "arn:aws:ecs:ap-southeast-1:542829982577:task-definition/onedelivery-logistics-agent:2",
            "arn_without_revision": "arn:aws:ecs:ap-southeast-1:542829982577:task-definition/onedelivery-logistics-agent",
            "container_definitions": "[{\"environment\":[{\"name\":\"CORS_ORIGIN\",\"value\":\"*\"},{\"name\":\"DATABASE_URL\",\"value\":\"postgresql://postgres:64M4YXh08pe7@onedelivery-postgres.chqkmym8y08l.ap-southeast-1.rds.amazonaws.com:5432/onedelivery\"},{\"name\":\"DB_HOST\",\"value\":\"postgres\"},{\"name\":\"DB_NAME\",\"value\":\"onedelivery\"},{\"name\":\"DB_PASSWORD\",\"value\":\"postgres\"},{\"name\":\"DB_PORT\",\"value\":\"5432\"},{\"name\":\"DB_USER\",\"value\":\"postgres\"},{\"name\":\"JWT_SECRET\",\"value\":\"ffa32c3d40342bec6c1bcfba7b4f8197\"},{\"name\":\"NODE_ENV\",\"value\":\"production\"},{\"name\":\"RABBITMQ_URL\",\"value\":\"amqps://grdulrnl:FLkurItpuAPeOM-VfalX5iGxQkRxuYVi@armadillo.rmq.cloudamqp.com:5671/grdulrnl\"}],\"essential\":true,\"image\":\"542829982577.dkr.ecr.ap-southeast-1.amazonaws.com/onedelivery-logistics-agent:latest\",\"logConfiguration\":{\"logDriver\":\"awslogs\",\"options\":{\"awslogs-region\":\"ap-southeast-1\",\"awslogs-stream-prefix\":\"logistics-agent\",\"awslogs-group\":\"/ecs/onedelivery-logistics-agent\"}},\"mountPoints\":[],\"name\":\"logistics-agent\",\"portMappings\":[{\"containerPort\":80,\"hostPort\":80,\"protocol\":\"tcp\"}],\"systemControls\":[],\"volumesFrom\":[]}]",
            "cpu": "256",
            "enable_fault_injection": false,
            "ephemeral_storage": [],
            "execution_role_arn": "arn:aws:iam::542829982577:role/onedelivery-ecs-exec",
            "family": "onedelivery-logistics-agent",
            "id": "onedelivery-logistics-agent",
            "inference_accelerator": [],
            "ipc_mode": "",
            "memory": "512",
            "network_mode": "awsvpc",
            "pid_mode": "",
            "placement_constraints": [],
            "proxy_configuration": [],
            "requires_compatibilities": [
              "FARGATE"
            ],
            "revision": 2,
            "runtime_platform": [],
            "skip_destroy": false,
            "tags": null,
            "tags_all": {
              "Environment": "dev",
              "ManagedBy": "terraform",
              "Project": "onedelivery"
            },
            "task_role_arn": "arn:aws:iam::542829982577:role/onedelivery-ecs-task",
            "track_latest": false,
            "volume": []
          },
          "sensitive_attributes": [
            [
              {
                "type": "get_attr",
                "value": "container_definitions"
              }
            ]
          ],
          "private": "eyJzY2hlbWFfdmVyc2lvbiI6IjEifQ==",
          "dependencies": [
            "aws_cloudwatch_log_group.ecs",
            "aws_db_instance.postgres",
            "aws_db_subnet_group.postgres",
            "aws_iam_role.ecs_task",
            "aws_iam_role.ecs_task_execution",
            "aws_security_group.alb",
            "aws_security_group.ecs_tasks",
            "aws_security_group.postgres",
            "aws_subnet.private_a",
            "aws_subnet.private_b",
            "aws_subnet.private_c",
            "data.aws_availability_zones.available",
            "data.aws_ecr_repository.services",
            "data.aws_vpc.main"
          ]
        },
        {
          "index_key": "orchestrator-agent",
          "schema_version": 1,
          "attributes": {
            "arn": "arn:aws:ecs:ap-southeast-1:542829982577:task-definition/onedelivery-orchestrator-agent:2",
            "arn_without_revision": "arn:aws:ecs:ap-southeast-1:542829982577:task-definition/onedelivery-orchestrator-agent",
            "container_definitions": "[{\"environment\":[{\"name\":\"CORS_ORIGIN\",\"value\":\"*\"},{\"name\":\"DATABASE_URL\",\"value\":\"postgresql://postgres:64M4YXh08pe7@onedelivery-postgres.chqkmym8y08l.ap-southeast-1.rds.amazonaws.com:5432/onedelivery\"},{\"name\":\"DB_HOST\",\"value\":\"postgres\"},{\"name\":\"DB_NAME\",\"value\":\"onedelivery\"},{\"name\":\"DB_PASSWORD\",\"value\":\"postgres\"},{\"name\":\"DB_PORT\",\"value\":\"5432\"},{\"name\":\"DB_USER\",\"value\":\"postgres\"},{\"name\":\"JWT_SECRET\",\"value\":\"ffa32c3d40342bec6c1bcfba7b4f8197\"},{\"name\":\"NODE_ENV\",\"value\":\"production\"},{\"name\":\"RABBITMQ_URL\",\"value\":\"amqps://grdulrnl:FLkurItpuAPeOM-VfalX5iGxQkRxuYVi@armadillo.rmq.cloudamqp.com:5671/grdulrnl\"}],\"essential\":true,\"image\":\"542829982577.dkr.ecr.ap-southeast-1.amazonaws.com/onedelivery-orchestrator-agent:latest\",\"logConfiguration\":{\"logDriver\":\"awslogs\",\"options\":{\"awslogs-region\":\"ap-southeast-1\",\"awslogs-stream-prefix\":\"orchestrator-agent\",\"awslogs-group\":\"/ecs/onedelivery-orchestrator-agent\"}},\"mountPoints\":[],\"name\":\"orchestrator-agent\",\"portMappings\":[{\"containerPort\":80,\"hostPort\":80,\"protocol\":\"tcp\"}],\"systemControls\":[],\"volumesFrom\":[]}]",
            "cpu": "256",
            "enable_fault_injection": false,
            "ephemeral_storage": [],
            "execution_role_arn": "arn:aws:iam::542829982577:role/onedelivery-ecs-exec",
            "family": "onedelivery-orchestrator-agent",
            "id": "onedelivery-orchestrator-agent",
            "inference_accelerator": [],
            "ipc_mode": "",
            "memory": "512",
            "network_mode": "awsvpc",
            "pid_mode": "",
            "placement_constraints": [],
            "proxy_configuration": [],
            "requires_compatibilities": [
              "FARGATE"
            ],
            "revision": 2,
            "runtime_platform": [],
            "skip_destroy": false,
            "tags": {},
            "tags_all": {
              "Environment": "dev",
              "ManagedBy": "terraform",
              "Project": "onedelivery"
            },
            "task_role_arn": "arn:aws:iam::542829982577:role/onedelivery-ecs-task",
            "track_latest": false,
            "volume": []
          },
          "sensitive_attributes": [
            [
              {
                "type": "get_attr",
                "value": "container_definitions"
              }
            ]
          ],
          "private": "eyJzY2hlbWFfdmVyc2lvbiI6IjEifQ==",
          "dependencies": [
            "aws_cloudwatch_log_group.ecs",
            "aws_db_instance.postgres",
            "aws_db_subnet_group.postgres",
            "aws_iam_role.ecs_task",
            "aws_iam_role.ecs_task_execution",
            "aws_security_group.alb",
            "aws_security_group.ecs_tasks",
            "aws_security_group.postgres",
            "aws_subnet.private_a",
            "aws_subnet.private_b",
            "aws_subnet.private_c",
            "data.aws_availability_zones.available",
            "data.aws_ecr_repository.services",
            "data.aws_vpc.main"
          ]
        },
        {
          "index_key": "order",
          "schema_version": 1,
          "attributes": {
            "arn": "arn:aws:ecs:ap-southeast-1:542829982577:task-definition/onedelivery-order:11",
            "arn_without_revision": "arn:aws:ecs:ap-southeast-1:542829982577:task-definition/onedelivery-order",
            "container_definitions": "[{\"environment\":[{\"name\":\"CORS_ORIGIN\",\"value\":\"*\"},{\"name\":\"DATABASE_URL\",\"value\":\"postgresql://postgres:64M4YXh08pe7@onedelivery-postgres.chqkmym8y08l.ap-southeast-1.rds.amazonaws.com:5432/onedelivery\"},{\"name\":\"DB_HOST\",\"value\":\"postgres\"},{\"name\":\"DB_NAME\",\"value\":\"onedelivery\"},{\"name\":\"DB_PASSWORD\",\"value\":\"postgres\"},{\"name\":\"DB_PORT\",\"value\":\"5432\"},{\"name\":\"DB_USER\",\"value\":\"postgres\"},{\"name\":\"JWT_SECRET\",\"value\":\"ffa32c3d40342bec6c1bcfba7b4f8197\"},{\"name\":\"NODE_ENV\",\"value\":\"production\"},{\"name\":\"RABBITMQ_URL\",\"value\":\"amqps://grdulrnl:FLkurItpuAPeOM-VfalX5iGxQkRxuYVi@armadillo.rmq.cloudamqp.com:5671/grdulrnl\"}],\"essential\":true,\"image\":\"542829982577.dkr.ecr.ap-southeast-1.amazonaws.com/onedelivery-order:latest\",\"logConfiguration\":{\"logDriver\":\"awslogs\",\"options\":{\"awslogs-group\":\"/ecs/onedelivery-order\",\"awslogs-region\":\"ap-southeast-1\",\"awslogs-stream-prefix\":\"order\"}},\"mountPoints\":[],\"name\":\"order\",\"portMappings\":[{\"containerPort\":80,\"hostPort\":80,\"protocol\":\"tcp\"}],\"systemControls\":[],\"volumesFrom\":[]}]",
            "cpu": "256",
            "enable_fault_injection": false,
            "ephemeral_storage": [],
            "execution_role_arn": "arn:aws:iam::542829982577:role/onedelivery-ecs-exec",
            "family": "onedelivery-order",
            "id": "onedelivery-order",
            "inference_accelerator": [],
            "ipc_mode": "",
            "memory": "512",
            "network_mode": "awsvpc",
            "pid_mode": "",
            "placement_constraints": [],
            "proxy_configuration": [],
            "requires_compatibilities": [
              "FARGATE"
            ],
            "revision": 11,
            "runtime_platform": [],
            "skip_destroy": false,
            "tags": {},
            "tags_all": {
              "Environment": "dev",
              "ManagedBy": "terraform",
              "Project": "onedelivery"
            },
            "task_role_arn": "arn:aws:iam::542829982577:role/onedelivery-ecs-task",
            "track_latest": false,
            "volume": []
          },
          "sensitive_attributes": [
            [
              {
                "type": "get_attr",
                "value": "container_definitions"
              }
            ]
          ],
          "private": "eyJzY2hlbWFfdmVyc2lvbiI6IjEifQ==",
          "dependencies": [
            "aws_cloudwatch_log_group.ecs",
            "aws_db_instance.postgres",
            "aws_db_subnet_group.postgres",
            "aws_iam_role.ecs_task",
            "aws_iam_role.ecs_task_execution",
            "aws_security_group.alb",
            "aws_security_group.ecs_tasks",
            "aws_security_group.postgres",
            "aws_subnet.private_a",
            "aws_subnet.private_b",
            "aws_subnet.private_c",
            "data.aws_availability_zones.available",
            "data.aws_ecr_repository.services",
            "data.aws_vpc.main"
          ]
        },
        {
          "index_key": "payment",
          "schema_version": 1,
          "attributes": {
            "arn": "arn:aws:ecs:ap-southeast-1:542829982577:task-definition/onedelivery-payment:11",
            "arn_without_revision": "arn:aws:ecs:ap-southeast-1:542829982577:task-definition/onedelivery-payment",
            "container_definitions": "[{\"environment\":[{\"name\":\"CORS_ORIGIN\",\"value\":\"*\"},{\"name\":\"DATABASE_URL\",\"value\":\"postgresql://postgres:64M4YXh08pe7@onedelivery-postgres.chqkmym8y08l.ap-southeast-1.rds.amazonaws.com:5432/onedelivery\"},{\"name\":\"DB_HOST\",\"value\":\"postgres\"},{\"name\":\"DB_NAME\",\"value\":\"onedelivery\"},{\"name\":\"DB_PASSWORD\",\"value\":\"postgres\"},{\"name\":\"DB_PORT\",\"value\":\"5432\"},{\"name\":\"DB_USER\",\"value\":\"postgres\"},{\"name\":\"JWT_SECRET\",\"value\":\"ffa32c3d40342bec6c1bcfba7b4f8197\"},{\"name\":\"NODE_ENV\",\"value\":\"production\"},{\"name\":\"RABBITMQ_URL\",\"value\":\"amqps://grdulrnl:FLkurItpuAPeOM-VfalX5iGxQkRxuYVi@armadillo.rmq.cloudamqp.com:5671/grdulrnl\"}],\"essential\":true,\"image\":\"542829982577.dkr.ecr.ap-southeast-1.amazonaws.com/onedelivery-payment:latest\",\"logConfiguration\":{\"logDriver\":\"awslogs\",\"options\":{\"awslogs-group\":\"/ecs/onedelivery-payment\",\"awslogs-region\":\"ap-southeast-1\",\"awslogs-stream-prefix\":\"payment\"}},\"mountPoints\":[],\"name\":\"payment\",\"portMappings\":[{\"containerPort\":80,\"hostPort\":80,\"protocol\":\"tcp\"}],\"systemControls\":[],\"volumesFrom\":[]}]",
            "cpu": "256",
            "enable_fault_injection": false,
            "ephemeral_storage": [],
            "execution_role_arn": "arn:aws:iam::542829982577:role/onedelivery-ecs-exec",
            "family": "onedelivery-payment",
            "id": "onedelivery-payment",
            "inference_accelerator": [],
            "ipc_mode": "",
            "memory": "512",
            "network_mode": "awsvpc",
            "pid_mode": "",
            "placement_constraints": [],
            "proxy_configuration": [],
            "requires_compatibilities": [
              "FARGATE"
            ],
            "revision": 11,
            "runtime_platform": [],
            "skip_destroy": false,
            "tags": {},
            "tags_all": {
              "Environment": "dev",
              "ManagedBy": "terraform",
              "Project": "onedelivery"
            },
            "task_role_arn": "arn:aws:iam::542829982577:role/onedelivery-ecs-task",
            "track_latest": false,
            "volume": []
          },
          "sensitive_attributes": [
            [
              {
                "type": "get_attr",
                "value": "container_definitions"
              }
            ]
          ],
          "private": "eyJzY2hlbWFfdmVyc2lvbiI6IjEifQ==",
          "dependencies": [
            "aws_cloudwatch_log_group.ecs",
            "aws_db_instance.postgres",
            "aws_db_subnet_group.postgres",
            "aws_iam_role.ecs_task",
            "aws_iam_role.ecs_task_execution",
            "aws_security_group.alb",
            "aws_security_group.ecs_tasks",
            "aws_security_group.postgres",
            "aws_subnet.private_a",
            "aws_subnet.private_b",
            "aws_subnet.private_c",
            "data.aws_availability_zones.available",
            "data.aws_ecr_repository.services",
            "data.aws_vpc.main"
          ]
        },
        {
          "index_key": "qa-agent",
          "schema_version": 1,
          "attributes": {
            "arn": "arn:aws:ecs:ap-southeast-1:542829982577:task-definition/onedelivery-qa-agent:2",
            "arn_without_revision": "arn:aws:ecs:ap-southeast-1:542829982577:task-definition/onedelivery-qa-agent",
            "container_definitions": "[{\"environment\":[{\"name\":\"CORS_ORIGIN\",\"value\":\"*\"},{\"name\":\"DATABASE_URL\",\"value\":\"postgresql://postgres:64M4YXh08pe7@onedelivery-postgres.chqkmym8y08l.ap-southeast-1.rds.amazonaws.com:5432/onedelivery\"},{\"name\":\"DB_HOST\",\"value\":\"postgres\"},{\"name\":\"DB_NAME\",\"value\":\"onedelivery\"},{\"name\":\"DB_PASSWORD\",\"value\":\"postgres\"},{\"name\":\"DB_PORT\",\"value\":\"5432\"},{\"name\":\"DB_USER\",\"value\":\"postgres\"},{\"name\":\"JWT_SECRET\",\"value\":\"ffa32c3d40342bec6c1bcfba7b4f8197\"},{\"name\":\"NODE_ENV\",\"value\":\"production\"},{\"name\":\"RABBITMQ_URL\",\"value\":\"amqps://grdulrnl:FLkurItpuAPeOM-VfalX5iGxQkRxuYVi@armadillo.rmq.cloudamqp.com:5671/grdulrnl\"}],\"essential\":true,\"image\":\"542829982577.dkr.ecr.ap-southeast-1.amazonaws.com/onedelivery-qa-agent:latest\",\"logConfiguration\":{\"logDriver\":\"awslogs\",\"options\":{\"awslogs-group\":\"/ecs/onedelivery-qa-agent\",\"awslogs-region\":\"ap-southeast-1\",\"awslogs-stream-prefix\":\"qa-agent\"}},\"mountPoints\":[],\"name\":\"qa-agent\",\"portMappings\":[{\"containerPort\":80,\"hostPort\":80,\"protocol\":\"tcp\"}],\"systemControls\":[],\"volumesFrom\":[]}]",
            "cpu": "256",
            "enable_fault_injection": false,
            "ephemeral_storage": [],
            "execution_role_arn": "arn:aws:iam::542829982577:role/onedelivery-ecs-exec",
            "family": "onedelivery-qa-agent",
            "id": "onedelivery-qa-agent",
            "inference_accelerator": [],
            "ipc_mode": "",
            "memory": "512",
            "network_mode": "awsvpc",
            "pid_mode": "",
            "placement_constraints": [],
            "proxy_configuration": [],
            "requires_compatibilities": [
              "FARGATE"
            ],
            "revision": 2,
            "runtime_platform": [],
            "skip_destroy": false,
            "tags": {},
            "tags_all": {
              "Environment": "dev",
              "ManagedBy": "terraform",
              "Project": "onedelivery"
            },
            "task_role_arn": "arn:aws:iam::542829982577:role/onedelivery-ecs-task",
            "track_latest": false,
            "volume": []
          },
          "sensitive_attributes": [
            [
              {
                "type": "get_attr",
                "value": "container_definitions"
              }
            ]
          ],
          "private": "eyJzY2hlbWFfdmVyc2lvbiI6IjEifQ==",
          "dependencies": [
            "aws_cloudwatch_log_group.ecs",
            "aws_db_instance.postgres",
            "aws_db_subnet_group.postgres",
            "aws_iam_role.ecs_task",
            "aws_iam_role.ecs_task_execution",
            "aws_security_group.alb",
            "aws_security_group.ecs_tasks",
            "aws_security_group.postgres",
            "aws_subnet.private_a",
            "aws_subnet.private_b",
            "aws_subnet.private_c",
            "data.aws_availability_zones.available",
            "data.aws_ecr_repository.services",
            "data.aws_vpc.main"
          ]
        },
        {
          "index_key": "resolution-agent",
          "schema_version": 1,
          "attributes": {
            "arn": "arn:aws:ecs:ap-southeast-1:542829982577:task-definition/onedelivery-resolution-agent:2",
            "arn_without_revision": "arn:aws:ecs:ap-southeast-1:542829982577:task-definition/onedelivery-resolution-agent",
            "container_definitions": "[{\"environment\":[{\"name\":\"CORS_ORIGIN\",\"value\":\"*\"},{\"name\":\"DATABASE_URL\",\"value\":\"postgresql://postgres:64M4YXh08pe7@onedelivery-postgres.chqkmym8y08l.ap-southeast-1.rds.amazonaws.com:5432/onedelivery\"},{\"name\":\"DB_HOST\",\"value\":\"postgres\"},{\"name\":\"DB_NAME\",\"value\":\"onedelivery\"},{\"name\":\"DB_PASSWORD\",\"value\":\"postgres\"},{\"name\":\"DB_PORT\",\"value\":\"5432\"},{\"name\":\"DB_USER\",\"value\":\"postgres\"},{\"name\":\"JWT_SECRET\",\"value\":\"ffa32c3d40342bec6c1bcfba7b4f8197\"},{\"name\":\"NODE_ENV\",\"value\":\"production\"},{\"name\":\"RABBITMQ_URL\",\"value\":\"amqps://grdulrnl:FLkurItpuAPeOM-VfalX5iGxQkRxuYVi@armadillo.rmq.cloudamqp.com:5671/grdulrnl\"}],\"essential\":true,\"image\":\"542829982577.dkr.ecr.ap-southeast-1.amazonaws.com/onedelivery-resolution-agent:latest\",\"logConfiguration\":{\"logDriver\":\"awslogs\",\"options\":{\"awslogs-group\":\"/ecs/onedelivery-resolution-agent\",\"awslogs-region\":\"ap-southeast-1\",\"awslogs-stream-prefix\":\"resolution-agent\"}},\"mountPoints\":[],\"name\":\"resolution-agent\",\"portMappings\":[{\"containerPort\":80,\"hostPort\":80,\"protocol\":\"tcp\"}],\"systemControls\":[],\"volumesFrom\":[]}]",
            "cpu": "256",
            "enable_fault_injection": false,
            "ephemeral_storage": [],
            "execution_role_arn": "arn:aws:iam::542829982577:role/onedelivery-ecs-exec",
            "family": "onedelivery-resolution-agent",
            "id": "onedelivery-resolution-agent",
            "inference_accelerator": [],
            "ipc_mode": "",
            "memory": "512",
            "network_mode": "awsvpc",
            "pid_mode": "",
            "placement_constraints": [],
            "proxy_configuration": [],
            "requires_compatibilities": [
              "FARGATE"
            ],
            "revision": 2,
            "runtime_platform": [],
            "skip_destroy": false,
            "tags": {},
            "tags_all": {
              "Environment": "dev",
              "ManagedBy": "terraform",
              "Project": "onedelivery"
            },
            "task_role_arn": "arn:aws:iam::542829982577:role/onedelivery-ecs-task",
            "track_latest": false,
            "volume": []
          },
          "sensitive_attributes": [
            [
              {
                "type": "get_attr",
                "value": "container_definitions"
              }
            ]
          ],
          "private": "eyJzY2hlbWFfdmVyc2lvbiI6IjEifQ==",
          "dependencies": [
            "aws_cloudwatch_log_group.ecs",
            "aws_db_instance.postgres",
            "aws_db_subnet_group.postgres",
            "aws_iam_role.ecs_task",
            "aws_iam_role.ecs_task_execution",
            "aws_security_group.alb",
            "aws_security_group.ecs_tasks",
            "aws_security_group.postgres",
            "aws_subnet.private_a",
            "aws_subnet.private_b",
            "aws_subnet.private_c",
            "data.aws_availability_zones.available",
            "data.aws_ecr_repository.services",
            "data.aws_vpc.main"
          ]
        },
        {
          "index_key": "user",
          "schema_version": 1,
          "attributes": {
            "arn": "arn:aws:ecs:ap-southeast-1:542829982577:task-definition/onedelivery-user:8",
            "arn_without_revision": "arn:aws:ecs:ap-southeast-1:542829982577:task-definition/onedelivery-user",
            "container_definitions": "[{\"environment\":[{\"name\":\"CORS_ORIGIN\",\"value\":\"*\"},{\"name\":\"DATABASE_URL\",\"value\":\"postgresql://postgres:64M4YXh08pe7@onedelivery-postgres.chqkmym8y08l.ap-southeast-1.rds.amazonaws.com:5432/onedelivery\"},{\"name\":\"DB_HOST\",\"value\":\"postgres\"},{\"name\":\"DB_NAME\",\"value\":\"onedelivery\"},{\"name\":\"DB_PASSWORD\",\"value\":\"postgres\"},{\"name\":\"DB_PORT\",\"value\":\"5432\"},{\"name\":\"DB_USER\",\"value\":\"postgres\"},{\"name\":\"JWT_SECRET\",\"value\":\"ffa32c3d40342bec6c1bcfba7b4f8197\"},{\"name\":\"NODE_ENV\",\"value\":\"production\"},{\"name\":\"RABBITMQ_URL\",\"value\":\"amqps://grdulrnl:FLkurItpuAPeOM-VfalX5iGxQkRxuYVi@armadillo.rmq.cloudamqp.com:5671/grdulrnl\"}],\"essential\":true,\"image\":\"542829982577.dkr.ecr.ap-southeast-1.amazonaws.com/onedelivery-user:latest\",\"logConfiguration\":{\"logDriver\":\"awslogs\",\"options\":{\"awslogs-region\":\"ap-southeast-1\",\"awslogs-stream-prefix\":\"user\",\"awslogs-group\":\"/ecs/onedelivery-user\"}},\"mountPoints\":[],\"name\":\"user\",\"portMappings\":[{\"containerPort\":80,\"hostPort\":80,\"protocol\":\"tcp\"}],\"systemControls\":[],\"volumesFrom\":[]}]",
            "cpu": "256",
            "enable_fault_injection": false,
            "ephemeral_storage": [],
            "execution_role_arn": "arn:aws:iam::542829982577:role/onedelivery-ecs-exec",
            "family": "onedelivery-user",
            "id": "onedelivery-user",
            "inference_accelerator": [],
            "ipc_mode": "",
            "memory": "512",
            "network_mode": "awsvpc",
            "pid_mode": "",
            "placement_constraints": [],
            "proxy_configuration": [],
            "requires_compatibilities": [
              "FARGATE"
            ],
            "revision": 8,
            "runtime_platform": [],
            "skip_destroy": false,
            "tags": {},
            "tags_all": {
              "Environment": "dev",
              "ManagedBy": "terraform",
              "Project": "onedelivery"
            },
            "task_role_arn": "arn:aws:iam::542829982577:role/onedelivery-ecs-task",
            "track_latest": false,
            "volume": []
          },
          "sensitive_attributes": [
            [
              {
                "type": "get_attr",
                "value": "container_definitions"
              }
            ]
          ],
          "private": "eyJzY2hlbWFfdmVyc2lvbiI6IjEifQ==",
          "dependencies": [
            "aws_cloudwatch_log_group.ecs",
            "aws_db_instance.postgres",
            "aws_db_subnet_group.postgres",
            "aws_iam_role.ecs_task",
            "aws_iam_role.ecs_task_execution",
            "aws_security_group.alb",
            "aws_security_group.ecs_tasks",
            "aws_security_group.postgres",
            "aws_subnet.private_a",
            "aws_subnet.private_b",
            "aws_subnet.private_c",
            "data.aws_availability_zones.available",
            "data.aws_ecr_repository.services",
            "data.aws_vpc.main"
          ]
        }
      ]
    },
    {
      "mode": "managed",
      "type": "aws_iam_role",
      "name": "ecs_task",
      "provider": "provider[\"registry.terraform.io/hashicorp/aws\"]",
      "instances": [
        {
          "schema_version": 0,
          "attributes": {
            "arn": "arn:aws:iam::542829982577:role/onedelivery-ecs-task",
            "assume_role_policy": "{\"Statement\":[{\"Action\":\"sts:AssumeRole\",\"Effect\":\"Allow\",\"Principal\":{\"Service\":\"ecs-tasks.amazonaws.com\"}}],\"Version\":\"2012-10-17\"}",
            "create_date": "2026-03-01T18:07:24Z",
            "description": "",
            "force_detach_policies": false,
            "id": "onedelivery-ecs-task",
            "inline_policy": [],
            "managed_policy_arns": [],
            "max_session_duration": 3600,
            "name": "onedelivery-ecs-task",
            "name_prefix": "",
            "path": "/",
            "permissions_boundary": "",
            "tags": {},
            "tags_all": {
              "Environment": "dev",
              "ManagedBy": "terraform",
              "Project": "onedelivery"
            },
            "unique_id": "AROAX4YZQGNYQR7KNFEJK"
          },
          "sensitive_attributes": [],
          "private": "bnVsbA=="
        }
      ]
    },
    {
      "mode": "managed",
      "type": "aws_iam_role",
      "name": "ecs_task_execution",
      "provider": "provider[\"registry.terraform.io/hashicorp/aws\"]",
      "instances": [
        {
          "schema_version": 0,
          "attributes": {
            "arn": "arn:aws:iam::542829982577:role/onedelivery-ecs-exec",
            "assume_role_policy": "{\"Statement\":[{\"Action\":\"sts:AssumeRole\",\"Effect\":\"Allow\",\"Principal\":{\"Service\":\"ecs-tasks.amazonaws.com\"}}],\"Version\":\"2012-10-17\"}",
            "create_date": "2026-03-01T18:07:24Z",
            "description": "",
            "force_detach_policies": false,
            "id": "onedelivery-ecs-exec",
            "inline_policy": [],
            "managed_policy_arns": [
              "arn:aws:iam::aws:policy/service-role/AmazonECSTaskExecutionRolePolicy"
            ],
            "max_session_duration": 3600,
            "name": "onedelivery-ecs-exec",
            "name_prefix": "",
            "path": "/",
            "permissions_boundary": "",
            "tags": {},
            "tags_all": {
              "Environment": "dev",
              "ManagedBy": "terraform",
              "Project": "onedelivery"
            },
            "unique_id": "AROAX4YZQGNYSPNNAJMOP"
          },
          "sensitive_attributes": [],
          "private": "bnVsbA=="
        }
      ]
    },
    {
      "mode": "managed",
      "type": "aws_iam_role_policy_attachment",
      "name": "ecs_task_execution",
      "provider": "provider[\"registry.terraform.io/hashicorp/aws\"]",
      "instances": [
        {
          "schema_version": 0,
          "attributes": {
            "id": "onedelivery-ecs-exec-20260301180725271800000001",
            "policy_arn": "arn:aws:iam::aws:policy/service-role/AmazonECSTaskExecutionRolePolicy",
            "role": "onedelivery-ecs-exec"
          },
          "sensitive_attributes": [],
          "private": "bnVsbA==",
          "dependencies": [
            "aws_iam_role.ecs_task_execution"
          ]
        }
      ]
    },
    {
      "mode": "managed",
      "type": "aws_security_group",
      "name": "ecs_tasks",
      "provider": "provider[\"registry.terraform.io/hashicorp/aws\"]",
      "instances": [
        {
          "schema_version": 1,
          "attributes": {
            "arn": "arn:aws:ec2:ap-southeast-1:542829982577:security-group/sg-085cdd7377ff6d907",
            "description": "Managed by Terraform",
            "egress": [
              {
                "cidr_blocks": [
                  "0.0.0.0/0"
                ],
                "description": "",
                "from_port": 0,
                "ipv6_cidr_blocks": [],
                "prefix_list_ids": [],
                "protocol": "-1",
                "security_groups": [],
                "self": false,
                "to_port": 0
              }
            ],
            "id": "sg-085cdd7377ff6d907",
            "ingress": [],
            "name": "onedelivery-ecs-20260301180734459200000004",
            "name_prefix": "onedelivery-ecs-",
            "owner_id": "542829982577",
            "revoke_rules_on_delete": false,
            "tags": {},
            "tags_all": {
              "Environment": "dev",
              "ManagedBy": "terraform",
              "Project": "onedelivery"
            },
            "timeouts": null,
            "vpc_id": "vpc-01f4d46470a373bd0"
          },
          "sensitive_attributes": [],
          "private": "eyJlMmJmYjczMC1lY2FhLTExZTYtOGY4OC0zNDM2M2JjN2M0YzAiOnsiY3JlYXRlIjo2MDAwMDAwMDAwMDAsImRlbGV0ZSI6OTAwMDAwMDAwMDAwfSwic2NoZW1hX3ZlcnNpb24iOiIxIn0=",
          "dependencies": [
            "aws_security_group.alb",
            "data.aws_vpc.main"
          ]
        }
      ]
    },
    {
      "mode": "managed",
      "type": "aws_security_group",
      "name": "postgres",
      "provider": "provider[\"registry.terraform.io/hashicorp/aws\"]",
      "instances": [
        {
          "schema_version": 1,
          "attributes": {
            "arn": "arn:aws:ec2:ap-southeast-1:542829982577:security-group/sg-093c6eebd827fa388",
            "description": "Managed by Terraform",
            "egress": [
              {
                "cidr_blocks": [
                  "0.0.0.0/0"
                ],
                "description": "",
                "from_port": 0,
                "ipv6_cidr_blocks": [],
                "prefix_list_ids": [],
                "protocol": "-1",
                "security_groups": [],
                "self": false,
                "to_port": 0
              }
            ],
            "id": "sg-093c6eebd827fa388",
            "ingress": [
              {
                "cidr_blocks": [],
                "description": "ECS tasks",
                "from_port": 5432,
                "ipv6_cidr_blocks": [],
                "prefix_list_ids": [],
                "protocol": "tcp",
                "security_groups": [
                  "sg-085cdd7377ff6d907"
                ],
                "self": false,
                "to_port": 5432
              }
            ],
            "name": "onedelivery-postgres-20260301180736238800000006",
            "name_prefix": "onedelivery-postgres-",
            "owner_id": "542829982577",
            "revoke_rules_on_delete": false,
            "tags": {},
            "tags_all": {
              "Environment": "dev",
              "ManagedBy": "terraform",
              "Project": "onedelivery"
            },
            "timeouts": null,
            "vpc_id": "vpc-01f4d46470a373bd0"
          },
          "sensitive_attributes": [],
          "private": "eyJlMmJmYjczMC1lY2FhLTExZTYtOGY4OC0zNDM2M2JjN2M0YzAiOnsiY3JlYXRlIjo2MDAwMDAwMDAwMDAsImRlbGV0ZSI6OTAwMDAwMDAwMDAwfSwic2NoZW1hX3ZlcnNpb24iOiIxIn0=",
          "dependencies": [
            "aws_security_group.alb",
            "aws_security_group.ecs_tasks",
            "data.aws_vpc.main"
          ]
        }
      ]
    },
    {
      "mode": "managed",
      "type": "aws_security_group",
      "name": "vpc_endpoints",
      "provider": "provider[\"registry.terraform.io/hashicorp/aws\"]",
      "instances": [
        {
          "schema_version": 1,
          "attributes": {
            "arn": "arn:aws:ec2:ap-southeast-1:542829982577:security-group/sg-0f53614ee2c55343e",
            "description": "VPC endpoint SG for onedelivery",
            "egress": [
              {
                "cidr_blocks": [
                  "0.0.0.0/0"
                ],
                "description": "",
                "from_port": 0,
                "ipv6_cidr_blocks": [],
                "prefix_list_ids": [],
                "protocol": "-1",
                "security_groups": [],
                "self": false,
                "to_port": 0
              }
            ],
            "id": "sg-0f53614ee2c55343e",
            "ingress": [
              {
                "cidr_blocks": [
                  "10.0.0.0/16"
                ],
                "description": "",
                "from_port": 443,
                "ipv6_cidr_blocks": [],
                "prefix_list_ids": [],
                "protocol": "tcp",
                "security_groups": [],
                "self": false,
                "to_port": 443
              }
            ],
            "name": "onedelivery-vpc-ep-20260304173157471700000001",
            "name_prefix": "onedelivery-vpc-ep-",
            "owner_id": "542829982577",
            "revoke_rules_on_delete": false,
            "tags": {},
            "tags_all": {
              "Environment": "dev",
              "ManagedBy": "terraform",
              "Project": "onedelivery"
            },
            "timeouts": null,
            "vpc_id": "vpc-01f4d46470a373bd0"
          },
          "sensitive_attributes": [],
          "private": "eyJlMmJmYjczMC1lY2FhLTExZTYtOGY4OC0zNDM2M2JjN2M0YzAiOnsiY3JlYXRlIjo2MDAwMDAwMDAwMDAsImRlbGV0ZSI6OTAwMDAwMDAwMDAwfSwic2NoZW1hX3ZlcnNpb24iOiIxIn0=",
          "dependencies": [
            "data.aws_vpc.main"
          ]
        }
      ]
    },
    {
      "mode": "managed",
      "type": "aws_subnet",
      "name": "private_a",
      "provider": "provider[\"registry.terraform.io/hashicorp/aws\"]",
      "instances": [
        {
          "schema_version": 1,
          "attributes": {
            "arn": "arn:aws:ec2:ap-southeast-1:542829982577:subnet/subnet-02dbf97957db59430",
            "assign_ipv6_address_on_creation": false,
            "availability_zone": "ap-southeast-1a",
            "availability_zone_id": "apse1-az2",
            "cidr_block": "10.0.64.0/20",
            "customer_owned_ipv4_pool": "",
            "enable_dns64": false,
            "enable_lni_at_device_index": 0,
            "enable_resource_name_dns_a_record_on_launch": false,
            "enable_resource_name_dns_aaaa_record_on_launch": false,
            "id": "subnet-02dbf97957db59430",
            "ipv6_cidr_block": "",
            "ipv6_cidr_block_association_id": "",
            "ipv6_native": false,
            "map_customer_owned_ip_on_launch": false,
            "map_public_ip_on_launch": false,
            "outpost_arn": "",
            "owner_id": "542829982577",
            "private_dns_hostname_type_on_launch": "ip-name",
            "tags": {
              "Name": "onedelivery-private-a"
            },
            "tags_all": {
              "Environment": "dev",
              "ManagedBy": "terraform",
              "Name": "onedelivery-private-a",
              "Project": "onedelivery"
            },
            "timeouts": null,
            "vpc_id": "vpc-01f4d46470a373bd0"
          },
          "sensitive_attributes": [],
          "private": "eyJlMmJmYjczMC1lY2FhLTExZTYtOGY4OC0zNDM2M2JjN2M0YzAiOnsiY3JlYXRlIjo2MDAwMDAwMDAwMDAsImRlbGV0ZSI6MTIwMDAwMDAwMDAwMH0sInNjaGVtYV92ZXJzaW9uIjoiMSJ9",
          "dependencies": [
            "data.aws_availability_zones.available",
            "data.aws_vpc.main"
          ],
          "create_before_destroy": true
        }
      ]
    },
    {
      "mode": "managed",
      "type": "aws_subnet",
      "name": "private_b",
      "provider": "provider[\"registry.terraform.io/hashicorp/aws\"]",
      "instances": [
        {
          "schema_version": 1,
          "attributes": {
            "arn": "arn:aws:ec2:ap-southeast-1:542829982577:subnet/subnet-0836a471bed800402",
            "assign_ipv6_address_on_creation": false,
            "availability_zone": "ap-southeast-1b",
            "availability_zone_id": "apse1-az1",
            "cidr_block": "10.0.80.0/20",
            "customer_owned_ipv4_pool": "",
            "enable_dns64": false,
            "enable_lni_at_device_index": 0,
            "enable_resource_name_dns_a_record_on_launch": false,
            "enable_resource_name_dns_aaaa_record_on_launch": false,
            "id": "subnet-0836a471bed800402",
            "ipv6_cidr_block": "",
            "ipv6_cidr_block_association_id": "",
            "ipv6_native": false,
            "map_customer_owned_ip_on_launch": false,
            "map_public_ip_on_launch": false,
            "outpost_arn": "",
            "owner_id": "542829982577",
            "private_dns_hostname_type_on_launch": "ip-name",
            "tags": {
              "Name": "onedelivery-private-b"
            },
            "tags_all": {
              "Environment": "dev",
              "ManagedBy": "terraform",
              "Name": "onedelivery-private-b",
              "Project": "onedelivery"
            },
            "timeouts": null,
            "vpc_id": "vpc-01f4d46470a373bd0"
          },
          "sensitive_attributes": [],
          "private": "eyJlMmJmYjczMC1lY2FhLTExZTYtOGY4OC0zNDM2M2JjN2M0YzAiOnsiY3JlYXRlIjo2MDAwMDAwMDAwMDAsImRlbGV0ZSI6MTIwMDAwMDAwMDAwMH0sInNjaGVtYV92ZXJzaW9uIjoiMSJ9",
          "dependencies": [
            "data.aws_availability_zones.available",
            "data.aws_vpc.main"
          ],
          "create_before_destroy": true
        }
      ]
    },
    {
      "mode": "managed",
      "type": "aws_subnet",
      "name": "private_c",
      "provider": "provider[\"registry.terraform.io/hashicorp/aws\"]",
      "instances": [
        {
          "schema_version": 1,
          "attributes": {
            "arn": "arn:aws:ec2:ap-southeast-1:542829982577:subnet/subnet-065bc6a293dd40b8d",
            "assign_ipv6_address_on_creation": false,
            "availability_zone": "ap-southeast-1c",
            "availability_zone_id": "apse1-az3",
            "cidr_block": "10.0.96.0/20",
            "customer_owned_ipv4_pool": "",
            "enable_dns64": false,
            "enable_lni_at_device_index": 0,
            "enable_resource_name_dns_a_record_on_launch": false,
            "enable_resource_name_dns_aaaa_record_on_launch": false,
            "id": "subnet-065bc6a293dd40b8d",
            "ipv6_cidr_block": "",
            "ipv6_cidr_block_association_id": "",
            "ipv6_native": false,
            "map_customer_owned_ip_on_launch": false,
            "map_public_ip_on_launch": false,
            "outpost_arn": "",
            "owner_id": "542829982577",
            "private_dns_hostname_type_on_launch": "ip-name",
            "tags": {
              "Name": "onedelivery-private-c"
            },
            "tags_all": {
              "Environment": "dev",
              "ManagedBy": "terraform",
              "Name": "onedelivery-private-c",
              "Project": "onedelivery"
            },
            "timeouts": null,
            "vpc_id": "vpc-01f4d46470a373bd0"
          },
          "sensitive_attributes": [],
          "private": "eyJlMmJmYjczMC1lY2FhLTExZTYtOGY4OC0zNDM2M2JjN2M0YzAiOnsiY3JlYXRlIjo2MDAwMDAwMDAwMDAsImRlbGV0ZSI6MTIwMDAwMDAwMDAwMH0sInNjaGVtYV92ZXJzaW9uIjoiMSJ9",
          "dependencies": [
            "data.aws_availability_zones.available",
            "data.aws_vpc.main"
          ],
          "create_before_destroy": true
        }
      ]
    },
    {
      "mode": "managed",
      "type": "aws_subnet",
      "name": "public_a",
      "provider": "provider[\"registry.terraform.io/hashicorp/aws\"]",
      "instances": [
        {
          "schema_version": 1,
          "attributes": {
            "arn": "arn:aws:ec2:ap-southeast-1:542829982577:subnet/subnet-086900f75d158bfe1",
            "assign_ipv6_address_on_creation": false,
            "availability_zone": "ap-southeast-1a",
            "availability_zone_id": "apse1-az2",
            "cidr_block": "10.0.0.0/20",
            "customer_owned_ipv4_pool": "",
            "enable_dns64": false,
            "enable_lni_at_device_index": 0,
            "enable_resource_name_dns_a_record_on_launch": false,
            "enable_resource_name_dns_aaaa_record_on_launch": false,
            "id": "subnet-086900f75d158bfe1",
            "ipv6_cidr_block": "",
            "ipv6_cidr_block_association_id": "",
            "ipv6_native": false,
            "map_customer_owned_ip_on_launch": false,
            "map_public_ip_on_launch": true,
            "outpost_arn": "",
            "owner_id": "542829982577",
            "private_dns_hostname_type_on_launch": "ip-name",
            "tags": {
              "Name": "onedelivery-public-a"
            },
            "tags_all": {
              "Environment": "dev",
              "ManagedBy": "terraform",
              "Name": "onedelivery-public-a",
              "Project": "onedelivery"
            },
            "timeouts": null,
            "vpc_id": "vpc-01f4d46470a373bd0"
          },
          "sensitive_attributes": [],
          "private": "eyJlMmJmYjczMC1lY2FhLTExZTYtOGY4OC0zNDM2M2JjN2M0YzAiOnsiY3JlYXRlIjo2MDAwMDAwMDAwMDAsImRlbGV0ZSI6MTIwMDAwMDAwMDAwMH0sInNjaGVtYV92ZXJzaW9uIjoiMSJ9",
          "dependencies": [
            "data.aws_availability_zones.available",
            "data.aws_vpc.main"
          ]
        }
      ]
    },
    {
      "mode": "managed",
      "type": "aws_subnet",
      "name": "public_b",
      "provider": "provider[\"registry.terraform.io/hashicorp/aws\"]",
      "instances": [
        {
          "schema_version": 1,
          "attributes": {
            "arn": "arn:aws:ec2:ap-southeast-1:542829982577:subnet/subnet-0def3a3c74ef848e1",
            "assign_ipv6_address_on_creation": false,
            "availability_zone": "ap-southeast-1b",
            "availability_zone_id": "apse1-az1",
            "cidr_block": "10.0.16.0/20",
            "customer_owned_ipv4_pool": "",
            "enable_dns64": false,
            "enable_lni_at_device_index": 0,
            "enable_resource_name_dns_a_record_on_launch": false,
            "enable_resource_name_dns_aaaa_record_on_launch": false,
            "id": "subnet-0def3a3c74ef848e1",
            "ipv6_cidr_block": "",
            "ipv6_cidr_block_association_id": "",
            "ipv6_native": false,
            "map_customer_owned_ip_on_launch": false,
            "map_public_ip_on_launch": true,
            "outpost_arn": "",
            "owner_id": "542829982577",
            "private_dns_hostname_type_on_launch": "ip-name",
            "tags": {
              "Name": "onedelivery-public-b"
            },
            "tags_all": {
              "Environment": "dev",
              "ManagedBy": "terraform",
              "Name": "onedelivery-public-b",
              "Project": "onedelivery"
            },
            "timeouts": null,
            "vpc_id": "vpc-01f4d46470a373bd0"
          },
          "sensitive_attributes": [],
          "private": "eyJlMmJmYjczMC1lY2FhLTExZTYtOGY4OC0zNDM2M2JjN2M0YzAiOnsiY3JlYXRlIjo2MDAwMDAwMDAwMDAsImRlbGV0ZSI6MTIwMDAwMDAwMDAwMH0sInNjaGVtYV92ZXJzaW9uIjoiMSJ9",
          "dependencies": [
            "data.aws_availability_zones.available",
            "data.aws_vpc.main"
          ]
        }
      ]
    },
    {
      "mode": "managed",
      "type": "aws_subnet",
      "name": "public_c",
      "provider": "provider[\"registry.terraform.io/hashicorp/aws\"]",
      "instances": [
        {
          "schema_version": 1,
          "attributes": {
            "arn": "arn:aws:ec2:ap-southeast-1:542829982577:subnet/subnet-0bf8209152cea933c",
            "assign_ipv6_address_on_creation": false,
            "availability_zone": "ap-southeast-1c",
            "availability_zone_id": "apse1-az3",
            "cidr_block": "10.0.32.0/20",
            "customer_owned_ipv4_pool": "",
            "enable_dns64": false,
            "enable_lni_at_device_index": 0,
            "enable_resource_name_dns_a_record_on_launch": false,
            "enable_resource_name_dns_aaaa_record_on_launch": false,
            "id": "subnet-0bf8209152cea933c",
            "ipv6_cidr_block": "",
            "ipv6_cidr_block_association_id": "",
            "ipv6_native": false,
            "map_customer_owned_ip_on_launch": false,
            "map_public_ip_on_launch": true,
            "outpost_arn": "",
            "owner_id": "542829982577",
            "private_dns_hostname_type_on_launch": "ip-name",
            "tags": {
              "Name": "onedelivery-public-c"
            },
            "tags_all": {
              "Environment": "dev",
              "ManagedBy": "terraform",
              "Name": "onedelivery-public-c",
              "Project": "onedelivery"
            },
            "timeouts": null,
            "vpc_id": "vpc-01f4d46470a373bd0"
          },
          "sensitive_attributes": [],
          "private": "eyJlMmJmYjczMC1lY2FhLTExZTYtOGY4OC0zNDM2M2JjN2M0YzAiOnsiY3JlYXRlIjo2MDAwMDAwMDAwMDAsImRlbGV0ZSI6MTIwMDAwMDAwMDAwMH0sInNjaGVtYV92ZXJzaW9uIjoiMSJ9",
          "dependencies": [
            "data.aws_availability_zones.available",
            "data.aws_vpc.main"
          ]
        }
      ]
    }
  ],
  "check_results": null
}
